{
  "version": 4,
  "terraform_version": "1.14.0",
  "serial": 2080,
  "lineage": "ffd003b2-7d8e-a0cf-91ba-5f8a107b121b",
  "outputs": {
    "cluster_endpoint_east": {
      "value": "https://C9E93827A9413494786EA0E568FB2129.gr7.us-east-1.eks.amazonaws.com",
      "type": "string"
    },
    "cluster_endpoint_west": {
      "value": "https://9260BEE832D3C58D4E80135B9BDD40C9.gr7.us-west-2.eks.amazonaws.com",
      "type": "string"
    },
    "cluster_name_east": {
      "value": "gg9-eks",
      "type": "string"
    },
    "cluster_name_west": {
      "value": "gg9-eks-west",
      "type": "string"
    },
    "gridgain_lb_east_command": {
      "value": "kubectl --context gg9-eks get svc gg9-gridgain9-client -n gridgain -o jsonpath='{.status.loadBalancer.ingress[0].hostname}'",
      "type": "string"
    },
    "gridgain_lb_west_command": {
      "value": "kubectl --context gg9-eks-west get svc gg9-west-gridgain9-client -n gridgain -o jsonpath='{.status.loadBalancer.ingress[0].hostname}'",
      "type": "string"
    },
    "kubeconfig_command_east": {
      "value": "aws eks update-kubeconfig --region us-east-1 --name gg9-eks",
      "type": "string"
    },
    "kubeconfig_command_west": {
      "value": "aws eks update-kubeconfig --region us-west-2 --name gg9-eks-west",
      "type": "string"
    },
    "node_group_info": {
      "value": {
        "desired_size": 3,
        "instance_type": "m7gd.2xlarge",
        "max_size": 6,
        "min_size": 3
      },
      "type": [
        "object",
        {
          "desired_size": "number",
          "instance_type": "string",
          "max_size": "number",
          "min_size": "number"
        }
      ]
    },
    "query_client_lb_command": {
      "value": "kubectl --context gg9-eks get svc gg-query-client -n gridgain -o jsonpath='{.status.loadBalancer.ingress[0].hostname}'",
      "type": "string"
    },
    "sqlserver_ami_used": {
      "value": "ami-01c7c8d1253ac019b",
      "type": "string"
    },
    "sqlserver_connection_string": {
      "value": "sqlserver://admin:Admin123!@10.0.101.95:1433?database=testdb",
      "type": "string",
      "sensitive": true
    },
    "sqlserver_create_ami_command": {
      "value": "aws ec2 create-image --instance-id i-0f11d60a8be6c6043 --name 'sqlserver-2022-developer-2026-01-08' --description 'SQL Server 2022 Developer with CDC' --no-reboot",
      "type": "string"
    },
    "sqlserver_instance_id": {
      "value": "i-0f11d60a8be6c6043",
      "type": "string"
    },
    "sqlserver_password": {
      "value": "Admin123!",
      "type": "string",
      "sensitive": true
    },
    "sqlserver_private_ip": {
      "value": "10.0.101.95",
      "type": "string"
    },
    "sqlserver_public_ip": {
      "value": "35.170.51.72",
      "type": "string"
    },
    "sqlserver_rdp_command": {
      "value": "Connect via RDP to 35.170.51.72:3389",
      "type": "string"
    },
    "vpc_id_east": {
      "value": "vpc-0bc4de85f36e89340",
      "type": "string"
    },
    "vpc_id_west": {
      "value": "vpc-0384a3cc2b1272533",
      "type": "string"
    },
    "vpc_peering_connection_id": {
      "value": "pcx-0f320faf02204bed2",
      "type": "string"
    }
  },
  "resources": [
    {
      "mode": "data",
      "type": "aws_ami",
      "name": "sqlserver",
      "provider": "provider[\"registry.terraform.io/hashicorp/aws\"]",
      "instances": [
        {
          "schema_version": 0,
          "attributes": {
            "architecture": "x86_64",
            "arn": "arn:aws:ec2:us-east-1::image/ami-01c7c8d1253ac019b",
            "block_device_mappings": [
              {
                "device_name": "/dev/sda1",
                "ebs": {
                  "delete_on_termination": "true",
                  "encrypted": "false",
                  "iops": "0",
                  "snapshot_id": "snap-0f831795ef6c70233",
                  "throughput": "0",
                  "volume_initialization_rate": "0",
                  "volume_size": "75",
                  "volume_type": "gp2"
                },
                "no_device": "",
                "virtual_name": ""
              },
              {
                "device_name": "xvdca",
                "ebs": {},
                "no_device": "",
                "virtual_name": "ephemeral0"
              },
              {
                "device_name": "xvdcb",
                "ebs": {},
                "no_device": "",
                "virtual_name": "ephemeral1"
              },
              {
                "device_name": "xvdcc",
                "ebs": {},
                "no_device": "",
                "virtual_name": "ephemeral2"
              },
              {
                "device_name": "xvdcd",
                "ebs": {},
                "no_device": "",
                "virtual_name": "ephemeral3"
              },
              {
                "device_name": "xvdce",
                "ebs": {},
                "no_device": "",
                "virtual_name": "ephemeral4"
              },
              {
                "device_name": "xvdcf",
                "ebs": {},
                "no_device": "",
                "virtual_name": "ephemeral5"
              },
              {
                "device_name": "xvdcg",
                "ebs": {},
                "no_device": "",
                "virtual_name": "ephemeral6"
              },
              {
                "device_name": "xvdch",
                "ebs": {},
                "no_device": "",
                "virtual_name": "ephemeral7"
              },
              {
                "device_name": "xvdci",
                "ebs": {},
                "no_device": "",
                "virtual_name": "ephemeral8"
              },
              {
                "device_name": "xvdcj",
                "ebs": {},
                "no_device": "",
                "virtual_name": "ephemeral9"
              },
              {
                "device_name": "xvdck",
                "ebs": {},
                "no_device": "",
                "virtual_name": "ephemeral10"
              },
              {
                "device_name": "xvdcl",
                "ebs": {},
                "no_device": "",
                "virtual_name": "ephemeral11"
              },
              {
                "device_name": "xvdcm",
                "ebs": {},
                "no_device": "",
                "virtual_name": "ephemeral12"
              },
              {
                "device_name": "xvdcn",
                "ebs": {},
                "no_device": "",
                "virtual_name": "ephemeral13"
              },
              {
                "device_name": "xvdco",
                "ebs": {},
                "no_device": "",
                "virtual_name": "ephemeral14"
              },
              {
                "device_name": "xvdcp",
                "ebs": {},
                "no_device": "",
                "virtual_name": "ephemeral15"
              },
              {
                "device_name": "xvdcq",
                "ebs": {},
                "no_device": "",
                "virtual_name": "ephemeral16"
              },
              {
                "device_name": "xvdcr",
                "ebs": {},
                "no_device": "",
                "virtual_name": "ephemeral17"
              },
              {
                "device_name": "xvdcs",
                "ebs": {},
                "no_device": "",
                "virtual_name": "ephemeral18"
              },
              {
                "device_name": "xvdct",
                "ebs": {},
                "no_device": "",
                "virtual_name": "ephemeral19"
              },
              {
                "device_name": "xvdcu",
                "ebs": {},
                "no_device": "",
                "virtual_name": "ephemeral20"
              },
              {
                "device_name": "xvdcv",
                "ebs": {},
                "no_device": "",
                "virtual_name": "ephemeral21"
              },
              {
                "device_name": "xvdcw",
                "ebs": {},
                "no_device": "",
                "virtual_name": "ephemeral22"
              },
              {
                "device_name": "xvdcx",
                "ebs": {},
                "no_device": "",
                "virtual_name": "ephemeral23"
              },
              {
                "device_name": "xvdcy",
                "ebs": {},
                "no_device": "",
                "virtual_name": "ephemeral24"
              },
              {
                "device_name": "xvdcz",
                "ebs": {},
                "no_device": "",
                "virtual_name": "ephemeral25"
              }
            ],
            "boot_mode": "",
            "creation_date": "2025-12-10T23:31:36.000Z",
            "deprecation_time": "2027-12-10T23:31:36.000Z",
            "description": "Microsoft Windows Server 2022 Full Locale English with SQL Standard 2022 AMI provided by Amazon",
            "ena_support": true,
            "executable_users": null,
            "filter": [
              {
                "name": "architecture",
                "values": [
                  "x86_64"
                ]
              },
              {
                "name": "name",
                "values": [
                  "Windows_Server-2022-English-Full-SQL_2022_Standard-*"
                ]
              },
              {
                "name": "virtualization-type",
                "values": [
                  "hvm"
                ]
              }
            ],
            "hypervisor": "xen",
            "id": "ami-01c7c8d1253ac019b",
            "image_id": "ami-01c7c8d1253ac019b",
            "image_location": "amazon/Windows_Server-2022-English-Full-SQL_2022_Standard-2025.12.10",
            "image_owner_alias": "amazon",
            "image_type": "machine",
            "imds_support": "",
            "include_deprecated": false,
            "kernel_id": "",
            "last_launched_time": "",
            "most_recent": true,
            "name": "Windows_Server-2022-English-Full-SQL_2022_Standard-2025.12.10",
            "name_regex": null,
            "owner_id": "801119661308",
            "owners": [
              "amazon"
            ],
            "platform": "windows",
            "platform_details": "Windows with SQL Server Standard",
            "product_codes": [],
            "public": true,
            "ramdisk_id": "",
            "root_device_name": "/dev/sda1",
            "root_device_type": "ebs",
            "root_snapshot_id": "snap-0f831795ef6c70233",
            "sriov_net_support": "simple",
            "state": "available",
            "state_reason": {
              "code": "UNSET",
              "message": "UNSET"
            },
            "tags": {},
            "timeouts": null,
            "tpm_support": "",
            "uefi_data": null,
            "usage_operation": "RunInstances:0006",
            "virtualization_type": "hvm"
          },
          "sensitive_attributes": [],
          "identity_schema_version": 0
        }
      ]
    },
    {
      "mode": "data",
      "type": "aws_eks_cluster_auth",
      "name": "this",
      "provider": "provider[\"registry.terraform.io/hashicorp/aws\"]",
      "instances": [
        {
          "schema_version": 0,
          "attributes": {
            "id": "gg9-eks",
            "name": "gg9-eks",
            "token": "k8s-aws-v1.aHR0cHM6Ly9zdHMudXMtZWFzdC0xLmFtYXpvbmF3cy5jb20vP0FjdGlvbj1HZXRDYWxsZXJJZGVudGl0eSZWZXJzaW9uPTIwMTEtMDYtMTUmWC1BbXotQWxnb3JpdGhtPUFXUzQtSE1BQy1TSEEyNTYmWC1BbXotQ3JlZGVudGlhbD1BS0lBUURXQzJHWkRYVTZXWEdIUSUyRjIwMjYwMTA4JTJGdXMtZWFzdC0xJTJGc3RzJTJGYXdzNF9yZXF1ZXN0JlgtQW16LURhdGU9MjAyNjAxMDhUMTczNjMxWiZYLUFtei1FeHBpcmVzPTAmWC1BbXotU2lnbmVkSGVhZGVycz1ob3N0JTNCeC1rOHMtYXdzLWlkJlgtQW16LVNpZ25hdHVyZT1lNzIzZTRmMDU0ZWZiM2NkZmQwYzVhZGE3OTFiOWRiY2VhODQ5ZGViMTNlMjE3MzkyMjgxYWVhOGM5NjFiYTQ1"
          },
          "sensitive_attributes": [
            [
              {
                "type": "get_attr",
                "value": "token"
              }
            ]
          ],
          "identity_schema_version": 0
        }
      ]
    },
    {
      "mode": "data",
      "type": "aws_secretsmanager_secret_version",
      "name": "gg9_license",
      "provider": "provider[\"registry.terraform.io/hashicorp/aws\"]",
      "instances": [
        {
          "schema_version": 0,
          "attributes": {
            "arn": "arn:aws:secretsmanager:us-east-1:007924758087:secret:gridgain-license-iHT5XD",
            "created_date": "2025-12-07T15:09:15Z",
            "id": "arn:aws:secretsmanager:us-east-1:007924758087:secret:gridgain-license-iHT5XD|AWSCURRENT",
            "secret_binary": "",
            "secret_id": "arn:aws:secretsmanager:us-east-1:007924758087:secret:gridgain-license-iHT5XD",
            "secret_string": "{\"edition\":\"ULTIMATE\",\"features\":[\"BASIC_AUTH\",\"CACHE\",\"COLUMNAR_STORAGE\",\"COMPRESSION\",\"COMPUTE\",\"CONTINUOUS_QUERIES\",\"DATA_CENTER_REPLICATION\",\"EVICTION\",\"EXPIRY\",\"EXPLICIT_TRANSACTIONS\",\"EXTENDED_SECONDARY_STORAGE\",\"ICEBERG_CDC\",\"JWT_AUTH\",\"LDAP\",\"ML_INFERENCE\",\"PERSISTENT_PAGE_MEMORY\",\"POINT_IN_TIME_RECOVERY\",\"RACK_AWARENESS\",\"RBAC\",\"ROCKSDB\",\"ROLLING_UPGRADES\",\"ROW_SECURITY\",\"SECONDARY_STORAGE\",\"SECURITY\",\"SNAPSHOTS\",\"SQL\",\"SQL_COPY\",\"TRANSPARENT_DATA_ENCRYPTION\",\"VECTOR\",\"VOLATILE_PAGE_MEMORY\"],\"id\":\"39734909-b21f-4361-ac7f-99d028965100\",\"infos\":{\"companyName\":\"GridGain Systems\",\"companyWebsite\":\"gridgain.com\",\"contractEndDate\":\"2026-08-20\",\"contractStartDate\":\"2025-08-20\",\"licenseNote\":\"Internal testing for GG9\"},\"limits\":{\"expireDate\":\"2026-08-20\",\"maxComputers\":0,\"maxCores\":64,\"maxHeapSize\":0,\"maxHostRamSize\":0,\"maxNodes\":0,\"maxOffHeapSize\":0,\"startDate\":\"2025-08-20\"},\"releaseType\":\"private\",\"signatures\":{\"signature_1\":\"303D021D00BA8AE0C46D8C95E941F0AB0354243A185FEAA1E1E3E8578759BCC443021C0C1AE2C35ACFA12263C67DD93D76E2BBB1480CD479A0C644F8AC01DD\"}}",
            "version_id": "54625b42-0777-44e8-9986-5433706c8b57",
            "version_stage": "AWSCURRENT",
            "version_stages": [
              "AWSCURRENT"
            ]
          },
          "sensitive_attributes": [
            [
              {
                "type": "get_attr",
                "value": "secret_binary"
              }
            ],
            [
              {
                "type": "get_attr",
                "value": "secret_string"
              }
            ]
          ],
          "identity_schema_version": 0
        }
      ]
    },
    {
      "mode": "managed",
      "type": "aws_eks_addon",
      "name": "coredns",
      "provider": "provider[\"registry.terraform.io/hashicorp/aws\"]",
      "instances": [
        {
          "schema_version": 0,
          "attributes": {
            "addon_name": "coredns",
            "addon_version": "v1.11.1-eksbuild.8",
            "arn": "arn:aws:eks:us-east-1:007924758087:addon/gg9-eks/coredns/a2cdcf4a-6d56-04fe-bf01-cc6950b40457",
            "cluster_name": "gg9-eks",
            "configuration_values": "",
            "created_at": "2026-01-08T17:08:34Z",
            "id": "gg9-eks:coredns",
            "modified_at": "2026-01-08T17:08:46Z",
            "pod_identity_association": [],
            "preserve": null,
            "resolve_conflicts": null,
            "resolve_conflicts_on_create": "OVERWRITE",
            "resolve_conflicts_on_update": "OVERWRITE",
            "service_account_role_arn": "",
            "tags": {},
            "tags_all": {},
            "timeouts": null
          },
          "sensitive_attributes": [],
          "identity_schema_version": 0,
          "private": "eyJlMmJmYjczMC1lY2FhLTExZTYtOGY4OC0zNDM2M2JjN2M0YzAiOnsiY3JlYXRlIjoxMjAwMDAwMDAwMDAwLCJkZWxldGUiOjI0MDAwMDAwMDAwMDAsInVwZGF0ZSI6MTIwMDAwMDAwMDAwMH19",
          "dependencies": [
            "module.eks.aws_cloudwatch_log_group.this",
            "module.eks.aws_ec2_tag.cluster_primary_security_group",
            "module.eks.aws_eks_access_entry.this",
            "module.eks.aws_eks_access_policy_association.this",
            "module.eks.aws_eks_addon.before_compute",
            "module.eks.aws_eks_addon.this",
            "module.eks.aws_eks_cluster.this",
            "module.eks.aws_eks_identity_provider_config.this",
            "module.eks.aws_iam_openid_connect_provider.oidc_provider",
            "module.eks.aws_iam_policy.cluster_encryption",
            "module.eks.aws_iam_policy.cni_ipv6_policy",
            "module.eks.aws_iam_policy.custom",
            "module.eks.aws_iam_role.eks_auto",
            "module.eks.aws_iam_role.this",
            "module.eks.aws_iam_role_policy_attachment.additional",
            "module.eks.aws_iam_role_policy_attachment.cluster_encryption",
            "module.eks.aws_iam_role_policy_attachment.custom",
            "module.eks.aws_iam_role_policy_attachment.eks_auto",
            "module.eks.aws_iam_role_policy_attachment.eks_auto_additional",
            "module.eks.aws_iam_role_policy_attachment.this",
            "module.eks.aws_security_group.cluster",
            "module.eks.aws_security_group.node",
            "module.eks.aws_security_group_rule.cluster",
            "module.eks.aws_security_group_rule.node",
            "module.eks.data.aws_caller_identity.current",
            "module.eks.data.aws_eks_addon_version.this",
            "module.eks.data.aws_iam_policy_document.assume_role_policy",
            "module.eks.data.aws_iam_policy_document.cni_ipv6_policy",
            "module.eks.data.aws_iam_policy_document.custom",
            "module.eks.data.aws_iam_policy_document.node_assume_role_policy",
            "module.eks.data.aws_iam_session_context.current",
            "module.eks.data.aws_partition.current",
            "module.eks.data.tls_certificate.this",
            "module.eks.module.eks_managed_node_group.aws_autoscaling_schedule.this",
            "module.eks.module.eks_managed_node_group.aws_eks_node_group.this",
            "module.eks.module.eks_managed_node_group.aws_iam_role.this",
            "module.eks.module.eks_managed_node_group.aws_iam_role_policy.this",
            "module.eks.module.eks_managed_node_group.aws_iam_role_policy_attachment.additional",
            "module.eks.module.eks_managed_node_group.aws_iam_role_policy_attachment.this",
            "module.eks.module.eks_managed_node_group.aws_launch_template.this",
            "module.eks.module.eks_managed_node_group.aws_placement_group.this",
            "module.eks.module.eks_managed_node_group.data.aws_caller_identity.current",
            "module.eks.module.eks_managed_node_group.data.aws_ec2_instance_type.this",
            "module.eks.module.eks_managed_node_group.data.aws_ec2_instance_type_offerings.this",
            "module.eks.module.eks_managed_node_group.data.aws_iam_policy_document.assume_role_policy",
            "module.eks.module.eks_managed_node_group.data.aws_iam_policy_document.role",
            "module.eks.module.eks_managed_node_group.data.aws_partition.current",
            "module.eks.module.eks_managed_node_group.data.aws_ssm_parameter.ami",
            "module.eks.module.eks_managed_node_group.data.aws_subnets.placement_group",
            "module.eks.module.eks_managed_node_group.module.user_data.data.cloudinit_config.al2023_eks_managed_node_group",
            "module.eks.module.eks_managed_node_group.module.user_data.data.cloudinit_config.linux_eks_managed_node_group",
            "module.eks.module.eks_managed_node_group.module.user_data.null_resource.validate_cluster_service_cidr",
            "module.eks.module.fargate_profile.aws_eks_fargate_profile.this",
            "module.eks.module.fargate_profile.aws_iam_role.this",
            "module.eks.module.fargate_profile.aws_iam_role_policy.this",
            "module.eks.module.fargate_profile.aws_iam_role_policy_attachment.additional",
            "module.eks.module.fargate_profile.aws_iam_role_policy_attachment.this",
            "module.eks.module.fargate_profile.data.aws_caller_identity.current",
            "module.eks.module.fargate_profile.data.aws_iam_policy_document.assume_role_policy",
            "module.eks.module.fargate_profile.data.aws_iam_policy_document.role",
            "module.eks.module.fargate_profile.data.aws_partition.current",
            "module.eks.module.fargate_profile.data.aws_region.current",
            "module.eks.module.kms.aws_kms_alias.this",
            "module.eks.module.kms.aws_kms_external_key.this",
            "module.eks.module.kms.aws_kms_grant.this",
            "module.eks.module.kms.aws_kms_key.this",
            "module.eks.module.kms.aws_kms_replica_external_key.this",
            "module.eks.module.kms.aws_kms_replica_key.this",
            "module.eks.module.kms.data.aws_caller_identity.current",
            "module.eks.module.kms.data.aws_iam_policy_document.this",
            "module.eks.module.kms.data.aws_partition.current",
            "module.eks.module.self_managed_node_group.aws_autoscaling_group.this",
            "module.eks.module.self_managed_node_group.aws_autoscaling_schedule.this",
            "module.eks.module.self_managed_node_group.aws_eks_access_entry.this",
            "module.eks.module.self_managed_node_group.aws_iam_instance_profile.this",
            "module.eks.module.self_managed_node_group.aws_iam_role.this",
            "module.eks.module.self_managed_node_group.aws_iam_role_policy.this",
            "module.eks.module.self_managed_node_group.aws_iam_role_policy_attachment.additional",
            "module.eks.module.self_managed_node_group.aws_iam_role_policy_attachment.this",
            "module.eks.module.self_managed_node_group.aws_launch_template.this",
            "module.eks.module.self_managed_node_group.aws_placement_group.this",
            "module.eks.module.self_managed_node_group.data.aws_caller_identity.current",
            "module.eks.module.self_managed_node_group.data.aws_ec2_instance_type.this",
            "module.eks.module.self_managed_node_group.data.aws_ec2_instance_type_offerings.this",
            "module.eks.module.self_managed_node_group.data.aws_iam_policy_document.assume_role_policy",
            "module.eks.module.self_managed_node_group.data.aws_iam_policy_document.role",
            "module.eks.module.self_managed_node_group.data.aws_partition.current",
            "module.eks.module.self_managed_node_group.data.aws_ssm_parameter.ami",
            "module.eks.module.self_managed_node_group.data.aws_subnets.placement_group",
            "module.eks.module.self_managed_node_group.module.user_data.data.cloudinit_config.al2023_eks_managed_node_group",
            "module.eks.module.self_managed_node_group.module.user_data.data.cloudinit_config.linux_eks_managed_node_group",
            "module.eks.module.self_managed_node_group.module.user_data.null_resource.validate_cluster_service_cidr",
            "module.eks.time_sleep.this",
            "module.vpc_east.aws_subnet.public",
            "module.vpc_east.aws_vpc.this",
            "module.vpc_east.aws_vpc_ipv4_cidr_block_association.this"
          ]
        }
      ]
    },
    {
      "mode": "managed",
      "type": "aws_eks_addon",
      "name": "coredns_west",
      "provider": "provider[\"registry.terraform.io/hashicorp/aws\"].west",
      "instances": [
        {
          "schema_version": 0,
          "attributes": {
            "addon_name": "coredns",
            "addon_version": "v1.11.1-eksbuild.8",
            "arn": "arn:aws:eks:us-west-2:007924758087:addon/gg9-eks-west/coredns/32cdcf4a-6d13-3c47-0f00-e0c51ac3b6e9",
            "cluster_name": "gg9-eks-west",
            "configuration_values": "",
            "created_at": "2026-01-08T17:08:34Z",
            "id": "gg9-eks-west:coredns",
            "modified_at": "2026-01-08T17:08:45Z",
            "pod_identity_association": [],
            "preserve": null,
            "resolve_conflicts": null,
            "resolve_conflicts_on_create": "OVERWRITE",
            "resolve_conflicts_on_update": "OVERWRITE",
            "service_account_role_arn": "",
            "tags": {},
            "tags_all": {},
            "timeouts": null
          },
          "sensitive_attributes": [],
          "identity_schema_version": 0,
          "private": "eyJlMmJmYjczMC1lY2FhLTExZTYtOGY4OC0zNDM2M2JjN2M0YzAiOnsiY3JlYXRlIjoxMjAwMDAwMDAwMDAwLCJkZWxldGUiOjI0MDAwMDAwMDAwMDAsInVwZGF0ZSI6MTIwMDAwMDAwMDAwMH19",
          "dependencies": [
            "module.eks_west.aws_cloudwatch_log_group.this",
            "module.eks_west.aws_ec2_tag.cluster_primary_security_group",
            "module.eks_west.aws_eks_access_entry.this",
            "module.eks_west.aws_eks_access_policy_association.this",
            "module.eks_west.aws_eks_addon.before_compute",
            "module.eks_west.aws_eks_addon.this",
            "module.eks_west.aws_eks_cluster.this",
            "module.eks_west.aws_eks_identity_provider_config.this",
            "module.eks_west.aws_iam_openid_connect_provider.oidc_provider",
            "module.eks_west.aws_iam_policy.cluster_encryption",
            "module.eks_west.aws_iam_policy.cni_ipv6_policy",
            "module.eks_west.aws_iam_policy.custom",
            "module.eks_west.aws_iam_role.eks_auto",
            "module.eks_west.aws_iam_role.this",
            "module.eks_west.aws_iam_role_policy_attachment.additional",
            "module.eks_west.aws_iam_role_policy_attachment.cluster_encryption",
            "module.eks_west.aws_iam_role_policy_attachment.custom",
            "module.eks_west.aws_iam_role_policy_attachment.eks_auto",
            "module.eks_west.aws_iam_role_policy_attachment.eks_auto_additional",
            "module.eks_west.aws_iam_role_policy_attachment.this",
            "module.eks_west.aws_security_group.cluster",
            "module.eks_west.aws_security_group.node",
            "module.eks_west.aws_security_group_rule.cluster",
            "module.eks_west.aws_security_group_rule.node",
            "module.eks_west.data.aws_caller_identity.current",
            "module.eks_west.data.aws_eks_addon_version.this",
            "module.eks_west.data.aws_iam_policy_document.assume_role_policy",
            "module.eks_west.data.aws_iam_policy_document.cni_ipv6_policy",
            "module.eks_west.data.aws_iam_policy_document.custom",
            "module.eks_west.data.aws_iam_policy_document.node_assume_role_policy",
            "module.eks_west.data.aws_iam_session_context.current",
            "module.eks_west.data.aws_partition.current",
            "module.eks_west.data.tls_certificate.this",
            "module.eks_west.module.eks_managed_node_group.aws_autoscaling_schedule.this",
            "module.eks_west.module.eks_managed_node_group.aws_eks_node_group.this",
            "module.eks_west.module.eks_managed_node_group.aws_iam_role.this",
            "module.eks_west.module.eks_managed_node_group.aws_iam_role_policy.this",
            "module.eks_west.module.eks_managed_node_group.aws_iam_role_policy_attachment.additional",
            "module.eks_west.module.eks_managed_node_group.aws_iam_role_policy_attachment.this",
            "module.eks_west.module.eks_managed_node_group.aws_launch_template.this",
            "module.eks_west.module.eks_managed_node_group.aws_placement_group.this",
            "module.eks_west.module.eks_managed_node_group.data.aws_caller_identity.current",
            "module.eks_west.module.eks_managed_node_group.data.aws_ec2_instance_type.this",
            "module.eks_west.module.eks_managed_node_group.data.aws_ec2_instance_type_offerings.this",
            "module.eks_west.module.eks_managed_node_group.data.aws_iam_policy_document.assume_role_policy",
            "module.eks_west.module.eks_managed_node_group.data.aws_iam_policy_document.role",
            "module.eks_west.module.eks_managed_node_group.data.aws_partition.current",
            "module.eks_west.module.eks_managed_node_group.data.aws_ssm_parameter.ami",
            "module.eks_west.module.eks_managed_node_group.data.aws_subnets.placement_group",
            "module.eks_west.module.eks_managed_node_group.module.user_data.data.cloudinit_config.al2023_eks_managed_node_group",
            "module.eks_west.module.eks_managed_node_group.module.user_data.data.cloudinit_config.linux_eks_managed_node_group",
            "module.eks_west.module.eks_managed_node_group.module.user_data.null_resource.validate_cluster_service_cidr",
            "module.eks_west.module.fargate_profile.aws_eks_fargate_profile.this",
            "module.eks_west.module.fargate_profile.aws_iam_role.this",
            "module.eks_west.module.fargate_profile.aws_iam_role_policy.this",
            "module.eks_west.module.fargate_profile.aws_iam_role_policy_attachment.additional",
            "module.eks_west.module.fargate_profile.aws_iam_role_policy_attachment.this",
            "module.eks_west.module.fargate_profile.data.aws_caller_identity.current",
            "module.eks_west.module.fargate_profile.data.aws_iam_policy_document.assume_role_policy",
            "module.eks_west.module.fargate_profile.data.aws_iam_policy_document.role",
            "module.eks_west.module.fargate_profile.data.aws_partition.current",
            "module.eks_west.module.fargate_profile.data.aws_region.current",
            "module.eks_west.module.kms.aws_kms_alias.this",
            "module.eks_west.module.kms.aws_kms_external_key.this",
            "module.eks_west.module.kms.aws_kms_grant.this",
            "module.eks_west.module.kms.aws_kms_key.this",
            "module.eks_west.module.kms.aws_kms_replica_external_key.this",
            "module.eks_west.module.kms.aws_kms_replica_key.this",
            "module.eks_west.module.kms.data.aws_caller_identity.current",
            "module.eks_west.module.kms.data.aws_iam_policy_document.this",
            "module.eks_west.module.kms.data.aws_partition.current",
            "module.eks_west.module.self_managed_node_group.aws_autoscaling_group.this",
            "module.eks_west.module.self_managed_node_group.aws_autoscaling_schedule.this",
            "module.eks_west.module.self_managed_node_group.aws_eks_access_entry.this",
            "module.eks_west.module.self_managed_node_group.aws_iam_instance_profile.this",
            "module.eks_west.module.self_managed_node_group.aws_iam_role.this",
            "module.eks_west.module.self_managed_node_group.aws_iam_role_policy.this",
            "module.eks_west.module.self_managed_node_group.aws_iam_role_policy_attachment.additional",
            "module.eks_west.module.self_managed_node_group.aws_iam_role_policy_attachment.this",
            "module.eks_west.module.self_managed_node_group.aws_launch_template.this",
            "module.eks_west.module.self_managed_node_group.aws_placement_group.this",
            "module.eks_west.module.self_managed_node_group.data.aws_caller_identity.current",
            "module.eks_west.module.self_managed_node_group.data.aws_ec2_instance_type.this",
            "module.eks_west.module.self_managed_node_group.data.aws_ec2_instance_type_offerings.this",
            "module.eks_west.module.self_managed_node_group.data.aws_iam_policy_document.assume_role_policy",
            "module.eks_west.module.self_managed_node_group.data.aws_iam_policy_document.role",
            "module.eks_west.module.self_managed_node_group.data.aws_partition.current",
            "module.eks_west.module.self_managed_node_group.data.aws_ssm_parameter.ami",
            "module.eks_west.module.self_managed_node_group.data.aws_subnets.placement_group",
            "module.eks_west.module.self_managed_node_group.module.user_data.data.cloudinit_config.al2023_eks_managed_node_group",
            "module.eks_west.module.self_managed_node_group.module.user_data.data.cloudinit_config.linux_eks_managed_node_group",
            "module.eks_west.module.self_managed_node_group.module.user_data.null_resource.validate_cluster_service_cidr",
            "module.eks_west.time_sleep.this",
            "module.vpc_west.aws_subnet.public",
            "module.vpc_west.aws_vpc.this",
            "module.vpc_west.aws_vpc_ipv4_cidr_block_association.this"
          ]
        }
      ]
    },
    {
      "mode": "managed",
      "type": "aws_eks_addon",
      "name": "ebs_csi",
      "provider": "provider[\"registry.terraform.io/hashicorp/aws\"]",
      "instances": [
        {
          "schema_version": 0,
          "attributes": {
            "addon_name": "aws-ebs-csi-driver",
            "addon_version": "v1.37.0-eksbuild.1",
            "arn": "arn:aws:eks:us-east-1:007924758087:addon/gg9-eks/aws-ebs-csi-driver/c0cdcf4a-6d53-051f-317a-2bdd84a6f551",
            "cluster_name": "gg9-eks",
            "configuration_values": "",
            "created_at": "2026-01-08T17:08:34Z",
            "id": "gg9-eks:aws-ebs-csi-driver",
            "modified_at": "2026-01-08T17:09:11Z",
            "pod_identity_association": [],
            "preserve": null,
            "resolve_conflicts": null,
            "resolve_conflicts_on_create": "OVERWRITE",
            "resolve_conflicts_on_update": "OVERWRITE",
            "service_account_role_arn": "arn:aws:iam::007924758087:role/gg9-eks-ebs-csi",
            "tags": {},
            "tags_all": {},
            "timeouts": null
          },
          "sensitive_attributes": [],
          "identity_schema_version": 0,
          "private": "eyJlMmJmYjczMC1lY2FhLTExZTYtOGY4OC0zNDM2M2JjN2M0YzAiOnsiY3JlYXRlIjoxMjAwMDAwMDAwMDAwLCJkZWxldGUiOjI0MDAwMDAwMDAwMDAsInVwZGF0ZSI6MTIwMDAwMDAwMDAwMH19",
          "dependencies": [
            "module.ebs_csi_irsa.aws_iam_policy.amazon_managed_service_prometheus",
            "module.ebs_csi_irsa.aws_iam_policy.appmesh_controller",
            "module.ebs_csi_irsa.aws_iam_policy.appmesh_envoy_proxy",
            "module.ebs_csi_irsa.aws_iam_policy.aws_gateway_controller",
            "module.ebs_csi_irsa.aws_iam_policy.cert_manager",
            "module.ebs_csi_irsa.aws_iam_policy.cluster_autoscaler",
            "module.ebs_csi_irsa.aws_iam_policy.ebs_csi",
            "module.ebs_csi_irsa.aws_iam_policy.efs_csi",
            "module.ebs_csi_irsa.aws_iam_policy.external_dns",
            "module.ebs_csi_irsa.aws_iam_policy.external_secrets",
            "module.ebs_csi_irsa.aws_iam_policy.fsx_lustre_csi",
            "module.ebs_csi_irsa.aws_iam_policy.fsx_openzfs_csi",
            "module.ebs_csi_irsa.aws_iam_policy.karpenter_controller",
            "module.ebs_csi_irsa.aws_iam_policy.load_balancer_controller",
            "module.ebs_csi_irsa.aws_iam_policy.load_balancer_controller_targetgroup_only",
            "module.ebs_csi_irsa.aws_iam_policy.mountpoint_s3_csi",
            "module.ebs_csi_irsa.aws_iam_policy.node_termination_handler",
            "module.ebs_csi_irsa.aws_iam_policy.velero",
            "module.ebs_csi_irsa.aws_iam_policy.vpc_cni",
            "module.ebs_csi_irsa.aws_iam_role.this",
            "module.ebs_csi_irsa.aws_iam_role_policy_attachment.amazon_cloudwatch_observability",
            "module.ebs_csi_irsa.aws_iam_role_policy_attachment.amazon_managed_service_prometheus",
            "module.ebs_csi_irsa.aws_iam_role_policy_attachment.appmesh_controller",
            "module.ebs_csi_irsa.aws_iam_role_policy_attachment.appmesh_envoy_proxy",
            "module.ebs_csi_irsa.aws_iam_role_policy_attachment.aws_gateway_controller",
            "module.ebs_csi_irsa.aws_iam_role_policy_attachment.cert_manager",
            "module.ebs_csi_irsa.aws_iam_role_policy_attachment.cluster_autoscaler",
            "module.ebs_csi_irsa.aws_iam_role_policy_attachment.ebs_csi",
            "module.ebs_csi_irsa.aws_iam_role_policy_attachment.efs_csi",
            "module.ebs_csi_irsa.aws_iam_role_policy_attachment.external_dns",
            "module.ebs_csi_irsa.aws_iam_role_policy_attachment.external_secrets",
            "module.ebs_csi_irsa.aws_iam_role_policy_attachment.fsx_lustre_csi",
            "module.ebs_csi_irsa.aws_iam_role_policy_attachment.fsx_openzfs_csi",
            "module.ebs_csi_irsa.aws_iam_role_policy_attachment.karpenter_controller",
            "module.ebs_csi_irsa.aws_iam_role_policy_attachment.load_balancer_controller",
            "module.ebs_csi_irsa.aws_iam_role_policy_attachment.load_balancer_controller_targetgroup_only",
            "module.ebs_csi_irsa.aws_iam_role_policy_attachment.mountpoint_s3_csi",
            "module.ebs_csi_irsa.aws_iam_role_policy_attachment.node_termination_handler",
            "module.ebs_csi_irsa.aws_iam_role_policy_attachment.this",
            "module.ebs_csi_irsa.aws_iam_role_policy_attachment.velero",
            "module.ebs_csi_irsa.aws_iam_role_policy_attachment.vpc_cni",
            "module.ebs_csi_irsa.data.aws_caller_identity.current",
            "module.ebs_csi_irsa.data.aws_iam_policy_document.amazon_managed_service_prometheus",
            "module.ebs_csi_irsa.data.aws_iam_policy_document.appmesh_controller",
            "module.ebs_csi_irsa.data.aws_iam_policy_document.appmesh_envoy_proxy",
            "module.ebs_csi_irsa.data.aws_iam_policy_document.aws_gateway_controller",
            "module.ebs_csi_irsa.data.aws_iam_policy_document.cert_manager",
            "module.ebs_csi_irsa.data.aws_iam_policy_document.cluster_autoscaler",
            "module.ebs_csi_irsa.data.aws_iam_policy_document.ebs_csi",
            "module.ebs_csi_irsa.data.aws_iam_policy_document.efs_csi",
            "module.ebs_csi_irsa.data.aws_iam_policy_document.external_dns",
            "module.ebs_csi_irsa.data.aws_iam_policy_document.external_secrets",
            "module.ebs_csi_irsa.data.aws_iam_policy_document.fsx_lustre_csi",
            "module.ebs_csi_irsa.data.aws_iam_policy_document.fsx_openzfs_csi",
            "module.ebs_csi_irsa.data.aws_iam_policy_document.karpenter_controller",
            "module.ebs_csi_irsa.data.aws_iam_policy_document.load_balancer_controller",
            "module.ebs_csi_irsa.data.aws_iam_policy_document.load_balancer_controller_targetgroup_only",
            "module.ebs_csi_irsa.data.aws_iam_policy_document.mountpoint_s3_csi",
            "module.ebs_csi_irsa.data.aws_iam_policy_document.node_termination_handler",
            "module.ebs_csi_irsa.data.aws_iam_policy_document.this",
            "module.ebs_csi_irsa.data.aws_iam_policy_document.velero",
            "module.ebs_csi_irsa.data.aws_iam_policy_document.vpc_cni",
            "module.ebs_csi_irsa.data.aws_partition.current",
            "module.ebs_csi_irsa.data.aws_region.current",
            "module.eks.aws_cloudwatch_log_group.this",
            "module.eks.aws_ec2_tag.cluster_primary_security_group",
            "module.eks.aws_eks_access_entry.this",
            "module.eks.aws_eks_access_policy_association.this",
            "module.eks.aws_eks_addon.before_compute",
            "module.eks.aws_eks_addon.this",
            "module.eks.aws_eks_cluster.this",
            "module.eks.aws_eks_identity_provider_config.this",
            "module.eks.aws_iam_openid_connect_provider.oidc_provider",
            "module.eks.aws_iam_policy.cluster_encryption",
            "module.eks.aws_iam_policy.cni_ipv6_policy",
            "module.eks.aws_iam_policy.custom",
            "module.eks.aws_iam_role.eks_auto",
            "module.eks.aws_iam_role.this",
            "module.eks.aws_iam_role_policy_attachment.additional",
            "module.eks.aws_iam_role_policy_attachment.cluster_encryption",
            "module.eks.aws_iam_role_policy_attachment.custom",
            "module.eks.aws_iam_role_policy_attachment.eks_auto",
            "module.eks.aws_iam_role_policy_attachment.eks_auto_additional",
            "module.eks.aws_iam_role_policy_attachment.this",
            "module.eks.aws_security_group.cluster",
            "module.eks.aws_security_group.node",
            "module.eks.aws_security_group_rule.cluster",
            "module.eks.aws_security_group_rule.node",
            "module.eks.data.aws_caller_identity.current",
            "module.eks.data.aws_eks_addon_version.this",
            "module.eks.data.aws_iam_policy_document.assume_role_policy",
            "module.eks.data.aws_iam_policy_document.cni_ipv6_policy",
            "module.eks.data.aws_iam_policy_document.custom",
            "module.eks.data.aws_iam_policy_document.node_assume_role_policy",
            "module.eks.data.aws_iam_session_context.current",
            "module.eks.data.aws_partition.current",
            "module.eks.data.tls_certificate.this",
            "module.eks.module.eks_managed_node_group.aws_autoscaling_schedule.this",
            "module.eks.module.eks_managed_node_group.aws_eks_node_group.this",
            "module.eks.module.eks_managed_node_group.aws_iam_role.this",
            "module.eks.module.eks_managed_node_group.aws_iam_role_policy.this",
            "module.eks.module.eks_managed_node_group.aws_iam_role_policy_attachment.additional",
            "module.eks.module.eks_managed_node_group.aws_iam_role_policy_attachment.this",
            "module.eks.module.eks_managed_node_group.aws_launch_template.this",
            "module.eks.module.eks_managed_node_group.aws_placement_group.this",
            "module.eks.module.eks_managed_node_group.data.aws_caller_identity.current",
            "module.eks.module.eks_managed_node_group.data.aws_ec2_instance_type.this",
            "module.eks.module.eks_managed_node_group.data.aws_ec2_instance_type_offerings.this",
            "module.eks.module.eks_managed_node_group.data.aws_iam_policy_document.assume_role_policy",
            "module.eks.module.eks_managed_node_group.data.aws_iam_policy_document.role",
            "module.eks.module.eks_managed_node_group.data.aws_partition.current",
            "module.eks.module.eks_managed_node_group.data.aws_ssm_parameter.ami",
            "module.eks.module.eks_managed_node_group.data.aws_subnets.placement_group",
            "module.eks.module.eks_managed_node_group.module.user_data.data.cloudinit_config.al2023_eks_managed_node_group",
            "module.eks.module.eks_managed_node_group.module.user_data.data.cloudinit_config.linux_eks_managed_node_group",
            "module.eks.module.eks_managed_node_group.module.user_data.null_resource.validate_cluster_service_cidr",
            "module.eks.module.fargate_profile.aws_eks_fargate_profile.this",
            "module.eks.module.fargate_profile.aws_iam_role.this",
            "module.eks.module.fargate_profile.aws_iam_role_policy.this",
            "module.eks.module.fargate_profile.aws_iam_role_policy_attachment.additional",
            "module.eks.module.fargate_profile.aws_iam_role_policy_attachment.this",
            "module.eks.module.fargate_profile.data.aws_caller_identity.current",
            "module.eks.module.fargate_profile.data.aws_iam_policy_document.assume_role_policy",
            "module.eks.module.fargate_profile.data.aws_iam_policy_document.role",
            "module.eks.module.fargate_profile.data.aws_partition.current",
            "module.eks.module.fargate_profile.data.aws_region.current",
            "module.eks.module.kms.aws_kms_alias.this",
            "module.eks.module.kms.aws_kms_external_key.this",
            "module.eks.module.kms.aws_kms_grant.this",
            "module.eks.module.kms.aws_kms_key.this",
            "module.eks.module.kms.aws_kms_replica_external_key.this",
            "module.eks.module.kms.aws_kms_replica_key.this",
            "module.eks.module.kms.data.aws_caller_identity.current",
            "module.eks.module.kms.data.aws_iam_policy_document.this",
            "module.eks.module.kms.data.aws_partition.current",
            "module.eks.module.self_managed_node_group.aws_autoscaling_group.this",
            "module.eks.module.self_managed_node_group.aws_autoscaling_schedule.this",
            "module.eks.module.self_managed_node_group.aws_eks_access_entry.this",
            "module.eks.module.self_managed_node_group.aws_iam_instance_profile.this",
            "module.eks.module.self_managed_node_group.aws_iam_role.this",
            "module.eks.module.self_managed_node_group.aws_iam_role_policy.this",
            "module.eks.module.self_managed_node_group.aws_iam_role_policy_attachment.additional",
            "module.eks.module.self_managed_node_group.aws_iam_role_policy_attachment.this",
            "module.eks.module.self_managed_node_group.aws_launch_template.this",
            "module.eks.module.self_managed_node_group.aws_placement_group.this",
            "module.eks.module.self_managed_node_group.data.aws_caller_identity.current",
            "module.eks.module.self_managed_node_group.data.aws_ec2_instance_type.this",
            "module.eks.module.self_managed_node_group.data.aws_ec2_instance_type_offerings.this",
            "module.eks.module.self_managed_node_group.data.aws_iam_policy_document.assume_role_policy",
            "module.eks.module.self_managed_node_group.data.aws_iam_policy_document.role",
            "module.eks.module.self_managed_node_group.data.aws_partition.current",
            "module.eks.module.self_managed_node_group.data.aws_ssm_parameter.ami",
            "module.eks.module.self_managed_node_group.data.aws_subnets.placement_group",
            "module.eks.module.self_managed_node_group.module.user_data.data.cloudinit_config.al2023_eks_managed_node_group",
            "module.eks.module.self_managed_node_group.module.user_data.data.cloudinit_config.linux_eks_managed_node_group",
            "module.eks.module.self_managed_node_group.module.user_data.null_resource.validate_cluster_service_cidr",
            "module.eks.time_sleep.this",
            "module.vpc_east.aws_subnet.public",
            "module.vpc_east.aws_vpc.this",
            "module.vpc_east.aws_vpc_ipv4_cidr_block_association.this"
          ]
        }
      ]
    },
    {
      "mode": "managed",
      "type": "aws_eks_addon",
      "name": "ebs_csi_west",
      "provider": "provider[\"registry.terraform.io/hashicorp/aws\"].west",
      "instances": [
        {
          "schema_version": 0,
          "attributes": {
            "addon_name": "aws-ebs-csi-driver",
            "addon_version": "v1.37.0-eksbuild.1",
            "arn": "arn:aws:eks:us-west-2:007924758087:addon/gg9-eks-west/aws-ebs-csi-driver/20cdcf4a-6d14-9038-4f36-876311a2d12f",
            "cluster_name": "gg9-eks-west",
            "configuration_values": "",
            "created_at": "2026-01-08T17:08:34Z",
            "id": "gg9-eks-west:aws-ebs-csi-driver",
            "modified_at": "2026-01-08T17:09:10Z",
            "pod_identity_association": [],
            "preserve": null,
            "resolve_conflicts": null,
            "resolve_conflicts_on_create": "OVERWRITE",
            "resolve_conflicts_on_update": "OVERWRITE",
            "service_account_role_arn": "arn:aws:iam::007924758087:role/gg9-eks-west-ebs-csi",
            "tags": {},
            "tags_all": {},
            "timeouts": null
          },
          "sensitive_attributes": [],
          "identity_schema_version": 0,
          "private": "eyJlMmJmYjczMC1lY2FhLTExZTYtOGY4OC0zNDM2M2JjN2M0YzAiOnsiY3JlYXRlIjoxMjAwMDAwMDAwMDAwLCJkZWxldGUiOjI0MDAwMDAwMDAwMDAsInVwZGF0ZSI6MTIwMDAwMDAwMDAwMH19",
          "dependencies": [
            "module.ebs_csi_irsa_west.aws_iam_policy.amazon_managed_service_prometheus",
            "module.ebs_csi_irsa_west.aws_iam_policy.appmesh_controller",
            "module.ebs_csi_irsa_west.aws_iam_policy.appmesh_envoy_proxy",
            "module.ebs_csi_irsa_west.aws_iam_policy.aws_gateway_controller",
            "module.ebs_csi_irsa_west.aws_iam_policy.cert_manager",
            "module.ebs_csi_irsa_west.aws_iam_policy.cluster_autoscaler",
            "module.ebs_csi_irsa_west.aws_iam_policy.ebs_csi",
            "module.ebs_csi_irsa_west.aws_iam_policy.efs_csi",
            "module.ebs_csi_irsa_west.aws_iam_policy.external_dns",
            "module.ebs_csi_irsa_west.aws_iam_policy.external_secrets",
            "module.ebs_csi_irsa_west.aws_iam_policy.fsx_lustre_csi",
            "module.ebs_csi_irsa_west.aws_iam_policy.fsx_openzfs_csi",
            "module.ebs_csi_irsa_west.aws_iam_policy.karpenter_controller",
            "module.ebs_csi_irsa_west.aws_iam_policy.load_balancer_controller",
            "module.ebs_csi_irsa_west.aws_iam_policy.load_balancer_controller_targetgroup_only",
            "module.ebs_csi_irsa_west.aws_iam_policy.mountpoint_s3_csi",
            "module.ebs_csi_irsa_west.aws_iam_policy.node_termination_handler",
            "module.ebs_csi_irsa_west.aws_iam_policy.velero",
            "module.ebs_csi_irsa_west.aws_iam_policy.vpc_cni",
            "module.ebs_csi_irsa_west.aws_iam_role.this",
            "module.ebs_csi_irsa_west.aws_iam_role_policy_attachment.amazon_cloudwatch_observability",
            "module.ebs_csi_irsa_west.aws_iam_role_policy_attachment.amazon_managed_service_prometheus",
            "module.ebs_csi_irsa_west.aws_iam_role_policy_attachment.appmesh_controller",
            "module.ebs_csi_irsa_west.aws_iam_role_policy_attachment.appmesh_envoy_proxy",
            "module.ebs_csi_irsa_west.aws_iam_role_policy_attachment.aws_gateway_controller",
            "module.ebs_csi_irsa_west.aws_iam_role_policy_attachment.cert_manager",
            "module.ebs_csi_irsa_west.aws_iam_role_policy_attachment.cluster_autoscaler",
            "module.ebs_csi_irsa_west.aws_iam_role_policy_attachment.ebs_csi",
            "module.ebs_csi_irsa_west.aws_iam_role_policy_attachment.efs_csi",
            "module.ebs_csi_irsa_west.aws_iam_role_policy_attachment.external_dns",
            "module.ebs_csi_irsa_west.aws_iam_role_policy_attachment.external_secrets",
            "module.ebs_csi_irsa_west.aws_iam_role_policy_attachment.fsx_lustre_csi",
            "module.ebs_csi_irsa_west.aws_iam_role_policy_attachment.fsx_openzfs_csi",
            "module.ebs_csi_irsa_west.aws_iam_role_policy_attachment.karpenter_controller",
            "module.ebs_csi_irsa_west.aws_iam_role_policy_attachment.load_balancer_controller",
            "module.ebs_csi_irsa_west.aws_iam_role_policy_attachment.load_balancer_controller_targetgroup_only",
            "module.ebs_csi_irsa_west.aws_iam_role_policy_attachment.mountpoint_s3_csi",
            "module.ebs_csi_irsa_west.aws_iam_role_policy_attachment.node_termination_handler",
            "module.ebs_csi_irsa_west.aws_iam_role_policy_attachment.this",
            "module.ebs_csi_irsa_west.aws_iam_role_policy_attachment.velero",
            "module.ebs_csi_irsa_west.aws_iam_role_policy_attachment.vpc_cni",
            "module.ebs_csi_irsa_west.data.aws_caller_identity.current",
            "module.ebs_csi_irsa_west.data.aws_iam_policy_document.amazon_managed_service_prometheus",
            "module.ebs_csi_irsa_west.data.aws_iam_policy_document.appmesh_controller",
            "module.ebs_csi_irsa_west.data.aws_iam_policy_document.appmesh_envoy_proxy",
            "module.ebs_csi_irsa_west.data.aws_iam_policy_document.aws_gateway_controller",
            "module.ebs_csi_irsa_west.data.aws_iam_policy_document.cert_manager",
            "module.ebs_csi_irsa_west.data.aws_iam_policy_document.cluster_autoscaler",
            "module.ebs_csi_irsa_west.data.aws_iam_policy_document.ebs_csi",
            "module.ebs_csi_irsa_west.data.aws_iam_policy_document.efs_csi",
            "module.ebs_csi_irsa_west.data.aws_iam_policy_document.external_dns",
            "module.ebs_csi_irsa_west.data.aws_iam_policy_document.external_secrets",
            "module.ebs_csi_irsa_west.data.aws_iam_policy_document.fsx_lustre_csi",
            "module.ebs_csi_irsa_west.data.aws_iam_policy_document.fsx_openzfs_csi",
            "module.ebs_csi_irsa_west.data.aws_iam_policy_document.karpenter_controller",
            "module.ebs_csi_irsa_west.data.aws_iam_policy_document.load_balancer_controller",
            "module.ebs_csi_irsa_west.data.aws_iam_policy_document.load_balancer_controller_targetgroup_only",
            "module.ebs_csi_irsa_west.data.aws_iam_policy_document.mountpoint_s3_csi",
            "module.ebs_csi_irsa_west.data.aws_iam_policy_document.node_termination_handler",
            "module.ebs_csi_irsa_west.data.aws_iam_policy_document.this",
            "module.ebs_csi_irsa_west.data.aws_iam_policy_document.velero",
            "module.ebs_csi_irsa_west.data.aws_iam_policy_document.vpc_cni",
            "module.ebs_csi_irsa_west.data.aws_partition.current",
            "module.ebs_csi_irsa_west.data.aws_region.current",
            "module.eks_west.aws_cloudwatch_log_group.this",
            "module.eks_west.aws_ec2_tag.cluster_primary_security_group",
            "module.eks_west.aws_eks_access_entry.this",
            "module.eks_west.aws_eks_access_policy_association.this",
            "module.eks_west.aws_eks_addon.before_compute",
            "module.eks_west.aws_eks_addon.this",
            "module.eks_west.aws_eks_cluster.this",
            "module.eks_west.aws_eks_identity_provider_config.this",
            "module.eks_west.aws_iam_openid_connect_provider.oidc_provider",
            "module.eks_west.aws_iam_policy.cluster_encryption",
            "module.eks_west.aws_iam_policy.cni_ipv6_policy",
            "module.eks_west.aws_iam_policy.custom",
            "module.eks_west.aws_iam_role.eks_auto",
            "module.eks_west.aws_iam_role.this",
            "module.eks_west.aws_iam_role_policy_attachment.additional",
            "module.eks_west.aws_iam_role_policy_attachment.cluster_encryption",
            "module.eks_west.aws_iam_role_policy_attachment.custom",
            "module.eks_west.aws_iam_role_policy_attachment.eks_auto",
            "module.eks_west.aws_iam_role_policy_attachment.eks_auto_additional",
            "module.eks_west.aws_iam_role_policy_attachment.this",
            "module.eks_west.aws_security_group.cluster",
            "module.eks_west.aws_security_group.node",
            "module.eks_west.aws_security_group_rule.cluster",
            "module.eks_west.aws_security_group_rule.node",
            "module.eks_west.data.aws_caller_identity.current",
            "module.eks_west.data.aws_eks_addon_version.this",
            "module.eks_west.data.aws_iam_policy_document.assume_role_policy",
            "module.eks_west.data.aws_iam_policy_document.cni_ipv6_policy",
            "module.eks_west.data.aws_iam_policy_document.custom",
            "module.eks_west.data.aws_iam_policy_document.node_assume_role_policy",
            "module.eks_west.data.aws_iam_session_context.current",
            "module.eks_west.data.aws_partition.current",
            "module.eks_west.data.tls_certificate.this",
            "module.eks_west.module.eks_managed_node_group.aws_autoscaling_schedule.this",
            "module.eks_west.module.eks_managed_node_group.aws_eks_node_group.this",
            "module.eks_west.module.eks_managed_node_group.aws_iam_role.this",
            "module.eks_west.module.eks_managed_node_group.aws_iam_role_policy.this",
            "module.eks_west.module.eks_managed_node_group.aws_iam_role_policy_attachment.additional",
            "module.eks_west.module.eks_managed_node_group.aws_iam_role_policy_attachment.this",
            "module.eks_west.module.eks_managed_node_group.aws_launch_template.this",
            "module.eks_west.module.eks_managed_node_group.aws_placement_group.this",
            "module.eks_west.module.eks_managed_node_group.data.aws_caller_identity.current",
            "module.eks_west.module.eks_managed_node_group.data.aws_ec2_instance_type.this",
            "module.eks_west.module.eks_managed_node_group.data.aws_ec2_instance_type_offerings.this",
            "module.eks_west.module.eks_managed_node_group.data.aws_iam_policy_document.assume_role_policy",
            "module.eks_west.module.eks_managed_node_group.data.aws_iam_policy_document.role",
            "module.eks_west.module.eks_managed_node_group.data.aws_partition.current",
            "module.eks_west.module.eks_managed_node_group.data.aws_ssm_parameter.ami",
            "module.eks_west.module.eks_managed_node_group.data.aws_subnets.placement_group",
            "module.eks_west.module.eks_managed_node_group.module.user_data.data.cloudinit_config.al2023_eks_managed_node_group",
            "module.eks_west.module.eks_managed_node_group.module.user_data.data.cloudinit_config.linux_eks_managed_node_group",
            "module.eks_west.module.eks_managed_node_group.module.user_data.null_resource.validate_cluster_service_cidr",
            "module.eks_west.module.fargate_profile.aws_eks_fargate_profile.this",
            "module.eks_west.module.fargate_profile.aws_iam_role.this",
            "module.eks_west.module.fargate_profile.aws_iam_role_policy.this",
            "module.eks_west.module.fargate_profile.aws_iam_role_policy_attachment.additional",
            "module.eks_west.module.fargate_profile.aws_iam_role_policy_attachment.this",
            "module.eks_west.module.fargate_profile.data.aws_caller_identity.current",
            "module.eks_west.module.fargate_profile.data.aws_iam_policy_document.assume_role_policy",
            "module.eks_west.module.fargate_profile.data.aws_iam_policy_document.role",
            "module.eks_west.module.fargate_profile.data.aws_partition.current",
            "module.eks_west.module.fargate_profile.data.aws_region.current",
            "module.eks_west.module.kms.aws_kms_alias.this",
            "module.eks_west.module.kms.aws_kms_external_key.this",
            "module.eks_west.module.kms.aws_kms_grant.this",
            "module.eks_west.module.kms.aws_kms_key.this",
            "module.eks_west.module.kms.aws_kms_replica_external_key.this",
            "module.eks_west.module.kms.aws_kms_replica_key.this",
            "module.eks_west.module.kms.data.aws_caller_identity.current",
            "module.eks_west.module.kms.data.aws_iam_policy_document.this",
            "module.eks_west.module.kms.data.aws_partition.current",
            "module.eks_west.module.self_managed_node_group.aws_autoscaling_group.this",
            "module.eks_west.module.self_managed_node_group.aws_autoscaling_schedule.this",
            "module.eks_west.module.self_managed_node_group.aws_eks_access_entry.this",
            "module.eks_west.module.self_managed_node_group.aws_iam_instance_profile.this",
            "module.eks_west.module.self_managed_node_group.aws_iam_role.this",
            "module.eks_west.module.self_managed_node_group.aws_iam_role_policy.this",
            "module.eks_west.module.self_managed_node_group.aws_iam_role_policy_attachment.additional",
            "module.eks_west.module.self_managed_node_group.aws_iam_role_policy_attachment.this",
            "module.eks_west.module.self_managed_node_group.aws_launch_template.this",
            "module.eks_west.module.self_managed_node_group.aws_placement_group.this",
            "module.eks_west.module.self_managed_node_group.data.aws_caller_identity.current",
            "module.eks_west.module.self_managed_node_group.data.aws_ec2_instance_type.this",
            "module.eks_west.module.self_managed_node_group.data.aws_ec2_instance_type_offerings.this",
            "module.eks_west.module.self_managed_node_group.data.aws_iam_policy_document.assume_role_policy",
            "module.eks_west.module.self_managed_node_group.data.aws_iam_policy_document.role",
            "module.eks_west.module.self_managed_node_group.data.aws_partition.current",
            "module.eks_west.module.self_managed_node_group.data.aws_ssm_parameter.ami",
            "module.eks_west.module.self_managed_node_group.data.aws_subnets.placement_group",
            "module.eks_west.module.self_managed_node_group.module.user_data.data.cloudinit_config.al2023_eks_managed_node_group",
            "module.eks_west.module.self_managed_node_group.module.user_data.data.cloudinit_config.linux_eks_managed_node_group",
            "module.eks_west.module.self_managed_node_group.module.user_data.null_resource.validate_cluster_service_cidr",
            "module.eks_west.time_sleep.this",
            "module.vpc_west.aws_subnet.public",
            "module.vpc_west.aws_vpc.this",
            "module.vpc_west.aws_vpc_ipv4_cidr_block_association.this"
          ]
        }
      ]
    },
    {
      "mode": "managed",
      "type": "aws_iam_instance_profile",
      "name": "sqlserver",
      "provider": "provider[\"registry.terraform.io/hashicorp/aws\"]",
      "instances": [
        {
          "schema_version": 0,
          "attributes": {
            "arn": "arn:aws:iam::007924758087:instance-profile/gg9-eks-sqlserver-20260108165534118300000008",
            "create_date": "2026-01-08T16:55:34Z",
            "id": "gg9-eks-sqlserver-20260108165534118300000008",
            "name": "gg9-eks-sqlserver-20260108165534118300000008",
            "name_prefix": "gg9-eks-sqlserver-",
            "path": "/",
            "role": "gg9-eks-sqlserver-20260108165533650900000003",
            "tags": {},
            "tags_all": {},
            "unique_id": "AIPAQDWC2GZD62R6SYEQH"
          },
          "sensitive_attributes": [],
          "identity_schema_version": 0,
          "private": "bnVsbA==",
          "dependencies": [
            "aws_iam_role.sqlserver"
          ]
        }
      ]
    },
    {
      "mode": "managed",
      "type": "aws_iam_role",
      "name": "sqlserver",
      "provider": "provider[\"registry.terraform.io/hashicorp/aws\"]",
      "instances": [
        {
          "schema_version": 0,
          "attributes": {
            "arn": "arn:aws:iam::007924758087:role/gg9-eks-sqlserver-20260108165533650900000003",
            "assume_role_policy": "{\"Statement\":[{\"Action\":\"sts:AssumeRole\",\"Effect\":\"Allow\",\"Principal\":{\"Service\":\"ec2.amazonaws.com\"}}],\"Version\":\"2012-10-17\"}",
            "create_date": "2026-01-08T16:55:33Z",
            "description": "",
            "force_detach_policies": false,
            "id": "gg9-eks-sqlserver-20260108165533650900000003",
            "inline_policy": [],
            "managed_policy_arns": [
              "arn:aws:iam::aws:policy/AmazonSSMManagedInstanceCore"
            ],
            "max_session_duration": 3600,
            "name": "gg9-eks-sqlserver-20260108165533650900000003",
            "name_prefix": "gg9-eks-sqlserver-",
            "path": "/",
            "permissions_boundary": "",
            "tags": {},
            "tags_all": {},
            "unique_id": "AROAQDWC2GZD3QZNMDJB6"
          },
          "sensitive_attributes": [],
          "identity_schema_version": 0,
          "private": "bnVsbA=="
        }
      ]
    },
    {
      "mode": "managed",
      "type": "aws_iam_role_policy_attachment",
      "name": "sqlserver_ssm",
      "provider": "provider[\"registry.terraform.io/hashicorp/aws\"]",
      "instances": [
        {
          "schema_version": 0,
          "attributes": {
            "id": "gg9-eks-sqlserver-20260108165533650900000003-20260108165534247200000009",
            "policy_arn": "arn:aws:iam::aws:policy/AmazonSSMManagedInstanceCore",
            "role": "gg9-eks-sqlserver-20260108165533650900000003"
          },
          "sensitive_attributes": [],
          "identity_schema_version": 0,
          "private": "bnVsbA==",
          "dependencies": [
            "aws_iam_role.sqlserver"
          ]
        }
      ]
    },
    {
      "mode": "managed",
      "type": "aws_instance",
      "name": "sqlserver",
      "provider": "provider[\"registry.terraform.io/hashicorp/aws\"]",
      "instances": [
        {
          "schema_version": 1,
          "attributes": {
            "ami": "ami-01c7c8d1253ac019b",
            "arn": "arn:aws:ec2:us-east-1:007924758087:instance/i-0f11d60a8be6c6043",
            "associate_public_ip_address": true,
            "availability_zone": "us-east-1a",
            "capacity_reservation_specification": [
              {
                "capacity_reservation_preference": "open",
                "capacity_reservation_target": []
              }
            ],
            "cpu_core_count": 2,
            "cpu_options": [
              {
                "amd_sev_snp": "",
                "core_count": 2,
                "threads_per_core": 2
              }
            ],
            "cpu_threads_per_core": 2,
            "credit_specification": [
              {
                "cpu_credits": "unlimited"
              }
            ],
            "disable_api_stop": false,
            "disable_api_termination": false,
            "ebs_block_device": [],
            "ebs_optimized": false,
            "enable_primary_ipv6": null,
            "enclave_options": [
              {
                "enabled": false
              }
            ],
            "ephemeral_block_device": [],
            "get_password_data": false,
            "hibernation": false,
            "host_id": "",
            "host_resource_group_arn": null,
            "iam_instance_profile": "gg9-eks-sqlserver-20260108165534118300000008",
            "id": "i-0f11d60a8be6c6043",
            "instance_initiated_shutdown_behavior": "stop",
            "instance_lifecycle": "",
            "instance_market_options": [],
            "instance_state": "running",
            "instance_type": "t3.xlarge",
            "ipv6_address_count": 0,
            "ipv6_addresses": [],
            "key_name": "",
            "launch_template": [],
            "maintenance_options": [
              {
                "auto_recovery": "default"
              }
            ],
            "metadata_options": [
              {
                "http_endpoint": "enabled",
                "http_protocol_ipv6": "disabled",
                "http_put_response_hop_limit": 1,
                "http_tokens": "optional",
                "instance_metadata_tags": "disabled"
              }
            ],
            "monitoring": false,
            "network_interface": [],
            "outpost_arn": "",
            "password_data": "",
            "placement_group": "",
            "placement_partition_number": 0,
            "primary_network_interface_id": "eni-0eb5de56341b33a18",
            "private_dns": "ip-10-0-101-95.ec2.internal",
            "private_dns_name_options": [
              {
                "enable_resource_name_dns_a_record": false,
                "enable_resource_name_dns_aaaa_record": false,
                "hostname_type": "ip-name"
              }
            ],
            "private_ip": "10.0.101.95",
            "public_dns": "ec2-35-170-51-72.compute-1.amazonaws.com",
            "public_ip": "35.170.51.72",
            "root_block_device": [
              {
                "delete_on_termination": true,
                "device_name": "/dev/sda1",
                "encrypted": true,
                "iops": 3000,
                "kms_key_id": "arn:aws:kms:us-east-1:007924758087:key/1a3fce34-274e-4eb3-9eab-6a0a766d036e",
                "tags": {},
                "tags_all": {},
                "throughput": 125,
                "volume_id": "vol-040996b609e801144",
                "volume_size": 100,
                "volume_type": "gp3"
              }
            ],
            "secondary_private_ips": [],
            "security_groups": [],
            "source_dest_check": true,
            "spot_instance_request_id": "",
            "subnet_id": "subnet-0693b6c4cf46aada8",
            "tags": {
              "Name": "gg9-eks-sqlserver-poc"
            },
            "tags_all": {
              "Name": "gg9-eks-sqlserver-poc"
            },
            "tenancy": "default",
            "timeouts": null,
            "user_data": "66587c8563a0aa58225f834d9adbea537aaa1fa0",
            "user_data_base64": null,
            "user_data_replace_on_change": false,
            "volume_tags": null,
            "vpc_security_group_ids": [
              "sg-02194f7f37a1a1690"
            ]
          },
          "sensitive_attributes": [
            [
              {
                "type": "get_attr",
                "value": "user_data"
              }
            ]
          ],
          "identity_schema_version": 0,
          "private": "eyJlMmJmYjczMC1lY2FhLTExZTYtOGY4OC0zNDM2M2JjN2M0YzAiOnsiY3JlYXRlIjo2MDAwMDAwMDAwMDAsImRlbGV0ZSI6MTIwMDAwMDAwMDAwMCwicmVhZCI6OTAwMDAwMDAwMDAwLCJ1cGRhdGUiOjYwMDAwMDAwMDAwMH0sInNjaGVtYV92ZXJzaW9uIjoiMSJ9",
          "dependencies": [
            "aws_iam_instance_profile.sqlserver",
            "aws_iam_role.sqlserver",
            "aws_security_group.sqlserver",
            "data.aws_ami.sqlserver",
            "module.vpc_east.aws_cloudwatch_log_group.flow_log",
            "module.vpc_east.aws_customer_gateway.this",
            "module.vpc_east.aws_db_subnet_group.database",
            "module.vpc_east.aws_default_network_acl.this",
            "module.vpc_east.aws_default_route_table.default",
            "module.vpc_east.aws_default_security_group.this",
            "module.vpc_east.aws_default_vpc.this",
            "module.vpc_east.aws_egress_only_internet_gateway.this",
            "module.vpc_east.aws_eip.nat",
            "module.vpc_east.aws_elasticache_subnet_group.elasticache",
            "module.vpc_east.aws_flow_log.this",
            "module.vpc_east.aws_iam_policy.vpc_flow_log_cloudwatch",
            "module.vpc_east.aws_iam_role.vpc_flow_log_cloudwatch",
            "module.vpc_east.aws_iam_role_policy_attachment.vpc_flow_log_cloudwatch",
            "module.vpc_east.aws_internet_gateway.this",
            "module.vpc_east.aws_nat_gateway.this",
            "module.vpc_east.aws_network_acl.database",
            "module.vpc_east.aws_network_acl.elasticache",
            "module.vpc_east.aws_network_acl.intra",
            "module.vpc_east.aws_network_acl.outpost",
            "module.vpc_east.aws_network_acl.private",
            "module.vpc_east.aws_network_acl.public",
            "module.vpc_east.aws_network_acl.redshift",
            "module.vpc_east.aws_network_acl_rule.database_inbound",
            "module.vpc_east.aws_network_acl_rule.database_outbound",
            "module.vpc_east.aws_network_acl_rule.elasticache_inbound",
            "module.vpc_east.aws_network_acl_rule.elasticache_outbound",
            "module.vpc_east.aws_network_acl_rule.intra_inbound",
            "module.vpc_east.aws_network_acl_rule.intra_outbound",
            "module.vpc_east.aws_network_acl_rule.outpost_inbound",
            "module.vpc_east.aws_network_acl_rule.outpost_outbound",
            "module.vpc_east.aws_network_acl_rule.private_inbound",
            "module.vpc_east.aws_network_acl_rule.private_outbound",
            "module.vpc_east.aws_network_acl_rule.public_inbound",
            "module.vpc_east.aws_network_acl_rule.public_outbound",
            "module.vpc_east.aws_network_acl_rule.redshift_inbound",
            "module.vpc_east.aws_network_acl_rule.redshift_outbound",
            "module.vpc_east.aws_redshift_subnet_group.redshift",
            "module.vpc_east.aws_route.database_dns64_nat_gateway",
            "module.vpc_east.aws_route.database_internet_gateway",
            "module.vpc_east.aws_route.database_ipv6_egress",
            "module.vpc_east.aws_route.database_nat_gateway",
            "module.vpc_east.aws_route.private_dns64_nat_gateway",
            "module.vpc_east.aws_route.private_ipv6_egress",
            "module.vpc_east.aws_route.private_nat_gateway",
            "module.vpc_east.aws_route.public_internet_gateway",
            "module.vpc_east.aws_route.public_internet_gateway_ipv6",
            "module.vpc_east.aws_route_table.database",
            "module.vpc_east.aws_route_table.elasticache",
            "module.vpc_east.aws_route_table.intra",
            "module.vpc_east.aws_route_table.private",
            "module.vpc_east.aws_route_table.public",
            "module.vpc_east.aws_route_table.redshift",
            "module.vpc_east.aws_route_table_association.database",
            "module.vpc_east.aws_route_table_association.elasticache",
            "module.vpc_east.aws_route_table_association.intra",
            "module.vpc_east.aws_route_table_association.outpost",
            "module.vpc_east.aws_route_table_association.private",
            "module.vpc_east.aws_route_table_association.public",
            "module.vpc_east.aws_route_table_association.redshift",
            "module.vpc_east.aws_route_table_association.redshift_public",
            "module.vpc_east.aws_subnet.database",
            "module.vpc_east.aws_subnet.elasticache",
            "module.vpc_east.aws_subnet.intra",
            "module.vpc_east.aws_subnet.outpost",
            "module.vpc_east.aws_subnet.private",
            "module.vpc_east.aws_subnet.public",
            "module.vpc_east.aws_subnet.redshift",
            "module.vpc_east.aws_vpc.this",
            "module.vpc_east.aws_vpc_block_public_access_exclusion.this",
            "module.vpc_east.aws_vpc_block_public_access_options.this",
            "module.vpc_east.aws_vpc_dhcp_options.this",
            "module.vpc_east.aws_vpc_dhcp_options_association.this",
            "module.vpc_east.aws_vpc_ipv4_cidr_block_association.this",
            "module.vpc_east.aws_vpn_gateway.this",
            "module.vpc_east.aws_vpn_gateway_attachment.this",
            "module.vpc_east.aws_vpn_gateway_route_propagation.intra",
            "module.vpc_east.aws_vpn_gateway_route_propagation.private",
            "module.vpc_east.aws_vpn_gateway_route_propagation.public",
            "module.vpc_east.data.aws_caller_identity.current",
            "module.vpc_east.data.aws_iam_policy_document.flow_log_cloudwatch_assume_role",
            "module.vpc_east.data.aws_iam_policy_document.vpc_flow_log_cloudwatch",
            "module.vpc_east.data.aws_partition.current",
            "module.vpc_east.data.aws_region.current"
          ]
        }
      ]
    },
    {
      "mode": "managed",
      "type": "aws_route",
      "name": "east_private_to_west",
      "provider": "provider[\"registry.terraform.io/hashicorp/aws\"]",
      "instances": [
        {
          "index_key": 0,
          "schema_version": 0,
          "attributes": {
            "carrier_gateway_id": "",
            "core_network_arn": "",
            "destination_cidr_block": "10.1.0.0/16",
            "destination_ipv6_cidr_block": "",
            "destination_prefix_list_id": "",
            "egress_only_gateway_id": "",
            "gateway_id": "",
            "id": "r-rtb-0fdbb376c12a82d903322942084",
            "instance_id": "",
            "instance_owner_id": "",
            "local_gateway_id": "",
            "nat_gateway_id": "",
            "network_interface_id": "",
            "origin": "CreateRoute",
            "route_table_id": "rtb-0fdbb376c12a82d90",
            "state": "active",
            "timeouts": null,
            "transit_gateway_id": "",
            "vpc_endpoint_id": "",
            "vpc_peering_connection_id": "pcx-0f320faf02204bed2"
          },
          "sensitive_attributes": [],
          "identity_schema_version": 0,
          "private": "eyJlMmJmYjczMC1lY2FhLTExZTYtOGY4OC0zNDM2M2JjN2M0YzAiOnsiY3JlYXRlIjozMDAwMDAwMDAwMDAsImRlbGV0ZSI6MzAwMDAwMDAwMDAwLCJ1cGRhdGUiOjEyMDAwMDAwMDAwMH19",
          "dependencies": [
            "aws_vpc_peering_connection.east_west",
            "aws_vpc_peering_connection_accepter.west_accept",
            "module.vpc_east.aws_route_table.private",
            "module.vpc_east.aws_vpc.this",
            "module.vpc_east.aws_vpc_ipv4_cidr_block_association.this",
            "module.vpc_west.aws_vpc.this"
          ]
        },
        {
          "index_key": 1,
          "schema_version": 0,
          "attributes": {
            "carrier_gateway_id": "",
            "core_network_arn": "",
            "destination_cidr_block": "10.1.0.0/16",
            "destination_ipv6_cidr_block": "",
            "destination_prefix_list_id": "",
            "egress_only_gateway_id": "",
            "gateway_id": "",
            "id": "r-rtb-0f756178fb788789d3322942084",
            "instance_id": "",
            "instance_owner_id": "",
            "local_gateway_id": "",
            "nat_gateway_id": "",
            "network_interface_id": "",
            "origin": "CreateRoute",
            "route_table_id": "rtb-0f756178fb788789d",
            "state": "active",
            "timeouts": null,
            "transit_gateway_id": "",
            "vpc_endpoint_id": "",
            "vpc_peering_connection_id": "pcx-0f320faf02204bed2"
          },
          "sensitive_attributes": [],
          "identity_schema_version": 0,
          "private": "eyJlMmJmYjczMC1lY2FhLTExZTYtOGY4OC0zNDM2M2JjN2M0YzAiOnsiY3JlYXRlIjozMDAwMDAwMDAwMDAsImRlbGV0ZSI6MzAwMDAwMDAwMDAwLCJ1cGRhdGUiOjEyMDAwMDAwMDAwMH19",
          "dependencies": [
            "aws_vpc_peering_connection.east_west",
            "aws_vpc_peering_connection_accepter.west_accept",
            "module.vpc_east.aws_route_table.private",
            "module.vpc_east.aws_vpc.this",
            "module.vpc_east.aws_vpc_ipv4_cidr_block_association.this",
            "module.vpc_west.aws_vpc.this"
          ]
        },
        {
          "index_key": 2,
          "schema_version": 0,
          "attributes": {
            "carrier_gateway_id": "",
            "core_network_arn": "",
            "destination_cidr_block": "10.1.0.0/16",
            "destination_ipv6_cidr_block": "",
            "destination_prefix_list_id": "",
            "egress_only_gateway_id": "",
            "gateway_id": "",
            "id": "r-rtb-046fd808969cabecf3322942084",
            "instance_id": "",
            "instance_owner_id": "",
            "local_gateway_id": "",
            "nat_gateway_id": "",
            "network_interface_id": "",
            "origin": "CreateRoute",
            "route_table_id": "rtb-046fd808969cabecf",
            "state": "active",
            "timeouts": null,
            "transit_gateway_id": "",
            "vpc_endpoint_id": "",
            "vpc_peering_connection_id": "pcx-0f320faf02204bed2"
          },
          "sensitive_attributes": [],
          "identity_schema_version": 0,
          "private": "eyJlMmJmYjczMC1lY2FhLTExZTYtOGY4OC0zNDM2M2JjN2M0YzAiOnsiY3JlYXRlIjozMDAwMDAwMDAwMDAsImRlbGV0ZSI6MzAwMDAwMDAwMDAwLCJ1cGRhdGUiOjEyMDAwMDAwMDAwMH19",
          "dependencies": [
            "aws_vpc_peering_connection.east_west",
            "aws_vpc_peering_connection_accepter.west_accept",
            "module.vpc_east.aws_route_table.private",
            "module.vpc_east.aws_vpc.this",
            "module.vpc_east.aws_vpc_ipv4_cidr_block_association.this",
            "module.vpc_west.aws_vpc.this"
          ]
        }
      ]
    },
    {
      "mode": "managed",
      "type": "aws_route",
      "name": "east_public_to_west",
      "provider": "provider[\"registry.terraform.io/hashicorp/aws\"]",
      "instances": [
        {
          "index_key": 0,
          "schema_version": 0,
          "attributes": {
            "carrier_gateway_id": "",
            "core_network_arn": "",
            "destination_cidr_block": "10.1.0.0/16",
            "destination_ipv6_cidr_block": "",
            "destination_prefix_list_id": "",
            "egress_only_gateway_id": "",
            "gateway_id": "",
            "id": "r-rtb-014824bfbcf5792043322942084",
            "instance_id": "",
            "instance_owner_id": "",
            "local_gateway_id": "",
            "nat_gateway_id": "",
            "network_interface_id": "",
            "origin": "CreateRoute",
            "route_table_id": "rtb-014824bfbcf579204",
            "state": "active",
            "timeouts": null,
            "transit_gateway_id": "",
            "vpc_endpoint_id": "",
            "vpc_peering_connection_id": "pcx-0f320faf02204bed2"
          },
          "sensitive_attributes": [],
          "identity_schema_version": 0,
          "private": "eyJlMmJmYjczMC1lY2FhLTExZTYtOGY4OC0zNDM2M2JjN2M0YzAiOnsiY3JlYXRlIjozMDAwMDAwMDAwMDAsImRlbGV0ZSI6MzAwMDAwMDAwMDAwLCJ1cGRhdGUiOjEyMDAwMDAwMDAwMH19",
          "dependencies": [
            "aws_vpc_peering_connection.east_west",
            "aws_vpc_peering_connection_accepter.west_accept",
            "module.vpc_east.aws_route_table.public",
            "module.vpc_east.aws_vpc.this",
            "module.vpc_east.aws_vpc_ipv4_cidr_block_association.this",
            "module.vpc_west.aws_vpc.this"
          ]
        }
      ]
    },
    {
      "mode": "managed",
      "type": "aws_route",
      "name": "west_private_to_east",
      "provider": "provider[\"registry.terraform.io/hashicorp/aws\"].west",
      "instances": [
        {
          "index_key": 0,
          "schema_version": 0,
          "attributes": {
            "carrier_gateway_id": "",
            "core_network_arn": "",
            "destination_cidr_block": "10.0.0.0/16",
            "destination_ipv6_cidr_block": "",
            "destination_prefix_list_id": "",
            "egress_only_gateway_id": "",
            "gateway_id": "",
            "id": "r-rtb-06d2580b4131a1c6f179966490",
            "instance_id": "",
            "instance_owner_id": "",
            "local_gateway_id": "",
            "nat_gateway_id": "",
            "network_interface_id": "",
            "origin": "CreateRoute",
            "route_table_id": "rtb-06d2580b4131a1c6f",
            "state": "active",
            "timeouts": null,
            "transit_gateway_id": "",
            "vpc_endpoint_id": "",
            "vpc_peering_connection_id": "pcx-0f320faf02204bed2"
          },
          "sensitive_attributes": [],
          "identity_schema_version": 0,
          "private": "eyJlMmJmYjczMC1lY2FhLTExZTYtOGY4OC0zNDM2M2JjN2M0YzAiOnsiY3JlYXRlIjozMDAwMDAwMDAwMDAsImRlbGV0ZSI6MzAwMDAwMDAwMDAwLCJ1cGRhdGUiOjEyMDAwMDAwMDAwMH19",
          "dependencies": [
            "aws_vpc_peering_connection.east_west",
            "aws_vpc_peering_connection_accepter.west_accept",
            "module.vpc_east.aws_vpc.this",
            "module.vpc_west.aws_route_table.private",
            "module.vpc_west.aws_vpc.this",
            "module.vpc_west.aws_vpc_ipv4_cidr_block_association.this"
          ]
        },
        {
          "index_key": 1,
          "schema_version": 0,
          "attributes": {
            "carrier_gateway_id": "",
            "core_network_arn": "",
            "destination_cidr_block": "10.0.0.0/16",
            "destination_ipv6_cidr_block": "",
            "destination_prefix_list_id": "",
            "egress_only_gateway_id": "",
            "gateway_id": "",
            "id": "r-rtb-01eece8d18d46b93b179966490",
            "instance_id": "",
            "instance_owner_id": "",
            "local_gateway_id": "",
            "nat_gateway_id": "",
            "network_interface_id": "",
            "origin": "CreateRoute",
            "route_table_id": "rtb-01eece8d18d46b93b",
            "state": "active",
            "timeouts": null,
            "transit_gateway_id": "",
            "vpc_endpoint_id": "",
            "vpc_peering_connection_id": "pcx-0f320faf02204bed2"
          },
          "sensitive_attributes": [],
          "identity_schema_version": 0,
          "private": "eyJlMmJmYjczMC1lY2FhLTExZTYtOGY4OC0zNDM2M2JjN2M0YzAiOnsiY3JlYXRlIjozMDAwMDAwMDAwMDAsImRlbGV0ZSI6MzAwMDAwMDAwMDAwLCJ1cGRhdGUiOjEyMDAwMDAwMDAwMH19",
          "dependencies": [
            "aws_vpc_peering_connection.east_west",
            "aws_vpc_peering_connection_accepter.west_accept",
            "module.vpc_east.aws_vpc.this",
            "module.vpc_west.aws_route_table.private",
            "module.vpc_west.aws_vpc.this",
            "module.vpc_west.aws_vpc_ipv4_cidr_block_association.this"
          ]
        },
        {
          "index_key": 2,
          "schema_version": 0,
          "attributes": {
            "carrier_gateway_id": "",
            "core_network_arn": "",
            "destination_cidr_block": "10.0.0.0/16",
            "destination_ipv6_cidr_block": "",
            "destination_prefix_list_id": "",
            "egress_only_gateway_id": "",
            "gateway_id": "",
            "id": "r-rtb-01693fcf202e2906b179966490",
            "instance_id": "",
            "instance_owner_id": "",
            "local_gateway_id": "",
            "nat_gateway_id": "",
            "network_interface_id": "",
            "origin": "CreateRoute",
            "route_table_id": "rtb-01693fcf202e2906b",
            "state": "active",
            "timeouts": null,
            "transit_gateway_id": "",
            "vpc_endpoint_id": "",
            "vpc_peering_connection_id": "pcx-0f320faf02204bed2"
          },
          "sensitive_attributes": [],
          "identity_schema_version": 0,
          "private": "eyJlMmJmYjczMC1lY2FhLTExZTYtOGY4OC0zNDM2M2JjN2M0YzAiOnsiY3JlYXRlIjozMDAwMDAwMDAwMDAsImRlbGV0ZSI6MzAwMDAwMDAwMDAwLCJ1cGRhdGUiOjEyMDAwMDAwMDAwMH19",
          "dependencies": [
            "aws_vpc_peering_connection.east_west",
            "aws_vpc_peering_connection_accepter.west_accept",
            "module.vpc_east.aws_vpc.this",
            "module.vpc_west.aws_route_table.private",
            "module.vpc_west.aws_vpc.this",
            "module.vpc_west.aws_vpc_ipv4_cidr_block_association.this"
          ]
        }
      ]
    },
    {
      "mode": "managed",
      "type": "aws_route",
      "name": "west_public_to_east",
      "provider": "provider[\"registry.terraform.io/hashicorp/aws\"].west",
      "instances": [
        {
          "index_key": 0,
          "schema_version": 0,
          "attributes": {
            "carrier_gateway_id": "",
            "core_network_arn": "",
            "destination_cidr_block": "10.0.0.0/16",
            "destination_ipv6_cidr_block": "",
            "destination_prefix_list_id": "",
            "egress_only_gateway_id": "",
            "gateway_id": "",
            "id": "r-rtb-0fa6514a88a22f18b179966490",
            "instance_id": "",
            "instance_owner_id": "",
            "local_gateway_id": "",
            "nat_gateway_id": "",
            "network_interface_id": "",
            "origin": "CreateRoute",
            "route_table_id": "rtb-0fa6514a88a22f18b",
            "state": "active",
            "timeouts": null,
            "transit_gateway_id": "",
            "vpc_endpoint_id": "",
            "vpc_peering_connection_id": "pcx-0f320faf02204bed2"
          },
          "sensitive_attributes": [],
          "identity_schema_version": 0,
          "private": "eyJlMmJmYjczMC1lY2FhLTExZTYtOGY4OC0zNDM2M2JjN2M0YzAiOnsiY3JlYXRlIjozMDAwMDAwMDAwMDAsImRlbGV0ZSI6MzAwMDAwMDAwMDAwLCJ1cGRhdGUiOjEyMDAwMDAwMDAwMH19",
          "dependencies": [
            "aws_vpc_peering_connection.east_west",
            "aws_vpc_peering_connection_accepter.west_accept",
            "module.vpc_east.aws_vpc.this",
            "module.vpc_west.aws_route_table.public",
            "module.vpc_west.aws_vpc.this",
            "module.vpc_west.aws_vpc_ipv4_cidr_block_association.this"
          ]
        }
      ]
    },
    {
      "mode": "managed",
      "type": "aws_security_group",
      "name": "sqlserver",
      "provider": "provider[\"registry.terraform.io/hashicorp/aws\"]",
      "instances": [
        {
          "schema_version": 1,
          "attributes": {
            "arn": "arn:aws:ec2:us-east-1:007924758087:security-group/sg-02194f7f37a1a1690",
            "description": "Security group for SQL Server POC",
            "egress": [
              {
                "cidr_blocks": [
                  "0.0.0.0/0"
                ],
                "description": "",
                "from_port": 0,
                "ipv6_cidr_blocks": [],
                "prefix_list_ids": [],
                "protocol": "-1",
                "security_groups": [],
                "self": false,
                "to_port": 0
              }
            ],
            "id": "sg-02194f7f37a1a1690",
            "ingress": [
              {
                "cidr_blocks": [
                  "0.0.0.0/0"
                ],
                "description": "RDP access",
                "from_port": 3389,
                "ipv6_cidr_blocks": [],
                "prefix_list_ids": [],
                "protocol": "tcp",
                "security_groups": [],
                "self": false,
                "to_port": 3389
              },
              {
                "cidr_blocks": [
                  "10.0.0.0/16"
                ],
                "description": "SQL Server from VPC",
                "from_port": 1433,
                "ipv6_cidr_blocks": [],
                "prefix_list_ids": [],
                "protocol": "tcp",
                "security_groups": [],
                "self": false,
                "to_port": 1433
              }
            ],
            "name": "gg9-eks-sqlserver-20260108165545821200000017",
            "name_prefix": "gg9-eks-sqlserver-",
            "owner_id": "007924758087",
            "revoke_rules_on_delete": false,
            "tags": {
              "Name": "gg9-eks-sqlserver"
            },
            "tags_all": {
              "Name": "gg9-eks-sqlserver"
            },
            "timeouts": null,
            "vpc_id": "vpc-0bc4de85f36e89340"
          },
          "sensitive_attributes": [],
          "identity_schema_version": 0,
          "private": "eyJlMmJmYjczMC1lY2FhLTExZTYtOGY4OC0zNDM2M2JjN2M0YzAiOnsiY3JlYXRlIjo2MDAwMDAwMDAwMDAsImRlbGV0ZSI6OTAwMDAwMDAwMDAwfSwic2NoZW1hX3ZlcnNpb24iOiIxIn0=",
          "dependencies": [
            "module.vpc_east.aws_vpc.this"
          ]
        }
      ]
    },
    {
      "mode": "managed",
      "type": "aws_security_group_rule",
      "name": "east_allow_west_gridgain",
      "provider": "provider[\"registry.terraform.io/hashicorp/aws\"]",
      "instances": [
        {
          "schema_version": 2,
          "attributes": {
            "cidr_blocks": [
              "10.1.0.0/16"
            ],
            "description": "Allow GridGain client port from West VPC",
            "from_port": 10800,
            "id": "sgrule-2446918791",
            "ipv6_cidr_blocks": null,
            "prefix_list_ids": null,
            "protocol": "tcp",
            "security_group_id": "sg-0a836705c6f53cfdc",
            "security_group_rule_id": "sgr-04a734937f35276ff",
            "self": false,
            "source_security_group_id": null,
            "timeouts": null,
            "to_port": 10800,
            "type": "ingress"
          },
          "sensitive_attributes": [],
          "identity_schema_version": 0,
          "private": "eyJlMmJmYjczMC1lY2FhLTExZTYtOGY4OC0zNDM2M2JjN2M0YzAiOnsiY3JlYXRlIjozMDAwMDAwMDAwMDB9LCJzY2hlbWFfdmVyc2lvbiI6IjIifQ==",
          "dependencies": [
            "module.eks.aws_security_group.node",
            "module.vpc_east.aws_vpc.this",
            "module.vpc_west.aws_vpc.this"
          ]
        }
      ]
    },
    {
      "mode": "managed",
      "type": "aws_security_group_rule",
      "name": "west_allow_east_gridgain",
      "provider": "provider[\"registry.terraform.io/hashicorp/aws\"].west",
      "instances": [
        {
          "schema_version": 2,
          "attributes": {
            "cidr_blocks": [
              "10.0.0.0/16"
            ],
            "description": "Allow GridGain client port from East VPC",
            "from_port": 10800,
            "id": "sgrule-3484424891",
            "ipv6_cidr_blocks": null,
            "prefix_list_ids": null,
            "protocol": "tcp",
            "security_group_id": "sg-0065efdd84c081610",
            "security_group_rule_id": "sgr-000d862499e51b76b",
            "self": false,
            "source_security_group_id": null,
            "timeouts": null,
            "to_port": 10800,
            "type": "ingress"
          },
          "sensitive_attributes": [],
          "identity_schema_version": 0,
          "private": "eyJlMmJmYjczMC1lY2FhLTExZTYtOGY4OC0zNDM2M2JjN2M0YzAiOnsiY3JlYXRlIjozMDAwMDAwMDAwMDB9LCJzY2hlbWFfdmVyc2lvbiI6IjIifQ==",
          "dependencies": [
            "module.eks_west.aws_security_group.node",
            "module.vpc_east.aws_vpc.this",
            "module.vpc_west.aws_vpc.this"
          ]
        }
      ]
    },
    {
      "mode": "managed",
      "type": "aws_vpc_peering_connection",
      "name": "east_west",
      "provider": "provider[\"registry.terraform.io/hashicorp/aws\"]",
      "instances": [
        {
          "schema_version": 0,
          "attributes": {
            "accept_status": "active",
            "accepter": [
              {
                "allow_remote_vpc_dns_resolution": true
              }
            ],
            "auto_accept": false,
            "id": "pcx-0f320faf02204bed2",
            "peer_owner_id": "007924758087",
            "peer_region": "us-west-2",
            "peer_vpc_id": "vpc-0384a3cc2b1272533",
            "requester": [
              {
                "allow_remote_vpc_dns_resolution": true
              }
            ],
            "tags": {
              "Name": "gg9-eks-east-west-peering",
              "Side": "Requester"
            },
            "tags_all": {
              "Name": "gg9-eks-east-west-peering",
              "Side": "Requester"
            },
            "timeouts": null,
            "vpc_id": "vpc-0bc4de85f36e89340"
          },
          "sensitive_attributes": [],
          "identity_schema_version": 0,
          "private": "eyJlMmJmYjczMC1lY2FhLTExZTYtOGY4OC0zNDM2M2JjN2M0YzAiOnsiY3JlYXRlIjo2MDAwMDAwMDAwMCwiZGVsZXRlIjo2MDAwMDAwMDAwMCwidXBkYXRlIjo2MDAwMDAwMDAwMH19",
          "dependencies": [
            "module.vpc_east.aws_vpc.this",
            "module.vpc_west.aws_vpc.this"
          ]
        }
      ]
    },
    {
      "mode": "managed",
      "type": "aws_vpc_peering_connection_accepter",
      "name": "west_accept",
      "provider": "provider[\"registry.terraform.io/hashicorp/aws\"].west",
      "instances": [
        {
          "schema_version": 0,
          "attributes": {
            "accept_status": "active",
            "accepter": [
              {
                "allow_remote_vpc_dns_resolution": true
              }
            ],
            "auto_accept": true,
            "id": "pcx-0f320faf02204bed2",
            "peer_owner_id": "007924758087",
            "peer_region": "us-west-2",
            "peer_vpc_id": "vpc-0384a3cc2b1272533",
            "requester": [
              {
                "allow_remote_vpc_dns_resolution": true
              }
            ],
            "tags": {
              "Name": "gg9-eks-east-west-peering",
              "Side": "Accepter"
            },
            "tags_all": {
              "Name": "gg9-eks-east-west-peering",
              "Side": "Accepter"
            },
            "timeouts": null,
            "vpc_id": "vpc-0bc4de85f36e89340",
            "vpc_peering_connection_id": "pcx-0f320faf02204bed2"
          },
          "sensitive_attributes": [],
          "identity_schema_version": 0,
          "private": "eyJlMmJmYjczMC1lY2FhLTExZTYtOGY4OC0zNDM2M2JjN2M0YzAiOnsiY3JlYXRlIjo2MDAwMDAwMDAwMCwidXBkYXRlIjo2MDAwMDAwMDAwMH19",
          "dependencies": [
            "aws_vpc_peering_connection.east_west",
            "module.vpc_east.aws_vpc.this",
            "module.vpc_west.aws_vpc.this"
          ]
        }
      ]
    },
    {
      "mode": "managed",
      "type": "aws_vpc_peering_connection_options",
      "name": "east_options",
      "provider": "provider[\"registry.terraform.io/hashicorp/aws\"]",
      "instances": [
        {
          "schema_version": 0,
          "attributes": {
            "accepter": [
              {
                "allow_remote_vpc_dns_resolution": true
              }
            ],
            "id": "pcx-0f320faf02204bed2",
            "requester": [
              {
                "allow_remote_vpc_dns_resolution": true
              }
            ],
            "vpc_peering_connection_id": "pcx-0f320faf02204bed2"
          },
          "sensitive_attributes": [],
          "identity_schema_version": 0,
          "private": "bnVsbA==",
          "dependencies": [
            "aws_vpc_peering_connection.east_west",
            "aws_vpc_peering_connection_accepter.west_accept",
            "module.vpc_east.aws_vpc.this",
            "module.vpc_west.aws_vpc.this"
          ]
        }
      ]
    },
    {
      "mode": "managed",
      "type": "aws_vpc_peering_connection_options",
      "name": "west_options",
      "provider": "provider[\"registry.terraform.io/hashicorp/aws\"].west",
      "instances": [
        {
          "schema_version": 0,
          "attributes": {
            "accepter": [
              {
                "allow_remote_vpc_dns_resolution": true
              }
            ],
            "id": "pcx-0f320faf02204bed2",
            "requester": [
              {
                "allow_remote_vpc_dns_resolution": true
              }
            ],
            "vpc_peering_connection_id": "pcx-0f320faf02204bed2"
          },
          "sensitive_attributes": [],
          "identity_schema_version": 0,
          "private": "bnVsbA==",
          "dependencies": [
            "aws_vpc_peering_connection.east_west",
            "aws_vpc_peering_connection_accepter.west_accept",
            "module.vpc_east.aws_vpc.this",
            "module.vpc_west.aws_vpc.this"
          ]
        }
      ]
    },
    {
      "mode": "managed",
      "type": "helm_release",
      "name": "gridgain9",
      "provider": "provider[\"registry.terraform.io/hashicorp/helm\"]",
      "instances": [
        {
          "schema_version": 1,
          "attributes": {
            "atomic": false,
            "chart": "gridgain9",
            "cleanup_on_fail": false,
            "create_namespace": false,
            "dependency_update": false,
            "description": null,
            "devel": null,
            "disable_crd_hooks": false,
            "disable_openapi_validation": false,
            "disable_webhooks": false,
            "force_update": false,
            "id": "gg9",
            "keyring": null,
            "lint": false,
            "manifest": null,
            "max_history": 0,
            "metadata": [
              {
                "app_version": "9.1.15",
                "chart": "gridgain9",
                "first_deployed": 1767892159,
                "last_deployed": 1767892159,
                "name": "gg9",
                "namespace": "gridgain",
                "notes": "CHART NAME: gridgain9\nCHART VERSION: 1.1.2\nAPP VERSION: 9.1.15\n\n** Please be patient while the chart is being deployed **\n",
                "revision": 1,
                "values": "{\"affinity\":{\"podAntiAffinity\":{\"requiredDuringSchedulingIgnoredDuringExecution\":[{\"labelSelector\":{\"matchExpressions\":[{\"key\":\"app\",\"operator\":\"In\",\"values\":[\"gridgain\"]}]},\"topologyKey\":\"kubernetes.io/hostname\"}]}},\"configMaps\":{\"gridgain-config\":{\"content\":\"ignite {\\n  clientConnector {\\n    connectTimeoutMillis = 5000\\n    idleTimeoutMillis    = 0\\n    listenAddresses      = []\\n    metricsEnabled       = true\\n    port                 = 10800\\n    sendServerExceptionStackTraceToClient = true\\n    ssl {\\n      ciphers = \\\"\\\"\\n      clientAuth = none\\n      enabled = false\\n      keyStore  { password = \\\"\\\", path = \\\"\\\", type = PKCS12 }\\n      trustStore{ password = \\\"\\\", path = \\\"\\\", type = PKCS12 }\\n    }\\n  }\\n\\n  compute {\\n    queueMaxSize = 2147483647\\n    statesLifetimeMillis = 60000\\n    threadPoolSize = 6          # CHANGED: ~0.75 x 8 vCPU, leaves headroom for raft/sql/net\\n  }\\n\\n  deployment { location = deployment }\\n\\n  failureHandler {\\n    dumpThreadsOnFailure = true\\n    dumpThreadsThrottlingTimeoutMillis = 10000\\n    handler {\\n      ignoredFailureTypes = [ systemWorkerBlocked, systemCriticalOperationTimeout ]\\n      type = noop\\n    }\\n    oomBufferSizeBytes = 16384\\n  }\\n\\n  network {\\n    fileTransfer {\\n      chunkSizeBytes = 1048576\\n      maxConcurrentRequests = 6   # CHANGED: modest bump for faster snapshot/xfer\\n      responseTimeoutMillis = 10000\\n      threadPoolSize = 8          # CHANGED: a bit more parallelism\\n    }\\n    inbound  { soBacklog = 1024, soKeepAlive = true, soLinger = 0, soReuseAddr = true, tcpNoDelay = true }  # CHANGED\\n    listenAddresses = []\\n    membership {\\n      failurePingIntervalMillis = 1500     # CHANGED: a little quicker failure sensing\\n      membershipSyncIntervalMillis = 30000\\n      scaleCube {\\n        failurePingRequestMembers = 3\\n        gossipIntervalMillis = 150         # CHANGED: slightly faster gossip\\n        gossipRepeatMult = 3\\n        membershipSuspicionMultiplier = 5\\n        metadataTimeoutMillis = 3000\\n      }\\n    }\\n    nodeFinder {\\n      type = STATIC\\n      netClusterNodes = [\\n        \\\"gg9-gridgain9-headless:3344\\\"        # uses K8s headless Service DNS\\n      ]\\n    }\\n    outbound { soKeepAlive = true, soLinger = 0, tcpNoDelay = true }\\n    port = 3344\\n    shutdownQuietPeriodMillis = 0\\n    shutdownTimeoutMillis = 15000\\n    ssl {\\n      ciphers = \\\"\\\"\\n      clientAuth = none\\n      enabled = false\\n      keyStore  { password = \\\"\\\", path = \\\"\\\", type = PKCS12 }\\n      trustStore{ password = \\\"\\\", path = \\\"\\\", type = PKCS12 }\\n    }\\n  }\\n\\n  pitr { threadPoolSize = 6 }\\n\\n  raft {\\n    fsync = true\\n    installSnapshotTimeoutMillis = 2147483647\\n    logStripesCount = 8           # CHANGED: more stripes to reduce contention\\n    logYieldStrategy = false\\n    responseTimeoutMillis = 3000\\n    retryDelayMillis = 200\\n    retryTimeoutMillis = 10000\\n    stripes = 16                  # CHANGED\\n    volatileRaft { logStorageBudget { name = unlimited } }\\n  }\\n\\n  rest {\\n    dualProtocol = false\\n    httpToHttpsRedirection = false\\n    port = 10300\\n    ssl {\\n      ciphers = \\\"\\\"\\n      clientAuth = none\\n      enabled = false\\n      port = 10400\\n      keyStore  { password = \\\"\\\", path = \\\"\\\", type = PKCS12 }\\n      trustStore{ password = \\\"\\\", path = \\\"\\\", type = PKCS12 }\\n    }\\n  }\\n\\n  snapshot {\\n    snapshotChunkSizeBytes = 262144          # CHANGED: larger chunks for throughput\\n    snapshotDiskBufferSizeBytes = 262144     # CHANGED\\n    threadPoolSize = 8                       # CHANGED\\n  }\\n\\n  sql {\\n    execution { threadCount = 6 }   # CHANGED: ≈ CPU * 0.75\\n    planner   { threadCount = 4 }   # CHANGED\\n    nodeMemoryQuota = \\\"30%\\\"         # CHANGED: allow SQL to use more (but not all) page memory\\n    offloadingDataDir = \\\"sql_offloading\\\"\\n    offloadingDataLimit = \\\"16g\\\"     # CHANGED: bounded spill to disk (adjust per workload)\\n  }\\n\\n  storage {\\n    engines {\\n      aimem    { pageSizeBytes = 16384 }\\n      aipersist{\\n        pageSizeBytes = 16384\\n        checkpoint {\\n          checkpointDelayMillis = 200\\n          checkpointThreads = 2\\n          compactionThreads = 2\\n          intervalDeviationPercent = 40\\n          intervalMillis = 180000\\n          logReadLockThresholdTimeoutMillis = 0\\n          readLockTimeoutMillis = 5000\\n          useAsyncFileIoFactory = true\\n        }\\n      }\\n      columnar {\\n        compressingConfiguration { enableLz4Compression = true }\\n        memtableConfiguration    { \\n          dataRegionSize = 536870912       # 512 MiB\\n          memtableMaxSize = 67108864       # 64 MiB\\n        }\\n        mergeTreeConfiguration   { mergeTreeFanout = 4, mergeTreeFirstLevelSize = 262144 }\\n        threadPoolConfiguration  { threadPoolThreadCount = 2 }\\n      }\\n      rocksdb { flushDelayMillis = 100 }\\n    }\\n\\n    profiles = [\\n      {\\n        name = aimem\\n        engine = aimem\\n        initSizeBytes = 134217728      # 128 MiB\\n        maxSizeBytes  = 268435456      # 256 MiB\\n        eviction {\\n          mode = DISABLED\\n          threshold = \\\"90%\\\"\\n          batchSize = 200\\n          interval = 60000\\n          lwmThreshold = 1000\\n          lwmUpdateInterval = 60000\\n        }\\n      },\\n      {\\n        name = aipersist\\n        engine = aipersist\\n        replacementMode = CLOCK\\n        sizeBytes = 1073741824         # 1 GiB\\n      },\\n      {\\n        name = columnar\\n        engine = columnar\\n      },\\n      {\\n        name = default\\n        engine = aipersist\\n        replacementMode = CLOCK\\n        sizeBytes = 1073741824         # 1 GiB\\n      }\\n    ]\\n  }\\n\\n  system {\\n    cmgPath = \\\"/data/cmg\\\"\\n    metastoragePath = \\\"/data/metastorage\\\"\\n    partitionsBasePath = \\\"/data/partitions\\\"\\n    partitionsLogPath = \\\"/data/partitions-log\\\"\\n    criticalWorkers {\\n      livenessCheckIntervalMillis = 200\\n      maxAllowedLagMillis = 500\\n      nettyThreadsHeartbeatIntervalMillis = 100\\n    }\\n  }\\n\\n  table {\\n    eviction   { checkInterval = 60000 }\\n    expiration { batchSize = 1000, checkInterval = 30000, parallelismLevel = 1 }\\n  }\\n}\\n\",\"name\":\"gridgain-config.conf\",\"path\":\"/opt/gridgain/etc/gridgain-config.conf\",\"subpath\":\"gridgain-config.conf\"}},\"configMapsFromFile\":{\"gridgain-config\":null},\"extraPostHooks\":[],\"extraVolumeMounts\":[{\"mountPath\":\"/data\",\"name\":\"nvme-data\"}],\"extraVolumes\":[{\"hostPath\":{\"path\":\"/mnt/nvme\",\"type\":\"DirectoryOrCreate\"},\"name\":\"nvme-data\"}],\"gridgainWorkDir\":\"/data\",\"image\":{\"pullPolicy\":\"IfNotPresent\",\"repository\":\"gridgain/gridgain9\",\"tag\":\"9.1.16-openjdk21-arm64\"},\"initContainers\":[{\"command\":[\"sh\",\"-c\",\"chown 1001:1001 /data\\nchmod 755 /data\\nmkdir -p /data/partitions /data/cmg /data/metastorage /data/partitions-log\\nchown -R 1001:1001 /data\\n\"],\"image\":\"busybox:1.36\",\"name\":\"fix-nvme-permissions\",\"securityContext\":{\"runAsNonRoot\":false,\"runAsUser\":0},\"volumeMounts\":[{\"mountPath\":\"/data\",\"name\":\"nvme-data\"}]}],\"license\":{\"mountPath\":\"/opt/gridgain/etc/license.conf\",\"useExisting\":{\"secretkey\":\"license.conf\",\"secretname\":\"gg9-license\"}},\"nodeSelector\":{\"role\":\"gridgain\"},\"persistence\":{\"volumePermissions\":{\"enabled\":true},\"volumes\":{\"persistence\":{\"enabled\":false}}},\"replicaCount\":3,\"resources\":{\"limits\":{\"cpu\":\"7\",\"memory\":\"28Gi\"},\"requests\":{\"cpu\":\"4\",\"memory\":\"24Gi\"}},\"services\":{\"client\":{\"externalTrafficPolicy\":\"Cluster\",\"ports\":{\"rest\":10800},\"sessionAffinity\":\"None\",\"type\":\"LoadBalancer\"},\"headless\":{\"clusterIP\":\"None\",\"ports\":{\"cluster\":3344,\"management\":10300,\"rest\":10800},\"sessionAffinity\":\"None\",\"type\":\"ClusterIP\"}},\"tolerations\":[{\"effect\":\"NoSchedule\",\"key\":\"dedicated\",\"operator\":\"Equal\",\"value\":\"gridgain\"}]}",
                "version": "1.1.2"
              }
            ],
            "name": "gg9",
            "namespace": "gridgain",
            "pass_credentials": false,
            "postrender": [],
            "recreate_pods": false,
            "render_subchart_notes": true,
            "replace": true,
            "repository": "https://gridgain.github.io/helm-charts",
            "repository_ca_file": null,
            "repository_cert_file": null,
            "repository_key_file": null,
            "repository_password": null,
            "repository_username": null,
            "reset_values": false,
            "reuse_values": false,
            "set": [],
            "set_list": [],
            "set_sensitive": [],
            "skip_crds": false,
            "status": "deployed",
            "timeout": 300,
            "upgrade_install": null,
            "values": [
              "# =========================\n# GridGain 9 Helm values\n# =========================\n\n# Number of cluster nodes (StatefulSet replicas)\nreplicaCount: 3\n\n# -------------------------\n# Scheduling – mirror your dedicated GG9 pool\n# -------------------------\nnodeSelector:\n  role: gridgain\n\ntolerations:\n  - key: \"dedicated\"\n    operator: \"Equal\"\n    value: \"gridgain\"\n    effect: \"NoSchedule\"\n\naffinity:\n  podAntiAffinity:\n    requiredDuringSchedulingIgnoredDuringExecution:\n      - labelSelector:\n          matchExpressions:\n            - key: app\n              operator: In\n              values:\n                - gridgain\n        topologyKey: \"kubernetes.io/hostname\"\n\n# -------------------------\n# Image settings\n# -------------------------\nimage:\n  repository: gridgain/gridgain9\n  tag: 9.1.16-openjdk21-arm64\n  pullPolicy: IfNotPresent\n\n# -------------------------\n# JVM \u0026 container resources\n# (tune for your instance type)\n# -------------------------\nresources:\n  requests:\n    cpu: \"4\"\n    memory: \"24Gi\"\n  limits:\n    cpu: \"7\"\n    memory: \"28Gi\"\n\n# -------------------------\n# Service configuration\n# - Headless: internal node clustering (DNS-based discovery)\n# - LoadBalancer: external client access via AWS NLB\n# -------------------------\nservices:\n  headless:\n    type: ClusterIP\n    clusterIP: None\n    sessionAffinity: None\n    ports:\n      management: 10300\n      rest: 10800\n      cluster: 3344\n  client:\n    type: LoadBalancer\n    externalTrafficPolicy: Cluster\n    sessionAffinity: None\n    ports:\n      rest: 10800\n\n# -------------------------\n# Persistence - Local NVMe Only\n# All storage on local NVMe for maximum performance\n# Durability via RAFT replication across 3 nodes\n# -------------------------\npersistence:\n  volumePermissions:\n    enabled: true\n  volumes:\n    persistence:\n      enabled: false\n\n# Mount local NVMe as hostPath for data storage\nextraVolumes:\n  - name: nvme-data\n    hostPath:\n      path: /mnt/nvme\n      type: DirectoryOrCreate\n\nextraVolumeMounts:\n  - name: nvme-data\n    mountPath: /data\n\n# Set GridGain work directory to NVMe\ngridgainWorkDir: /data\n\n# Init container to fix NVMe permissions for GridGain (uid 1001)\ninitContainers:\n  - name: fix-nvme-permissions\n    image: busybox:1.36\n    command:\n      - sh\n      - -c\n      - |\n        chown 1001:1001 /data\n        chmod 755 /data\n        mkdir -p /data/partitions /data/cmg /data/metastorage /data/partitions-log\n        chown -R 1001:1001 /data\n    securityContext:\n      runAsUser: 0\n      runAsNonRoot: false\n    volumeMounts:\n      - name: nvme-data\n        mountPath: /data\n\n# -------------------------\n# Custom config via ConfigMap\n# Disable default config file so we can inject our own HOCON config as plain text\n# -------------------------\nconfigMapsFromFile:\n  gridgain-config: null\n\nconfigMaps:\n  gridgain-config:\n    name: gridgain-config.conf\n    path: /opt/gridgain/etc/gridgain-config.conf\n    subpath: gridgain-config.conf\n    # Provide any custom GridGain 9 node configuration below\n    content: |\n      ignite {\n        clientConnector {\n          connectTimeoutMillis = 5000\n          idleTimeoutMillis    = 0\n          listenAddresses      = []\n          metricsEnabled       = true\n          port                 = 10800\n          sendServerExceptionStackTraceToClient = true\n          ssl {\n            ciphers = \"\"\n            clientAuth = none\n            enabled = false\n            keyStore  { password = \"\", path = \"\", type = PKCS12 }\n            trustStore{ password = \"\", path = \"\", type = PKCS12 }\n          }\n        }\n\n        compute {\n          queueMaxSize = 2147483647\n          statesLifetimeMillis = 60000\n          threadPoolSize = 6          # CHANGED: ~0.75 x 8 vCPU, leaves headroom for raft/sql/net\n        }\n\n        deployment { location = deployment }\n\n        failureHandler {\n          dumpThreadsOnFailure = true\n          dumpThreadsThrottlingTimeoutMillis = 10000\n          handler {\n            ignoredFailureTypes = [ systemWorkerBlocked, systemCriticalOperationTimeout ]\n            type = noop\n          }\n          oomBufferSizeBytes = 16384\n        }\n\n        network {\n          fileTransfer {\n            chunkSizeBytes = 1048576\n            maxConcurrentRequests = 6   # CHANGED: modest bump for faster snapshot/xfer\n            responseTimeoutMillis = 10000\n            threadPoolSize = 8          # CHANGED: a bit more parallelism\n          }\n          inbound  { soBacklog = 1024, soKeepAlive = true, soLinger = 0, soReuseAddr = true, tcpNoDelay = true }  # CHANGED\n          listenAddresses = []\n          membership {\n            failurePingIntervalMillis = 1500     # CHANGED: a little quicker failure sensing\n            membershipSyncIntervalMillis = 30000\n            scaleCube {\n              failurePingRequestMembers = 3\n              gossipIntervalMillis = 150         # CHANGED: slightly faster gossip\n              gossipRepeatMult = 3\n              membershipSuspicionMultiplier = 5\n              metadataTimeoutMillis = 3000\n            }\n          }\n          nodeFinder {\n            type = STATIC\n            netClusterNodes = [\n              \"gg9-gridgain9-headless:3344\"        # uses K8s headless Service DNS\n            ]\n          }\n          outbound { soKeepAlive = true, soLinger = 0, tcpNoDelay = true }\n          port = 3344\n          shutdownQuietPeriodMillis = 0\n          shutdownTimeoutMillis = 15000\n          ssl {\n            ciphers = \"\"\n            clientAuth = none\n            enabled = false\n            keyStore  { password = \"\", path = \"\", type = PKCS12 }\n            trustStore{ password = \"\", path = \"\", type = PKCS12 }\n          }\n        }\n\n        pitr { threadPoolSize = 6 }\n\n        raft {\n          fsync = true\n          installSnapshotTimeoutMillis = 2147483647\n          logStripesCount = 8           # CHANGED: more stripes to reduce contention\n          logYieldStrategy = false\n          responseTimeoutMillis = 3000\n          retryDelayMillis = 200\n          retryTimeoutMillis = 10000\n          stripes = 16                  # CHANGED\n          volatileRaft { logStorageBudget { name = unlimited } }\n        }\n\n        rest {\n          dualProtocol = false\n          httpToHttpsRedirection = false\n          port = 10300\n          ssl {\n            ciphers = \"\"\n            clientAuth = none\n            enabled = false\n            port = 10400\n            keyStore  { password = \"\", path = \"\", type = PKCS12 }\n            trustStore{ password = \"\", path = \"\", type = PKCS12 }\n          }\n        }\n\n        snapshot {\n          snapshotChunkSizeBytes = 262144          # CHANGED: larger chunks for throughput\n          snapshotDiskBufferSizeBytes = 262144     # CHANGED\n          threadPoolSize = 8                       # CHANGED\n        }\n\n        sql {\n          execution { threadCount = 6 }   # CHANGED: ≈ CPU * 0.75\n          planner   { threadCount = 4 }   # CHANGED\n          nodeMemoryQuota = \"30%\"         # CHANGED: allow SQL to use more (but not all) page memory\n          offloadingDataDir = \"sql_offloading\"\n          offloadingDataLimit = \"16g\"     # CHANGED: bounded spill to disk (adjust per workload)\n        }\n\n        storage {\n          engines {\n            aimem    { pageSizeBytes = 16384 }\n            aipersist{\n              pageSizeBytes = 16384\n              checkpoint {\n                checkpointDelayMillis = 200\n                checkpointThreads = 2\n                compactionThreads = 2\n                intervalDeviationPercent = 40\n                intervalMillis = 180000\n                logReadLockThresholdTimeoutMillis = 0\n                readLockTimeoutMillis = 5000\n                useAsyncFileIoFactory = true\n              }\n            }\n            columnar {\n              compressingConfiguration { enableLz4Compression = true }\n              memtableConfiguration    { \n                dataRegionSize = 536870912       # 512 MiB\n                memtableMaxSize = 67108864       # 64 MiB\n              }\n              mergeTreeConfiguration   { mergeTreeFanout = 4, mergeTreeFirstLevelSize = 262144 }\n              threadPoolConfiguration  { threadPoolThreadCount = 2 }\n            }\n            rocksdb { flushDelayMillis = 100 }\n          }\n\n          profiles = [\n            {\n              name = aimem\n              engine = aimem\n              initSizeBytes = 134217728      # 128 MiB\n              maxSizeBytes  = 268435456      # 256 MiB\n              eviction {\n                mode = DISABLED\n                threshold = \"90%\"\n                batchSize = 200\n                interval = 60000\n                lwmThreshold = 1000\n                lwmUpdateInterval = 60000\n              }\n            },\n            {\n              name = aipersist\n              engine = aipersist\n              replacementMode = CLOCK\n              sizeBytes = 1073741824         # 1 GiB\n            },\n            {\n              name = columnar\n              engine = columnar\n            },\n            {\n              name = default\n              engine = aipersist\n              replacementMode = CLOCK\n              sizeBytes = 1073741824         # 1 GiB\n            }\n          ]\n        }\n\n        system {\n          cmgPath = \"/data/cmg\"\n          metastoragePath = \"/data/metastorage\"\n          partitionsBasePath = \"/data/partitions\"\n          partitionsLogPath = \"/data/partitions-log\"\n          criticalWorkers {\n            livenessCheckIntervalMillis = 200\n            maxAllowedLagMillis = 500\n            nettyThreadsHeartbeatIntervalMillis = 100\n          }\n        }\n\n        table {\n          eviction   { checkInterval = 60000 }\n          expiration { batchSize = 1000, checkInterval = 30000, parallelismLevel = 1 }\n        }\n      }\n\n# -------------------------\n# Extra hooks (empty - CMG hooks handled by ArgoCD annotations)\n# -------------------------\nextraPostHooks: []\n\n# -------------------------\n# License handling (from Kubernetes secret created by Terraform)\n# -------------------------\nlicense:\n  mountPath: /opt/gridgain/etc/license.conf\n  useExisting:\n    secretname: gg9-license\n    secretkey: license.conf"
            ],
            "verify": false,
            "version": "1.1.2",
            "wait": true,
            "wait_for_jobs": false
          },
          "sensitive_attributes": [
            [
              {
                "type": "get_attr",
                "value": "repository_password"
              }
            ]
          ],
          "identity_schema_version": 0,
          "private": "eyJzY2hlbWFfdmVyc2lvbiI6IjEifQ==",
          "dependencies": [
            "aws_eks_addon.ebs_csi",
            "data.aws_secretsmanager_secret_version.gg9_license",
            "kubernetes_namespace.gg9",
            "kubernetes_secret.gg9_license",
            "kubernetes_storage_class.gp3",
            "module.ebs_csi_irsa.aws_iam_policy.amazon_managed_service_prometheus",
            "module.ebs_csi_irsa.aws_iam_policy.appmesh_controller",
            "module.ebs_csi_irsa.aws_iam_policy.appmesh_envoy_proxy",
            "module.ebs_csi_irsa.aws_iam_policy.aws_gateway_controller",
            "module.ebs_csi_irsa.aws_iam_policy.cert_manager",
            "module.ebs_csi_irsa.aws_iam_policy.cluster_autoscaler",
            "module.ebs_csi_irsa.aws_iam_policy.ebs_csi",
            "module.ebs_csi_irsa.aws_iam_policy.efs_csi",
            "module.ebs_csi_irsa.aws_iam_policy.external_dns",
            "module.ebs_csi_irsa.aws_iam_policy.external_secrets",
            "module.ebs_csi_irsa.aws_iam_policy.fsx_lustre_csi",
            "module.ebs_csi_irsa.aws_iam_policy.fsx_openzfs_csi",
            "module.ebs_csi_irsa.aws_iam_policy.karpenter_controller",
            "module.ebs_csi_irsa.aws_iam_policy.load_balancer_controller",
            "module.ebs_csi_irsa.aws_iam_policy.load_balancer_controller_targetgroup_only",
            "module.ebs_csi_irsa.aws_iam_policy.mountpoint_s3_csi",
            "module.ebs_csi_irsa.aws_iam_policy.node_termination_handler",
            "module.ebs_csi_irsa.aws_iam_policy.velero",
            "module.ebs_csi_irsa.aws_iam_policy.vpc_cni",
            "module.ebs_csi_irsa.aws_iam_role.this",
            "module.ebs_csi_irsa.aws_iam_role_policy_attachment.amazon_cloudwatch_observability",
            "module.ebs_csi_irsa.aws_iam_role_policy_attachment.amazon_managed_service_prometheus",
            "module.ebs_csi_irsa.aws_iam_role_policy_attachment.appmesh_controller",
            "module.ebs_csi_irsa.aws_iam_role_policy_attachment.appmesh_envoy_proxy",
            "module.ebs_csi_irsa.aws_iam_role_policy_attachment.aws_gateway_controller",
            "module.ebs_csi_irsa.aws_iam_role_policy_attachment.cert_manager",
            "module.ebs_csi_irsa.aws_iam_role_policy_attachment.cluster_autoscaler",
            "module.ebs_csi_irsa.aws_iam_role_policy_attachment.ebs_csi",
            "module.ebs_csi_irsa.aws_iam_role_policy_attachment.efs_csi",
            "module.ebs_csi_irsa.aws_iam_role_policy_attachment.external_dns",
            "module.ebs_csi_irsa.aws_iam_role_policy_attachment.external_secrets",
            "module.ebs_csi_irsa.aws_iam_role_policy_attachment.fsx_lustre_csi",
            "module.ebs_csi_irsa.aws_iam_role_policy_attachment.fsx_openzfs_csi",
            "module.ebs_csi_irsa.aws_iam_role_policy_attachment.karpenter_controller",
            "module.ebs_csi_irsa.aws_iam_role_policy_attachment.load_balancer_controller",
            "module.ebs_csi_irsa.aws_iam_role_policy_attachment.load_balancer_controller_targetgroup_only",
            "module.ebs_csi_irsa.aws_iam_role_policy_attachment.mountpoint_s3_csi",
            "module.ebs_csi_irsa.aws_iam_role_policy_attachment.node_termination_handler",
            "module.ebs_csi_irsa.aws_iam_role_policy_attachment.this",
            "module.ebs_csi_irsa.aws_iam_role_policy_attachment.velero",
            "module.ebs_csi_irsa.aws_iam_role_policy_attachment.vpc_cni",
            "module.ebs_csi_irsa.data.aws_caller_identity.current",
            "module.ebs_csi_irsa.data.aws_iam_policy_document.amazon_managed_service_prometheus",
            "module.ebs_csi_irsa.data.aws_iam_policy_document.appmesh_controller",
            "module.ebs_csi_irsa.data.aws_iam_policy_document.appmesh_envoy_proxy",
            "module.ebs_csi_irsa.data.aws_iam_policy_document.aws_gateway_controller",
            "module.ebs_csi_irsa.data.aws_iam_policy_document.cert_manager",
            "module.ebs_csi_irsa.data.aws_iam_policy_document.cluster_autoscaler",
            "module.ebs_csi_irsa.data.aws_iam_policy_document.ebs_csi",
            "module.ebs_csi_irsa.data.aws_iam_policy_document.efs_csi",
            "module.ebs_csi_irsa.data.aws_iam_policy_document.external_dns",
            "module.ebs_csi_irsa.data.aws_iam_policy_document.external_secrets",
            "module.ebs_csi_irsa.data.aws_iam_policy_document.fsx_lustre_csi",
            "module.ebs_csi_irsa.data.aws_iam_policy_document.fsx_openzfs_csi",
            "module.ebs_csi_irsa.data.aws_iam_policy_document.karpenter_controller",
            "module.ebs_csi_irsa.data.aws_iam_policy_document.load_balancer_controller",
            "module.ebs_csi_irsa.data.aws_iam_policy_document.load_balancer_controller_targetgroup_only",
            "module.ebs_csi_irsa.data.aws_iam_policy_document.mountpoint_s3_csi",
            "module.ebs_csi_irsa.data.aws_iam_policy_document.node_termination_handler",
            "module.ebs_csi_irsa.data.aws_iam_policy_document.this",
            "module.ebs_csi_irsa.data.aws_iam_policy_document.velero",
            "module.ebs_csi_irsa.data.aws_iam_policy_document.vpc_cni",
            "module.ebs_csi_irsa.data.aws_partition.current",
            "module.ebs_csi_irsa.data.aws_region.current",
            "module.eks.aws_cloudwatch_log_group.this",
            "module.eks.aws_ec2_tag.cluster_primary_security_group",
            "module.eks.aws_eks_access_entry.this",
            "module.eks.aws_eks_access_policy_association.this",
            "module.eks.aws_eks_addon.before_compute",
            "module.eks.aws_eks_addon.this",
            "module.eks.aws_eks_cluster.this",
            "module.eks.aws_eks_identity_provider_config.this",
            "module.eks.aws_iam_openid_connect_provider.oidc_provider",
            "module.eks.aws_iam_policy.cluster_encryption",
            "module.eks.aws_iam_policy.cni_ipv6_policy",
            "module.eks.aws_iam_policy.custom",
            "module.eks.aws_iam_role.eks_auto",
            "module.eks.aws_iam_role.this",
            "module.eks.aws_iam_role_policy_attachment.additional",
            "module.eks.aws_iam_role_policy_attachment.cluster_encryption",
            "module.eks.aws_iam_role_policy_attachment.custom",
            "module.eks.aws_iam_role_policy_attachment.eks_auto",
            "module.eks.aws_iam_role_policy_attachment.eks_auto_additional",
            "module.eks.aws_iam_role_policy_attachment.this",
            "module.eks.aws_security_group.cluster",
            "module.eks.aws_security_group.node",
            "module.eks.aws_security_group_rule.cluster",
            "module.eks.aws_security_group_rule.node",
            "module.eks.data.aws_caller_identity.current",
            "module.eks.data.aws_eks_addon_version.this",
            "module.eks.data.aws_iam_policy_document.assume_role_policy",
            "module.eks.data.aws_iam_policy_document.cni_ipv6_policy",
            "module.eks.data.aws_iam_policy_document.custom",
            "module.eks.data.aws_iam_policy_document.node_assume_role_policy",
            "module.eks.data.aws_iam_session_context.current",
            "module.eks.data.aws_partition.current",
            "module.eks.data.tls_certificate.this",
            "module.eks.module.eks_managed_node_group.aws_autoscaling_schedule.this",
            "module.eks.module.eks_managed_node_group.aws_eks_node_group.this",
            "module.eks.module.eks_managed_node_group.aws_iam_role.this",
            "module.eks.module.eks_managed_node_group.aws_iam_role_policy.this",
            "module.eks.module.eks_managed_node_group.aws_iam_role_policy_attachment.additional",
            "module.eks.module.eks_managed_node_group.aws_iam_role_policy_attachment.this",
            "module.eks.module.eks_managed_node_group.aws_launch_template.this",
            "module.eks.module.eks_managed_node_group.aws_placement_group.this",
            "module.eks.module.eks_managed_node_group.data.aws_caller_identity.current",
            "module.eks.module.eks_managed_node_group.data.aws_ec2_instance_type.this",
            "module.eks.module.eks_managed_node_group.data.aws_ec2_instance_type_offerings.this",
            "module.eks.module.eks_managed_node_group.data.aws_iam_policy_document.assume_role_policy",
            "module.eks.module.eks_managed_node_group.data.aws_iam_policy_document.role",
            "module.eks.module.eks_managed_node_group.data.aws_partition.current",
            "module.eks.module.eks_managed_node_group.data.aws_ssm_parameter.ami",
            "module.eks.module.eks_managed_node_group.data.aws_subnets.placement_group",
            "module.eks.module.eks_managed_node_group.module.user_data.data.cloudinit_config.al2023_eks_managed_node_group",
            "module.eks.module.eks_managed_node_group.module.user_data.data.cloudinit_config.linux_eks_managed_node_group",
            "module.eks.module.eks_managed_node_group.module.user_data.null_resource.validate_cluster_service_cidr",
            "module.eks.module.fargate_profile.aws_eks_fargate_profile.this",
            "module.eks.module.fargate_profile.aws_iam_role.this",
            "module.eks.module.fargate_profile.aws_iam_role_policy.this",
            "module.eks.module.fargate_profile.aws_iam_role_policy_attachment.additional",
            "module.eks.module.fargate_profile.aws_iam_role_policy_attachment.this",
            "module.eks.module.fargate_profile.data.aws_caller_identity.current",
            "module.eks.module.fargate_profile.data.aws_iam_policy_document.assume_role_policy",
            "module.eks.module.fargate_profile.data.aws_iam_policy_document.role",
            "module.eks.module.fargate_profile.data.aws_partition.current",
            "module.eks.module.fargate_profile.data.aws_region.current",
            "module.eks.module.kms.aws_kms_alias.this",
            "module.eks.module.kms.aws_kms_external_key.this",
            "module.eks.module.kms.aws_kms_grant.this",
            "module.eks.module.kms.aws_kms_key.this",
            "module.eks.module.kms.aws_kms_replica_external_key.this",
            "module.eks.module.kms.aws_kms_replica_key.this",
            "module.eks.module.kms.data.aws_caller_identity.current",
            "module.eks.module.kms.data.aws_iam_policy_document.this",
            "module.eks.module.kms.data.aws_partition.current",
            "module.eks.module.self_managed_node_group.aws_autoscaling_group.this",
            "module.eks.module.self_managed_node_group.aws_autoscaling_schedule.this",
            "module.eks.module.self_managed_node_group.aws_eks_access_entry.this",
            "module.eks.module.self_managed_node_group.aws_iam_instance_profile.this",
            "module.eks.module.self_managed_node_group.aws_iam_role.this",
            "module.eks.module.self_managed_node_group.aws_iam_role_policy.this",
            "module.eks.module.self_managed_node_group.aws_iam_role_policy_attachment.additional",
            "module.eks.module.self_managed_node_group.aws_iam_role_policy_attachment.this",
            "module.eks.module.self_managed_node_group.aws_launch_template.this",
            "module.eks.module.self_managed_node_group.aws_placement_group.this",
            "module.eks.module.self_managed_node_group.data.aws_caller_identity.current",
            "module.eks.module.self_managed_node_group.data.aws_ec2_instance_type.this",
            "module.eks.module.self_managed_node_group.data.aws_ec2_instance_type_offerings.this",
            "module.eks.module.self_managed_node_group.data.aws_iam_policy_document.assume_role_policy",
            "module.eks.module.self_managed_node_group.data.aws_iam_policy_document.role",
            "module.eks.module.self_managed_node_group.data.aws_partition.current",
            "module.eks.module.self_managed_node_group.data.aws_ssm_parameter.ami",
            "module.eks.module.self_managed_node_group.data.aws_subnets.placement_group",
            "module.eks.module.self_managed_node_group.module.user_data.data.cloudinit_config.al2023_eks_managed_node_group",
            "module.eks.module.self_managed_node_group.module.user_data.data.cloudinit_config.linux_eks_managed_node_group",
            "module.eks.module.self_managed_node_group.module.user_data.null_resource.validate_cluster_service_cidr",
            "module.eks.time_sleep.this",
            "module.vpc_east.aws_subnet.public",
            "module.vpc_east.aws_vpc.this",
            "module.vpc_east.aws_vpc_ipv4_cidr_block_association.this"
          ]
        }
      ]
    },
    {
      "mode": "managed",
      "type": "helm_release",
      "name": "gridgain9_west",
      "provider": "provider[\"registry.terraform.io/hashicorp/helm\"].west",
      "instances": [
        {
          "schema_version": 1,
          "attributes": {
            "atomic": false,
            "chart": "gridgain9",
            "cleanup_on_fail": false,
            "create_namespace": false,
            "dependency_update": false,
            "description": null,
            "devel": null,
            "disable_crd_hooks": false,
            "disable_openapi_validation": false,
            "disable_webhooks": false,
            "force_update": false,
            "id": "gg9-west",
            "keyring": null,
            "lint": false,
            "manifest": null,
            "max_history": 0,
            "metadata": [
              {
                "app_version": "9.1.15",
                "chart": "gridgain9",
                "first_deployed": 1767892160,
                "last_deployed": 1767892160,
                "name": "gg9-west",
                "namespace": "gridgain",
                "notes": "CHART NAME: gridgain9\nCHART VERSION: 1.1.2\nAPP VERSION: 9.1.15\n\n** Please be patient while the chart is being deployed **\n",
                "revision": 1,
                "values": "{\"affinity\":{\"podAntiAffinity\":{\"requiredDuringSchedulingIgnoredDuringExecution\":[{\"labelSelector\":{\"matchExpressions\":[{\"key\":\"app\",\"operator\":\"In\",\"values\":[\"gridgain\"]}]},\"topologyKey\":\"kubernetes.io/hostname\"}]}},\"configMaps\":{\"gridgain-config\":{\"content\":\"ignite {\\n  clientConnector {\\n    connectTimeoutMillis = 5000\\n    idleTimeoutMillis    = 0\\n    listenAddresses      = []\\n    metricsEnabled       = true\\n    port                 = 10800\\n    sendServerExceptionStackTraceToClient = true\\n    ssl {\\n      ciphers = \\\"\\\"\\n      clientAuth = none\\n      enabled = false\\n      keyStore  { password = \\\"\\\", path = \\\"\\\", type = PKCS12 }\\n      trustStore{ password = \\\"\\\", path = \\\"\\\", type = PKCS12 }\\n    }\\n  }\\n\\n  compute {\\n    queueMaxSize = 2147483647\\n    statesLifetimeMillis = 60000\\n    threadPoolSize = 6          # CHANGED: ~0.75 x 8 vCPU, leaves headroom for raft/sql/net\\n  }\\n\\n  deployment { location = deployment }\\n\\n  failureHandler {\\n    dumpThreadsOnFailure = true\\n    dumpThreadsThrottlingTimeoutMillis = 10000\\n    handler {\\n      ignoredFailureTypes = [ systemWorkerBlocked, systemCriticalOperationTimeout ]\\n      type = noop\\n    }\\n    oomBufferSizeBytes = 16384\\n  }\\n\\n  network {\\n    fileTransfer {\\n      chunkSizeBytes = 1048576\\n      maxConcurrentRequests = 6   # CHANGED: modest bump for faster snapshot/xfer\\n      responseTimeoutMillis = 10000\\n      threadPoolSize = 8          # CHANGED: a bit more parallelism\\n    }\\n    inbound  { soBacklog = 1024, soKeepAlive = true, soLinger = 0, soReuseAddr = true, tcpNoDelay = true }  # CHANGED\\n    listenAddresses = []\\n    membership {\\n      failurePingIntervalMillis = 1500     # CHANGED: a little quicker failure sensing\\n      membershipSyncIntervalMillis = 30000\\n      scaleCube {\\n        failurePingRequestMembers = 3\\n        gossipIntervalMillis = 150         # CHANGED: slightly faster gossip\\n        gossipRepeatMult = 3\\n        membershipSuspicionMultiplier = 5\\n        metadataTimeoutMillis = 3000\\n      }\\n    }\\n    nodeFinder {\\n      type = STATIC\\n      netClusterNodes = [\\n        \\\"gg9-west-gridgain9-headless:3344\\\"   # uses K8s headless Service DNS\\n      ]\\n    }\\n    outbound { soKeepAlive = true, soLinger = 0, tcpNoDelay = true }\\n    port = 3344\\n    shutdownQuietPeriodMillis = 0\\n    shutdownTimeoutMillis = 15000\\n    ssl {\\n      ciphers = \\\"\\\"\\n      clientAuth = none\\n      enabled = false\\n      keyStore  { password = \\\"\\\", path = \\\"\\\", type = PKCS12 }\\n      trustStore{ password = \\\"\\\", path = \\\"\\\", type = PKCS12 }\\n    }\\n  }\\n\\n  pitr { threadPoolSize = 6 }\\n\\n  raft {\\n    fsync = true\\n    installSnapshotTimeoutMillis = 2147483647\\n    logStripesCount = 8           # CHANGED: more stripes to reduce contention\\n    logYieldStrategy = false\\n    responseTimeoutMillis = 3000\\n    retryDelayMillis = 200\\n    retryTimeoutMillis = 10000\\n    stripes = 16                  # CHANGED\\n    volatileRaft { logStorageBudget { name = unlimited } }\\n  }\\n\\n  rest {\\n    dualProtocol = false\\n    httpToHttpsRedirection = false\\n    port = 10300\\n    ssl {\\n      ciphers = \\\"\\\"\\n      clientAuth = none\\n      enabled = false\\n      port = 10400\\n      keyStore  { password = \\\"\\\", path = \\\"\\\", type = PKCS12 }\\n      trustStore{ password = \\\"\\\", path = \\\"\\\", type = PKCS12 }\\n    }\\n  }\\n\\n  snapshot {\\n    snapshotChunkSizeBytes = 262144          # CHANGED: larger chunks for throughput\\n    snapshotDiskBufferSizeBytes = 262144     # CHANGED\\n    threadPoolSize = 8                       # CHANGED\\n  }\\n\\n  sql {\\n    execution { threadCount = 6 }   # CHANGED: ≈ CPU * 0.75\\n    planner   { threadCount = 4 }   # CHANGED\\n    nodeMemoryQuota = \\\"30%\\\"         # CHANGED: allow SQL to use more (but not all) page memory\\n    offloadingDataDir = \\\"sql_offloading\\\"\\n    offloadingDataLimit = \\\"16g\\\"     # CHANGED: bounded spill to disk (adjust per workload)\\n  }\\n\\n  storage {\\n    engines {\\n      aimem    { pageSizeBytes = 16384 }\\n      aipersist{\\n        pageSizeBytes = 16384\\n        checkpoint {\\n          checkpointDelayMillis = 200\\n          checkpointThreads = 2\\n          compactionThreads = 2\\n          intervalDeviationPercent = 40\\n          intervalMillis = 180000\\n          logReadLockThresholdTimeoutMillis = 0\\n          readLockTimeoutMillis = 5000\\n          useAsyncFileIoFactory = true\\n        }\\n      }\\n      columnar {\\n        compressingConfiguration { enableLz4Compression = true }\\n        memtableConfiguration    { \\n          dataRegionSize = 536870912       # 512 MiB\\n          memtableMaxSize = 67108864       # 64 MiB\\n        }\\n        mergeTreeConfiguration   { mergeTreeFanout = 4, mergeTreeFirstLevelSize = 262144 }\\n        threadPoolConfiguration  { threadPoolThreadCount = 2 }\\n      }\\n      rocksdb { flushDelayMillis = 100 }\\n    }\\n\\n    profiles = [\\n      {\\n        name = aimem\\n        engine = aimem\\n        initSizeBytes = 134217728      # 128 MiB\\n        maxSizeBytes  = 268435456      # 256 MiB\\n        eviction {\\n          mode = DISABLED\\n          threshold = \\\"90%\\\"\\n          batchSize = 200\\n          interval = 60000\\n          lwmThreshold = 1000\\n          lwmUpdateInterval = 60000\\n        }\\n      },\\n      {\\n        name = aipersist\\n        engine = aipersist\\n        replacementMode = CLOCK\\n        sizeBytes = 1073741824         # 1 GiB\\n      },\\n      {\\n        name = columnar\\n        engine = columnar\\n      },\\n      {\\n        name = default\\n        engine = aipersist\\n        replacementMode = CLOCK\\n        sizeBytes = 1073741824         # 1 GiB\\n      }\\n    ]\\n  }\\n\\n  system {\\n    cmgPath = \\\"/data/cmg\\\"\\n    metastoragePath = \\\"/data/metastorage\\\"\\n    partitionsBasePath = \\\"/data/partitions\\\"\\n    partitionsLogPath = \\\"/data/partitions-log\\\"\\n    criticalWorkers {\\n      livenessCheckIntervalMillis = 200\\n      maxAllowedLagMillis = 500\\n      nettyThreadsHeartbeatIntervalMillis = 100\\n    }\\n  }\\n\\n  table {\\n    eviction   { checkInterval = 60000 }\\n    expiration { batchSize = 1000, checkInterval = 30000, parallelismLevel = 1 }\\n  }\\n}\\n\",\"name\":\"gridgain-config.conf\",\"path\":\"/opt/gridgain/etc/gridgain-config.conf\",\"subpath\":\"gridgain-config.conf\"}},\"configMapsFromFile\":{\"gridgain-config\":null},\"extraPostHooks\":[],\"extraVolumeMounts\":[{\"mountPath\":\"/data\",\"name\":\"nvme-data\"}],\"extraVolumes\":[{\"hostPath\":{\"path\":\"/mnt/nvme\",\"type\":\"DirectoryOrCreate\"},\"name\":\"nvme-data\"}],\"gridgainWorkDir\":\"/data\",\"image\":{\"pullPolicy\":\"IfNotPresent\",\"repository\":\"gridgain/gridgain9\",\"tag\":\"9.1.16-openjdk21-arm64\"},\"initContainers\":[{\"command\":[\"sh\",\"-c\",\"chown 1001:1001 /data\\nchmod 755 /data\\nmkdir -p /data/partitions /data/cmg /data/metastorage /data/partitions-log\\nchown -R 1001:1001 /data\\n\"],\"image\":\"busybox:1.36\",\"name\":\"fix-nvme-permissions\",\"securityContext\":{\"runAsNonRoot\":false,\"runAsUser\":0},\"volumeMounts\":[{\"mountPath\":\"/data\",\"name\":\"nvme-data\"}]}],\"license\":{\"mountPath\":\"/opt/gridgain/etc/license.conf\",\"useExisting\":{\"secretkey\":\"license.conf\",\"secretname\":\"gg9-license\"}},\"nodeSelector\":{\"role\":\"gridgain\"},\"persistence\":{\"volumePermissions\":{\"enabled\":true},\"volumes\":{\"persistence\":{\"enabled\":false}}},\"replicaCount\":3,\"resources\":{\"limits\":{\"cpu\":\"7\",\"memory\":\"28Gi\"},\"requests\":{\"cpu\":\"4\",\"memory\":\"24Gi\"}},\"services\":{\"client\":{\"externalTrafficPolicy\":\"Cluster\",\"ports\":{\"rest\":10800},\"sessionAffinity\":\"None\",\"type\":\"LoadBalancer\"},\"headless\":{\"clusterIP\":\"None\",\"ports\":{\"cluster\":3344,\"management\":10300,\"rest\":10800},\"sessionAffinity\":\"None\",\"type\":\"ClusterIP\"}},\"tolerations\":[{\"effect\":\"NoSchedule\",\"key\":\"dedicated\",\"operator\":\"Equal\",\"value\":\"gridgain\"}]}",
                "version": "1.1.2"
              }
            ],
            "name": "gg9-west",
            "namespace": "gridgain",
            "pass_credentials": false,
            "postrender": [],
            "recreate_pods": false,
            "render_subchart_notes": true,
            "replace": true,
            "repository": "https://gridgain.github.io/helm-charts",
            "repository_ca_file": null,
            "repository_cert_file": null,
            "repository_key_file": null,
            "repository_password": null,
            "repository_username": null,
            "reset_values": false,
            "reuse_values": false,
            "set": [],
            "set_list": [],
            "set_sensitive": [],
            "skip_crds": false,
            "status": "deployed",
            "timeout": 300,
            "upgrade_install": null,
            "values": [
              "# =========================\n# GridGain 9 Helm values\n# =========================\n\n# Number of cluster nodes (StatefulSet replicas)\nreplicaCount: 3\n\n# -------------------------\n# Scheduling – mirror your dedicated GG9 pool\n# -------------------------\nnodeSelector:\n  role: gridgain\n\ntolerations:\n  - key: \"dedicated\"\n    operator: \"Equal\"\n    value: \"gridgain\"\n    effect: \"NoSchedule\"\n\naffinity:\n  podAntiAffinity:\n    requiredDuringSchedulingIgnoredDuringExecution:\n      - labelSelector:\n          matchExpressions:\n            - key: app\n              operator: In\n              values:\n                - gridgain\n        topologyKey: \"kubernetes.io/hostname\"\n\n# -------------------------\n# Image settings\n# -------------------------\nimage:\n  repository: gridgain/gridgain9\n  tag: 9.1.16-openjdk21-arm64\n  pullPolicy: IfNotPresent\n\n# -------------------------\n# JVM \u0026 container resources\n# (tune for your instance type)\n# -------------------------\nresources:\n  requests:\n    cpu: \"4\"\n    memory: \"24Gi\"\n  limits:\n    cpu: \"7\"\n    memory: \"28Gi\"\n\n# -------------------------\n# Service configuration\n# - Headless: internal node clustering (DNS-based discovery)\n# - LoadBalancer: external client access via AWS NLB\n# -------------------------\nservices:\n  headless:\n    type: ClusterIP\n    clusterIP: None\n    sessionAffinity: None\n    ports:\n      management: 10300\n      rest: 10800\n      cluster: 3344\n  client:\n    type: LoadBalancer\n    externalTrafficPolicy: Cluster\n    sessionAffinity: None\n    ports:\n      rest: 10800\n\n# -------------------------\n# Persistence - Local NVMe Only\n# All storage on local NVMe for maximum performance\n# Durability via RAFT replication across 3 nodes\n# -------------------------\npersistence:\n  volumePermissions:\n    enabled: true\n  volumes:\n    persistence:\n      enabled: false\n\n# Mount local NVMe as hostPath for data storage\nextraVolumes:\n  - name: nvme-data\n    hostPath:\n      path: /mnt/nvme\n      type: DirectoryOrCreate\n\nextraVolumeMounts:\n  - name: nvme-data\n    mountPath: /data\n\n# Set GridGain work directory to NVMe\ngridgainWorkDir: /data\n\n# Init container to fix NVMe permissions for GridGain (uid 1001)\ninitContainers:\n  - name: fix-nvme-permissions\n    image: busybox:1.36\n    command:\n      - sh\n      - -c\n      - |\n        chown 1001:1001 /data\n        chmod 755 /data\n        mkdir -p /data/partitions /data/cmg /data/metastorage /data/partitions-log\n        chown -R 1001:1001 /data\n    securityContext:\n      runAsUser: 0\n      runAsNonRoot: false\n    volumeMounts:\n      - name: nvme-data\n        mountPath: /data\n\n# -------------------------\n# Custom config via ConfigMap\n# Disable default config file so we can inject our own HOCON config as plain text\n# -------------------------\nconfigMapsFromFile:\n  gridgain-config: null\n\nconfigMaps:\n  gridgain-config:\n    name: gridgain-config.conf\n    path: /opt/gridgain/etc/gridgain-config.conf\n    subpath: gridgain-config.conf\n    # Provide any custom GridGain 9 node configuration below\n    content: |\n      ignite {\n        clientConnector {\n          connectTimeoutMillis = 5000\n          idleTimeoutMillis    = 0\n          listenAddresses      = []\n          metricsEnabled       = true\n          port                 = 10800\n          sendServerExceptionStackTraceToClient = true\n          ssl {\n            ciphers = \"\"\n            clientAuth = none\n            enabled = false\n            keyStore  { password = \"\", path = \"\", type = PKCS12 }\n            trustStore{ password = \"\", path = \"\", type = PKCS12 }\n          }\n        }\n\n        compute {\n          queueMaxSize = 2147483647\n          statesLifetimeMillis = 60000\n          threadPoolSize = 6          # CHANGED: ~0.75 x 8 vCPU, leaves headroom for raft/sql/net\n        }\n\n        deployment { location = deployment }\n\n        failureHandler {\n          dumpThreadsOnFailure = true\n          dumpThreadsThrottlingTimeoutMillis = 10000\n          handler {\n            ignoredFailureTypes = [ systemWorkerBlocked, systemCriticalOperationTimeout ]\n            type = noop\n          }\n          oomBufferSizeBytes = 16384\n        }\n\n        network {\n          fileTransfer {\n            chunkSizeBytes = 1048576\n            maxConcurrentRequests = 6   # CHANGED: modest bump for faster snapshot/xfer\n            responseTimeoutMillis = 10000\n            threadPoolSize = 8          # CHANGED: a bit more parallelism\n          }\n          inbound  { soBacklog = 1024, soKeepAlive = true, soLinger = 0, soReuseAddr = true, tcpNoDelay = true }  # CHANGED\n          listenAddresses = []\n          membership {\n            failurePingIntervalMillis = 1500     # CHANGED: a little quicker failure sensing\n            membershipSyncIntervalMillis = 30000\n            scaleCube {\n              failurePingRequestMembers = 3\n              gossipIntervalMillis = 150         # CHANGED: slightly faster gossip\n              gossipRepeatMult = 3\n              membershipSuspicionMultiplier = 5\n              metadataTimeoutMillis = 3000\n            }\n          }\n          nodeFinder {\n            type = STATIC\n            netClusterNodes = [\n              \"gg9-west-gridgain9-headless:3344\"   # uses K8s headless Service DNS\n            ]\n          }\n          outbound { soKeepAlive = true, soLinger = 0, tcpNoDelay = true }\n          port = 3344\n          shutdownQuietPeriodMillis = 0\n          shutdownTimeoutMillis = 15000\n          ssl {\n            ciphers = \"\"\n            clientAuth = none\n            enabled = false\n            keyStore  { password = \"\", path = \"\", type = PKCS12 }\n            trustStore{ password = \"\", path = \"\", type = PKCS12 }\n          }\n        }\n\n        pitr { threadPoolSize = 6 }\n\n        raft {\n          fsync = true\n          installSnapshotTimeoutMillis = 2147483647\n          logStripesCount = 8           # CHANGED: more stripes to reduce contention\n          logYieldStrategy = false\n          responseTimeoutMillis = 3000\n          retryDelayMillis = 200\n          retryTimeoutMillis = 10000\n          stripes = 16                  # CHANGED\n          volatileRaft { logStorageBudget { name = unlimited } }\n        }\n\n        rest {\n          dualProtocol = false\n          httpToHttpsRedirection = false\n          port = 10300\n          ssl {\n            ciphers = \"\"\n            clientAuth = none\n            enabled = false\n            port = 10400\n            keyStore  { password = \"\", path = \"\", type = PKCS12 }\n            trustStore{ password = \"\", path = \"\", type = PKCS12 }\n          }\n        }\n\n        snapshot {\n          snapshotChunkSizeBytes = 262144          # CHANGED: larger chunks for throughput\n          snapshotDiskBufferSizeBytes = 262144     # CHANGED\n          threadPoolSize = 8                       # CHANGED\n        }\n\n        sql {\n          execution { threadCount = 6 }   # CHANGED: ≈ CPU * 0.75\n          planner   { threadCount = 4 }   # CHANGED\n          nodeMemoryQuota = \"30%\"         # CHANGED: allow SQL to use more (but not all) page memory\n          offloadingDataDir = \"sql_offloading\"\n          offloadingDataLimit = \"16g\"     # CHANGED: bounded spill to disk (adjust per workload)\n        }\n\n        storage {\n          engines {\n            aimem    { pageSizeBytes = 16384 }\n            aipersist{\n              pageSizeBytes = 16384\n              checkpoint {\n                checkpointDelayMillis = 200\n                checkpointThreads = 2\n                compactionThreads = 2\n                intervalDeviationPercent = 40\n                intervalMillis = 180000\n                logReadLockThresholdTimeoutMillis = 0\n                readLockTimeoutMillis = 5000\n                useAsyncFileIoFactory = true\n              }\n            }\n            columnar {\n              compressingConfiguration { enableLz4Compression = true }\n              memtableConfiguration    { \n                dataRegionSize = 536870912       # 512 MiB\n                memtableMaxSize = 67108864       # 64 MiB\n              }\n              mergeTreeConfiguration   { mergeTreeFanout = 4, mergeTreeFirstLevelSize = 262144 }\n              threadPoolConfiguration  { threadPoolThreadCount = 2 }\n            }\n            rocksdb { flushDelayMillis = 100 }\n          }\n\n          profiles = [\n            {\n              name = aimem\n              engine = aimem\n              initSizeBytes = 134217728      # 128 MiB\n              maxSizeBytes  = 268435456      # 256 MiB\n              eviction {\n                mode = DISABLED\n                threshold = \"90%\"\n                batchSize = 200\n                interval = 60000\n                lwmThreshold = 1000\n                lwmUpdateInterval = 60000\n              }\n            },\n            {\n              name = aipersist\n              engine = aipersist\n              replacementMode = CLOCK\n              sizeBytes = 1073741824         # 1 GiB\n            },\n            {\n              name = columnar\n              engine = columnar\n            },\n            {\n              name = default\n              engine = aipersist\n              replacementMode = CLOCK\n              sizeBytes = 1073741824         # 1 GiB\n            }\n          ]\n        }\n\n        system {\n          cmgPath = \"/data/cmg\"\n          metastoragePath = \"/data/metastorage\"\n          partitionsBasePath = \"/data/partitions\"\n          partitionsLogPath = \"/data/partitions-log\"\n          criticalWorkers {\n            livenessCheckIntervalMillis = 200\n            maxAllowedLagMillis = 500\n            nettyThreadsHeartbeatIntervalMillis = 100\n          }\n        }\n\n        table {\n          eviction   { checkInterval = 60000 }\n          expiration { batchSize = 1000, checkInterval = 30000, parallelismLevel = 1 }\n        }\n      }\n\n# -------------------------\n# Extra hooks (empty - CMG hooks handled by ArgoCD annotations)\n# -------------------------\nextraPostHooks: []\n\n# -------------------------\n# License handling (from Kubernetes secret created by Terraform)\n# -------------------------\nlicense:\n  mountPath: /opt/gridgain/etc/license.conf\n  useExisting:\n    secretname: gg9-license\n    secretkey: license.conf"
            ],
            "verify": false,
            "version": "1.1.2",
            "wait": true,
            "wait_for_jobs": false
          },
          "sensitive_attributes": [
            [
              {
                "type": "get_attr",
                "value": "repository_password"
              }
            ]
          ],
          "identity_schema_version": 0,
          "private": "eyJzY2hlbWFfdmVyc2lvbiI6IjEifQ==",
          "dependencies": [
            "aws_eks_addon.ebs_csi_west",
            "data.aws_secretsmanager_secret_version.gg9_license",
            "kubernetes_namespace.gg9_west",
            "kubernetes_secret.gg9_license_west",
            "kubernetes_storage_class.gp3_west",
            "module.ebs_csi_irsa_west.aws_iam_policy.amazon_managed_service_prometheus",
            "module.ebs_csi_irsa_west.aws_iam_policy.appmesh_controller",
            "module.ebs_csi_irsa_west.aws_iam_policy.appmesh_envoy_proxy",
            "module.ebs_csi_irsa_west.aws_iam_policy.aws_gateway_controller",
            "module.ebs_csi_irsa_west.aws_iam_policy.cert_manager",
            "module.ebs_csi_irsa_west.aws_iam_policy.cluster_autoscaler",
            "module.ebs_csi_irsa_west.aws_iam_policy.ebs_csi",
            "module.ebs_csi_irsa_west.aws_iam_policy.efs_csi",
            "module.ebs_csi_irsa_west.aws_iam_policy.external_dns",
            "module.ebs_csi_irsa_west.aws_iam_policy.external_secrets",
            "module.ebs_csi_irsa_west.aws_iam_policy.fsx_lustre_csi",
            "module.ebs_csi_irsa_west.aws_iam_policy.fsx_openzfs_csi",
            "module.ebs_csi_irsa_west.aws_iam_policy.karpenter_controller",
            "module.ebs_csi_irsa_west.aws_iam_policy.load_balancer_controller",
            "module.ebs_csi_irsa_west.aws_iam_policy.load_balancer_controller_targetgroup_only",
            "module.ebs_csi_irsa_west.aws_iam_policy.mountpoint_s3_csi",
            "module.ebs_csi_irsa_west.aws_iam_policy.node_termination_handler",
            "module.ebs_csi_irsa_west.aws_iam_policy.velero",
            "module.ebs_csi_irsa_west.aws_iam_policy.vpc_cni",
            "module.ebs_csi_irsa_west.aws_iam_role.this",
            "module.ebs_csi_irsa_west.aws_iam_role_policy_attachment.amazon_cloudwatch_observability",
            "module.ebs_csi_irsa_west.aws_iam_role_policy_attachment.amazon_managed_service_prometheus",
            "module.ebs_csi_irsa_west.aws_iam_role_policy_attachment.appmesh_controller",
            "module.ebs_csi_irsa_west.aws_iam_role_policy_attachment.appmesh_envoy_proxy",
            "module.ebs_csi_irsa_west.aws_iam_role_policy_attachment.aws_gateway_controller",
            "module.ebs_csi_irsa_west.aws_iam_role_policy_attachment.cert_manager",
            "module.ebs_csi_irsa_west.aws_iam_role_policy_attachment.cluster_autoscaler",
            "module.ebs_csi_irsa_west.aws_iam_role_policy_attachment.ebs_csi",
            "module.ebs_csi_irsa_west.aws_iam_role_policy_attachment.efs_csi",
            "module.ebs_csi_irsa_west.aws_iam_role_policy_attachment.external_dns",
            "module.ebs_csi_irsa_west.aws_iam_role_policy_attachment.external_secrets",
            "module.ebs_csi_irsa_west.aws_iam_role_policy_attachment.fsx_lustre_csi",
            "module.ebs_csi_irsa_west.aws_iam_role_policy_attachment.fsx_openzfs_csi",
            "module.ebs_csi_irsa_west.aws_iam_role_policy_attachment.karpenter_controller",
            "module.ebs_csi_irsa_west.aws_iam_role_policy_attachment.load_balancer_controller",
            "module.ebs_csi_irsa_west.aws_iam_role_policy_attachment.load_balancer_controller_targetgroup_only",
            "module.ebs_csi_irsa_west.aws_iam_role_policy_attachment.mountpoint_s3_csi",
            "module.ebs_csi_irsa_west.aws_iam_role_policy_attachment.node_termination_handler",
            "module.ebs_csi_irsa_west.aws_iam_role_policy_attachment.this",
            "module.ebs_csi_irsa_west.aws_iam_role_policy_attachment.velero",
            "module.ebs_csi_irsa_west.aws_iam_role_policy_attachment.vpc_cni",
            "module.ebs_csi_irsa_west.data.aws_caller_identity.current",
            "module.ebs_csi_irsa_west.data.aws_iam_policy_document.amazon_managed_service_prometheus",
            "module.ebs_csi_irsa_west.data.aws_iam_policy_document.appmesh_controller",
            "module.ebs_csi_irsa_west.data.aws_iam_policy_document.appmesh_envoy_proxy",
            "module.ebs_csi_irsa_west.data.aws_iam_policy_document.aws_gateway_controller",
            "module.ebs_csi_irsa_west.data.aws_iam_policy_document.cert_manager",
            "module.ebs_csi_irsa_west.data.aws_iam_policy_document.cluster_autoscaler",
            "module.ebs_csi_irsa_west.data.aws_iam_policy_document.ebs_csi",
            "module.ebs_csi_irsa_west.data.aws_iam_policy_document.efs_csi",
            "module.ebs_csi_irsa_west.data.aws_iam_policy_document.external_dns",
            "module.ebs_csi_irsa_west.data.aws_iam_policy_document.external_secrets",
            "module.ebs_csi_irsa_west.data.aws_iam_policy_document.fsx_lustre_csi",
            "module.ebs_csi_irsa_west.data.aws_iam_policy_document.fsx_openzfs_csi",
            "module.ebs_csi_irsa_west.data.aws_iam_policy_document.karpenter_controller",
            "module.ebs_csi_irsa_west.data.aws_iam_policy_document.load_balancer_controller",
            "module.ebs_csi_irsa_west.data.aws_iam_policy_document.load_balancer_controller_targetgroup_only",
            "module.ebs_csi_irsa_west.data.aws_iam_policy_document.mountpoint_s3_csi",
            "module.ebs_csi_irsa_west.data.aws_iam_policy_document.node_termination_handler",
            "module.ebs_csi_irsa_west.data.aws_iam_policy_document.this",
            "module.ebs_csi_irsa_west.data.aws_iam_policy_document.velero",
            "module.ebs_csi_irsa_west.data.aws_iam_policy_document.vpc_cni",
            "module.ebs_csi_irsa_west.data.aws_partition.current",
            "module.ebs_csi_irsa_west.data.aws_region.current",
            "module.eks_west.aws_cloudwatch_log_group.this",
            "module.eks_west.aws_ec2_tag.cluster_primary_security_group",
            "module.eks_west.aws_eks_access_entry.this",
            "module.eks_west.aws_eks_access_policy_association.this",
            "module.eks_west.aws_eks_addon.before_compute",
            "module.eks_west.aws_eks_addon.this",
            "module.eks_west.aws_eks_cluster.this",
            "module.eks_west.aws_eks_identity_provider_config.this",
            "module.eks_west.aws_iam_openid_connect_provider.oidc_provider",
            "module.eks_west.aws_iam_policy.cluster_encryption",
            "module.eks_west.aws_iam_policy.cni_ipv6_policy",
            "module.eks_west.aws_iam_policy.custom",
            "module.eks_west.aws_iam_role.eks_auto",
            "module.eks_west.aws_iam_role.this",
            "module.eks_west.aws_iam_role_policy_attachment.additional",
            "module.eks_west.aws_iam_role_policy_attachment.cluster_encryption",
            "module.eks_west.aws_iam_role_policy_attachment.custom",
            "module.eks_west.aws_iam_role_policy_attachment.eks_auto",
            "module.eks_west.aws_iam_role_policy_attachment.eks_auto_additional",
            "module.eks_west.aws_iam_role_policy_attachment.this",
            "module.eks_west.aws_security_group.cluster",
            "module.eks_west.aws_security_group.node",
            "module.eks_west.aws_security_group_rule.cluster",
            "module.eks_west.aws_security_group_rule.node",
            "module.eks_west.data.aws_caller_identity.current",
            "module.eks_west.data.aws_eks_addon_version.this",
            "module.eks_west.data.aws_iam_policy_document.assume_role_policy",
            "module.eks_west.data.aws_iam_policy_document.cni_ipv6_policy",
            "module.eks_west.data.aws_iam_policy_document.custom",
            "module.eks_west.data.aws_iam_policy_document.node_assume_role_policy",
            "module.eks_west.data.aws_iam_session_context.current",
            "module.eks_west.data.aws_partition.current",
            "module.eks_west.data.tls_certificate.this",
            "module.eks_west.module.eks_managed_node_group.aws_autoscaling_schedule.this",
            "module.eks_west.module.eks_managed_node_group.aws_eks_node_group.this",
            "module.eks_west.module.eks_managed_node_group.aws_iam_role.this",
            "module.eks_west.module.eks_managed_node_group.aws_iam_role_policy.this",
            "module.eks_west.module.eks_managed_node_group.aws_iam_role_policy_attachment.additional",
            "module.eks_west.module.eks_managed_node_group.aws_iam_role_policy_attachment.this",
            "module.eks_west.module.eks_managed_node_group.aws_launch_template.this",
            "module.eks_west.module.eks_managed_node_group.aws_placement_group.this",
            "module.eks_west.module.eks_managed_node_group.data.aws_caller_identity.current",
            "module.eks_west.module.eks_managed_node_group.data.aws_ec2_instance_type.this",
            "module.eks_west.module.eks_managed_node_group.data.aws_ec2_instance_type_offerings.this",
            "module.eks_west.module.eks_managed_node_group.data.aws_iam_policy_document.assume_role_policy",
            "module.eks_west.module.eks_managed_node_group.data.aws_iam_policy_document.role",
            "module.eks_west.module.eks_managed_node_group.data.aws_partition.current",
            "module.eks_west.module.eks_managed_node_group.data.aws_ssm_parameter.ami",
            "module.eks_west.module.eks_managed_node_group.data.aws_subnets.placement_group",
            "module.eks_west.module.eks_managed_node_group.module.user_data.data.cloudinit_config.al2023_eks_managed_node_group",
            "module.eks_west.module.eks_managed_node_group.module.user_data.data.cloudinit_config.linux_eks_managed_node_group",
            "module.eks_west.module.eks_managed_node_group.module.user_data.null_resource.validate_cluster_service_cidr",
            "module.eks_west.module.fargate_profile.aws_eks_fargate_profile.this",
            "module.eks_west.module.fargate_profile.aws_iam_role.this",
            "module.eks_west.module.fargate_profile.aws_iam_role_policy.this",
            "module.eks_west.module.fargate_profile.aws_iam_role_policy_attachment.additional",
            "module.eks_west.module.fargate_profile.aws_iam_role_policy_attachment.this",
            "module.eks_west.module.fargate_profile.data.aws_caller_identity.current",
            "module.eks_west.module.fargate_profile.data.aws_iam_policy_document.assume_role_policy",
            "module.eks_west.module.fargate_profile.data.aws_iam_policy_document.role",
            "module.eks_west.module.fargate_profile.data.aws_partition.current",
            "module.eks_west.module.fargate_profile.data.aws_region.current",
            "module.eks_west.module.kms.aws_kms_alias.this",
            "module.eks_west.module.kms.aws_kms_external_key.this",
            "module.eks_west.module.kms.aws_kms_grant.this",
            "module.eks_west.module.kms.aws_kms_key.this",
            "module.eks_west.module.kms.aws_kms_replica_external_key.this",
            "module.eks_west.module.kms.aws_kms_replica_key.this",
            "module.eks_west.module.kms.data.aws_caller_identity.current",
            "module.eks_west.module.kms.data.aws_iam_policy_document.this",
            "module.eks_west.module.kms.data.aws_partition.current",
            "module.eks_west.module.self_managed_node_group.aws_autoscaling_group.this",
            "module.eks_west.module.self_managed_node_group.aws_autoscaling_schedule.this",
            "module.eks_west.module.self_managed_node_group.aws_eks_access_entry.this",
            "module.eks_west.module.self_managed_node_group.aws_iam_instance_profile.this",
            "module.eks_west.module.self_managed_node_group.aws_iam_role.this",
            "module.eks_west.module.self_managed_node_group.aws_iam_role_policy.this",
            "module.eks_west.module.self_managed_node_group.aws_iam_role_policy_attachment.additional",
            "module.eks_west.module.self_managed_node_group.aws_iam_role_policy_attachment.this",
            "module.eks_west.module.self_managed_node_group.aws_launch_template.this",
            "module.eks_west.module.self_managed_node_group.aws_placement_group.this",
            "module.eks_west.module.self_managed_node_group.data.aws_caller_identity.current",
            "module.eks_west.module.self_managed_node_group.data.aws_ec2_instance_type.this",
            "module.eks_west.module.self_managed_node_group.data.aws_ec2_instance_type_offerings.this",
            "module.eks_west.module.self_managed_node_group.data.aws_iam_policy_document.assume_role_policy",
            "module.eks_west.module.self_managed_node_group.data.aws_iam_policy_document.role",
            "module.eks_west.module.self_managed_node_group.data.aws_partition.current",
            "module.eks_west.module.self_managed_node_group.data.aws_ssm_parameter.ami",
            "module.eks_west.module.self_managed_node_group.data.aws_subnets.placement_group",
            "module.eks_west.module.self_managed_node_group.module.user_data.data.cloudinit_config.al2023_eks_managed_node_group",
            "module.eks_west.module.self_managed_node_group.module.user_data.data.cloudinit_config.linux_eks_managed_node_group",
            "module.eks_west.module.self_managed_node_group.module.user_data.null_resource.validate_cluster_service_cidr",
            "module.eks_west.time_sleep.this",
            "module.vpc_west.aws_subnet.public",
            "module.vpc_west.aws_vpc.this",
            "module.vpc_west.aws_vpc_ipv4_cidr_block_association.this"
          ]
        }
      ]
    },
    {
      "mode": "managed",
      "type": "kubernetes_config_map",
      "name": "sqlserver_sync",
      "provider": "provider[\"registry.terraform.io/hashicorp/kubernetes\"]",
      "instances": [
        {
          "schema_version": 0,
          "attributes": {
            "binary_data": {},
            "data": {
              "GG_PORT": "10800",
              "GG_USER": "admin",
              "SYNC_INTERVAL": "30s",
              "SYNC_TABLES": "Orders,Customers,Products"
            },
            "id": "gridgain/sqlserver-sync-config",
            "immutable": false,
            "metadata": [
              {
                "annotations": {},
                "generate_name": "",
                "generation": 0,
                "labels": {},
                "name": "sqlserver-sync-config",
                "namespace": "gridgain",
                "resource_version": "2656",
                "uid": "e2409ce5-8868-4734-a51f-845c4f3991fa"
              }
            ]
          },
          "sensitive_attributes": [],
          "identity_schema_version": 1,
          "identity": {
            "api_version": "v1",
            "kind": "ConfigMap",
            "name": "sqlserver-sync-config",
            "namespace": "gridgain"
          },
          "private": "bnVsbA==",
          "dependencies": [
            "aws_eks_addon.ebs_csi",
            "data.aws_secretsmanager_secret_version.gg9_license",
            "helm_release.gridgain9",
            "kubernetes_namespace.gg9",
            "kubernetes_secret.gg9_license",
            "kubernetes_storage_class.gp3",
            "module.ebs_csi_irsa.aws_iam_policy.amazon_managed_service_prometheus",
            "module.ebs_csi_irsa.aws_iam_policy.appmesh_controller",
            "module.ebs_csi_irsa.aws_iam_policy.appmesh_envoy_proxy",
            "module.ebs_csi_irsa.aws_iam_policy.aws_gateway_controller",
            "module.ebs_csi_irsa.aws_iam_policy.cert_manager",
            "module.ebs_csi_irsa.aws_iam_policy.cluster_autoscaler",
            "module.ebs_csi_irsa.aws_iam_policy.ebs_csi",
            "module.ebs_csi_irsa.aws_iam_policy.efs_csi",
            "module.ebs_csi_irsa.aws_iam_policy.external_dns",
            "module.ebs_csi_irsa.aws_iam_policy.external_secrets",
            "module.ebs_csi_irsa.aws_iam_policy.fsx_lustre_csi",
            "module.ebs_csi_irsa.aws_iam_policy.fsx_openzfs_csi",
            "module.ebs_csi_irsa.aws_iam_policy.karpenter_controller",
            "module.ebs_csi_irsa.aws_iam_policy.load_balancer_controller",
            "module.ebs_csi_irsa.aws_iam_policy.load_balancer_controller_targetgroup_only",
            "module.ebs_csi_irsa.aws_iam_policy.mountpoint_s3_csi",
            "module.ebs_csi_irsa.aws_iam_policy.node_termination_handler",
            "module.ebs_csi_irsa.aws_iam_policy.velero",
            "module.ebs_csi_irsa.aws_iam_policy.vpc_cni",
            "module.ebs_csi_irsa.aws_iam_role.this",
            "module.ebs_csi_irsa.aws_iam_role_policy_attachment.amazon_cloudwatch_observability",
            "module.ebs_csi_irsa.aws_iam_role_policy_attachment.amazon_managed_service_prometheus",
            "module.ebs_csi_irsa.aws_iam_role_policy_attachment.appmesh_controller",
            "module.ebs_csi_irsa.aws_iam_role_policy_attachment.appmesh_envoy_proxy",
            "module.ebs_csi_irsa.aws_iam_role_policy_attachment.aws_gateway_controller",
            "module.ebs_csi_irsa.aws_iam_role_policy_attachment.cert_manager",
            "module.ebs_csi_irsa.aws_iam_role_policy_attachment.cluster_autoscaler",
            "module.ebs_csi_irsa.aws_iam_role_policy_attachment.ebs_csi",
            "module.ebs_csi_irsa.aws_iam_role_policy_attachment.efs_csi",
            "module.ebs_csi_irsa.aws_iam_role_policy_attachment.external_dns",
            "module.ebs_csi_irsa.aws_iam_role_policy_attachment.external_secrets",
            "module.ebs_csi_irsa.aws_iam_role_policy_attachment.fsx_lustre_csi",
            "module.ebs_csi_irsa.aws_iam_role_policy_attachment.fsx_openzfs_csi",
            "module.ebs_csi_irsa.aws_iam_role_policy_attachment.karpenter_controller",
            "module.ebs_csi_irsa.aws_iam_role_policy_attachment.load_balancer_controller",
            "module.ebs_csi_irsa.aws_iam_role_policy_attachment.load_balancer_controller_targetgroup_only",
            "module.ebs_csi_irsa.aws_iam_role_policy_attachment.mountpoint_s3_csi",
            "module.ebs_csi_irsa.aws_iam_role_policy_attachment.node_termination_handler",
            "module.ebs_csi_irsa.aws_iam_role_policy_attachment.this",
            "module.ebs_csi_irsa.aws_iam_role_policy_attachment.velero",
            "module.ebs_csi_irsa.aws_iam_role_policy_attachment.vpc_cni",
            "module.ebs_csi_irsa.data.aws_caller_identity.current",
            "module.ebs_csi_irsa.data.aws_iam_policy_document.amazon_managed_service_prometheus",
            "module.ebs_csi_irsa.data.aws_iam_policy_document.appmesh_controller",
            "module.ebs_csi_irsa.data.aws_iam_policy_document.appmesh_envoy_proxy",
            "module.ebs_csi_irsa.data.aws_iam_policy_document.aws_gateway_controller",
            "module.ebs_csi_irsa.data.aws_iam_policy_document.cert_manager",
            "module.ebs_csi_irsa.data.aws_iam_policy_document.cluster_autoscaler",
            "module.ebs_csi_irsa.data.aws_iam_policy_document.ebs_csi",
            "module.ebs_csi_irsa.data.aws_iam_policy_document.efs_csi",
            "module.ebs_csi_irsa.data.aws_iam_policy_document.external_dns",
            "module.ebs_csi_irsa.data.aws_iam_policy_document.external_secrets",
            "module.ebs_csi_irsa.data.aws_iam_policy_document.fsx_lustre_csi",
            "module.ebs_csi_irsa.data.aws_iam_policy_document.fsx_openzfs_csi",
            "module.ebs_csi_irsa.data.aws_iam_policy_document.karpenter_controller",
            "module.ebs_csi_irsa.data.aws_iam_policy_document.load_balancer_controller",
            "module.ebs_csi_irsa.data.aws_iam_policy_document.load_balancer_controller_targetgroup_only",
            "module.ebs_csi_irsa.data.aws_iam_policy_document.mountpoint_s3_csi",
            "module.ebs_csi_irsa.data.aws_iam_policy_document.node_termination_handler",
            "module.ebs_csi_irsa.data.aws_iam_policy_document.this",
            "module.ebs_csi_irsa.data.aws_iam_policy_document.velero",
            "module.ebs_csi_irsa.data.aws_iam_policy_document.vpc_cni",
            "module.ebs_csi_irsa.data.aws_partition.current",
            "module.ebs_csi_irsa.data.aws_region.current",
            "module.eks.aws_cloudwatch_log_group.this",
            "module.eks.aws_ec2_tag.cluster_primary_security_group",
            "module.eks.aws_eks_access_entry.this",
            "module.eks.aws_eks_access_policy_association.this",
            "module.eks.aws_eks_addon.before_compute",
            "module.eks.aws_eks_addon.this",
            "module.eks.aws_eks_cluster.this",
            "module.eks.aws_eks_identity_provider_config.this",
            "module.eks.aws_iam_openid_connect_provider.oidc_provider",
            "module.eks.aws_iam_policy.cluster_encryption",
            "module.eks.aws_iam_policy.cni_ipv6_policy",
            "module.eks.aws_iam_policy.custom",
            "module.eks.aws_iam_role.eks_auto",
            "module.eks.aws_iam_role.this",
            "module.eks.aws_iam_role_policy_attachment.additional",
            "module.eks.aws_iam_role_policy_attachment.cluster_encryption",
            "module.eks.aws_iam_role_policy_attachment.custom",
            "module.eks.aws_iam_role_policy_attachment.eks_auto",
            "module.eks.aws_iam_role_policy_attachment.eks_auto_additional",
            "module.eks.aws_iam_role_policy_attachment.this",
            "module.eks.aws_security_group.cluster",
            "module.eks.aws_security_group.node",
            "module.eks.aws_security_group_rule.cluster",
            "module.eks.aws_security_group_rule.node",
            "module.eks.data.aws_caller_identity.current",
            "module.eks.data.aws_eks_addon_version.this",
            "module.eks.data.aws_iam_policy_document.assume_role_policy",
            "module.eks.data.aws_iam_policy_document.cni_ipv6_policy",
            "module.eks.data.aws_iam_policy_document.custom",
            "module.eks.data.aws_iam_policy_document.node_assume_role_policy",
            "module.eks.data.aws_iam_session_context.current",
            "module.eks.data.aws_partition.current",
            "module.eks.data.tls_certificate.this",
            "module.eks.module.eks_managed_node_group.aws_autoscaling_schedule.this",
            "module.eks.module.eks_managed_node_group.aws_eks_node_group.this",
            "module.eks.module.eks_managed_node_group.aws_iam_role.this",
            "module.eks.module.eks_managed_node_group.aws_iam_role_policy.this",
            "module.eks.module.eks_managed_node_group.aws_iam_role_policy_attachment.additional",
            "module.eks.module.eks_managed_node_group.aws_iam_role_policy_attachment.this",
            "module.eks.module.eks_managed_node_group.aws_launch_template.this",
            "module.eks.module.eks_managed_node_group.aws_placement_group.this",
            "module.eks.module.eks_managed_node_group.data.aws_caller_identity.current",
            "module.eks.module.eks_managed_node_group.data.aws_ec2_instance_type.this",
            "module.eks.module.eks_managed_node_group.data.aws_ec2_instance_type_offerings.this",
            "module.eks.module.eks_managed_node_group.data.aws_iam_policy_document.assume_role_policy",
            "module.eks.module.eks_managed_node_group.data.aws_iam_policy_document.role",
            "module.eks.module.eks_managed_node_group.data.aws_partition.current",
            "module.eks.module.eks_managed_node_group.data.aws_ssm_parameter.ami",
            "module.eks.module.eks_managed_node_group.data.aws_subnets.placement_group",
            "module.eks.module.eks_managed_node_group.module.user_data.data.cloudinit_config.al2023_eks_managed_node_group",
            "module.eks.module.eks_managed_node_group.module.user_data.data.cloudinit_config.linux_eks_managed_node_group",
            "module.eks.module.eks_managed_node_group.module.user_data.null_resource.validate_cluster_service_cidr",
            "module.eks.module.fargate_profile.aws_eks_fargate_profile.this",
            "module.eks.module.fargate_profile.aws_iam_role.this",
            "module.eks.module.fargate_profile.aws_iam_role_policy.this",
            "module.eks.module.fargate_profile.aws_iam_role_policy_attachment.additional",
            "module.eks.module.fargate_profile.aws_iam_role_policy_attachment.this",
            "module.eks.module.fargate_profile.data.aws_caller_identity.current",
            "module.eks.module.fargate_profile.data.aws_iam_policy_document.assume_role_policy",
            "module.eks.module.fargate_profile.data.aws_iam_policy_document.role",
            "module.eks.module.fargate_profile.data.aws_partition.current",
            "module.eks.module.fargate_profile.data.aws_region.current",
            "module.eks.module.kms.aws_kms_alias.this",
            "module.eks.module.kms.aws_kms_external_key.this",
            "module.eks.module.kms.aws_kms_grant.this",
            "module.eks.module.kms.aws_kms_key.this",
            "module.eks.module.kms.aws_kms_replica_external_key.this",
            "module.eks.module.kms.aws_kms_replica_key.this",
            "module.eks.module.kms.data.aws_caller_identity.current",
            "module.eks.module.kms.data.aws_iam_policy_document.this",
            "module.eks.module.kms.data.aws_partition.current",
            "module.eks.module.self_managed_node_group.aws_autoscaling_group.this",
            "module.eks.module.self_managed_node_group.aws_autoscaling_schedule.this",
            "module.eks.module.self_managed_node_group.aws_eks_access_entry.this",
            "module.eks.module.self_managed_node_group.aws_iam_instance_profile.this",
            "module.eks.module.self_managed_node_group.aws_iam_role.this",
            "module.eks.module.self_managed_node_group.aws_iam_role_policy.this",
            "module.eks.module.self_managed_node_group.aws_iam_role_policy_attachment.additional",
            "module.eks.module.self_managed_node_group.aws_iam_role_policy_attachment.this",
            "module.eks.module.self_managed_node_group.aws_launch_template.this",
            "module.eks.module.self_managed_node_group.aws_placement_group.this",
            "module.eks.module.self_managed_node_group.data.aws_caller_identity.current",
            "module.eks.module.self_managed_node_group.data.aws_ec2_instance_type.this",
            "module.eks.module.self_managed_node_group.data.aws_ec2_instance_type_offerings.this",
            "module.eks.module.self_managed_node_group.data.aws_iam_policy_document.assume_role_policy",
            "module.eks.module.self_managed_node_group.data.aws_iam_policy_document.role",
            "module.eks.module.self_managed_node_group.data.aws_partition.current",
            "module.eks.module.self_managed_node_group.data.aws_ssm_parameter.ami",
            "module.eks.module.self_managed_node_group.data.aws_subnets.placement_group",
            "module.eks.module.self_managed_node_group.module.user_data.data.cloudinit_config.al2023_eks_managed_node_group",
            "module.eks.module.self_managed_node_group.module.user_data.data.cloudinit_config.linux_eks_managed_node_group",
            "module.eks.module.self_managed_node_group.module.user_data.null_resource.validate_cluster_service_cidr",
            "module.eks.time_sleep.this",
            "module.vpc_east.aws_subnet.public",
            "module.vpc_east.aws_vpc.this",
            "module.vpc_east.aws_vpc_ipv4_cidr_block_association.this"
          ]
        }
      ]
    },
    {
      "mode": "managed",
      "type": "kubernetes_deployment",
      "name": "query_client",
      "provider": "provider[\"registry.terraform.io/hashicorp/kubernetes\"]",
      "instances": [
        {
          "schema_version": 1,
          "attributes": {
            "id": "gridgain/gg-query-client",
            "metadata": [
              {
                "annotations": {},
                "generate_name": "",
                "generation": 1,
                "labels": {
                  "app": "gg-query-client"
                },
                "name": "gg-query-client",
                "namespace": "gridgain",
                "resource_version": "2748",
                "uid": "807a1cb9-fa85-4bcf-bc7d-805e0a66f5f2"
              }
            ],
            "spec": [
              {
                "min_ready_seconds": 0,
                "paused": false,
                "progress_deadline_seconds": 600,
                "replicas": "2",
                "revision_history_limit": 10,
                "selector": [
                  {
                    "match_expressions": [],
                    "match_labels": {
                      "app": "gg-query-client"
                    }
                  }
                ],
                "strategy": [
                  {
                    "rolling_update": [
                      {
                        "max_surge": "25%",
                        "max_unavailable": "25%"
                      }
                    ],
                    "type": "RollingUpdate"
                  }
                ],
                "template": [
                  {
                    "metadata": [
                      {
                        "annotations": {},
                        "generate_name": "",
                        "generation": 0,
                        "labels": {
                          "app": "gg-query-client"
                        },
                        "name": "",
                        "namespace": "",
                        "resource_version": "",
                        "uid": ""
                      }
                    ],
                    "spec": [
                      {
                        "active_deadline_seconds": 0,
                        "affinity": [],
                        "automount_service_account_token": true,
                        "container": [
                          {
                            "args": [
                              "-listen",
                              ":8080",
                              "-gg-host",
                              "gg9-gridgain9-headless.gridgain.svc.cluster.local",
                              "-gg-port",
                              "10800",
                              "-gg-user",
                              "admin",
                              "-gg-password",
                              "admin"
                            ],
                            "command": [],
                            "env": [],
                            "env_from": [],
                            "image": "nelzir/gg-query-client:latest",
                            "image_pull_policy": "Always",
                            "lifecycle": [],
                            "liveness_probe": [
                              {
                                "exec": [],
                                "failure_threshold": 3,
                                "grpc": [],
                                "http_get": [
                                  {
                                    "host": "",
                                    "http_header": [],
                                    "path": "/health",
                                    "port": "8080",
                                    "scheme": "HTTP"
                                  }
                                ],
                                "initial_delay_seconds": 5,
                                "period_seconds": 10,
                                "success_threshold": 1,
                                "tcp_socket": [],
                                "timeout_seconds": 1
                              }
                            ],
                            "name": "query-client",
                            "port": [
                              {
                                "container_port": 8080,
                                "host_ip": "",
                                "host_port": 0,
                                "name": "http",
                                "protocol": "TCP"
                              }
                            ],
                            "readiness_probe": [
                              {
                                "exec": [],
                                "failure_threshold": 3,
                                "grpc": [],
                                "http_get": [
                                  {
                                    "host": "",
                                    "http_header": [],
                                    "path": "/health",
                                    "port": "8080",
                                    "scheme": "HTTP"
                                  }
                                ],
                                "initial_delay_seconds": 5,
                                "period_seconds": 5,
                                "success_threshold": 1,
                                "tcp_socket": [],
                                "timeout_seconds": 1
                              }
                            ],
                            "resources": [
                              {
                                "limits": {
                                  "cpu": "500m",
                                  "memory": "256Mi"
                                },
                                "requests": {
                                  "cpu": "100m",
                                  "memory": "64Mi"
                                }
                              }
                            ],
                            "security_context": [],
                            "startup_probe": [],
                            "stdin": false,
                            "stdin_once": false,
                            "termination_message_path": "/dev/termination-log",
                            "termination_message_policy": "File",
                            "tty": false,
                            "volume_device": [],
                            "volume_mount": [],
                            "working_dir": ""
                          }
                        ],
                        "dns_config": [],
                        "dns_policy": "ClusterFirst",
                        "enable_service_links": true,
                        "host_aliases": [],
                        "host_ipc": false,
                        "host_network": false,
                        "host_pid": false,
                        "hostname": "",
                        "image_pull_secrets": [],
                        "init_container": [],
                        "node_name": "",
                        "node_selector": {
                          "role": "loadtest"
                        },
                        "os": [],
                        "priority_class_name": "",
                        "readiness_gate": [],
                        "restart_policy": "Always",
                        "runtime_class_name": "",
                        "scheduler_name": "default-scheduler",
                        "security_context": [],
                        "service_account_name": "",
                        "share_process_namespace": false,
                        "subdomain": "",
                        "termination_grace_period_seconds": 30,
                        "toleration": [
                          {
                            "effect": "NoSchedule",
                            "key": "dedicated",
                            "operator": "Equal",
                            "toleration_seconds": "",
                            "value": "loadtest"
                          }
                        ],
                        "topology_spread_constraint": [],
                        "volume": []
                      }
                    ]
                  }
                ]
              }
            ],
            "timeouts": null,
            "wait_for_rollout": true
          },
          "sensitive_attributes": [
            [
              {
                "type": "get_attr",
                "value": "spec"
              },
              {
                "type": "index",
                "value": {
                  "value": 0,
                  "type": "number"
                }
              },
              {
                "type": "get_attr",
                "value": "template"
              },
              {
                "type": "index",
                "value": {
                  "value": 0,
                  "type": "number"
                }
              },
              {
                "type": "get_attr",
                "value": "spec"
              },
              {
                "type": "index",
                "value": {
                  "value": 0,
                  "type": "number"
                }
              },
              {
                "type": "get_attr",
                "value": "container"
              },
              {
                "type": "index",
                "value": {
                  "value": 0,
                  "type": "number"
                }
              },
              {
                "type": "get_attr",
                "value": "args"
              },
              {
                "type": "index",
                "value": {
                  "value": 9,
                  "type": "number"
                }
              }
            ]
          ],
          "identity_schema_version": 1,
          "identity": {
            "api_version": "apps/v1",
            "kind": "Deployment",
            "name": "gg-query-client",
            "namespace": "gridgain"
          },
          "private": "eyJlMmJmYjczMC1lY2FhLTExZTYtOGY4OC0zNDM2M2JjN2M0YzAiOnsiY3JlYXRlIjo2MDAwMDAwMDAwMDAsImRlbGV0ZSI6NjAwMDAwMDAwMDAwLCJ1cGRhdGUiOjYwMDAwMDAwMDAwMH0sInNjaGVtYV92ZXJzaW9uIjoiMSJ9",
          "dependencies": [
            "aws_eks_addon.ebs_csi",
            "data.aws_secretsmanager_secret_version.gg9_license",
            "helm_release.gridgain9",
            "kubernetes_namespace.gg9",
            "kubernetes_secret.gg9_license",
            "kubernetes_storage_class.gp3",
            "module.ebs_csi_irsa.aws_iam_policy.amazon_managed_service_prometheus",
            "module.ebs_csi_irsa.aws_iam_policy.appmesh_controller",
            "module.ebs_csi_irsa.aws_iam_policy.appmesh_envoy_proxy",
            "module.ebs_csi_irsa.aws_iam_policy.aws_gateway_controller",
            "module.ebs_csi_irsa.aws_iam_policy.cert_manager",
            "module.ebs_csi_irsa.aws_iam_policy.cluster_autoscaler",
            "module.ebs_csi_irsa.aws_iam_policy.ebs_csi",
            "module.ebs_csi_irsa.aws_iam_policy.efs_csi",
            "module.ebs_csi_irsa.aws_iam_policy.external_dns",
            "module.ebs_csi_irsa.aws_iam_policy.external_secrets",
            "module.ebs_csi_irsa.aws_iam_policy.fsx_lustre_csi",
            "module.ebs_csi_irsa.aws_iam_policy.fsx_openzfs_csi",
            "module.ebs_csi_irsa.aws_iam_policy.karpenter_controller",
            "module.ebs_csi_irsa.aws_iam_policy.load_balancer_controller",
            "module.ebs_csi_irsa.aws_iam_policy.load_balancer_controller_targetgroup_only",
            "module.ebs_csi_irsa.aws_iam_policy.mountpoint_s3_csi",
            "module.ebs_csi_irsa.aws_iam_policy.node_termination_handler",
            "module.ebs_csi_irsa.aws_iam_policy.velero",
            "module.ebs_csi_irsa.aws_iam_policy.vpc_cni",
            "module.ebs_csi_irsa.aws_iam_role.this",
            "module.ebs_csi_irsa.aws_iam_role_policy_attachment.amazon_cloudwatch_observability",
            "module.ebs_csi_irsa.aws_iam_role_policy_attachment.amazon_managed_service_prometheus",
            "module.ebs_csi_irsa.aws_iam_role_policy_attachment.appmesh_controller",
            "module.ebs_csi_irsa.aws_iam_role_policy_attachment.appmesh_envoy_proxy",
            "module.ebs_csi_irsa.aws_iam_role_policy_attachment.aws_gateway_controller",
            "module.ebs_csi_irsa.aws_iam_role_policy_attachment.cert_manager",
            "module.ebs_csi_irsa.aws_iam_role_policy_attachment.cluster_autoscaler",
            "module.ebs_csi_irsa.aws_iam_role_policy_attachment.ebs_csi",
            "module.ebs_csi_irsa.aws_iam_role_policy_attachment.efs_csi",
            "module.ebs_csi_irsa.aws_iam_role_policy_attachment.external_dns",
            "module.ebs_csi_irsa.aws_iam_role_policy_attachment.external_secrets",
            "module.ebs_csi_irsa.aws_iam_role_policy_attachment.fsx_lustre_csi",
            "module.ebs_csi_irsa.aws_iam_role_policy_attachment.fsx_openzfs_csi",
            "module.ebs_csi_irsa.aws_iam_role_policy_attachment.karpenter_controller",
            "module.ebs_csi_irsa.aws_iam_role_policy_attachment.load_balancer_controller",
            "module.ebs_csi_irsa.aws_iam_role_policy_attachment.load_balancer_controller_targetgroup_only",
            "module.ebs_csi_irsa.aws_iam_role_policy_attachment.mountpoint_s3_csi",
            "module.ebs_csi_irsa.aws_iam_role_policy_attachment.node_termination_handler",
            "module.ebs_csi_irsa.aws_iam_role_policy_attachment.this",
            "module.ebs_csi_irsa.aws_iam_role_policy_attachment.velero",
            "module.ebs_csi_irsa.aws_iam_role_policy_attachment.vpc_cni",
            "module.ebs_csi_irsa.data.aws_caller_identity.current",
            "module.ebs_csi_irsa.data.aws_iam_policy_document.amazon_managed_service_prometheus",
            "module.ebs_csi_irsa.data.aws_iam_policy_document.appmesh_controller",
            "module.ebs_csi_irsa.data.aws_iam_policy_document.appmesh_envoy_proxy",
            "module.ebs_csi_irsa.data.aws_iam_policy_document.aws_gateway_controller",
            "module.ebs_csi_irsa.data.aws_iam_policy_document.cert_manager",
            "module.ebs_csi_irsa.data.aws_iam_policy_document.cluster_autoscaler",
            "module.ebs_csi_irsa.data.aws_iam_policy_document.ebs_csi",
            "module.ebs_csi_irsa.data.aws_iam_policy_document.efs_csi",
            "module.ebs_csi_irsa.data.aws_iam_policy_document.external_dns",
            "module.ebs_csi_irsa.data.aws_iam_policy_document.external_secrets",
            "module.ebs_csi_irsa.data.aws_iam_policy_document.fsx_lustre_csi",
            "module.ebs_csi_irsa.data.aws_iam_policy_document.fsx_openzfs_csi",
            "module.ebs_csi_irsa.data.aws_iam_policy_document.karpenter_controller",
            "module.ebs_csi_irsa.data.aws_iam_policy_document.load_balancer_controller",
            "module.ebs_csi_irsa.data.aws_iam_policy_document.load_balancer_controller_targetgroup_only",
            "module.ebs_csi_irsa.data.aws_iam_policy_document.mountpoint_s3_csi",
            "module.ebs_csi_irsa.data.aws_iam_policy_document.node_termination_handler",
            "module.ebs_csi_irsa.data.aws_iam_policy_document.this",
            "module.ebs_csi_irsa.data.aws_iam_policy_document.velero",
            "module.ebs_csi_irsa.data.aws_iam_policy_document.vpc_cni",
            "module.ebs_csi_irsa.data.aws_partition.current",
            "module.ebs_csi_irsa.data.aws_region.current",
            "module.eks.aws_cloudwatch_log_group.this",
            "module.eks.aws_ec2_tag.cluster_primary_security_group",
            "module.eks.aws_eks_access_entry.this",
            "module.eks.aws_eks_access_policy_association.this",
            "module.eks.aws_eks_addon.before_compute",
            "module.eks.aws_eks_addon.this",
            "module.eks.aws_eks_cluster.this",
            "module.eks.aws_eks_identity_provider_config.this",
            "module.eks.aws_iam_openid_connect_provider.oidc_provider",
            "module.eks.aws_iam_policy.cluster_encryption",
            "module.eks.aws_iam_policy.cni_ipv6_policy",
            "module.eks.aws_iam_policy.custom",
            "module.eks.aws_iam_role.eks_auto",
            "module.eks.aws_iam_role.this",
            "module.eks.aws_iam_role_policy_attachment.additional",
            "module.eks.aws_iam_role_policy_attachment.cluster_encryption",
            "module.eks.aws_iam_role_policy_attachment.custom",
            "module.eks.aws_iam_role_policy_attachment.eks_auto",
            "module.eks.aws_iam_role_policy_attachment.eks_auto_additional",
            "module.eks.aws_iam_role_policy_attachment.this",
            "module.eks.aws_security_group.cluster",
            "module.eks.aws_security_group.node",
            "module.eks.aws_security_group_rule.cluster",
            "module.eks.aws_security_group_rule.node",
            "module.eks.data.aws_caller_identity.current",
            "module.eks.data.aws_eks_addon_version.this",
            "module.eks.data.aws_iam_policy_document.assume_role_policy",
            "module.eks.data.aws_iam_policy_document.cni_ipv6_policy",
            "module.eks.data.aws_iam_policy_document.custom",
            "module.eks.data.aws_iam_policy_document.node_assume_role_policy",
            "module.eks.data.aws_iam_session_context.current",
            "module.eks.data.aws_partition.current",
            "module.eks.data.tls_certificate.this",
            "module.eks.module.eks_managed_node_group.aws_autoscaling_schedule.this",
            "module.eks.module.eks_managed_node_group.aws_eks_node_group.this",
            "module.eks.module.eks_managed_node_group.aws_iam_role.this",
            "module.eks.module.eks_managed_node_group.aws_iam_role_policy.this",
            "module.eks.module.eks_managed_node_group.aws_iam_role_policy_attachment.additional",
            "module.eks.module.eks_managed_node_group.aws_iam_role_policy_attachment.this",
            "module.eks.module.eks_managed_node_group.aws_launch_template.this",
            "module.eks.module.eks_managed_node_group.aws_placement_group.this",
            "module.eks.module.eks_managed_node_group.data.aws_caller_identity.current",
            "module.eks.module.eks_managed_node_group.data.aws_ec2_instance_type.this",
            "module.eks.module.eks_managed_node_group.data.aws_ec2_instance_type_offerings.this",
            "module.eks.module.eks_managed_node_group.data.aws_iam_policy_document.assume_role_policy",
            "module.eks.module.eks_managed_node_group.data.aws_iam_policy_document.role",
            "module.eks.module.eks_managed_node_group.data.aws_partition.current",
            "module.eks.module.eks_managed_node_group.data.aws_ssm_parameter.ami",
            "module.eks.module.eks_managed_node_group.data.aws_subnets.placement_group",
            "module.eks.module.eks_managed_node_group.module.user_data.data.cloudinit_config.al2023_eks_managed_node_group",
            "module.eks.module.eks_managed_node_group.module.user_data.data.cloudinit_config.linux_eks_managed_node_group",
            "module.eks.module.eks_managed_node_group.module.user_data.null_resource.validate_cluster_service_cidr",
            "module.eks.module.fargate_profile.aws_eks_fargate_profile.this",
            "module.eks.module.fargate_profile.aws_iam_role.this",
            "module.eks.module.fargate_profile.aws_iam_role_policy.this",
            "module.eks.module.fargate_profile.aws_iam_role_policy_attachment.additional",
            "module.eks.module.fargate_profile.aws_iam_role_policy_attachment.this",
            "module.eks.module.fargate_profile.data.aws_caller_identity.current",
            "module.eks.module.fargate_profile.data.aws_iam_policy_document.assume_role_policy",
            "module.eks.module.fargate_profile.data.aws_iam_policy_document.role",
            "module.eks.module.fargate_profile.data.aws_partition.current",
            "module.eks.module.fargate_profile.data.aws_region.current",
            "module.eks.module.kms.aws_kms_alias.this",
            "module.eks.module.kms.aws_kms_external_key.this",
            "module.eks.module.kms.aws_kms_grant.this",
            "module.eks.module.kms.aws_kms_key.this",
            "module.eks.module.kms.aws_kms_replica_external_key.this",
            "module.eks.module.kms.aws_kms_replica_key.this",
            "module.eks.module.kms.data.aws_caller_identity.current",
            "module.eks.module.kms.data.aws_iam_policy_document.this",
            "module.eks.module.kms.data.aws_partition.current",
            "module.eks.module.self_managed_node_group.aws_autoscaling_group.this",
            "module.eks.module.self_managed_node_group.aws_autoscaling_schedule.this",
            "module.eks.module.self_managed_node_group.aws_eks_access_entry.this",
            "module.eks.module.self_managed_node_group.aws_iam_instance_profile.this",
            "module.eks.module.self_managed_node_group.aws_iam_role.this",
            "module.eks.module.self_managed_node_group.aws_iam_role_policy.this",
            "module.eks.module.self_managed_node_group.aws_iam_role_policy_attachment.additional",
            "module.eks.module.self_managed_node_group.aws_iam_role_policy_attachment.this",
            "module.eks.module.self_managed_node_group.aws_launch_template.this",
            "module.eks.module.self_managed_node_group.aws_placement_group.this",
            "module.eks.module.self_managed_node_group.data.aws_caller_identity.current",
            "module.eks.module.self_managed_node_group.data.aws_ec2_instance_type.this",
            "module.eks.module.self_managed_node_group.data.aws_ec2_instance_type_offerings.this",
            "module.eks.module.self_managed_node_group.data.aws_iam_policy_document.assume_role_policy",
            "module.eks.module.self_managed_node_group.data.aws_iam_policy_document.role",
            "module.eks.module.self_managed_node_group.data.aws_partition.current",
            "module.eks.module.self_managed_node_group.data.aws_ssm_parameter.ami",
            "module.eks.module.self_managed_node_group.data.aws_subnets.placement_group",
            "module.eks.module.self_managed_node_group.module.user_data.data.cloudinit_config.al2023_eks_managed_node_group",
            "module.eks.module.self_managed_node_group.module.user_data.data.cloudinit_config.linux_eks_managed_node_group",
            "module.eks.module.self_managed_node_group.module.user_data.null_resource.validate_cluster_service_cidr",
            "module.eks.time_sleep.this",
            "module.vpc_east.aws_subnet.public",
            "module.vpc_east.aws_vpc.this",
            "module.vpc_east.aws_vpc_ipv4_cidr_block_association.this"
          ]
        }
      ]
    },
    {
      "mode": "managed",
      "type": "kubernetes_deployment",
      "name": "sqlserver_sync",
      "provider": "provider[\"registry.terraform.io/hashicorp/kubernetes\"]",
      "instances": [
        {
          "schema_version": 1,
          "attributes": {
            "id": "gridgain/sqlserver-sync",
            "metadata": [
              {
                "annotations": {},
                "generate_name": "",
                "generation": 4,
                "labels": {
                  "app": "sqlserver-sync"
                },
                "name": "sqlserver-sync",
                "namespace": "gridgain",
                "resource_version": "13261",
                "uid": "375ff2d6-a234-48e4-872a-4107f83b4c19"
              }
            ],
            "spec": [
              {
                "min_ready_seconds": 0,
                "paused": false,
                "progress_deadline_seconds": 600,
                "replicas": "0",
                "revision_history_limit": 10,
                "selector": [
                  {
                    "match_expressions": [],
                    "match_labels": {
                      "app": "sqlserver-sync"
                    }
                  }
                ],
                "strategy": [
                  {
                    "rolling_update": [
                      {
                        "max_surge": "25%",
                        "max_unavailable": "25%"
                      }
                    ],
                    "type": "RollingUpdate"
                  }
                ],
                "template": [
                  {
                    "metadata": [
                      {
                        "annotations": {},
                        "generate_name": "",
                        "generation": 0,
                        "labels": {
                          "app": "sqlserver-sync"
                        },
                        "name": "",
                        "namespace": "",
                        "resource_version": "",
                        "uid": ""
                      }
                    ],
                    "spec": [
                      {
                        "active_deadline_seconds": 0,
                        "affinity": [],
                        "automount_service_account_token": true,
                        "container": [
                          {
                            "args": [
                              "-sqlserver",
                              "$(SQLSERVER_CONN)",
                              "-gg-host",
                              "gg9-gridgain9-client.gridgain.svc.cluster.local",
                              "-gg-port",
                              "$(GG_PORT)",
                              "-gg-user",
                              "$(GG_USER)",
                              "-gg-password",
                              "$(GG_PASS)",
                              "-tables",
                              "$(SYNC_TABLES)",
                              "-interval",
                              "$(SYNC_INTERVAL)"
                            ],
                            "command": [],
                            "env": [],
                            "env_from": [
                              {
                                "config_map_ref": [
                                  {
                                    "name": "sqlserver-sync-config",
                                    "optional": false
                                  }
                                ],
                                "prefix": "",
                                "secret_ref": []
                              },
                              {
                                "config_map_ref": [],
                                "prefix": "",
                                "secret_ref": [
                                  {
                                    "name": "sqlserver-sync-secrets",
                                    "optional": false
                                  }
                                ]
                              }
                            ],
                            "image": "nelzir/sqlserver-sync:latest",
                            "image_pull_policy": "Always",
                            "lifecycle": [],
                            "liveness_probe": [],
                            "name": "sync",
                            "port": [],
                            "readiness_probe": [],
                            "resources": [
                              {
                                "limits": {
                                  "cpu": "200m",
                                  "memory": "128Mi"
                                },
                                "requests": {
                                  "cpu": "100m",
                                  "memory": "64Mi"
                                }
                              }
                            ],
                            "security_context": [],
                            "startup_probe": [],
                            "stdin": false,
                            "stdin_once": false,
                            "termination_message_path": "/dev/termination-log",
                            "termination_message_policy": "File",
                            "tty": false,
                            "volume_device": [],
                            "volume_mount": [],
                            "working_dir": ""
                          }
                        ],
                        "dns_config": [],
                        "dns_policy": "ClusterFirst",
                        "enable_service_links": true,
                        "host_aliases": [],
                        "host_ipc": false,
                        "host_network": false,
                        "host_pid": false,
                        "hostname": "",
                        "image_pull_secrets": [],
                        "init_container": [],
                        "node_name": "",
                        "node_selector": {
                          "role": "system"
                        },
                        "os": [],
                        "priority_class_name": "",
                        "readiness_gate": [],
                        "restart_policy": "Always",
                        "runtime_class_name": "",
                        "scheduler_name": "default-scheduler",
                        "security_context": [],
                        "service_account_name": "",
                        "share_process_namespace": false,
                        "subdomain": "",
                        "termination_grace_period_seconds": 30,
                        "toleration": [],
                        "topology_spread_constraint": [],
                        "volume": []
                      }
                    ]
                  }
                ]
              }
            ],
            "timeouts": null,
            "wait_for_rollout": true
          },
          "sensitive_attributes": [],
          "identity_schema_version": 1,
          "identity": {
            "api_version": "apps/v1",
            "kind": "Deployment",
            "name": "sqlserver-sync",
            "namespace": "gridgain"
          },
          "private": "eyJlMmJmYjczMC1lY2FhLTExZTYtOGY4OC0zNDM2M2JjN2M0YzAiOnsiY3JlYXRlIjo2MDAwMDAwMDAwMDAsImRlbGV0ZSI6NjAwMDAwMDAwMDAwLCJ1cGRhdGUiOjYwMDAwMDAwMDAwMH0sInNjaGVtYV92ZXJzaW9uIjoiMSJ9",
          "dependencies": [
            "aws_eks_addon.ebs_csi",
            "aws_iam_instance_profile.sqlserver",
            "aws_iam_role.sqlserver",
            "aws_instance.sqlserver",
            "aws_security_group.sqlserver",
            "data.aws_ami.sqlserver",
            "data.aws_secretsmanager_secret_version.gg9_license",
            "helm_release.gridgain9",
            "kubernetes_config_map.sqlserver_sync",
            "kubernetes_namespace.gg9",
            "kubernetes_secret.gg9_license",
            "kubernetes_secret.sqlserver_sync",
            "kubernetes_storage_class.gp3",
            "module.ebs_csi_irsa.aws_iam_policy.amazon_managed_service_prometheus",
            "module.ebs_csi_irsa.aws_iam_policy.appmesh_controller",
            "module.ebs_csi_irsa.aws_iam_policy.appmesh_envoy_proxy",
            "module.ebs_csi_irsa.aws_iam_policy.aws_gateway_controller",
            "module.ebs_csi_irsa.aws_iam_policy.cert_manager",
            "module.ebs_csi_irsa.aws_iam_policy.cluster_autoscaler",
            "module.ebs_csi_irsa.aws_iam_policy.ebs_csi",
            "module.ebs_csi_irsa.aws_iam_policy.efs_csi",
            "module.ebs_csi_irsa.aws_iam_policy.external_dns",
            "module.ebs_csi_irsa.aws_iam_policy.external_secrets",
            "module.ebs_csi_irsa.aws_iam_policy.fsx_lustre_csi",
            "module.ebs_csi_irsa.aws_iam_policy.fsx_openzfs_csi",
            "module.ebs_csi_irsa.aws_iam_policy.karpenter_controller",
            "module.ebs_csi_irsa.aws_iam_policy.load_balancer_controller",
            "module.ebs_csi_irsa.aws_iam_policy.load_balancer_controller_targetgroup_only",
            "module.ebs_csi_irsa.aws_iam_policy.mountpoint_s3_csi",
            "module.ebs_csi_irsa.aws_iam_policy.node_termination_handler",
            "module.ebs_csi_irsa.aws_iam_policy.velero",
            "module.ebs_csi_irsa.aws_iam_policy.vpc_cni",
            "module.ebs_csi_irsa.aws_iam_role.this",
            "module.ebs_csi_irsa.aws_iam_role_policy_attachment.amazon_cloudwatch_observability",
            "module.ebs_csi_irsa.aws_iam_role_policy_attachment.amazon_managed_service_prometheus",
            "module.ebs_csi_irsa.aws_iam_role_policy_attachment.appmesh_controller",
            "module.ebs_csi_irsa.aws_iam_role_policy_attachment.appmesh_envoy_proxy",
            "module.ebs_csi_irsa.aws_iam_role_policy_attachment.aws_gateway_controller",
            "module.ebs_csi_irsa.aws_iam_role_policy_attachment.cert_manager",
            "module.ebs_csi_irsa.aws_iam_role_policy_attachment.cluster_autoscaler",
            "module.ebs_csi_irsa.aws_iam_role_policy_attachment.ebs_csi",
            "module.ebs_csi_irsa.aws_iam_role_policy_attachment.efs_csi",
            "module.ebs_csi_irsa.aws_iam_role_policy_attachment.external_dns",
            "module.ebs_csi_irsa.aws_iam_role_policy_attachment.external_secrets",
            "module.ebs_csi_irsa.aws_iam_role_policy_attachment.fsx_lustre_csi",
            "module.ebs_csi_irsa.aws_iam_role_policy_attachment.fsx_openzfs_csi",
            "module.ebs_csi_irsa.aws_iam_role_policy_attachment.karpenter_controller",
            "module.ebs_csi_irsa.aws_iam_role_policy_attachment.load_balancer_controller",
            "module.ebs_csi_irsa.aws_iam_role_policy_attachment.load_balancer_controller_targetgroup_only",
            "module.ebs_csi_irsa.aws_iam_role_policy_attachment.mountpoint_s3_csi",
            "module.ebs_csi_irsa.aws_iam_role_policy_attachment.node_termination_handler",
            "module.ebs_csi_irsa.aws_iam_role_policy_attachment.this",
            "module.ebs_csi_irsa.aws_iam_role_policy_attachment.velero",
            "module.ebs_csi_irsa.aws_iam_role_policy_attachment.vpc_cni",
            "module.ebs_csi_irsa.data.aws_caller_identity.current",
            "module.ebs_csi_irsa.data.aws_iam_policy_document.amazon_managed_service_prometheus",
            "module.ebs_csi_irsa.data.aws_iam_policy_document.appmesh_controller",
            "module.ebs_csi_irsa.data.aws_iam_policy_document.appmesh_envoy_proxy",
            "module.ebs_csi_irsa.data.aws_iam_policy_document.aws_gateway_controller",
            "module.ebs_csi_irsa.data.aws_iam_policy_document.cert_manager",
            "module.ebs_csi_irsa.data.aws_iam_policy_document.cluster_autoscaler",
            "module.ebs_csi_irsa.data.aws_iam_policy_document.ebs_csi",
            "module.ebs_csi_irsa.data.aws_iam_policy_document.efs_csi",
            "module.ebs_csi_irsa.data.aws_iam_policy_document.external_dns",
            "module.ebs_csi_irsa.data.aws_iam_policy_document.external_secrets",
            "module.ebs_csi_irsa.data.aws_iam_policy_document.fsx_lustre_csi",
            "module.ebs_csi_irsa.data.aws_iam_policy_document.fsx_openzfs_csi",
            "module.ebs_csi_irsa.data.aws_iam_policy_document.karpenter_controller",
            "module.ebs_csi_irsa.data.aws_iam_policy_document.load_balancer_controller",
            "module.ebs_csi_irsa.data.aws_iam_policy_document.load_balancer_controller_targetgroup_only",
            "module.ebs_csi_irsa.data.aws_iam_policy_document.mountpoint_s3_csi",
            "module.ebs_csi_irsa.data.aws_iam_policy_document.node_termination_handler",
            "module.ebs_csi_irsa.data.aws_iam_policy_document.this",
            "module.ebs_csi_irsa.data.aws_iam_policy_document.velero",
            "module.ebs_csi_irsa.data.aws_iam_policy_document.vpc_cni",
            "module.ebs_csi_irsa.data.aws_partition.current",
            "module.ebs_csi_irsa.data.aws_region.current",
            "module.eks.aws_cloudwatch_log_group.this",
            "module.eks.aws_ec2_tag.cluster_primary_security_group",
            "module.eks.aws_eks_access_entry.this",
            "module.eks.aws_eks_access_policy_association.this",
            "module.eks.aws_eks_addon.before_compute",
            "module.eks.aws_eks_addon.this",
            "module.eks.aws_eks_cluster.this",
            "module.eks.aws_eks_identity_provider_config.this",
            "module.eks.aws_iam_openid_connect_provider.oidc_provider",
            "module.eks.aws_iam_policy.cluster_encryption",
            "module.eks.aws_iam_policy.cni_ipv6_policy",
            "module.eks.aws_iam_policy.custom",
            "module.eks.aws_iam_role.eks_auto",
            "module.eks.aws_iam_role.this",
            "module.eks.aws_iam_role_policy_attachment.additional",
            "module.eks.aws_iam_role_policy_attachment.cluster_encryption",
            "module.eks.aws_iam_role_policy_attachment.custom",
            "module.eks.aws_iam_role_policy_attachment.eks_auto",
            "module.eks.aws_iam_role_policy_attachment.eks_auto_additional",
            "module.eks.aws_iam_role_policy_attachment.this",
            "module.eks.aws_security_group.cluster",
            "module.eks.aws_security_group.node",
            "module.eks.aws_security_group_rule.cluster",
            "module.eks.aws_security_group_rule.node",
            "module.eks.data.aws_caller_identity.current",
            "module.eks.data.aws_eks_addon_version.this",
            "module.eks.data.aws_iam_policy_document.assume_role_policy",
            "module.eks.data.aws_iam_policy_document.cni_ipv6_policy",
            "module.eks.data.aws_iam_policy_document.custom",
            "module.eks.data.aws_iam_policy_document.node_assume_role_policy",
            "module.eks.data.aws_iam_session_context.current",
            "module.eks.data.aws_partition.current",
            "module.eks.data.tls_certificate.this",
            "module.eks.module.eks_managed_node_group.aws_autoscaling_schedule.this",
            "module.eks.module.eks_managed_node_group.aws_eks_node_group.this",
            "module.eks.module.eks_managed_node_group.aws_iam_role.this",
            "module.eks.module.eks_managed_node_group.aws_iam_role_policy.this",
            "module.eks.module.eks_managed_node_group.aws_iam_role_policy_attachment.additional",
            "module.eks.module.eks_managed_node_group.aws_iam_role_policy_attachment.this",
            "module.eks.module.eks_managed_node_group.aws_launch_template.this",
            "module.eks.module.eks_managed_node_group.aws_placement_group.this",
            "module.eks.module.eks_managed_node_group.data.aws_caller_identity.current",
            "module.eks.module.eks_managed_node_group.data.aws_ec2_instance_type.this",
            "module.eks.module.eks_managed_node_group.data.aws_ec2_instance_type_offerings.this",
            "module.eks.module.eks_managed_node_group.data.aws_iam_policy_document.assume_role_policy",
            "module.eks.module.eks_managed_node_group.data.aws_iam_policy_document.role",
            "module.eks.module.eks_managed_node_group.data.aws_partition.current",
            "module.eks.module.eks_managed_node_group.data.aws_ssm_parameter.ami",
            "module.eks.module.eks_managed_node_group.data.aws_subnets.placement_group",
            "module.eks.module.eks_managed_node_group.module.user_data.data.cloudinit_config.al2023_eks_managed_node_group",
            "module.eks.module.eks_managed_node_group.module.user_data.data.cloudinit_config.linux_eks_managed_node_group",
            "module.eks.module.eks_managed_node_group.module.user_data.null_resource.validate_cluster_service_cidr",
            "module.eks.module.fargate_profile.aws_eks_fargate_profile.this",
            "module.eks.module.fargate_profile.aws_iam_role.this",
            "module.eks.module.fargate_profile.aws_iam_role_policy.this",
            "module.eks.module.fargate_profile.aws_iam_role_policy_attachment.additional",
            "module.eks.module.fargate_profile.aws_iam_role_policy_attachment.this",
            "module.eks.module.fargate_profile.data.aws_caller_identity.current",
            "module.eks.module.fargate_profile.data.aws_iam_policy_document.assume_role_policy",
            "module.eks.module.fargate_profile.data.aws_iam_policy_document.role",
            "module.eks.module.fargate_profile.data.aws_partition.current",
            "module.eks.module.fargate_profile.data.aws_region.current",
            "module.eks.module.kms.aws_kms_alias.this",
            "module.eks.module.kms.aws_kms_external_key.this",
            "module.eks.module.kms.aws_kms_grant.this",
            "module.eks.module.kms.aws_kms_key.this",
            "module.eks.module.kms.aws_kms_replica_external_key.this",
            "module.eks.module.kms.aws_kms_replica_key.this",
            "module.eks.module.kms.data.aws_caller_identity.current",
            "module.eks.module.kms.data.aws_iam_policy_document.this",
            "module.eks.module.kms.data.aws_partition.current",
            "module.eks.module.self_managed_node_group.aws_autoscaling_group.this",
            "module.eks.module.self_managed_node_group.aws_autoscaling_schedule.this",
            "module.eks.module.self_managed_node_group.aws_eks_access_entry.this",
            "module.eks.module.self_managed_node_group.aws_iam_instance_profile.this",
            "module.eks.module.self_managed_node_group.aws_iam_role.this",
            "module.eks.module.self_managed_node_group.aws_iam_role_policy.this",
            "module.eks.module.self_managed_node_group.aws_iam_role_policy_attachment.additional",
            "module.eks.module.self_managed_node_group.aws_iam_role_policy_attachment.this",
            "module.eks.module.self_managed_node_group.aws_launch_template.this",
            "module.eks.module.self_managed_node_group.aws_placement_group.this",
            "module.eks.module.self_managed_node_group.data.aws_caller_identity.current",
            "module.eks.module.self_managed_node_group.data.aws_ec2_instance_type.this",
            "module.eks.module.self_managed_node_group.data.aws_ec2_instance_type_offerings.this",
            "module.eks.module.self_managed_node_group.data.aws_iam_policy_document.assume_role_policy",
            "module.eks.module.self_managed_node_group.data.aws_iam_policy_document.role",
            "module.eks.module.self_managed_node_group.data.aws_partition.current",
            "module.eks.module.self_managed_node_group.data.aws_ssm_parameter.ami",
            "module.eks.module.self_managed_node_group.data.aws_subnets.placement_group",
            "module.eks.module.self_managed_node_group.module.user_data.data.cloudinit_config.al2023_eks_managed_node_group",
            "module.eks.module.self_managed_node_group.module.user_data.data.cloudinit_config.linux_eks_managed_node_group",
            "module.eks.module.self_managed_node_group.module.user_data.null_resource.validate_cluster_service_cidr",
            "module.eks.time_sleep.this",
            "module.vpc_east.aws_cloudwatch_log_group.flow_log",
            "module.vpc_east.aws_customer_gateway.this",
            "module.vpc_east.aws_db_subnet_group.database",
            "module.vpc_east.aws_default_network_acl.this",
            "module.vpc_east.aws_default_route_table.default",
            "module.vpc_east.aws_default_security_group.this",
            "module.vpc_east.aws_default_vpc.this",
            "module.vpc_east.aws_egress_only_internet_gateway.this",
            "module.vpc_east.aws_eip.nat",
            "module.vpc_east.aws_elasticache_subnet_group.elasticache",
            "module.vpc_east.aws_flow_log.this",
            "module.vpc_east.aws_iam_policy.vpc_flow_log_cloudwatch",
            "module.vpc_east.aws_iam_role.vpc_flow_log_cloudwatch",
            "module.vpc_east.aws_iam_role_policy_attachment.vpc_flow_log_cloudwatch",
            "module.vpc_east.aws_internet_gateway.this",
            "module.vpc_east.aws_nat_gateway.this",
            "module.vpc_east.aws_network_acl.database",
            "module.vpc_east.aws_network_acl.elasticache",
            "module.vpc_east.aws_network_acl.intra",
            "module.vpc_east.aws_network_acl.outpost",
            "module.vpc_east.aws_network_acl.private",
            "module.vpc_east.aws_network_acl.public",
            "module.vpc_east.aws_network_acl.redshift",
            "module.vpc_east.aws_network_acl_rule.database_inbound",
            "module.vpc_east.aws_network_acl_rule.database_outbound",
            "module.vpc_east.aws_network_acl_rule.elasticache_inbound",
            "module.vpc_east.aws_network_acl_rule.elasticache_outbound",
            "module.vpc_east.aws_network_acl_rule.intra_inbound",
            "module.vpc_east.aws_network_acl_rule.intra_outbound",
            "module.vpc_east.aws_network_acl_rule.outpost_inbound",
            "module.vpc_east.aws_network_acl_rule.outpost_outbound",
            "module.vpc_east.aws_network_acl_rule.private_inbound",
            "module.vpc_east.aws_network_acl_rule.private_outbound",
            "module.vpc_east.aws_network_acl_rule.public_inbound",
            "module.vpc_east.aws_network_acl_rule.public_outbound",
            "module.vpc_east.aws_network_acl_rule.redshift_inbound",
            "module.vpc_east.aws_network_acl_rule.redshift_outbound",
            "module.vpc_east.aws_redshift_subnet_group.redshift",
            "module.vpc_east.aws_route.database_dns64_nat_gateway",
            "module.vpc_east.aws_route.database_internet_gateway",
            "module.vpc_east.aws_route.database_ipv6_egress",
            "module.vpc_east.aws_route.database_nat_gateway",
            "module.vpc_east.aws_route.private_dns64_nat_gateway",
            "module.vpc_east.aws_route.private_ipv6_egress",
            "module.vpc_east.aws_route.private_nat_gateway",
            "module.vpc_east.aws_route.public_internet_gateway",
            "module.vpc_east.aws_route.public_internet_gateway_ipv6",
            "module.vpc_east.aws_route_table.database",
            "module.vpc_east.aws_route_table.elasticache",
            "module.vpc_east.aws_route_table.intra",
            "module.vpc_east.aws_route_table.private",
            "module.vpc_east.aws_route_table.public",
            "module.vpc_east.aws_route_table.redshift",
            "module.vpc_east.aws_route_table_association.database",
            "module.vpc_east.aws_route_table_association.elasticache",
            "module.vpc_east.aws_route_table_association.intra",
            "module.vpc_east.aws_route_table_association.outpost",
            "module.vpc_east.aws_route_table_association.private",
            "module.vpc_east.aws_route_table_association.public",
            "module.vpc_east.aws_route_table_association.redshift",
            "module.vpc_east.aws_route_table_association.redshift_public",
            "module.vpc_east.aws_subnet.database",
            "module.vpc_east.aws_subnet.elasticache",
            "module.vpc_east.aws_subnet.intra",
            "module.vpc_east.aws_subnet.outpost",
            "module.vpc_east.aws_subnet.private",
            "module.vpc_east.aws_subnet.public",
            "module.vpc_east.aws_subnet.redshift",
            "module.vpc_east.aws_vpc.this",
            "module.vpc_east.aws_vpc_block_public_access_exclusion.this",
            "module.vpc_east.aws_vpc_block_public_access_options.this",
            "module.vpc_east.aws_vpc_dhcp_options.this",
            "module.vpc_east.aws_vpc_dhcp_options_association.this",
            "module.vpc_east.aws_vpc_ipv4_cidr_block_association.this",
            "module.vpc_east.aws_vpn_gateway.this",
            "module.vpc_east.aws_vpn_gateway_attachment.this",
            "module.vpc_east.aws_vpn_gateway_route_propagation.intra",
            "module.vpc_east.aws_vpn_gateway_route_propagation.private",
            "module.vpc_east.aws_vpn_gateway_route_propagation.public",
            "module.vpc_east.data.aws_caller_identity.current",
            "module.vpc_east.data.aws_iam_policy_document.flow_log_cloudwatch_assume_role",
            "module.vpc_east.data.aws_iam_policy_document.vpc_flow_log_cloudwatch",
            "module.vpc_east.data.aws_partition.current",
            "module.vpc_east.data.aws_region.current"
          ]
        }
      ]
    },
    {
      "mode": "managed",
      "type": "kubernetes_namespace",
      "name": "gg9",
      "provider": "provider[\"registry.terraform.io/hashicorp/kubernetes\"]",
      "instances": [
        {
          "schema_version": 0,
          "attributes": {
            "id": "gridgain",
            "metadata": [
              {
                "annotations": {},
                "generate_name": "",
                "generation": 0,
                "labels": {},
                "name": "gridgain",
                "resource_version": "1571",
                "uid": "892f99e1-9af1-4438-963d-114b1fd0c0e3"
              }
            ],
            "timeouts": null,
            "wait_for_default_service_account": false
          },
          "sensitive_attributes": [],
          "identity_schema_version": 1,
          "identity": {
            "api_version": "v1",
            "kind": "Namespace",
            "name": "gridgain"
          },
          "private": "eyJlMmJmYjczMC1lY2FhLTExZTYtOGY4OC0zNDM2M2JjN2M0YzAiOnsiZGVsZXRlIjozMDAwMDAwMDAwMDB9fQ==",
          "dependencies": [
            "module.eks.aws_cloudwatch_log_group.this",
            "module.eks.aws_ec2_tag.cluster_primary_security_group",
            "module.eks.aws_eks_access_entry.this",
            "module.eks.aws_eks_access_policy_association.this",
            "module.eks.aws_eks_addon.before_compute",
            "module.eks.aws_eks_addon.this",
            "module.eks.aws_eks_cluster.this",
            "module.eks.aws_eks_identity_provider_config.this",
            "module.eks.aws_iam_openid_connect_provider.oidc_provider",
            "module.eks.aws_iam_policy.cluster_encryption",
            "module.eks.aws_iam_policy.cni_ipv6_policy",
            "module.eks.aws_iam_policy.custom",
            "module.eks.aws_iam_role.eks_auto",
            "module.eks.aws_iam_role.this",
            "module.eks.aws_iam_role_policy_attachment.additional",
            "module.eks.aws_iam_role_policy_attachment.cluster_encryption",
            "module.eks.aws_iam_role_policy_attachment.custom",
            "module.eks.aws_iam_role_policy_attachment.eks_auto",
            "module.eks.aws_iam_role_policy_attachment.eks_auto_additional",
            "module.eks.aws_iam_role_policy_attachment.this",
            "module.eks.aws_security_group.cluster",
            "module.eks.aws_security_group.node",
            "module.eks.aws_security_group_rule.cluster",
            "module.eks.aws_security_group_rule.node",
            "module.eks.data.aws_caller_identity.current",
            "module.eks.data.aws_eks_addon_version.this",
            "module.eks.data.aws_iam_policy_document.assume_role_policy",
            "module.eks.data.aws_iam_policy_document.cni_ipv6_policy",
            "module.eks.data.aws_iam_policy_document.custom",
            "module.eks.data.aws_iam_policy_document.node_assume_role_policy",
            "module.eks.data.aws_iam_session_context.current",
            "module.eks.data.aws_partition.current",
            "module.eks.data.tls_certificate.this",
            "module.eks.module.eks_managed_node_group.aws_autoscaling_schedule.this",
            "module.eks.module.eks_managed_node_group.aws_eks_node_group.this",
            "module.eks.module.eks_managed_node_group.aws_iam_role.this",
            "module.eks.module.eks_managed_node_group.aws_iam_role_policy.this",
            "module.eks.module.eks_managed_node_group.aws_iam_role_policy_attachment.additional",
            "module.eks.module.eks_managed_node_group.aws_iam_role_policy_attachment.this",
            "module.eks.module.eks_managed_node_group.aws_launch_template.this",
            "module.eks.module.eks_managed_node_group.aws_placement_group.this",
            "module.eks.module.eks_managed_node_group.data.aws_caller_identity.current",
            "module.eks.module.eks_managed_node_group.data.aws_ec2_instance_type.this",
            "module.eks.module.eks_managed_node_group.data.aws_ec2_instance_type_offerings.this",
            "module.eks.module.eks_managed_node_group.data.aws_iam_policy_document.assume_role_policy",
            "module.eks.module.eks_managed_node_group.data.aws_iam_policy_document.role",
            "module.eks.module.eks_managed_node_group.data.aws_partition.current",
            "module.eks.module.eks_managed_node_group.data.aws_ssm_parameter.ami",
            "module.eks.module.eks_managed_node_group.data.aws_subnets.placement_group",
            "module.eks.module.eks_managed_node_group.module.user_data.data.cloudinit_config.al2023_eks_managed_node_group",
            "module.eks.module.eks_managed_node_group.module.user_data.data.cloudinit_config.linux_eks_managed_node_group",
            "module.eks.module.eks_managed_node_group.module.user_data.null_resource.validate_cluster_service_cidr",
            "module.eks.module.fargate_profile.aws_eks_fargate_profile.this",
            "module.eks.module.fargate_profile.aws_iam_role.this",
            "module.eks.module.fargate_profile.aws_iam_role_policy.this",
            "module.eks.module.fargate_profile.aws_iam_role_policy_attachment.additional",
            "module.eks.module.fargate_profile.aws_iam_role_policy_attachment.this",
            "module.eks.module.fargate_profile.data.aws_caller_identity.current",
            "module.eks.module.fargate_profile.data.aws_iam_policy_document.assume_role_policy",
            "module.eks.module.fargate_profile.data.aws_iam_policy_document.role",
            "module.eks.module.fargate_profile.data.aws_partition.current",
            "module.eks.module.fargate_profile.data.aws_region.current",
            "module.eks.module.kms.aws_kms_alias.this",
            "module.eks.module.kms.aws_kms_external_key.this",
            "module.eks.module.kms.aws_kms_grant.this",
            "module.eks.module.kms.aws_kms_key.this",
            "module.eks.module.kms.aws_kms_replica_external_key.this",
            "module.eks.module.kms.aws_kms_replica_key.this",
            "module.eks.module.kms.data.aws_caller_identity.current",
            "module.eks.module.kms.data.aws_iam_policy_document.this",
            "module.eks.module.kms.data.aws_partition.current",
            "module.eks.module.self_managed_node_group.aws_autoscaling_group.this",
            "module.eks.module.self_managed_node_group.aws_autoscaling_schedule.this",
            "module.eks.module.self_managed_node_group.aws_eks_access_entry.this",
            "module.eks.module.self_managed_node_group.aws_iam_instance_profile.this",
            "module.eks.module.self_managed_node_group.aws_iam_role.this",
            "module.eks.module.self_managed_node_group.aws_iam_role_policy.this",
            "module.eks.module.self_managed_node_group.aws_iam_role_policy_attachment.additional",
            "module.eks.module.self_managed_node_group.aws_iam_role_policy_attachment.this",
            "module.eks.module.self_managed_node_group.aws_launch_template.this",
            "module.eks.module.self_managed_node_group.aws_placement_group.this",
            "module.eks.module.self_managed_node_group.data.aws_caller_identity.current",
            "module.eks.module.self_managed_node_group.data.aws_ec2_instance_type.this",
            "module.eks.module.self_managed_node_group.data.aws_ec2_instance_type_offerings.this",
            "module.eks.module.self_managed_node_group.data.aws_iam_policy_document.assume_role_policy",
            "module.eks.module.self_managed_node_group.data.aws_iam_policy_document.role",
            "module.eks.module.self_managed_node_group.data.aws_partition.current",
            "module.eks.module.self_managed_node_group.data.aws_ssm_parameter.ami",
            "module.eks.module.self_managed_node_group.data.aws_subnets.placement_group",
            "module.eks.module.self_managed_node_group.module.user_data.data.cloudinit_config.al2023_eks_managed_node_group",
            "module.eks.module.self_managed_node_group.module.user_data.data.cloudinit_config.linux_eks_managed_node_group",
            "module.eks.module.self_managed_node_group.module.user_data.null_resource.validate_cluster_service_cidr",
            "module.eks.time_sleep.this",
            "module.vpc_east.aws_subnet.public",
            "module.vpc_east.aws_vpc.this",
            "module.vpc_east.aws_vpc_ipv4_cidr_block_association.this"
          ]
        }
      ]
    },
    {
      "mode": "managed",
      "type": "kubernetes_namespace",
      "name": "gg9_west",
      "provider": "provider[\"registry.terraform.io/hashicorp/kubernetes\"].west",
      "instances": [
        {
          "schema_version": 0,
          "attributes": {
            "id": "gridgain",
            "metadata": [
              {
                "annotations": {},
                "generate_name": "",
                "generation": 0,
                "labels": {},
                "name": "gridgain",
                "resource_version": "1534",
                "uid": "f12816fd-f854-4ed7-83cd-146c5298111a"
              }
            ],
            "timeouts": null,
            "wait_for_default_service_account": false
          },
          "sensitive_attributes": [],
          "identity_schema_version": 1,
          "identity": {
            "api_version": "v1",
            "kind": "Namespace",
            "name": "gridgain"
          },
          "private": "eyJlMmJmYjczMC1lY2FhLTExZTYtOGY4OC0zNDM2M2JjN2M0YzAiOnsiZGVsZXRlIjozMDAwMDAwMDAwMDB9fQ==",
          "dependencies": [
            "module.eks_west.aws_cloudwatch_log_group.this",
            "module.eks_west.aws_ec2_tag.cluster_primary_security_group",
            "module.eks_west.aws_eks_access_entry.this",
            "module.eks_west.aws_eks_access_policy_association.this",
            "module.eks_west.aws_eks_addon.before_compute",
            "module.eks_west.aws_eks_addon.this",
            "module.eks_west.aws_eks_cluster.this",
            "module.eks_west.aws_eks_identity_provider_config.this",
            "module.eks_west.aws_iam_openid_connect_provider.oidc_provider",
            "module.eks_west.aws_iam_policy.cluster_encryption",
            "module.eks_west.aws_iam_policy.cni_ipv6_policy",
            "module.eks_west.aws_iam_policy.custom",
            "module.eks_west.aws_iam_role.eks_auto",
            "module.eks_west.aws_iam_role.this",
            "module.eks_west.aws_iam_role_policy_attachment.additional",
            "module.eks_west.aws_iam_role_policy_attachment.cluster_encryption",
            "module.eks_west.aws_iam_role_policy_attachment.custom",
            "module.eks_west.aws_iam_role_policy_attachment.eks_auto",
            "module.eks_west.aws_iam_role_policy_attachment.eks_auto_additional",
            "module.eks_west.aws_iam_role_policy_attachment.this",
            "module.eks_west.aws_security_group.cluster",
            "module.eks_west.aws_security_group.node",
            "module.eks_west.aws_security_group_rule.cluster",
            "module.eks_west.aws_security_group_rule.node",
            "module.eks_west.data.aws_caller_identity.current",
            "module.eks_west.data.aws_eks_addon_version.this",
            "module.eks_west.data.aws_iam_policy_document.assume_role_policy",
            "module.eks_west.data.aws_iam_policy_document.cni_ipv6_policy",
            "module.eks_west.data.aws_iam_policy_document.custom",
            "module.eks_west.data.aws_iam_policy_document.node_assume_role_policy",
            "module.eks_west.data.aws_iam_session_context.current",
            "module.eks_west.data.aws_partition.current",
            "module.eks_west.data.tls_certificate.this",
            "module.eks_west.module.eks_managed_node_group.aws_autoscaling_schedule.this",
            "module.eks_west.module.eks_managed_node_group.aws_eks_node_group.this",
            "module.eks_west.module.eks_managed_node_group.aws_iam_role.this",
            "module.eks_west.module.eks_managed_node_group.aws_iam_role_policy.this",
            "module.eks_west.module.eks_managed_node_group.aws_iam_role_policy_attachment.additional",
            "module.eks_west.module.eks_managed_node_group.aws_iam_role_policy_attachment.this",
            "module.eks_west.module.eks_managed_node_group.aws_launch_template.this",
            "module.eks_west.module.eks_managed_node_group.aws_placement_group.this",
            "module.eks_west.module.eks_managed_node_group.data.aws_caller_identity.current",
            "module.eks_west.module.eks_managed_node_group.data.aws_ec2_instance_type.this",
            "module.eks_west.module.eks_managed_node_group.data.aws_ec2_instance_type_offerings.this",
            "module.eks_west.module.eks_managed_node_group.data.aws_iam_policy_document.assume_role_policy",
            "module.eks_west.module.eks_managed_node_group.data.aws_iam_policy_document.role",
            "module.eks_west.module.eks_managed_node_group.data.aws_partition.current",
            "module.eks_west.module.eks_managed_node_group.data.aws_ssm_parameter.ami",
            "module.eks_west.module.eks_managed_node_group.data.aws_subnets.placement_group",
            "module.eks_west.module.eks_managed_node_group.module.user_data.data.cloudinit_config.al2023_eks_managed_node_group",
            "module.eks_west.module.eks_managed_node_group.module.user_data.data.cloudinit_config.linux_eks_managed_node_group",
            "module.eks_west.module.eks_managed_node_group.module.user_data.null_resource.validate_cluster_service_cidr",
            "module.eks_west.module.fargate_profile.aws_eks_fargate_profile.this",
            "module.eks_west.module.fargate_profile.aws_iam_role.this",
            "module.eks_west.module.fargate_profile.aws_iam_role_policy.this",
            "module.eks_west.module.fargate_profile.aws_iam_role_policy_attachment.additional",
            "module.eks_west.module.fargate_profile.aws_iam_role_policy_attachment.this",
            "module.eks_west.module.fargate_profile.data.aws_caller_identity.current",
            "module.eks_west.module.fargate_profile.data.aws_iam_policy_document.assume_role_policy",
            "module.eks_west.module.fargate_profile.data.aws_iam_policy_document.role",
            "module.eks_west.module.fargate_profile.data.aws_partition.current",
            "module.eks_west.module.fargate_profile.data.aws_region.current",
            "module.eks_west.module.kms.aws_kms_alias.this",
            "module.eks_west.module.kms.aws_kms_external_key.this",
            "module.eks_west.module.kms.aws_kms_grant.this",
            "module.eks_west.module.kms.aws_kms_key.this",
            "module.eks_west.module.kms.aws_kms_replica_external_key.this",
            "module.eks_west.module.kms.aws_kms_replica_key.this",
            "module.eks_west.module.kms.data.aws_caller_identity.current",
            "module.eks_west.module.kms.data.aws_iam_policy_document.this",
            "module.eks_west.module.kms.data.aws_partition.current",
            "module.eks_west.module.self_managed_node_group.aws_autoscaling_group.this",
            "module.eks_west.module.self_managed_node_group.aws_autoscaling_schedule.this",
            "module.eks_west.module.self_managed_node_group.aws_eks_access_entry.this",
            "module.eks_west.module.self_managed_node_group.aws_iam_instance_profile.this",
            "module.eks_west.module.self_managed_node_group.aws_iam_role.this",
            "module.eks_west.module.self_managed_node_group.aws_iam_role_policy.this",
            "module.eks_west.module.self_managed_node_group.aws_iam_role_policy_attachment.additional",
            "module.eks_west.module.self_managed_node_group.aws_iam_role_policy_attachment.this",
            "module.eks_west.module.self_managed_node_group.aws_launch_template.this",
            "module.eks_west.module.self_managed_node_group.aws_placement_group.this",
            "module.eks_west.module.self_managed_node_group.data.aws_caller_identity.current",
            "module.eks_west.module.self_managed_node_group.data.aws_ec2_instance_type.this",
            "module.eks_west.module.self_managed_node_group.data.aws_ec2_instance_type_offerings.this",
            "module.eks_west.module.self_managed_node_group.data.aws_iam_policy_document.assume_role_policy",
            "module.eks_west.module.self_managed_node_group.data.aws_iam_policy_document.role",
            "module.eks_west.module.self_managed_node_group.data.aws_partition.current",
            "module.eks_west.module.self_managed_node_group.data.aws_ssm_parameter.ami",
            "module.eks_west.module.self_managed_node_group.data.aws_subnets.placement_group",
            "module.eks_west.module.self_managed_node_group.module.user_data.data.cloudinit_config.al2023_eks_managed_node_group",
            "module.eks_west.module.self_managed_node_group.module.user_data.data.cloudinit_config.linux_eks_managed_node_group",
            "module.eks_west.module.self_managed_node_group.module.user_data.null_resource.validate_cluster_service_cidr",
            "module.eks_west.time_sleep.this",
            "module.vpc_west.aws_subnet.public",
            "module.vpc_west.aws_vpc.this",
            "module.vpc_west.aws_vpc_ipv4_cidr_block_association.this"
          ]
        }
      ]
    },
    {
      "mode": "managed",
      "type": "kubernetes_secret",
      "name": "gg9_license",
      "provider": "provider[\"registry.terraform.io/hashicorp/kubernetes\"]",
      "instances": [
        {
          "schema_version": 0,
          "attributes": {
            "binary_data": null,
            "binary_data_wo": null,
            "binary_data_wo_revision": null,
            "data": {
              "license.conf": "{\"edition\":\"ULTIMATE\",\"features\":[\"BASIC_AUTH\",\"CACHE\",\"COLUMNAR_STORAGE\",\"COMPRESSION\",\"COMPUTE\",\"CONTINUOUS_QUERIES\",\"DATA_CENTER_REPLICATION\",\"EVICTION\",\"EXPIRY\",\"EXPLICIT_TRANSACTIONS\",\"EXTENDED_SECONDARY_STORAGE\",\"ICEBERG_CDC\",\"JWT_AUTH\",\"LDAP\",\"ML_INFERENCE\",\"PERSISTENT_PAGE_MEMORY\",\"POINT_IN_TIME_RECOVERY\",\"RACK_AWARENESS\",\"RBAC\",\"ROCKSDB\",\"ROLLING_UPGRADES\",\"ROW_SECURITY\",\"SECONDARY_STORAGE\",\"SECURITY\",\"SNAPSHOTS\",\"SQL\",\"SQL_COPY\",\"TRANSPARENT_DATA_ENCRYPTION\",\"VECTOR\",\"VOLATILE_PAGE_MEMORY\"],\"id\":\"39734909-b21f-4361-ac7f-99d028965100\",\"infos\":{\"companyName\":\"GridGain Systems\",\"companyWebsite\":\"gridgain.com\",\"contractEndDate\":\"2026-08-20\",\"contractStartDate\":\"2025-08-20\",\"licenseNote\":\"Internal testing for GG9\"},\"limits\":{\"expireDate\":\"2026-08-20\",\"maxComputers\":0,\"maxCores\":64,\"maxHeapSize\":0,\"maxHostRamSize\":0,\"maxNodes\":0,\"maxOffHeapSize\":0,\"startDate\":\"2025-08-20\"},\"releaseType\":\"private\",\"signatures\":{\"signature_1\":\"303D021D00BA8AE0C46D8C95E941F0AB0354243A185FEAA1E1E3E8578759BCC443021C0C1AE2C35ACFA12263C67DD93D76E2BBB1480CD479A0C644F8AC01DD\"}}"
            },
            "data_wo": null,
            "data_wo_revision": null,
            "id": "gridgain/gg9-license",
            "immutable": false,
            "metadata": [
              {
                "annotations": {},
                "generate_name": "",
                "generation": 0,
                "labels": {},
                "name": "gg9-license",
                "namespace": "gridgain",
                "resource_version": "1575",
                "uid": "4dc264f6-1c99-4e9a-9cc1-18c6bfdfbea2"
              }
            ],
            "timeouts": null,
            "type": "Opaque",
            "wait_for_service_account_token": true
          },
          "sensitive_attributes": [
            [
              {
                "type": "get_attr",
                "value": "binary_data"
              }
            ],
            [
              {
                "type": "get_attr",
                "value": "data"
              }
            ],
            [
              {
                "type": "get_attr",
                "value": "data"
              },
              {
                "type": "index",
                "value": {
                  "value": "license.conf",
                  "type": "string"
                }
              }
            ]
          ],
          "identity_schema_version": 1,
          "identity": {
            "api_version": "v1",
            "kind": "Secret",
            "name": "gg9-license",
            "namespace": "gridgain"
          },
          "private": "eyJlMmJmYjczMC1lY2FhLTExZTYtOGY4OC0zNDM2M2JjN2M0YzAiOnsiY3JlYXRlIjo2MDAwMDAwMDAwMH19",
          "dependencies": [
            "data.aws_secretsmanager_secret_version.gg9_license",
            "kubernetes_namespace.gg9",
            "module.eks.aws_cloudwatch_log_group.this",
            "module.eks.aws_ec2_tag.cluster_primary_security_group",
            "module.eks.aws_eks_access_entry.this",
            "module.eks.aws_eks_access_policy_association.this",
            "module.eks.aws_eks_addon.before_compute",
            "module.eks.aws_eks_addon.this",
            "module.eks.aws_eks_cluster.this",
            "module.eks.aws_eks_identity_provider_config.this",
            "module.eks.aws_iam_openid_connect_provider.oidc_provider",
            "module.eks.aws_iam_policy.cluster_encryption",
            "module.eks.aws_iam_policy.cni_ipv6_policy",
            "module.eks.aws_iam_policy.custom",
            "module.eks.aws_iam_role.eks_auto",
            "module.eks.aws_iam_role.this",
            "module.eks.aws_iam_role_policy_attachment.additional",
            "module.eks.aws_iam_role_policy_attachment.cluster_encryption",
            "module.eks.aws_iam_role_policy_attachment.custom",
            "module.eks.aws_iam_role_policy_attachment.eks_auto",
            "module.eks.aws_iam_role_policy_attachment.eks_auto_additional",
            "module.eks.aws_iam_role_policy_attachment.this",
            "module.eks.aws_security_group.cluster",
            "module.eks.aws_security_group.node",
            "module.eks.aws_security_group_rule.cluster",
            "module.eks.aws_security_group_rule.node",
            "module.eks.data.aws_caller_identity.current",
            "module.eks.data.aws_eks_addon_version.this",
            "module.eks.data.aws_iam_policy_document.assume_role_policy",
            "module.eks.data.aws_iam_policy_document.cni_ipv6_policy",
            "module.eks.data.aws_iam_policy_document.custom",
            "module.eks.data.aws_iam_policy_document.node_assume_role_policy",
            "module.eks.data.aws_iam_session_context.current",
            "module.eks.data.aws_partition.current",
            "module.eks.data.tls_certificate.this",
            "module.eks.module.eks_managed_node_group.aws_autoscaling_schedule.this",
            "module.eks.module.eks_managed_node_group.aws_eks_node_group.this",
            "module.eks.module.eks_managed_node_group.aws_iam_role.this",
            "module.eks.module.eks_managed_node_group.aws_iam_role_policy.this",
            "module.eks.module.eks_managed_node_group.aws_iam_role_policy_attachment.additional",
            "module.eks.module.eks_managed_node_group.aws_iam_role_policy_attachment.this",
            "module.eks.module.eks_managed_node_group.aws_launch_template.this",
            "module.eks.module.eks_managed_node_group.aws_placement_group.this",
            "module.eks.module.eks_managed_node_group.data.aws_caller_identity.current",
            "module.eks.module.eks_managed_node_group.data.aws_ec2_instance_type.this",
            "module.eks.module.eks_managed_node_group.data.aws_ec2_instance_type_offerings.this",
            "module.eks.module.eks_managed_node_group.data.aws_iam_policy_document.assume_role_policy",
            "module.eks.module.eks_managed_node_group.data.aws_iam_policy_document.role",
            "module.eks.module.eks_managed_node_group.data.aws_partition.current",
            "module.eks.module.eks_managed_node_group.data.aws_ssm_parameter.ami",
            "module.eks.module.eks_managed_node_group.data.aws_subnets.placement_group",
            "module.eks.module.eks_managed_node_group.module.user_data.data.cloudinit_config.al2023_eks_managed_node_group",
            "module.eks.module.eks_managed_node_group.module.user_data.data.cloudinit_config.linux_eks_managed_node_group",
            "module.eks.module.eks_managed_node_group.module.user_data.null_resource.validate_cluster_service_cidr",
            "module.eks.module.fargate_profile.aws_eks_fargate_profile.this",
            "module.eks.module.fargate_profile.aws_iam_role.this",
            "module.eks.module.fargate_profile.aws_iam_role_policy.this",
            "module.eks.module.fargate_profile.aws_iam_role_policy_attachment.additional",
            "module.eks.module.fargate_profile.aws_iam_role_policy_attachment.this",
            "module.eks.module.fargate_profile.data.aws_caller_identity.current",
            "module.eks.module.fargate_profile.data.aws_iam_policy_document.assume_role_policy",
            "module.eks.module.fargate_profile.data.aws_iam_policy_document.role",
            "module.eks.module.fargate_profile.data.aws_partition.current",
            "module.eks.module.fargate_profile.data.aws_region.current",
            "module.eks.module.kms.aws_kms_alias.this",
            "module.eks.module.kms.aws_kms_external_key.this",
            "module.eks.module.kms.aws_kms_grant.this",
            "module.eks.module.kms.aws_kms_key.this",
            "module.eks.module.kms.aws_kms_replica_external_key.this",
            "module.eks.module.kms.aws_kms_replica_key.this",
            "module.eks.module.kms.data.aws_caller_identity.current",
            "module.eks.module.kms.data.aws_iam_policy_document.this",
            "module.eks.module.kms.data.aws_partition.current",
            "module.eks.module.self_managed_node_group.aws_autoscaling_group.this",
            "module.eks.module.self_managed_node_group.aws_autoscaling_schedule.this",
            "module.eks.module.self_managed_node_group.aws_eks_access_entry.this",
            "module.eks.module.self_managed_node_group.aws_iam_instance_profile.this",
            "module.eks.module.self_managed_node_group.aws_iam_role.this",
            "module.eks.module.self_managed_node_group.aws_iam_role_policy.this",
            "module.eks.module.self_managed_node_group.aws_iam_role_policy_attachment.additional",
            "module.eks.module.self_managed_node_group.aws_iam_role_policy_attachment.this",
            "module.eks.module.self_managed_node_group.aws_launch_template.this",
            "module.eks.module.self_managed_node_group.aws_placement_group.this",
            "module.eks.module.self_managed_node_group.data.aws_caller_identity.current",
            "module.eks.module.self_managed_node_group.data.aws_ec2_instance_type.this",
            "module.eks.module.self_managed_node_group.data.aws_ec2_instance_type_offerings.this",
            "module.eks.module.self_managed_node_group.data.aws_iam_policy_document.assume_role_policy",
            "module.eks.module.self_managed_node_group.data.aws_iam_policy_document.role",
            "module.eks.module.self_managed_node_group.data.aws_partition.current",
            "module.eks.module.self_managed_node_group.data.aws_ssm_parameter.ami",
            "module.eks.module.self_managed_node_group.data.aws_subnets.placement_group",
            "module.eks.module.self_managed_node_group.module.user_data.data.cloudinit_config.al2023_eks_managed_node_group",
            "module.eks.module.self_managed_node_group.module.user_data.data.cloudinit_config.linux_eks_managed_node_group",
            "module.eks.module.self_managed_node_group.module.user_data.null_resource.validate_cluster_service_cidr",
            "module.eks.time_sleep.this",
            "module.vpc_east.aws_subnet.public",
            "module.vpc_east.aws_vpc.this",
            "module.vpc_east.aws_vpc_ipv4_cidr_block_association.this"
          ]
        }
      ]
    },
    {
      "mode": "managed",
      "type": "kubernetes_secret",
      "name": "gg9_license_west",
      "provider": "provider[\"registry.terraform.io/hashicorp/kubernetes\"].west",
      "instances": [
        {
          "schema_version": 0,
          "attributes": {
            "binary_data": null,
            "binary_data_wo": null,
            "binary_data_wo_revision": null,
            "data": {
              "license.conf": "{\"edition\":\"ULTIMATE\",\"features\":[\"BASIC_AUTH\",\"CACHE\",\"COLUMNAR_STORAGE\",\"COMPRESSION\",\"COMPUTE\",\"CONTINUOUS_QUERIES\",\"DATA_CENTER_REPLICATION\",\"EVICTION\",\"EXPIRY\",\"EXPLICIT_TRANSACTIONS\",\"EXTENDED_SECONDARY_STORAGE\",\"ICEBERG_CDC\",\"JWT_AUTH\",\"LDAP\",\"ML_INFERENCE\",\"PERSISTENT_PAGE_MEMORY\",\"POINT_IN_TIME_RECOVERY\",\"RACK_AWARENESS\",\"RBAC\",\"ROCKSDB\",\"ROLLING_UPGRADES\",\"ROW_SECURITY\",\"SECONDARY_STORAGE\",\"SECURITY\",\"SNAPSHOTS\",\"SQL\",\"SQL_COPY\",\"TRANSPARENT_DATA_ENCRYPTION\",\"VECTOR\",\"VOLATILE_PAGE_MEMORY\"],\"id\":\"39734909-b21f-4361-ac7f-99d028965100\",\"infos\":{\"companyName\":\"GridGain Systems\",\"companyWebsite\":\"gridgain.com\",\"contractEndDate\":\"2026-08-20\",\"contractStartDate\":\"2025-08-20\",\"licenseNote\":\"Internal testing for GG9\"},\"limits\":{\"expireDate\":\"2026-08-20\",\"maxComputers\":0,\"maxCores\":64,\"maxHeapSize\":0,\"maxHostRamSize\":0,\"maxNodes\":0,\"maxOffHeapSize\":0,\"startDate\":\"2025-08-20\"},\"releaseType\":\"private\",\"signatures\":{\"signature_1\":\"303D021D00BA8AE0C46D8C95E941F0AB0354243A185FEAA1E1E3E8578759BCC443021C0C1AE2C35ACFA12263C67DD93D76E2BBB1480CD479A0C644F8AC01DD\"}}"
            },
            "data_wo": null,
            "data_wo_revision": null,
            "id": "gridgain/gg9-license",
            "immutable": false,
            "metadata": [
              {
                "annotations": {},
                "generate_name": "",
                "generation": 0,
                "labels": {},
                "name": "gg9-license",
                "namespace": "gridgain",
                "resource_version": "1537",
                "uid": "6b82c7cd-5c16-420b-89f0-b9828152f65b"
              }
            ],
            "timeouts": null,
            "type": "Opaque",
            "wait_for_service_account_token": true
          },
          "sensitive_attributes": [
            [
              {
                "type": "get_attr",
                "value": "binary_data"
              }
            ],
            [
              {
                "type": "get_attr",
                "value": "data"
              }
            ],
            [
              {
                "type": "get_attr",
                "value": "data"
              },
              {
                "type": "index",
                "value": {
                  "value": "license.conf",
                  "type": "string"
                }
              }
            ]
          ],
          "identity_schema_version": 1,
          "identity": {
            "api_version": "v1",
            "kind": "Secret",
            "name": "gg9-license",
            "namespace": "gridgain"
          },
          "private": "eyJlMmJmYjczMC1lY2FhLTExZTYtOGY4OC0zNDM2M2JjN2M0YzAiOnsiY3JlYXRlIjo2MDAwMDAwMDAwMH19",
          "dependencies": [
            "data.aws_secretsmanager_secret_version.gg9_license",
            "kubernetes_namespace.gg9_west",
            "module.eks_west.aws_cloudwatch_log_group.this",
            "module.eks_west.aws_ec2_tag.cluster_primary_security_group",
            "module.eks_west.aws_eks_access_entry.this",
            "module.eks_west.aws_eks_access_policy_association.this",
            "module.eks_west.aws_eks_addon.before_compute",
            "module.eks_west.aws_eks_addon.this",
            "module.eks_west.aws_eks_cluster.this",
            "module.eks_west.aws_eks_identity_provider_config.this",
            "module.eks_west.aws_iam_openid_connect_provider.oidc_provider",
            "module.eks_west.aws_iam_policy.cluster_encryption",
            "module.eks_west.aws_iam_policy.cni_ipv6_policy",
            "module.eks_west.aws_iam_policy.custom",
            "module.eks_west.aws_iam_role.eks_auto",
            "module.eks_west.aws_iam_role.this",
            "module.eks_west.aws_iam_role_policy_attachment.additional",
            "module.eks_west.aws_iam_role_policy_attachment.cluster_encryption",
            "module.eks_west.aws_iam_role_policy_attachment.custom",
            "module.eks_west.aws_iam_role_policy_attachment.eks_auto",
            "module.eks_west.aws_iam_role_policy_attachment.eks_auto_additional",
            "module.eks_west.aws_iam_role_policy_attachment.this",
            "module.eks_west.aws_security_group.cluster",
            "module.eks_west.aws_security_group.node",
            "module.eks_west.aws_security_group_rule.cluster",
            "module.eks_west.aws_security_group_rule.node",
            "module.eks_west.data.aws_caller_identity.current",
            "module.eks_west.data.aws_eks_addon_version.this",
            "module.eks_west.data.aws_iam_policy_document.assume_role_policy",
            "module.eks_west.data.aws_iam_policy_document.cni_ipv6_policy",
            "module.eks_west.data.aws_iam_policy_document.custom",
            "module.eks_west.data.aws_iam_policy_document.node_assume_role_policy",
            "module.eks_west.data.aws_iam_session_context.current",
            "module.eks_west.data.aws_partition.current",
            "module.eks_west.data.tls_certificate.this",
            "module.eks_west.module.eks_managed_node_group.aws_autoscaling_schedule.this",
            "module.eks_west.module.eks_managed_node_group.aws_eks_node_group.this",
            "module.eks_west.module.eks_managed_node_group.aws_iam_role.this",
            "module.eks_west.module.eks_managed_node_group.aws_iam_role_policy.this",
            "module.eks_west.module.eks_managed_node_group.aws_iam_role_policy_attachment.additional",
            "module.eks_west.module.eks_managed_node_group.aws_iam_role_policy_attachment.this",
            "module.eks_west.module.eks_managed_node_group.aws_launch_template.this",
            "module.eks_west.module.eks_managed_node_group.aws_placement_group.this",
            "module.eks_west.module.eks_managed_node_group.data.aws_caller_identity.current",
            "module.eks_west.module.eks_managed_node_group.data.aws_ec2_instance_type.this",
            "module.eks_west.module.eks_managed_node_group.data.aws_ec2_instance_type_offerings.this",
            "module.eks_west.module.eks_managed_node_group.data.aws_iam_policy_document.assume_role_policy",
            "module.eks_west.module.eks_managed_node_group.data.aws_iam_policy_document.role",
            "module.eks_west.module.eks_managed_node_group.data.aws_partition.current",
            "module.eks_west.module.eks_managed_node_group.data.aws_ssm_parameter.ami",
            "module.eks_west.module.eks_managed_node_group.data.aws_subnets.placement_group",
            "module.eks_west.module.eks_managed_node_group.module.user_data.data.cloudinit_config.al2023_eks_managed_node_group",
            "module.eks_west.module.eks_managed_node_group.module.user_data.data.cloudinit_config.linux_eks_managed_node_group",
            "module.eks_west.module.eks_managed_node_group.module.user_data.null_resource.validate_cluster_service_cidr",
            "module.eks_west.module.fargate_profile.aws_eks_fargate_profile.this",
            "module.eks_west.module.fargate_profile.aws_iam_role.this",
            "module.eks_west.module.fargate_profile.aws_iam_role_policy.this",
            "module.eks_west.module.fargate_profile.aws_iam_role_policy_attachment.additional",
            "module.eks_west.module.fargate_profile.aws_iam_role_policy_attachment.this",
            "module.eks_west.module.fargate_profile.data.aws_caller_identity.current",
            "module.eks_west.module.fargate_profile.data.aws_iam_policy_document.assume_role_policy",
            "module.eks_west.module.fargate_profile.data.aws_iam_policy_document.role",
            "module.eks_west.module.fargate_profile.data.aws_partition.current",
            "module.eks_west.module.fargate_profile.data.aws_region.current",
            "module.eks_west.module.kms.aws_kms_alias.this",
            "module.eks_west.module.kms.aws_kms_external_key.this",
            "module.eks_west.module.kms.aws_kms_grant.this",
            "module.eks_west.module.kms.aws_kms_key.this",
            "module.eks_west.module.kms.aws_kms_replica_external_key.this",
            "module.eks_west.module.kms.aws_kms_replica_key.this",
            "module.eks_west.module.kms.data.aws_caller_identity.current",
            "module.eks_west.module.kms.data.aws_iam_policy_document.this",
            "module.eks_west.module.kms.data.aws_partition.current",
            "module.eks_west.module.self_managed_node_group.aws_autoscaling_group.this",
            "module.eks_west.module.self_managed_node_group.aws_autoscaling_schedule.this",
            "module.eks_west.module.self_managed_node_group.aws_eks_access_entry.this",
            "module.eks_west.module.self_managed_node_group.aws_iam_instance_profile.this",
            "module.eks_west.module.self_managed_node_group.aws_iam_role.this",
            "module.eks_west.module.self_managed_node_group.aws_iam_role_policy.this",
            "module.eks_west.module.self_managed_node_group.aws_iam_role_policy_attachment.additional",
            "module.eks_west.module.self_managed_node_group.aws_iam_role_policy_attachment.this",
            "module.eks_west.module.self_managed_node_group.aws_launch_template.this",
            "module.eks_west.module.self_managed_node_group.aws_placement_group.this",
            "module.eks_west.module.self_managed_node_group.data.aws_caller_identity.current",
            "module.eks_west.module.self_managed_node_group.data.aws_ec2_instance_type.this",
            "module.eks_west.module.self_managed_node_group.data.aws_ec2_instance_type_offerings.this",
            "module.eks_west.module.self_managed_node_group.data.aws_iam_policy_document.assume_role_policy",
            "module.eks_west.module.self_managed_node_group.data.aws_iam_policy_document.role",
            "module.eks_west.module.self_managed_node_group.data.aws_partition.current",
            "module.eks_west.module.self_managed_node_group.data.aws_ssm_parameter.ami",
            "module.eks_west.module.self_managed_node_group.data.aws_subnets.placement_group",
            "module.eks_west.module.self_managed_node_group.module.user_data.data.cloudinit_config.al2023_eks_managed_node_group",
            "module.eks_west.module.self_managed_node_group.module.user_data.data.cloudinit_config.linux_eks_managed_node_group",
            "module.eks_west.module.self_managed_node_group.module.user_data.null_resource.validate_cluster_service_cidr",
            "module.eks_west.time_sleep.this",
            "module.vpc_west.aws_subnet.public",
            "module.vpc_west.aws_vpc.this",
            "module.vpc_west.aws_vpc_ipv4_cidr_block_association.this"
          ]
        }
      ]
    },
    {
      "mode": "managed",
      "type": "kubernetes_secret",
      "name": "sqlserver_sync",
      "provider": "provider[\"registry.terraform.io/hashicorp/kubernetes\"]",
      "instances": [
        {
          "schema_version": 0,
          "attributes": {
            "binary_data": null,
            "binary_data_wo": null,
            "binary_data_wo_revision": null,
            "data": {
              "GG_PASS": "admin",
              "SQLSERVER_CONN": "sqlserver://admin:Admin123!@10.0.101.95:1433?database=testdb"
            },
            "data_wo": null,
            "data_wo_revision": null,
            "id": "gridgain/sqlserver-sync-secrets",
            "immutable": false,
            "metadata": [
              {
                "annotations": {},
                "generate_name": "",
                "generation": 0,
                "labels": {},
                "name": "sqlserver-sync-secrets",
                "namespace": "gridgain",
                "resource_version": "12965",
                "uid": "712a6e21-2cca-4cc0-b8b2-0fabe4023377"
              }
            ],
            "timeouts": null,
            "type": "Opaque",
            "wait_for_service_account_token": true
          },
          "sensitive_attributes": [
            [
              {
                "type": "get_attr",
                "value": "binary_data"
              }
            ],
            [
              {
                "type": "get_attr",
                "value": "data"
              }
            ],
            [
              {
                "type": "get_attr",
                "value": "data"
              },
              {
                "type": "index",
                "value": {
                  "value": "GG_PASS",
                  "type": "string"
                }
              }
            ],
            [
              {
                "type": "get_attr",
                "value": "data"
              },
              {
                "type": "index",
                "value": {
                  "value": "SQLSERVER_CONN",
                  "type": "string"
                }
              }
            ]
          ],
          "identity_schema_version": 1,
          "identity": {
            "api_version": "v1",
            "kind": "Secret",
            "name": "sqlserver-sync-secrets",
            "namespace": "gridgain"
          },
          "private": "eyJlMmJmYjczMC1lY2FhLTExZTYtOGY4OC0zNDM2M2JjN2M0YzAiOnsiY3JlYXRlIjo2MDAwMDAwMDAwMH19",
          "dependencies": [
            "aws_eks_addon.ebs_csi",
            "aws_iam_instance_profile.sqlserver",
            "aws_iam_role.sqlserver",
            "aws_instance.sqlserver",
            "aws_security_group.sqlserver",
            "data.aws_ami.sqlserver",
            "data.aws_secretsmanager_secret_version.gg9_license",
            "helm_release.gridgain9",
            "kubernetes_namespace.gg9",
            "kubernetes_secret.gg9_license",
            "kubernetes_storage_class.gp3",
            "module.ebs_csi_irsa.aws_iam_policy.amazon_managed_service_prometheus",
            "module.ebs_csi_irsa.aws_iam_policy.appmesh_controller",
            "module.ebs_csi_irsa.aws_iam_policy.appmesh_envoy_proxy",
            "module.ebs_csi_irsa.aws_iam_policy.aws_gateway_controller",
            "module.ebs_csi_irsa.aws_iam_policy.cert_manager",
            "module.ebs_csi_irsa.aws_iam_policy.cluster_autoscaler",
            "module.ebs_csi_irsa.aws_iam_policy.ebs_csi",
            "module.ebs_csi_irsa.aws_iam_policy.efs_csi",
            "module.ebs_csi_irsa.aws_iam_policy.external_dns",
            "module.ebs_csi_irsa.aws_iam_policy.external_secrets",
            "module.ebs_csi_irsa.aws_iam_policy.fsx_lustre_csi",
            "module.ebs_csi_irsa.aws_iam_policy.fsx_openzfs_csi",
            "module.ebs_csi_irsa.aws_iam_policy.karpenter_controller",
            "module.ebs_csi_irsa.aws_iam_policy.load_balancer_controller",
            "module.ebs_csi_irsa.aws_iam_policy.load_balancer_controller_targetgroup_only",
            "module.ebs_csi_irsa.aws_iam_policy.mountpoint_s3_csi",
            "module.ebs_csi_irsa.aws_iam_policy.node_termination_handler",
            "module.ebs_csi_irsa.aws_iam_policy.velero",
            "module.ebs_csi_irsa.aws_iam_policy.vpc_cni",
            "module.ebs_csi_irsa.aws_iam_role.this",
            "module.ebs_csi_irsa.aws_iam_role_policy_attachment.amazon_cloudwatch_observability",
            "module.ebs_csi_irsa.aws_iam_role_policy_attachment.amazon_managed_service_prometheus",
            "module.ebs_csi_irsa.aws_iam_role_policy_attachment.appmesh_controller",
            "module.ebs_csi_irsa.aws_iam_role_policy_attachment.appmesh_envoy_proxy",
            "module.ebs_csi_irsa.aws_iam_role_policy_attachment.aws_gateway_controller",
            "module.ebs_csi_irsa.aws_iam_role_policy_attachment.cert_manager",
            "module.ebs_csi_irsa.aws_iam_role_policy_attachment.cluster_autoscaler",
            "module.ebs_csi_irsa.aws_iam_role_policy_attachment.ebs_csi",
            "module.ebs_csi_irsa.aws_iam_role_policy_attachment.efs_csi",
            "module.ebs_csi_irsa.aws_iam_role_policy_attachment.external_dns",
            "module.ebs_csi_irsa.aws_iam_role_policy_attachment.external_secrets",
            "module.ebs_csi_irsa.aws_iam_role_policy_attachment.fsx_lustre_csi",
            "module.ebs_csi_irsa.aws_iam_role_policy_attachment.fsx_openzfs_csi",
            "module.ebs_csi_irsa.aws_iam_role_policy_attachment.karpenter_controller",
            "module.ebs_csi_irsa.aws_iam_role_policy_attachment.load_balancer_controller",
            "module.ebs_csi_irsa.aws_iam_role_policy_attachment.load_balancer_controller_targetgroup_only",
            "module.ebs_csi_irsa.aws_iam_role_policy_attachment.mountpoint_s3_csi",
            "module.ebs_csi_irsa.aws_iam_role_policy_attachment.node_termination_handler",
            "module.ebs_csi_irsa.aws_iam_role_policy_attachment.this",
            "module.ebs_csi_irsa.aws_iam_role_policy_attachment.velero",
            "module.ebs_csi_irsa.aws_iam_role_policy_attachment.vpc_cni",
            "module.ebs_csi_irsa.data.aws_caller_identity.current",
            "module.ebs_csi_irsa.data.aws_iam_policy_document.amazon_managed_service_prometheus",
            "module.ebs_csi_irsa.data.aws_iam_policy_document.appmesh_controller",
            "module.ebs_csi_irsa.data.aws_iam_policy_document.appmesh_envoy_proxy",
            "module.ebs_csi_irsa.data.aws_iam_policy_document.aws_gateway_controller",
            "module.ebs_csi_irsa.data.aws_iam_policy_document.cert_manager",
            "module.ebs_csi_irsa.data.aws_iam_policy_document.cluster_autoscaler",
            "module.ebs_csi_irsa.data.aws_iam_policy_document.ebs_csi",
            "module.ebs_csi_irsa.data.aws_iam_policy_document.efs_csi",
            "module.ebs_csi_irsa.data.aws_iam_policy_document.external_dns",
            "module.ebs_csi_irsa.data.aws_iam_policy_document.external_secrets",
            "module.ebs_csi_irsa.data.aws_iam_policy_document.fsx_lustre_csi",
            "module.ebs_csi_irsa.data.aws_iam_policy_document.fsx_openzfs_csi",
            "module.ebs_csi_irsa.data.aws_iam_policy_document.karpenter_controller",
            "module.ebs_csi_irsa.data.aws_iam_policy_document.load_balancer_controller",
            "module.ebs_csi_irsa.data.aws_iam_policy_document.load_balancer_controller_targetgroup_only",
            "module.ebs_csi_irsa.data.aws_iam_policy_document.mountpoint_s3_csi",
            "module.ebs_csi_irsa.data.aws_iam_policy_document.node_termination_handler",
            "module.ebs_csi_irsa.data.aws_iam_policy_document.this",
            "module.ebs_csi_irsa.data.aws_iam_policy_document.velero",
            "module.ebs_csi_irsa.data.aws_iam_policy_document.vpc_cni",
            "module.ebs_csi_irsa.data.aws_partition.current",
            "module.ebs_csi_irsa.data.aws_region.current",
            "module.eks.aws_cloudwatch_log_group.this",
            "module.eks.aws_ec2_tag.cluster_primary_security_group",
            "module.eks.aws_eks_access_entry.this",
            "module.eks.aws_eks_access_policy_association.this",
            "module.eks.aws_eks_addon.before_compute",
            "module.eks.aws_eks_addon.this",
            "module.eks.aws_eks_cluster.this",
            "module.eks.aws_eks_identity_provider_config.this",
            "module.eks.aws_iam_openid_connect_provider.oidc_provider",
            "module.eks.aws_iam_policy.cluster_encryption",
            "module.eks.aws_iam_policy.cni_ipv6_policy",
            "module.eks.aws_iam_policy.custom",
            "module.eks.aws_iam_role.eks_auto",
            "module.eks.aws_iam_role.this",
            "module.eks.aws_iam_role_policy_attachment.additional",
            "module.eks.aws_iam_role_policy_attachment.cluster_encryption",
            "module.eks.aws_iam_role_policy_attachment.custom",
            "module.eks.aws_iam_role_policy_attachment.eks_auto",
            "module.eks.aws_iam_role_policy_attachment.eks_auto_additional",
            "module.eks.aws_iam_role_policy_attachment.this",
            "module.eks.aws_security_group.cluster",
            "module.eks.aws_security_group.node",
            "module.eks.aws_security_group_rule.cluster",
            "module.eks.aws_security_group_rule.node",
            "module.eks.data.aws_caller_identity.current",
            "module.eks.data.aws_eks_addon_version.this",
            "module.eks.data.aws_iam_policy_document.assume_role_policy",
            "module.eks.data.aws_iam_policy_document.cni_ipv6_policy",
            "module.eks.data.aws_iam_policy_document.custom",
            "module.eks.data.aws_iam_policy_document.node_assume_role_policy",
            "module.eks.data.aws_iam_session_context.current",
            "module.eks.data.aws_partition.current",
            "module.eks.data.tls_certificate.this",
            "module.eks.module.eks_managed_node_group.aws_autoscaling_schedule.this",
            "module.eks.module.eks_managed_node_group.aws_eks_node_group.this",
            "module.eks.module.eks_managed_node_group.aws_iam_role.this",
            "module.eks.module.eks_managed_node_group.aws_iam_role_policy.this",
            "module.eks.module.eks_managed_node_group.aws_iam_role_policy_attachment.additional",
            "module.eks.module.eks_managed_node_group.aws_iam_role_policy_attachment.this",
            "module.eks.module.eks_managed_node_group.aws_launch_template.this",
            "module.eks.module.eks_managed_node_group.aws_placement_group.this",
            "module.eks.module.eks_managed_node_group.data.aws_caller_identity.current",
            "module.eks.module.eks_managed_node_group.data.aws_ec2_instance_type.this",
            "module.eks.module.eks_managed_node_group.data.aws_ec2_instance_type_offerings.this",
            "module.eks.module.eks_managed_node_group.data.aws_iam_policy_document.assume_role_policy",
            "module.eks.module.eks_managed_node_group.data.aws_iam_policy_document.role",
            "module.eks.module.eks_managed_node_group.data.aws_partition.current",
            "module.eks.module.eks_managed_node_group.data.aws_ssm_parameter.ami",
            "module.eks.module.eks_managed_node_group.data.aws_subnets.placement_group",
            "module.eks.module.eks_managed_node_group.module.user_data.data.cloudinit_config.al2023_eks_managed_node_group",
            "module.eks.module.eks_managed_node_group.module.user_data.data.cloudinit_config.linux_eks_managed_node_group",
            "module.eks.module.eks_managed_node_group.module.user_data.null_resource.validate_cluster_service_cidr",
            "module.eks.module.fargate_profile.aws_eks_fargate_profile.this",
            "module.eks.module.fargate_profile.aws_iam_role.this",
            "module.eks.module.fargate_profile.aws_iam_role_policy.this",
            "module.eks.module.fargate_profile.aws_iam_role_policy_attachment.additional",
            "module.eks.module.fargate_profile.aws_iam_role_policy_attachment.this",
            "module.eks.module.fargate_profile.data.aws_caller_identity.current",
            "module.eks.module.fargate_profile.data.aws_iam_policy_document.assume_role_policy",
            "module.eks.module.fargate_profile.data.aws_iam_policy_document.role",
            "module.eks.module.fargate_profile.data.aws_partition.current",
            "module.eks.module.fargate_profile.data.aws_region.current",
            "module.eks.module.kms.aws_kms_alias.this",
            "module.eks.module.kms.aws_kms_external_key.this",
            "module.eks.module.kms.aws_kms_grant.this",
            "module.eks.module.kms.aws_kms_key.this",
            "module.eks.module.kms.aws_kms_replica_external_key.this",
            "module.eks.module.kms.aws_kms_replica_key.this",
            "module.eks.module.kms.data.aws_caller_identity.current",
            "module.eks.module.kms.data.aws_iam_policy_document.this",
            "module.eks.module.kms.data.aws_partition.current",
            "module.eks.module.self_managed_node_group.aws_autoscaling_group.this",
            "module.eks.module.self_managed_node_group.aws_autoscaling_schedule.this",
            "module.eks.module.self_managed_node_group.aws_eks_access_entry.this",
            "module.eks.module.self_managed_node_group.aws_iam_instance_profile.this",
            "module.eks.module.self_managed_node_group.aws_iam_role.this",
            "module.eks.module.self_managed_node_group.aws_iam_role_policy.this",
            "module.eks.module.self_managed_node_group.aws_iam_role_policy_attachment.additional",
            "module.eks.module.self_managed_node_group.aws_iam_role_policy_attachment.this",
            "module.eks.module.self_managed_node_group.aws_launch_template.this",
            "module.eks.module.self_managed_node_group.aws_placement_group.this",
            "module.eks.module.self_managed_node_group.data.aws_caller_identity.current",
            "module.eks.module.self_managed_node_group.data.aws_ec2_instance_type.this",
            "module.eks.module.self_managed_node_group.data.aws_ec2_instance_type_offerings.this",
            "module.eks.module.self_managed_node_group.data.aws_iam_policy_document.assume_role_policy",
            "module.eks.module.self_managed_node_group.data.aws_iam_policy_document.role",
            "module.eks.module.self_managed_node_group.data.aws_partition.current",
            "module.eks.module.self_managed_node_group.data.aws_ssm_parameter.ami",
            "module.eks.module.self_managed_node_group.data.aws_subnets.placement_group",
            "module.eks.module.self_managed_node_group.module.user_data.data.cloudinit_config.al2023_eks_managed_node_group",
            "module.eks.module.self_managed_node_group.module.user_data.data.cloudinit_config.linux_eks_managed_node_group",
            "module.eks.module.self_managed_node_group.module.user_data.null_resource.validate_cluster_service_cidr",
            "module.eks.time_sleep.this",
            "module.vpc_east.aws_cloudwatch_log_group.flow_log",
            "module.vpc_east.aws_customer_gateway.this",
            "module.vpc_east.aws_db_subnet_group.database",
            "module.vpc_east.aws_default_network_acl.this",
            "module.vpc_east.aws_default_route_table.default",
            "module.vpc_east.aws_default_security_group.this",
            "module.vpc_east.aws_default_vpc.this",
            "module.vpc_east.aws_egress_only_internet_gateway.this",
            "module.vpc_east.aws_eip.nat",
            "module.vpc_east.aws_elasticache_subnet_group.elasticache",
            "module.vpc_east.aws_flow_log.this",
            "module.vpc_east.aws_iam_policy.vpc_flow_log_cloudwatch",
            "module.vpc_east.aws_iam_role.vpc_flow_log_cloudwatch",
            "module.vpc_east.aws_iam_role_policy_attachment.vpc_flow_log_cloudwatch",
            "module.vpc_east.aws_internet_gateway.this",
            "module.vpc_east.aws_nat_gateway.this",
            "module.vpc_east.aws_network_acl.database",
            "module.vpc_east.aws_network_acl.elasticache",
            "module.vpc_east.aws_network_acl.intra",
            "module.vpc_east.aws_network_acl.outpost",
            "module.vpc_east.aws_network_acl.private",
            "module.vpc_east.aws_network_acl.public",
            "module.vpc_east.aws_network_acl.redshift",
            "module.vpc_east.aws_network_acl_rule.database_inbound",
            "module.vpc_east.aws_network_acl_rule.database_outbound",
            "module.vpc_east.aws_network_acl_rule.elasticache_inbound",
            "module.vpc_east.aws_network_acl_rule.elasticache_outbound",
            "module.vpc_east.aws_network_acl_rule.intra_inbound",
            "module.vpc_east.aws_network_acl_rule.intra_outbound",
            "module.vpc_east.aws_network_acl_rule.outpost_inbound",
            "module.vpc_east.aws_network_acl_rule.outpost_outbound",
            "module.vpc_east.aws_network_acl_rule.private_inbound",
            "module.vpc_east.aws_network_acl_rule.private_outbound",
            "module.vpc_east.aws_network_acl_rule.public_inbound",
            "module.vpc_east.aws_network_acl_rule.public_outbound",
            "module.vpc_east.aws_network_acl_rule.redshift_inbound",
            "module.vpc_east.aws_network_acl_rule.redshift_outbound",
            "module.vpc_east.aws_redshift_subnet_group.redshift",
            "module.vpc_east.aws_route.database_dns64_nat_gateway",
            "module.vpc_east.aws_route.database_internet_gateway",
            "module.vpc_east.aws_route.database_ipv6_egress",
            "module.vpc_east.aws_route.database_nat_gateway",
            "module.vpc_east.aws_route.private_dns64_nat_gateway",
            "module.vpc_east.aws_route.private_ipv6_egress",
            "module.vpc_east.aws_route.private_nat_gateway",
            "module.vpc_east.aws_route.public_internet_gateway",
            "module.vpc_east.aws_route.public_internet_gateway_ipv6",
            "module.vpc_east.aws_route_table.database",
            "module.vpc_east.aws_route_table.elasticache",
            "module.vpc_east.aws_route_table.intra",
            "module.vpc_east.aws_route_table.private",
            "module.vpc_east.aws_route_table.public",
            "module.vpc_east.aws_route_table.redshift",
            "module.vpc_east.aws_route_table_association.database",
            "module.vpc_east.aws_route_table_association.elasticache",
            "module.vpc_east.aws_route_table_association.intra",
            "module.vpc_east.aws_route_table_association.outpost",
            "module.vpc_east.aws_route_table_association.private",
            "module.vpc_east.aws_route_table_association.public",
            "module.vpc_east.aws_route_table_association.redshift",
            "module.vpc_east.aws_route_table_association.redshift_public",
            "module.vpc_east.aws_subnet.database",
            "module.vpc_east.aws_subnet.elasticache",
            "module.vpc_east.aws_subnet.intra",
            "module.vpc_east.aws_subnet.outpost",
            "module.vpc_east.aws_subnet.private",
            "module.vpc_east.aws_subnet.public",
            "module.vpc_east.aws_subnet.redshift",
            "module.vpc_east.aws_vpc.this",
            "module.vpc_east.aws_vpc_block_public_access_exclusion.this",
            "module.vpc_east.aws_vpc_block_public_access_options.this",
            "module.vpc_east.aws_vpc_dhcp_options.this",
            "module.vpc_east.aws_vpc_dhcp_options_association.this",
            "module.vpc_east.aws_vpc_ipv4_cidr_block_association.this",
            "module.vpc_east.aws_vpn_gateway.this",
            "module.vpc_east.aws_vpn_gateway_attachment.this",
            "module.vpc_east.aws_vpn_gateway_route_propagation.intra",
            "module.vpc_east.aws_vpn_gateway_route_propagation.private",
            "module.vpc_east.aws_vpn_gateway_route_propagation.public",
            "module.vpc_east.data.aws_caller_identity.current",
            "module.vpc_east.data.aws_iam_policy_document.flow_log_cloudwatch_assume_role",
            "module.vpc_east.data.aws_iam_policy_document.vpc_flow_log_cloudwatch",
            "module.vpc_east.data.aws_partition.current",
            "module.vpc_east.data.aws_region.current"
          ]
        }
      ]
    },
    {
      "mode": "managed",
      "type": "kubernetes_service",
      "name": "query_client",
      "provider": "provider[\"registry.terraform.io/hashicorp/kubernetes\"]",
      "instances": [
        {
          "schema_version": 1,
          "attributes": {
            "id": "gridgain/gg-query-client",
            "metadata": [
              {
                "annotations": {},
                "generate_name": "",
                "generation": 0,
                "labels": {
                  "app": "gg-query-client"
                },
                "name": "gg-query-client",
                "namespace": "gridgain",
                "resource_version": "2799",
                "uid": "1527df7e-9abd-4803-b6bb-c8cdd6e38b92"
              }
            ],
            "spec": [
              {
                "allocate_load_balancer_node_ports": true,
                "cluster_ip": "172.20.82.153",
                "cluster_ips": [
                  "172.20.82.153"
                ],
                "external_ips": [],
                "external_name": "",
                "external_traffic_policy": "Cluster",
                "health_check_node_port": 0,
                "internal_traffic_policy": "Cluster",
                "ip_families": [
                  "IPv4"
                ],
                "ip_family_policy": "SingleStack",
                "load_balancer_class": "",
                "load_balancer_ip": "",
                "load_balancer_source_ranges": [],
                "port": [
                  {
                    "app_protocol": "",
                    "name": "http",
                    "node_port": 31503,
                    "port": 80,
                    "protocol": "TCP",
                    "target_port": "8080"
                  }
                ],
                "publish_not_ready_addresses": false,
                "selector": {
                  "app": "gg-query-client"
                },
                "session_affinity": "None",
                "session_affinity_config": [],
                "type": "LoadBalancer"
              }
            ],
            "status": [
              {
                "load_balancer": [
                  {
                    "ingress": [
                      {
                        "hostname": "a1527df7e9abd4803b6bbc8cdd6e38b9-2056078192.us-east-1.elb.amazonaws.com",
                        "ip": ""
                      }
                    ]
                  }
                ]
              }
            ],
            "timeouts": null,
            "wait_for_load_balancer": true
          },
          "sensitive_attributes": [],
          "identity_schema_version": 1,
          "identity": {
            "api_version": "v1",
            "kind": "Service",
            "name": "gg-query-client",
            "namespace": "gridgain"
          },
          "private": "eyJlMmJmYjczMC1lY2FhLTExZTYtOGY4OC0zNDM2M2JjN2M0YzAiOnsiY3JlYXRlIjo2MDAwMDAwMDAwMDB9LCJzY2hlbWFfdmVyc2lvbiI6IjEifQ==",
          "dependencies": [
            "aws_eks_addon.ebs_csi",
            "data.aws_secretsmanager_secret_version.gg9_license",
            "helm_release.gridgain9",
            "kubernetes_deployment.query_client",
            "kubernetes_namespace.gg9",
            "kubernetes_secret.gg9_license",
            "kubernetes_storage_class.gp3",
            "module.ebs_csi_irsa.aws_iam_policy.amazon_managed_service_prometheus",
            "module.ebs_csi_irsa.aws_iam_policy.appmesh_controller",
            "module.ebs_csi_irsa.aws_iam_policy.appmesh_envoy_proxy",
            "module.ebs_csi_irsa.aws_iam_policy.aws_gateway_controller",
            "module.ebs_csi_irsa.aws_iam_policy.cert_manager",
            "module.ebs_csi_irsa.aws_iam_policy.cluster_autoscaler",
            "module.ebs_csi_irsa.aws_iam_policy.ebs_csi",
            "module.ebs_csi_irsa.aws_iam_policy.efs_csi",
            "module.ebs_csi_irsa.aws_iam_policy.external_dns",
            "module.ebs_csi_irsa.aws_iam_policy.external_secrets",
            "module.ebs_csi_irsa.aws_iam_policy.fsx_lustre_csi",
            "module.ebs_csi_irsa.aws_iam_policy.fsx_openzfs_csi",
            "module.ebs_csi_irsa.aws_iam_policy.karpenter_controller",
            "module.ebs_csi_irsa.aws_iam_policy.load_balancer_controller",
            "module.ebs_csi_irsa.aws_iam_policy.load_balancer_controller_targetgroup_only",
            "module.ebs_csi_irsa.aws_iam_policy.mountpoint_s3_csi",
            "module.ebs_csi_irsa.aws_iam_policy.node_termination_handler",
            "module.ebs_csi_irsa.aws_iam_policy.velero",
            "module.ebs_csi_irsa.aws_iam_policy.vpc_cni",
            "module.ebs_csi_irsa.aws_iam_role.this",
            "module.ebs_csi_irsa.aws_iam_role_policy_attachment.amazon_cloudwatch_observability",
            "module.ebs_csi_irsa.aws_iam_role_policy_attachment.amazon_managed_service_prometheus",
            "module.ebs_csi_irsa.aws_iam_role_policy_attachment.appmesh_controller",
            "module.ebs_csi_irsa.aws_iam_role_policy_attachment.appmesh_envoy_proxy",
            "module.ebs_csi_irsa.aws_iam_role_policy_attachment.aws_gateway_controller",
            "module.ebs_csi_irsa.aws_iam_role_policy_attachment.cert_manager",
            "module.ebs_csi_irsa.aws_iam_role_policy_attachment.cluster_autoscaler",
            "module.ebs_csi_irsa.aws_iam_role_policy_attachment.ebs_csi",
            "module.ebs_csi_irsa.aws_iam_role_policy_attachment.efs_csi",
            "module.ebs_csi_irsa.aws_iam_role_policy_attachment.external_dns",
            "module.ebs_csi_irsa.aws_iam_role_policy_attachment.external_secrets",
            "module.ebs_csi_irsa.aws_iam_role_policy_attachment.fsx_lustre_csi",
            "module.ebs_csi_irsa.aws_iam_role_policy_attachment.fsx_openzfs_csi",
            "module.ebs_csi_irsa.aws_iam_role_policy_attachment.karpenter_controller",
            "module.ebs_csi_irsa.aws_iam_role_policy_attachment.load_balancer_controller",
            "module.ebs_csi_irsa.aws_iam_role_policy_attachment.load_balancer_controller_targetgroup_only",
            "module.ebs_csi_irsa.aws_iam_role_policy_attachment.mountpoint_s3_csi",
            "module.ebs_csi_irsa.aws_iam_role_policy_attachment.node_termination_handler",
            "module.ebs_csi_irsa.aws_iam_role_policy_attachment.this",
            "module.ebs_csi_irsa.aws_iam_role_policy_attachment.velero",
            "module.ebs_csi_irsa.aws_iam_role_policy_attachment.vpc_cni",
            "module.ebs_csi_irsa.data.aws_caller_identity.current",
            "module.ebs_csi_irsa.data.aws_iam_policy_document.amazon_managed_service_prometheus",
            "module.ebs_csi_irsa.data.aws_iam_policy_document.appmesh_controller",
            "module.ebs_csi_irsa.data.aws_iam_policy_document.appmesh_envoy_proxy",
            "module.ebs_csi_irsa.data.aws_iam_policy_document.aws_gateway_controller",
            "module.ebs_csi_irsa.data.aws_iam_policy_document.cert_manager",
            "module.ebs_csi_irsa.data.aws_iam_policy_document.cluster_autoscaler",
            "module.ebs_csi_irsa.data.aws_iam_policy_document.ebs_csi",
            "module.ebs_csi_irsa.data.aws_iam_policy_document.efs_csi",
            "module.ebs_csi_irsa.data.aws_iam_policy_document.external_dns",
            "module.ebs_csi_irsa.data.aws_iam_policy_document.external_secrets",
            "module.ebs_csi_irsa.data.aws_iam_policy_document.fsx_lustre_csi",
            "module.ebs_csi_irsa.data.aws_iam_policy_document.fsx_openzfs_csi",
            "module.ebs_csi_irsa.data.aws_iam_policy_document.karpenter_controller",
            "module.ebs_csi_irsa.data.aws_iam_policy_document.load_balancer_controller",
            "module.ebs_csi_irsa.data.aws_iam_policy_document.load_balancer_controller_targetgroup_only",
            "module.ebs_csi_irsa.data.aws_iam_policy_document.mountpoint_s3_csi",
            "module.ebs_csi_irsa.data.aws_iam_policy_document.node_termination_handler",
            "module.ebs_csi_irsa.data.aws_iam_policy_document.this",
            "module.ebs_csi_irsa.data.aws_iam_policy_document.velero",
            "module.ebs_csi_irsa.data.aws_iam_policy_document.vpc_cni",
            "module.ebs_csi_irsa.data.aws_partition.current",
            "module.ebs_csi_irsa.data.aws_region.current",
            "module.eks.aws_cloudwatch_log_group.this",
            "module.eks.aws_ec2_tag.cluster_primary_security_group",
            "module.eks.aws_eks_access_entry.this",
            "module.eks.aws_eks_access_policy_association.this",
            "module.eks.aws_eks_addon.before_compute",
            "module.eks.aws_eks_addon.this",
            "module.eks.aws_eks_cluster.this",
            "module.eks.aws_eks_identity_provider_config.this",
            "module.eks.aws_iam_openid_connect_provider.oidc_provider",
            "module.eks.aws_iam_policy.cluster_encryption",
            "module.eks.aws_iam_policy.cni_ipv6_policy",
            "module.eks.aws_iam_policy.custom",
            "module.eks.aws_iam_role.eks_auto",
            "module.eks.aws_iam_role.this",
            "module.eks.aws_iam_role_policy_attachment.additional",
            "module.eks.aws_iam_role_policy_attachment.cluster_encryption",
            "module.eks.aws_iam_role_policy_attachment.custom",
            "module.eks.aws_iam_role_policy_attachment.eks_auto",
            "module.eks.aws_iam_role_policy_attachment.eks_auto_additional",
            "module.eks.aws_iam_role_policy_attachment.this",
            "module.eks.aws_security_group.cluster",
            "module.eks.aws_security_group.node",
            "module.eks.aws_security_group_rule.cluster",
            "module.eks.aws_security_group_rule.node",
            "module.eks.data.aws_caller_identity.current",
            "module.eks.data.aws_eks_addon_version.this",
            "module.eks.data.aws_iam_policy_document.assume_role_policy",
            "module.eks.data.aws_iam_policy_document.cni_ipv6_policy",
            "module.eks.data.aws_iam_policy_document.custom",
            "module.eks.data.aws_iam_policy_document.node_assume_role_policy",
            "module.eks.data.aws_iam_session_context.current",
            "module.eks.data.aws_partition.current",
            "module.eks.data.tls_certificate.this",
            "module.eks.module.eks_managed_node_group.aws_autoscaling_schedule.this",
            "module.eks.module.eks_managed_node_group.aws_eks_node_group.this",
            "module.eks.module.eks_managed_node_group.aws_iam_role.this",
            "module.eks.module.eks_managed_node_group.aws_iam_role_policy.this",
            "module.eks.module.eks_managed_node_group.aws_iam_role_policy_attachment.additional",
            "module.eks.module.eks_managed_node_group.aws_iam_role_policy_attachment.this",
            "module.eks.module.eks_managed_node_group.aws_launch_template.this",
            "module.eks.module.eks_managed_node_group.aws_placement_group.this",
            "module.eks.module.eks_managed_node_group.data.aws_caller_identity.current",
            "module.eks.module.eks_managed_node_group.data.aws_ec2_instance_type.this",
            "module.eks.module.eks_managed_node_group.data.aws_ec2_instance_type_offerings.this",
            "module.eks.module.eks_managed_node_group.data.aws_iam_policy_document.assume_role_policy",
            "module.eks.module.eks_managed_node_group.data.aws_iam_policy_document.role",
            "module.eks.module.eks_managed_node_group.data.aws_partition.current",
            "module.eks.module.eks_managed_node_group.data.aws_ssm_parameter.ami",
            "module.eks.module.eks_managed_node_group.data.aws_subnets.placement_group",
            "module.eks.module.eks_managed_node_group.module.user_data.data.cloudinit_config.al2023_eks_managed_node_group",
            "module.eks.module.eks_managed_node_group.module.user_data.data.cloudinit_config.linux_eks_managed_node_group",
            "module.eks.module.eks_managed_node_group.module.user_data.null_resource.validate_cluster_service_cidr",
            "module.eks.module.fargate_profile.aws_eks_fargate_profile.this",
            "module.eks.module.fargate_profile.aws_iam_role.this",
            "module.eks.module.fargate_profile.aws_iam_role_policy.this",
            "module.eks.module.fargate_profile.aws_iam_role_policy_attachment.additional",
            "module.eks.module.fargate_profile.aws_iam_role_policy_attachment.this",
            "module.eks.module.fargate_profile.data.aws_caller_identity.current",
            "module.eks.module.fargate_profile.data.aws_iam_policy_document.assume_role_policy",
            "module.eks.module.fargate_profile.data.aws_iam_policy_document.role",
            "module.eks.module.fargate_profile.data.aws_partition.current",
            "module.eks.module.fargate_profile.data.aws_region.current",
            "module.eks.module.kms.aws_kms_alias.this",
            "module.eks.module.kms.aws_kms_external_key.this",
            "module.eks.module.kms.aws_kms_grant.this",
            "module.eks.module.kms.aws_kms_key.this",
            "module.eks.module.kms.aws_kms_replica_external_key.this",
            "module.eks.module.kms.aws_kms_replica_key.this",
            "module.eks.module.kms.data.aws_caller_identity.current",
            "module.eks.module.kms.data.aws_iam_policy_document.this",
            "module.eks.module.kms.data.aws_partition.current",
            "module.eks.module.self_managed_node_group.aws_autoscaling_group.this",
            "module.eks.module.self_managed_node_group.aws_autoscaling_schedule.this",
            "module.eks.module.self_managed_node_group.aws_eks_access_entry.this",
            "module.eks.module.self_managed_node_group.aws_iam_instance_profile.this",
            "module.eks.module.self_managed_node_group.aws_iam_role.this",
            "module.eks.module.self_managed_node_group.aws_iam_role_policy.this",
            "module.eks.module.self_managed_node_group.aws_iam_role_policy_attachment.additional",
            "module.eks.module.self_managed_node_group.aws_iam_role_policy_attachment.this",
            "module.eks.module.self_managed_node_group.aws_launch_template.this",
            "module.eks.module.self_managed_node_group.aws_placement_group.this",
            "module.eks.module.self_managed_node_group.data.aws_caller_identity.current",
            "module.eks.module.self_managed_node_group.data.aws_ec2_instance_type.this",
            "module.eks.module.self_managed_node_group.data.aws_ec2_instance_type_offerings.this",
            "module.eks.module.self_managed_node_group.data.aws_iam_policy_document.assume_role_policy",
            "module.eks.module.self_managed_node_group.data.aws_iam_policy_document.role",
            "module.eks.module.self_managed_node_group.data.aws_partition.current",
            "module.eks.module.self_managed_node_group.data.aws_ssm_parameter.ami",
            "module.eks.module.self_managed_node_group.data.aws_subnets.placement_group",
            "module.eks.module.self_managed_node_group.module.user_data.data.cloudinit_config.al2023_eks_managed_node_group",
            "module.eks.module.self_managed_node_group.module.user_data.data.cloudinit_config.linux_eks_managed_node_group",
            "module.eks.module.self_managed_node_group.module.user_data.null_resource.validate_cluster_service_cidr",
            "module.eks.time_sleep.this",
            "module.vpc_east.aws_subnet.public",
            "module.vpc_east.aws_vpc.this",
            "module.vpc_east.aws_vpc_ipv4_cidr_block_association.this"
          ]
        }
      ]
    },
    {
      "mode": "managed",
      "type": "kubernetes_storage_class",
      "name": "gp3",
      "provider": "provider[\"registry.terraform.io/hashicorp/kubernetes\"]",
      "instances": [
        {
          "schema_version": 0,
          "attributes": {
            "allow_volume_expansion": true,
            "allowed_topologies": [],
            "id": "gp3",
            "metadata": [
              {
                "annotations": {
                  "storageclass.kubernetes.io/is-default-class": "true"
                },
                "generate_name": "",
                "generation": 0,
                "labels": {},
                "name": "gp3",
                "resource_version": "1947",
                "uid": "e2aa37d8-a0b4-4252-94b1-847c27931187"
              }
            ],
            "mount_options": [],
            "parameters": {
              "fsType": "ext4",
              "type": "gp3"
            },
            "reclaim_policy": "Delete",
            "storage_provisioner": "ebs.csi.aws.com",
            "volume_binding_mode": "WaitForFirstConsumer"
          },
          "sensitive_attributes": [],
          "identity_schema_version": 0,
          "private": "bnVsbA==",
          "dependencies": [
            "aws_eks_addon.ebs_csi",
            "module.ebs_csi_irsa.aws_iam_policy.amazon_managed_service_prometheus",
            "module.ebs_csi_irsa.aws_iam_policy.appmesh_controller",
            "module.ebs_csi_irsa.aws_iam_policy.appmesh_envoy_proxy",
            "module.ebs_csi_irsa.aws_iam_policy.aws_gateway_controller",
            "module.ebs_csi_irsa.aws_iam_policy.cert_manager",
            "module.ebs_csi_irsa.aws_iam_policy.cluster_autoscaler",
            "module.ebs_csi_irsa.aws_iam_policy.ebs_csi",
            "module.ebs_csi_irsa.aws_iam_policy.efs_csi",
            "module.ebs_csi_irsa.aws_iam_policy.external_dns",
            "module.ebs_csi_irsa.aws_iam_policy.external_secrets",
            "module.ebs_csi_irsa.aws_iam_policy.fsx_lustre_csi",
            "module.ebs_csi_irsa.aws_iam_policy.fsx_openzfs_csi",
            "module.ebs_csi_irsa.aws_iam_policy.karpenter_controller",
            "module.ebs_csi_irsa.aws_iam_policy.load_balancer_controller",
            "module.ebs_csi_irsa.aws_iam_policy.load_balancer_controller_targetgroup_only",
            "module.ebs_csi_irsa.aws_iam_policy.mountpoint_s3_csi",
            "module.ebs_csi_irsa.aws_iam_policy.node_termination_handler",
            "module.ebs_csi_irsa.aws_iam_policy.velero",
            "module.ebs_csi_irsa.aws_iam_policy.vpc_cni",
            "module.ebs_csi_irsa.aws_iam_role.this",
            "module.ebs_csi_irsa.aws_iam_role_policy_attachment.amazon_cloudwatch_observability",
            "module.ebs_csi_irsa.aws_iam_role_policy_attachment.amazon_managed_service_prometheus",
            "module.ebs_csi_irsa.aws_iam_role_policy_attachment.appmesh_controller",
            "module.ebs_csi_irsa.aws_iam_role_policy_attachment.appmesh_envoy_proxy",
            "module.ebs_csi_irsa.aws_iam_role_policy_attachment.aws_gateway_controller",
            "module.ebs_csi_irsa.aws_iam_role_policy_attachment.cert_manager",
            "module.ebs_csi_irsa.aws_iam_role_policy_attachment.cluster_autoscaler",
            "module.ebs_csi_irsa.aws_iam_role_policy_attachment.ebs_csi",
            "module.ebs_csi_irsa.aws_iam_role_policy_attachment.efs_csi",
            "module.ebs_csi_irsa.aws_iam_role_policy_attachment.external_dns",
            "module.ebs_csi_irsa.aws_iam_role_policy_attachment.external_secrets",
            "module.ebs_csi_irsa.aws_iam_role_policy_attachment.fsx_lustre_csi",
            "module.ebs_csi_irsa.aws_iam_role_policy_attachment.fsx_openzfs_csi",
            "module.ebs_csi_irsa.aws_iam_role_policy_attachment.karpenter_controller",
            "module.ebs_csi_irsa.aws_iam_role_policy_attachment.load_balancer_controller",
            "module.ebs_csi_irsa.aws_iam_role_policy_attachment.load_balancer_controller_targetgroup_only",
            "module.ebs_csi_irsa.aws_iam_role_policy_attachment.mountpoint_s3_csi",
            "module.ebs_csi_irsa.aws_iam_role_policy_attachment.node_termination_handler",
            "module.ebs_csi_irsa.aws_iam_role_policy_attachment.this",
            "module.ebs_csi_irsa.aws_iam_role_policy_attachment.velero",
            "module.ebs_csi_irsa.aws_iam_role_policy_attachment.vpc_cni",
            "module.ebs_csi_irsa.data.aws_caller_identity.current",
            "module.ebs_csi_irsa.data.aws_iam_policy_document.amazon_managed_service_prometheus",
            "module.ebs_csi_irsa.data.aws_iam_policy_document.appmesh_controller",
            "module.ebs_csi_irsa.data.aws_iam_policy_document.appmesh_envoy_proxy",
            "module.ebs_csi_irsa.data.aws_iam_policy_document.aws_gateway_controller",
            "module.ebs_csi_irsa.data.aws_iam_policy_document.cert_manager",
            "module.ebs_csi_irsa.data.aws_iam_policy_document.cluster_autoscaler",
            "module.ebs_csi_irsa.data.aws_iam_policy_document.ebs_csi",
            "module.ebs_csi_irsa.data.aws_iam_policy_document.efs_csi",
            "module.ebs_csi_irsa.data.aws_iam_policy_document.external_dns",
            "module.ebs_csi_irsa.data.aws_iam_policy_document.external_secrets",
            "module.ebs_csi_irsa.data.aws_iam_policy_document.fsx_lustre_csi",
            "module.ebs_csi_irsa.data.aws_iam_policy_document.fsx_openzfs_csi",
            "module.ebs_csi_irsa.data.aws_iam_policy_document.karpenter_controller",
            "module.ebs_csi_irsa.data.aws_iam_policy_document.load_balancer_controller",
            "module.ebs_csi_irsa.data.aws_iam_policy_document.load_balancer_controller_targetgroup_only",
            "module.ebs_csi_irsa.data.aws_iam_policy_document.mountpoint_s3_csi",
            "module.ebs_csi_irsa.data.aws_iam_policy_document.node_termination_handler",
            "module.ebs_csi_irsa.data.aws_iam_policy_document.this",
            "module.ebs_csi_irsa.data.aws_iam_policy_document.velero",
            "module.ebs_csi_irsa.data.aws_iam_policy_document.vpc_cni",
            "module.ebs_csi_irsa.data.aws_partition.current",
            "module.ebs_csi_irsa.data.aws_region.current",
            "module.eks.aws_cloudwatch_log_group.this",
            "module.eks.aws_ec2_tag.cluster_primary_security_group",
            "module.eks.aws_eks_access_entry.this",
            "module.eks.aws_eks_access_policy_association.this",
            "module.eks.aws_eks_addon.before_compute",
            "module.eks.aws_eks_addon.this",
            "module.eks.aws_eks_cluster.this",
            "module.eks.aws_eks_identity_provider_config.this",
            "module.eks.aws_iam_openid_connect_provider.oidc_provider",
            "module.eks.aws_iam_policy.cluster_encryption",
            "module.eks.aws_iam_policy.cni_ipv6_policy",
            "module.eks.aws_iam_policy.custom",
            "module.eks.aws_iam_role.eks_auto",
            "module.eks.aws_iam_role.this",
            "module.eks.aws_iam_role_policy_attachment.additional",
            "module.eks.aws_iam_role_policy_attachment.cluster_encryption",
            "module.eks.aws_iam_role_policy_attachment.custom",
            "module.eks.aws_iam_role_policy_attachment.eks_auto",
            "module.eks.aws_iam_role_policy_attachment.eks_auto_additional",
            "module.eks.aws_iam_role_policy_attachment.this",
            "module.eks.aws_security_group.cluster",
            "module.eks.aws_security_group.node",
            "module.eks.aws_security_group_rule.cluster",
            "module.eks.aws_security_group_rule.node",
            "module.eks.data.aws_caller_identity.current",
            "module.eks.data.aws_eks_addon_version.this",
            "module.eks.data.aws_iam_policy_document.assume_role_policy",
            "module.eks.data.aws_iam_policy_document.cni_ipv6_policy",
            "module.eks.data.aws_iam_policy_document.custom",
            "module.eks.data.aws_iam_policy_document.node_assume_role_policy",
            "module.eks.data.aws_iam_session_context.current",
            "module.eks.data.aws_partition.current",
            "module.eks.data.tls_certificate.this",
            "module.eks.module.eks_managed_node_group.aws_autoscaling_schedule.this",
            "module.eks.module.eks_managed_node_group.aws_eks_node_group.this",
            "module.eks.module.eks_managed_node_group.aws_iam_role.this",
            "module.eks.module.eks_managed_node_group.aws_iam_role_policy.this",
            "module.eks.module.eks_managed_node_group.aws_iam_role_policy_attachment.additional",
            "module.eks.module.eks_managed_node_group.aws_iam_role_policy_attachment.this",
            "module.eks.module.eks_managed_node_group.aws_launch_template.this",
            "module.eks.module.eks_managed_node_group.aws_placement_group.this",
            "module.eks.module.eks_managed_node_group.data.aws_caller_identity.current",
            "module.eks.module.eks_managed_node_group.data.aws_ec2_instance_type.this",
            "module.eks.module.eks_managed_node_group.data.aws_ec2_instance_type_offerings.this",
            "module.eks.module.eks_managed_node_group.data.aws_iam_policy_document.assume_role_policy",
            "module.eks.module.eks_managed_node_group.data.aws_iam_policy_document.role",
            "module.eks.module.eks_managed_node_group.data.aws_partition.current",
            "module.eks.module.eks_managed_node_group.data.aws_ssm_parameter.ami",
            "module.eks.module.eks_managed_node_group.data.aws_subnets.placement_group",
            "module.eks.module.eks_managed_node_group.module.user_data.data.cloudinit_config.al2023_eks_managed_node_group",
            "module.eks.module.eks_managed_node_group.module.user_data.data.cloudinit_config.linux_eks_managed_node_group",
            "module.eks.module.eks_managed_node_group.module.user_data.null_resource.validate_cluster_service_cidr",
            "module.eks.module.fargate_profile.aws_eks_fargate_profile.this",
            "module.eks.module.fargate_profile.aws_iam_role.this",
            "module.eks.module.fargate_profile.aws_iam_role_policy.this",
            "module.eks.module.fargate_profile.aws_iam_role_policy_attachment.additional",
            "module.eks.module.fargate_profile.aws_iam_role_policy_attachment.this",
            "module.eks.module.fargate_profile.data.aws_caller_identity.current",
            "module.eks.module.fargate_profile.data.aws_iam_policy_document.assume_role_policy",
            "module.eks.module.fargate_profile.data.aws_iam_policy_document.role",
            "module.eks.module.fargate_profile.data.aws_partition.current",
            "module.eks.module.fargate_profile.data.aws_region.current",
            "module.eks.module.kms.aws_kms_alias.this",
            "module.eks.module.kms.aws_kms_external_key.this",
            "module.eks.module.kms.aws_kms_grant.this",
            "module.eks.module.kms.aws_kms_key.this",
            "module.eks.module.kms.aws_kms_replica_external_key.this",
            "module.eks.module.kms.aws_kms_replica_key.this",
            "module.eks.module.kms.data.aws_caller_identity.current",
            "module.eks.module.kms.data.aws_iam_policy_document.this",
            "module.eks.module.kms.data.aws_partition.current",
            "module.eks.module.self_managed_node_group.aws_autoscaling_group.this",
            "module.eks.module.self_managed_node_group.aws_autoscaling_schedule.this",
            "module.eks.module.self_managed_node_group.aws_eks_access_entry.this",
            "module.eks.module.self_managed_node_group.aws_iam_instance_profile.this",
            "module.eks.module.self_managed_node_group.aws_iam_role.this",
            "module.eks.module.self_managed_node_group.aws_iam_role_policy.this",
            "module.eks.module.self_managed_node_group.aws_iam_role_policy_attachment.additional",
            "module.eks.module.self_managed_node_group.aws_iam_role_policy_attachment.this",
            "module.eks.module.self_managed_node_group.aws_launch_template.this",
            "module.eks.module.self_managed_node_group.aws_placement_group.this",
            "module.eks.module.self_managed_node_group.data.aws_caller_identity.current",
            "module.eks.module.self_managed_node_group.data.aws_ec2_instance_type.this",
            "module.eks.module.self_managed_node_group.data.aws_ec2_instance_type_offerings.this",
            "module.eks.module.self_managed_node_group.data.aws_iam_policy_document.assume_role_policy",
            "module.eks.module.self_managed_node_group.data.aws_iam_policy_document.role",
            "module.eks.module.self_managed_node_group.data.aws_partition.current",
            "module.eks.module.self_managed_node_group.data.aws_ssm_parameter.ami",
            "module.eks.module.self_managed_node_group.data.aws_subnets.placement_group",
            "module.eks.module.self_managed_node_group.module.user_data.data.cloudinit_config.al2023_eks_managed_node_group",
            "module.eks.module.self_managed_node_group.module.user_data.data.cloudinit_config.linux_eks_managed_node_group",
            "module.eks.module.self_managed_node_group.module.user_data.null_resource.validate_cluster_service_cidr",
            "module.eks.time_sleep.this",
            "module.vpc_east.aws_subnet.public",
            "module.vpc_east.aws_vpc.this",
            "module.vpc_east.aws_vpc_ipv4_cidr_block_association.this"
          ]
        }
      ]
    },
    {
      "mode": "managed",
      "type": "kubernetes_storage_class",
      "name": "gp3_west",
      "provider": "provider[\"registry.terraform.io/hashicorp/kubernetes\"].west",
      "instances": [
        {
          "schema_version": 0,
          "attributes": {
            "allow_volume_expansion": true,
            "allowed_topologies": [],
            "id": "gp3",
            "metadata": [
              {
                "annotations": {
                  "storageclass.kubernetes.io/is-default-class": "true"
                },
                "generate_name": "",
                "generation": 0,
                "labels": {},
                "name": "gp3",
                "resource_version": "1897",
                "uid": "9f86d75f-6289-4b5b-b0bc-d804708cf945"
              }
            ],
            "mount_options": [],
            "parameters": {
              "fsType": "ext4",
              "type": "gp3"
            },
            "reclaim_policy": "Delete",
            "storage_provisioner": "ebs.csi.aws.com",
            "volume_binding_mode": "WaitForFirstConsumer"
          },
          "sensitive_attributes": [],
          "identity_schema_version": 0,
          "private": "bnVsbA==",
          "dependencies": [
            "aws_eks_addon.ebs_csi_west",
            "module.ebs_csi_irsa_west.aws_iam_policy.amazon_managed_service_prometheus",
            "module.ebs_csi_irsa_west.aws_iam_policy.appmesh_controller",
            "module.ebs_csi_irsa_west.aws_iam_policy.appmesh_envoy_proxy",
            "module.ebs_csi_irsa_west.aws_iam_policy.aws_gateway_controller",
            "module.ebs_csi_irsa_west.aws_iam_policy.cert_manager",
            "module.ebs_csi_irsa_west.aws_iam_policy.cluster_autoscaler",
            "module.ebs_csi_irsa_west.aws_iam_policy.ebs_csi",
            "module.ebs_csi_irsa_west.aws_iam_policy.efs_csi",
            "module.ebs_csi_irsa_west.aws_iam_policy.external_dns",
            "module.ebs_csi_irsa_west.aws_iam_policy.external_secrets",
            "module.ebs_csi_irsa_west.aws_iam_policy.fsx_lustre_csi",
            "module.ebs_csi_irsa_west.aws_iam_policy.fsx_openzfs_csi",
            "module.ebs_csi_irsa_west.aws_iam_policy.karpenter_controller",
            "module.ebs_csi_irsa_west.aws_iam_policy.load_balancer_controller",
            "module.ebs_csi_irsa_west.aws_iam_policy.load_balancer_controller_targetgroup_only",
            "module.ebs_csi_irsa_west.aws_iam_policy.mountpoint_s3_csi",
            "module.ebs_csi_irsa_west.aws_iam_policy.node_termination_handler",
            "module.ebs_csi_irsa_west.aws_iam_policy.velero",
            "module.ebs_csi_irsa_west.aws_iam_policy.vpc_cni",
            "module.ebs_csi_irsa_west.aws_iam_role.this",
            "module.ebs_csi_irsa_west.aws_iam_role_policy_attachment.amazon_cloudwatch_observability",
            "module.ebs_csi_irsa_west.aws_iam_role_policy_attachment.amazon_managed_service_prometheus",
            "module.ebs_csi_irsa_west.aws_iam_role_policy_attachment.appmesh_controller",
            "module.ebs_csi_irsa_west.aws_iam_role_policy_attachment.appmesh_envoy_proxy",
            "module.ebs_csi_irsa_west.aws_iam_role_policy_attachment.aws_gateway_controller",
            "module.ebs_csi_irsa_west.aws_iam_role_policy_attachment.cert_manager",
            "module.ebs_csi_irsa_west.aws_iam_role_policy_attachment.cluster_autoscaler",
            "module.ebs_csi_irsa_west.aws_iam_role_policy_attachment.ebs_csi",
            "module.ebs_csi_irsa_west.aws_iam_role_policy_attachment.efs_csi",
            "module.ebs_csi_irsa_west.aws_iam_role_policy_attachment.external_dns",
            "module.ebs_csi_irsa_west.aws_iam_role_policy_attachment.external_secrets",
            "module.ebs_csi_irsa_west.aws_iam_role_policy_attachment.fsx_lustre_csi",
            "module.ebs_csi_irsa_west.aws_iam_role_policy_attachment.fsx_openzfs_csi",
            "module.ebs_csi_irsa_west.aws_iam_role_policy_attachment.karpenter_controller",
            "module.ebs_csi_irsa_west.aws_iam_role_policy_attachment.load_balancer_controller",
            "module.ebs_csi_irsa_west.aws_iam_role_policy_attachment.load_balancer_controller_targetgroup_only",
            "module.ebs_csi_irsa_west.aws_iam_role_policy_attachment.mountpoint_s3_csi",
            "module.ebs_csi_irsa_west.aws_iam_role_policy_attachment.node_termination_handler",
            "module.ebs_csi_irsa_west.aws_iam_role_policy_attachment.this",
            "module.ebs_csi_irsa_west.aws_iam_role_policy_attachment.velero",
            "module.ebs_csi_irsa_west.aws_iam_role_policy_attachment.vpc_cni",
            "module.ebs_csi_irsa_west.data.aws_caller_identity.current",
            "module.ebs_csi_irsa_west.data.aws_iam_policy_document.amazon_managed_service_prometheus",
            "module.ebs_csi_irsa_west.data.aws_iam_policy_document.appmesh_controller",
            "module.ebs_csi_irsa_west.data.aws_iam_policy_document.appmesh_envoy_proxy",
            "module.ebs_csi_irsa_west.data.aws_iam_policy_document.aws_gateway_controller",
            "module.ebs_csi_irsa_west.data.aws_iam_policy_document.cert_manager",
            "module.ebs_csi_irsa_west.data.aws_iam_policy_document.cluster_autoscaler",
            "module.ebs_csi_irsa_west.data.aws_iam_policy_document.ebs_csi",
            "module.ebs_csi_irsa_west.data.aws_iam_policy_document.efs_csi",
            "module.ebs_csi_irsa_west.data.aws_iam_policy_document.external_dns",
            "module.ebs_csi_irsa_west.data.aws_iam_policy_document.external_secrets",
            "module.ebs_csi_irsa_west.data.aws_iam_policy_document.fsx_lustre_csi",
            "module.ebs_csi_irsa_west.data.aws_iam_policy_document.fsx_openzfs_csi",
            "module.ebs_csi_irsa_west.data.aws_iam_policy_document.karpenter_controller",
            "module.ebs_csi_irsa_west.data.aws_iam_policy_document.load_balancer_controller",
            "module.ebs_csi_irsa_west.data.aws_iam_policy_document.load_balancer_controller_targetgroup_only",
            "module.ebs_csi_irsa_west.data.aws_iam_policy_document.mountpoint_s3_csi",
            "module.ebs_csi_irsa_west.data.aws_iam_policy_document.node_termination_handler",
            "module.ebs_csi_irsa_west.data.aws_iam_policy_document.this",
            "module.ebs_csi_irsa_west.data.aws_iam_policy_document.velero",
            "module.ebs_csi_irsa_west.data.aws_iam_policy_document.vpc_cni",
            "module.ebs_csi_irsa_west.data.aws_partition.current",
            "module.ebs_csi_irsa_west.data.aws_region.current",
            "module.eks_west.aws_cloudwatch_log_group.this",
            "module.eks_west.aws_ec2_tag.cluster_primary_security_group",
            "module.eks_west.aws_eks_access_entry.this",
            "module.eks_west.aws_eks_access_policy_association.this",
            "module.eks_west.aws_eks_addon.before_compute",
            "module.eks_west.aws_eks_addon.this",
            "module.eks_west.aws_eks_cluster.this",
            "module.eks_west.aws_eks_identity_provider_config.this",
            "module.eks_west.aws_iam_openid_connect_provider.oidc_provider",
            "module.eks_west.aws_iam_policy.cluster_encryption",
            "module.eks_west.aws_iam_policy.cni_ipv6_policy",
            "module.eks_west.aws_iam_policy.custom",
            "module.eks_west.aws_iam_role.eks_auto",
            "module.eks_west.aws_iam_role.this",
            "module.eks_west.aws_iam_role_policy_attachment.additional",
            "module.eks_west.aws_iam_role_policy_attachment.cluster_encryption",
            "module.eks_west.aws_iam_role_policy_attachment.custom",
            "module.eks_west.aws_iam_role_policy_attachment.eks_auto",
            "module.eks_west.aws_iam_role_policy_attachment.eks_auto_additional",
            "module.eks_west.aws_iam_role_policy_attachment.this",
            "module.eks_west.aws_security_group.cluster",
            "module.eks_west.aws_security_group.node",
            "module.eks_west.aws_security_group_rule.cluster",
            "module.eks_west.aws_security_group_rule.node",
            "module.eks_west.data.aws_caller_identity.current",
            "module.eks_west.data.aws_eks_addon_version.this",
            "module.eks_west.data.aws_iam_policy_document.assume_role_policy",
            "module.eks_west.data.aws_iam_policy_document.cni_ipv6_policy",
            "module.eks_west.data.aws_iam_policy_document.custom",
            "module.eks_west.data.aws_iam_policy_document.node_assume_role_policy",
            "module.eks_west.data.aws_iam_session_context.current",
            "module.eks_west.data.aws_partition.current",
            "module.eks_west.data.tls_certificate.this",
            "module.eks_west.module.eks_managed_node_group.aws_autoscaling_schedule.this",
            "module.eks_west.module.eks_managed_node_group.aws_eks_node_group.this",
            "module.eks_west.module.eks_managed_node_group.aws_iam_role.this",
            "module.eks_west.module.eks_managed_node_group.aws_iam_role_policy.this",
            "module.eks_west.module.eks_managed_node_group.aws_iam_role_policy_attachment.additional",
            "module.eks_west.module.eks_managed_node_group.aws_iam_role_policy_attachment.this",
            "module.eks_west.module.eks_managed_node_group.aws_launch_template.this",
            "module.eks_west.module.eks_managed_node_group.aws_placement_group.this",
            "module.eks_west.module.eks_managed_node_group.data.aws_caller_identity.current",
            "module.eks_west.module.eks_managed_node_group.data.aws_ec2_instance_type.this",
            "module.eks_west.module.eks_managed_node_group.data.aws_ec2_instance_type_offerings.this",
            "module.eks_west.module.eks_managed_node_group.data.aws_iam_policy_document.assume_role_policy",
            "module.eks_west.module.eks_managed_node_group.data.aws_iam_policy_document.role",
            "module.eks_west.module.eks_managed_node_group.data.aws_partition.current",
            "module.eks_west.module.eks_managed_node_group.data.aws_ssm_parameter.ami",
            "module.eks_west.module.eks_managed_node_group.data.aws_subnets.placement_group",
            "module.eks_west.module.eks_managed_node_group.module.user_data.data.cloudinit_config.al2023_eks_managed_node_group",
            "module.eks_west.module.eks_managed_node_group.module.user_data.data.cloudinit_config.linux_eks_managed_node_group",
            "module.eks_west.module.eks_managed_node_group.module.user_data.null_resource.validate_cluster_service_cidr",
            "module.eks_west.module.fargate_profile.aws_eks_fargate_profile.this",
            "module.eks_west.module.fargate_profile.aws_iam_role.this",
            "module.eks_west.module.fargate_profile.aws_iam_role_policy.this",
            "module.eks_west.module.fargate_profile.aws_iam_role_policy_attachment.additional",
            "module.eks_west.module.fargate_profile.aws_iam_role_policy_attachment.this",
            "module.eks_west.module.fargate_profile.data.aws_caller_identity.current",
            "module.eks_west.module.fargate_profile.data.aws_iam_policy_document.assume_role_policy",
            "module.eks_west.module.fargate_profile.data.aws_iam_policy_document.role",
            "module.eks_west.module.fargate_profile.data.aws_partition.current",
            "module.eks_west.module.fargate_profile.data.aws_region.current",
            "module.eks_west.module.kms.aws_kms_alias.this",
            "module.eks_west.module.kms.aws_kms_external_key.this",
            "module.eks_west.module.kms.aws_kms_grant.this",
            "module.eks_west.module.kms.aws_kms_key.this",
            "module.eks_west.module.kms.aws_kms_replica_external_key.this",
            "module.eks_west.module.kms.aws_kms_replica_key.this",
            "module.eks_west.module.kms.data.aws_caller_identity.current",
            "module.eks_west.module.kms.data.aws_iam_policy_document.this",
            "module.eks_west.module.kms.data.aws_partition.current",
            "module.eks_west.module.self_managed_node_group.aws_autoscaling_group.this",
            "module.eks_west.module.self_managed_node_group.aws_autoscaling_schedule.this",
            "module.eks_west.module.self_managed_node_group.aws_eks_access_entry.this",
            "module.eks_west.module.self_managed_node_group.aws_iam_instance_profile.this",
            "module.eks_west.module.self_managed_node_group.aws_iam_role.this",
            "module.eks_west.module.self_managed_node_group.aws_iam_role_policy.this",
            "module.eks_west.module.self_managed_node_group.aws_iam_role_policy_attachment.additional",
            "module.eks_west.module.self_managed_node_group.aws_iam_role_policy_attachment.this",
            "module.eks_west.module.self_managed_node_group.aws_launch_template.this",
            "module.eks_west.module.self_managed_node_group.aws_placement_group.this",
            "module.eks_west.module.self_managed_node_group.data.aws_caller_identity.current",
            "module.eks_west.module.self_managed_node_group.data.aws_ec2_instance_type.this",
            "module.eks_west.module.self_managed_node_group.data.aws_ec2_instance_type_offerings.this",
            "module.eks_west.module.self_managed_node_group.data.aws_iam_policy_document.assume_role_policy",
            "module.eks_west.module.self_managed_node_group.data.aws_iam_policy_document.role",
            "module.eks_west.module.self_managed_node_group.data.aws_partition.current",
            "module.eks_west.module.self_managed_node_group.data.aws_ssm_parameter.ami",
            "module.eks_west.module.self_managed_node_group.data.aws_subnets.placement_group",
            "module.eks_west.module.self_managed_node_group.module.user_data.data.cloudinit_config.al2023_eks_managed_node_group",
            "module.eks_west.module.self_managed_node_group.module.user_data.data.cloudinit_config.linux_eks_managed_node_group",
            "module.eks_west.module.self_managed_node_group.module.user_data.null_resource.validate_cluster_service_cidr",
            "module.eks_west.time_sleep.this",
            "module.vpc_west.aws_subnet.public",
            "module.vpc_west.aws_vpc.this",
            "module.vpc_west.aws_vpc_ipv4_cidr_block_association.this"
          ]
        }
      ]
    },
    {
      "mode": "managed",
      "type": "null_resource",
      "name": "update_kubeconfig",
      "provider": "provider[\"registry.terraform.io/hashicorp/null\"]",
      "instances": [
        {
          "schema_version": 0,
          "attributes": {
            "id": "8442121322962030592",
            "triggers": {
              "cluster_name": "gg9-eks"
            }
          },
          "sensitive_attributes": [],
          "identity_schema_version": 0,
          "dependencies": [
            "module.eks.aws_cloudwatch_log_group.this",
            "module.eks.aws_ec2_tag.cluster_primary_security_group",
            "module.eks.aws_eks_access_entry.this",
            "module.eks.aws_eks_access_policy_association.this",
            "module.eks.aws_eks_addon.before_compute",
            "module.eks.aws_eks_addon.this",
            "module.eks.aws_eks_cluster.this",
            "module.eks.aws_eks_identity_provider_config.this",
            "module.eks.aws_iam_openid_connect_provider.oidc_provider",
            "module.eks.aws_iam_policy.cluster_encryption",
            "module.eks.aws_iam_policy.cni_ipv6_policy",
            "module.eks.aws_iam_policy.custom",
            "module.eks.aws_iam_role.eks_auto",
            "module.eks.aws_iam_role.this",
            "module.eks.aws_iam_role_policy_attachment.additional",
            "module.eks.aws_iam_role_policy_attachment.cluster_encryption",
            "module.eks.aws_iam_role_policy_attachment.custom",
            "module.eks.aws_iam_role_policy_attachment.eks_auto",
            "module.eks.aws_iam_role_policy_attachment.eks_auto_additional",
            "module.eks.aws_iam_role_policy_attachment.this",
            "module.eks.aws_security_group.cluster",
            "module.eks.aws_security_group.node",
            "module.eks.aws_security_group_rule.cluster",
            "module.eks.aws_security_group_rule.node",
            "module.eks.data.aws_caller_identity.current",
            "module.eks.data.aws_eks_addon_version.this",
            "module.eks.data.aws_iam_policy_document.assume_role_policy",
            "module.eks.data.aws_iam_policy_document.cni_ipv6_policy",
            "module.eks.data.aws_iam_policy_document.custom",
            "module.eks.data.aws_iam_policy_document.node_assume_role_policy",
            "module.eks.data.aws_iam_session_context.current",
            "module.eks.data.aws_partition.current",
            "module.eks.data.tls_certificate.this",
            "module.eks.module.eks_managed_node_group.aws_autoscaling_schedule.this",
            "module.eks.module.eks_managed_node_group.aws_eks_node_group.this",
            "module.eks.module.eks_managed_node_group.aws_iam_role.this",
            "module.eks.module.eks_managed_node_group.aws_iam_role_policy.this",
            "module.eks.module.eks_managed_node_group.aws_iam_role_policy_attachment.additional",
            "module.eks.module.eks_managed_node_group.aws_iam_role_policy_attachment.this",
            "module.eks.module.eks_managed_node_group.aws_launch_template.this",
            "module.eks.module.eks_managed_node_group.aws_placement_group.this",
            "module.eks.module.eks_managed_node_group.data.aws_caller_identity.current",
            "module.eks.module.eks_managed_node_group.data.aws_ec2_instance_type.this",
            "module.eks.module.eks_managed_node_group.data.aws_ec2_instance_type_offerings.this",
            "module.eks.module.eks_managed_node_group.data.aws_iam_policy_document.assume_role_policy",
            "module.eks.module.eks_managed_node_group.data.aws_iam_policy_document.role",
            "module.eks.module.eks_managed_node_group.data.aws_partition.current",
            "module.eks.module.eks_managed_node_group.data.aws_ssm_parameter.ami",
            "module.eks.module.eks_managed_node_group.data.aws_subnets.placement_group",
            "module.eks.module.eks_managed_node_group.module.user_data.data.cloudinit_config.al2023_eks_managed_node_group",
            "module.eks.module.eks_managed_node_group.module.user_data.data.cloudinit_config.linux_eks_managed_node_group",
            "module.eks.module.eks_managed_node_group.module.user_data.null_resource.validate_cluster_service_cidr",
            "module.eks.module.fargate_profile.aws_eks_fargate_profile.this",
            "module.eks.module.fargate_profile.aws_iam_role.this",
            "module.eks.module.fargate_profile.aws_iam_role_policy.this",
            "module.eks.module.fargate_profile.aws_iam_role_policy_attachment.additional",
            "module.eks.module.fargate_profile.aws_iam_role_policy_attachment.this",
            "module.eks.module.fargate_profile.data.aws_caller_identity.current",
            "module.eks.module.fargate_profile.data.aws_iam_policy_document.assume_role_policy",
            "module.eks.module.fargate_profile.data.aws_iam_policy_document.role",
            "module.eks.module.fargate_profile.data.aws_partition.current",
            "module.eks.module.fargate_profile.data.aws_region.current",
            "module.eks.module.kms.aws_kms_alias.this",
            "module.eks.module.kms.aws_kms_external_key.this",
            "module.eks.module.kms.aws_kms_grant.this",
            "module.eks.module.kms.aws_kms_key.this",
            "module.eks.module.kms.aws_kms_replica_external_key.this",
            "module.eks.module.kms.aws_kms_replica_key.this",
            "module.eks.module.kms.data.aws_caller_identity.current",
            "module.eks.module.kms.data.aws_iam_policy_document.this",
            "module.eks.module.kms.data.aws_partition.current",
            "module.eks.module.self_managed_node_group.aws_autoscaling_group.this",
            "module.eks.module.self_managed_node_group.aws_autoscaling_schedule.this",
            "module.eks.module.self_managed_node_group.aws_eks_access_entry.this",
            "module.eks.module.self_managed_node_group.aws_iam_instance_profile.this",
            "module.eks.module.self_managed_node_group.aws_iam_role.this",
            "module.eks.module.self_managed_node_group.aws_iam_role_policy.this",
            "module.eks.module.self_managed_node_group.aws_iam_role_policy_attachment.additional",
            "module.eks.module.self_managed_node_group.aws_iam_role_policy_attachment.this",
            "module.eks.module.self_managed_node_group.aws_launch_template.this",
            "module.eks.module.self_managed_node_group.aws_placement_group.this",
            "module.eks.module.self_managed_node_group.data.aws_caller_identity.current",
            "module.eks.module.self_managed_node_group.data.aws_ec2_instance_type.this",
            "module.eks.module.self_managed_node_group.data.aws_ec2_instance_type_offerings.this",
            "module.eks.module.self_managed_node_group.data.aws_iam_policy_document.assume_role_policy",
            "module.eks.module.self_managed_node_group.data.aws_iam_policy_document.role",
            "module.eks.module.self_managed_node_group.data.aws_partition.current",
            "module.eks.module.self_managed_node_group.data.aws_ssm_parameter.ami",
            "module.eks.module.self_managed_node_group.data.aws_subnets.placement_group",
            "module.eks.module.self_managed_node_group.module.user_data.data.cloudinit_config.al2023_eks_managed_node_group",
            "module.eks.module.self_managed_node_group.module.user_data.data.cloudinit_config.linux_eks_managed_node_group",
            "module.eks.module.self_managed_node_group.module.user_data.null_resource.validate_cluster_service_cidr",
            "module.eks.time_sleep.this",
            "module.vpc_east.aws_subnet.public",
            "module.vpc_east.aws_vpc.this",
            "module.vpc_east.aws_vpc_ipv4_cidr_block_association.this"
          ]
        }
      ]
    },
    {
      "mode": "managed",
      "type": "null_resource",
      "name": "update_kubeconfig_west",
      "provider": "provider[\"registry.terraform.io/hashicorp/null\"]",
      "instances": [
        {
          "schema_version": 0,
          "attributes": {
            "id": "1354142918068472837",
            "triggers": {
              "cluster_name": "gg9-eks-west"
            }
          },
          "sensitive_attributes": [],
          "identity_schema_version": 0,
          "dependencies": [
            "module.eks_west.aws_cloudwatch_log_group.this",
            "module.eks_west.aws_ec2_tag.cluster_primary_security_group",
            "module.eks_west.aws_eks_access_entry.this",
            "module.eks_west.aws_eks_access_policy_association.this",
            "module.eks_west.aws_eks_addon.before_compute",
            "module.eks_west.aws_eks_addon.this",
            "module.eks_west.aws_eks_cluster.this",
            "module.eks_west.aws_eks_identity_provider_config.this",
            "module.eks_west.aws_iam_openid_connect_provider.oidc_provider",
            "module.eks_west.aws_iam_policy.cluster_encryption",
            "module.eks_west.aws_iam_policy.cni_ipv6_policy",
            "module.eks_west.aws_iam_policy.custom",
            "module.eks_west.aws_iam_role.eks_auto",
            "module.eks_west.aws_iam_role.this",
            "module.eks_west.aws_iam_role_policy_attachment.additional",
            "module.eks_west.aws_iam_role_policy_attachment.cluster_encryption",
            "module.eks_west.aws_iam_role_policy_attachment.custom",
            "module.eks_west.aws_iam_role_policy_attachment.eks_auto",
            "module.eks_west.aws_iam_role_policy_attachment.eks_auto_additional",
            "module.eks_west.aws_iam_role_policy_attachment.this",
            "module.eks_west.aws_security_group.cluster",
            "module.eks_west.aws_security_group.node",
            "module.eks_west.aws_security_group_rule.cluster",
            "module.eks_west.aws_security_group_rule.node",
            "module.eks_west.data.aws_caller_identity.current",
            "module.eks_west.data.aws_eks_addon_version.this",
            "module.eks_west.data.aws_iam_policy_document.assume_role_policy",
            "module.eks_west.data.aws_iam_policy_document.cni_ipv6_policy",
            "module.eks_west.data.aws_iam_policy_document.custom",
            "module.eks_west.data.aws_iam_policy_document.node_assume_role_policy",
            "module.eks_west.data.aws_iam_session_context.current",
            "module.eks_west.data.aws_partition.current",
            "module.eks_west.data.tls_certificate.this",
            "module.eks_west.module.eks_managed_node_group.aws_autoscaling_schedule.this",
            "module.eks_west.module.eks_managed_node_group.aws_eks_node_group.this",
            "module.eks_west.module.eks_managed_node_group.aws_iam_role.this",
            "module.eks_west.module.eks_managed_node_group.aws_iam_role_policy.this",
            "module.eks_west.module.eks_managed_node_group.aws_iam_role_policy_attachment.additional",
            "module.eks_west.module.eks_managed_node_group.aws_iam_role_policy_attachment.this",
            "module.eks_west.module.eks_managed_node_group.aws_launch_template.this",
            "module.eks_west.module.eks_managed_node_group.aws_placement_group.this",
            "module.eks_west.module.eks_managed_node_group.data.aws_caller_identity.current",
            "module.eks_west.module.eks_managed_node_group.data.aws_ec2_instance_type.this",
            "module.eks_west.module.eks_managed_node_group.data.aws_ec2_instance_type_offerings.this",
            "module.eks_west.module.eks_managed_node_group.data.aws_iam_policy_document.assume_role_policy",
            "module.eks_west.module.eks_managed_node_group.data.aws_iam_policy_document.role",
            "module.eks_west.module.eks_managed_node_group.data.aws_partition.current",
            "module.eks_west.module.eks_managed_node_group.data.aws_ssm_parameter.ami",
            "module.eks_west.module.eks_managed_node_group.data.aws_subnets.placement_group",
            "module.eks_west.module.eks_managed_node_group.module.user_data.data.cloudinit_config.al2023_eks_managed_node_group",
            "module.eks_west.module.eks_managed_node_group.module.user_data.data.cloudinit_config.linux_eks_managed_node_group",
            "module.eks_west.module.eks_managed_node_group.module.user_data.null_resource.validate_cluster_service_cidr",
            "module.eks_west.module.fargate_profile.aws_eks_fargate_profile.this",
            "module.eks_west.module.fargate_profile.aws_iam_role.this",
            "module.eks_west.module.fargate_profile.aws_iam_role_policy.this",
            "module.eks_west.module.fargate_profile.aws_iam_role_policy_attachment.additional",
            "module.eks_west.module.fargate_profile.aws_iam_role_policy_attachment.this",
            "module.eks_west.module.fargate_profile.data.aws_caller_identity.current",
            "module.eks_west.module.fargate_profile.data.aws_iam_policy_document.assume_role_policy",
            "module.eks_west.module.fargate_profile.data.aws_iam_policy_document.role",
            "module.eks_west.module.fargate_profile.data.aws_partition.current",
            "module.eks_west.module.fargate_profile.data.aws_region.current",
            "module.eks_west.module.kms.aws_kms_alias.this",
            "module.eks_west.module.kms.aws_kms_external_key.this",
            "module.eks_west.module.kms.aws_kms_grant.this",
            "module.eks_west.module.kms.aws_kms_key.this",
            "module.eks_west.module.kms.aws_kms_replica_external_key.this",
            "module.eks_west.module.kms.aws_kms_replica_key.this",
            "module.eks_west.module.kms.data.aws_caller_identity.current",
            "module.eks_west.module.kms.data.aws_iam_policy_document.this",
            "module.eks_west.module.kms.data.aws_partition.current",
            "module.eks_west.module.self_managed_node_group.aws_autoscaling_group.this",
            "module.eks_west.module.self_managed_node_group.aws_autoscaling_schedule.this",
            "module.eks_west.module.self_managed_node_group.aws_eks_access_entry.this",
            "module.eks_west.module.self_managed_node_group.aws_iam_instance_profile.this",
            "module.eks_west.module.self_managed_node_group.aws_iam_role.this",
            "module.eks_west.module.self_managed_node_group.aws_iam_role_policy.this",
            "module.eks_west.module.self_managed_node_group.aws_iam_role_policy_attachment.additional",
            "module.eks_west.module.self_managed_node_group.aws_iam_role_policy_attachment.this",
            "module.eks_west.module.self_managed_node_group.aws_launch_template.this",
            "module.eks_west.module.self_managed_node_group.aws_placement_group.this",
            "module.eks_west.module.self_managed_node_group.data.aws_caller_identity.current",
            "module.eks_west.module.self_managed_node_group.data.aws_ec2_instance_type.this",
            "module.eks_west.module.self_managed_node_group.data.aws_ec2_instance_type_offerings.this",
            "module.eks_west.module.self_managed_node_group.data.aws_iam_policy_document.assume_role_policy",
            "module.eks_west.module.self_managed_node_group.data.aws_iam_policy_document.role",
            "module.eks_west.module.self_managed_node_group.data.aws_partition.current",
            "module.eks_west.module.self_managed_node_group.data.aws_ssm_parameter.ami",
            "module.eks_west.module.self_managed_node_group.data.aws_subnets.placement_group",
            "module.eks_west.module.self_managed_node_group.module.user_data.data.cloudinit_config.al2023_eks_managed_node_group",
            "module.eks_west.module.self_managed_node_group.module.user_data.data.cloudinit_config.linux_eks_managed_node_group",
            "module.eks_west.module.self_managed_node_group.module.user_data.null_resource.validate_cluster_service_cidr",
            "module.eks_west.time_sleep.this",
            "module.vpc_west.aws_subnet.public",
            "module.vpc_west.aws_vpc.this",
            "module.vpc_west.aws_vpc_ipv4_cidr_block_association.this"
          ]
        }
      ]
    },
    {
      "module": "module.ebs_csi_irsa",
      "mode": "data",
      "type": "aws_caller_identity",
      "name": "current",
      "provider": "provider[\"registry.terraform.io/hashicorp/aws\"]",
      "instances": [
        {
          "schema_version": 0,
          "attributes": {
            "account_id": "007924758087",
            "arn": "arn:aws:iam::007924758087:user/nelzir",
            "id": "007924758087",
            "user_id": "AIDAQDWC2GZDW7ZUFN3VJ"
          },
          "sensitive_attributes": [],
          "identity_schema_version": 0
        }
      ]
    },
    {
      "module": "module.ebs_csi_irsa",
      "mode": "data",
      "type": "aws_iam_policy_document",
      "name": "ebs_csi",
      "provider": "provider[\"registry.terraform.io/hashicorp/aws\"]",
      "instances": [
        {
          "index_key": 0,
          "schema_version": 0,
          "attributes": {
            "id": "4189668531",
            "json": "{\n  \"Version\": \"2012-10-17\",\n  \"Statement\": [\n    {\n      \"Effect\": \"Allow\",\n      \"Action\": [\n        \"ec2:DescribeVolumesModifications\",\n        \"ec2:DescribeVolumes\",\n        \"ec2:DescribeTags\",\n        \"ec2:DescribeSnapshots\",\n        \"ec2:DescribeInstances\",\n        \"ec2:DescribeAvailabilityZones\"\n      ],\n      \"Resource\": \"*\"\n    },\n    {\n      \"Effect\": \"Allow\",\n      \"Action\": [\n        \"ec2:ModifyVolume\",\n        \"ec2:CreateSnapshot\"\n      ],\n      \"Resource\": \"arn:aws:ec2:*:*:volume/*\"\n    },\n    {\n      \"Effect\": \"Allow\",\n      \"Action\": [\n        \"ec2:DetachVolume\",\n        \"ec2:AttachVolume\"\n      ],\n      \"Resource\": [\n        \"arn:aws:ec2:*:*:volume/*\",\n        \"arn:aws:ec2:*:*:instance/*\"\n      ]\n    },\n    {\n      \"Effect\": \"Allow\",\n      \"Action\": [\n        \"ec2:EnableFastSnapshotRestores\",\n        \"ec2:CreateVolume\"\n      ],\n      \"Resource\": \"arn:aws:ec2:*:*:snapshot/*\"\n    },\n    {\n      \"Effect\": \"Allow\",\n      \"Action\": \"ec2:CreateTags\",\n      \"Resource\": [\n        \"arn:aws:ec2:*:*:volume/*\",\n        \"arn:aws:ec2:*:*:snapshot/*\"\n      ],\n      \"Condition\": {\n        \"StringEquals\": {\n          \"ec2:CreateAction\": [\n            \"CreateVolume\",\n            \"CreateSnapshot\"\n          ]\n        }\n      }\n    },\n    {\n      \"Effect\": \"Allow\",\n      \"Action\": \"ec2:DeleteTags\",\n      \"Resource\": [\n        \"arn:aws:ec2:*:*:volume/*\",\n        \"arn:aws:ec2:*:*:snapshot/*\"\n      ]\n    },\n    {\n      \"Effect\": \"Allow\",\n      \"Action\": \"ec2:CreateVolume\",\n      \"Resource\": \"arn:aws:ec2:*:*:volume/*\",\n      \"Condition\": {\n        \"StringLike\": {\n          \"aws:RequestTag/ebs.csi.aws.com/cluster\": \"true\"\n        }\n      }\n    },\n    {\n      \"Effect\": \"Allow\",\n      \"Action\": \"ec2:CreateVolume\",\n      \"Resource\": \"arn:aws:ec2:*:*:volume/*\",\n      \"Condition\": {\n        \"StringLike\": {\n          \"aws:RequestTag/CSIVolumeName\": \"*\"\n        }\n      }\n    },\n    {\n      \"Effect\": \"Allow\",\n      \"Action\": \"ec2:DeleteVolume\",\n      \"Resource\": \"arn:aws:ec2:*:*:volume/*\",\n      \"Condition\": {\n        \"StringLike\": {\n          \"aws:ResourceTag/ebs.csi.aws.com/cluster\": \"true\"\n        }\n      }\n    },\n    {\n      \"Effect\": \"Allow\",\n      \"Action\": \"ec2:DeleteVolume\",\n      \"Resource\": \"arn:aws:ec2:*:*:volume/*\",\n      \"Condition\": {\n        \"StringLike\": {\n          \"aws:ResourceTag/CSIVolumeName\": \"*\"\n        }\n      }\n    },\n    {\n      \"Effect\": \"Allow\",\n      \"Action\": \"ec2:DeleteVolume\",\n      \"Resource\": \"arn:aws:ec2:*:*:volume/*\",\n      \"Condition\": {\n        \"StringLike\": {\n          \"ec2:ResourceTag/kubernetes.io/created-for/pvc/name\": \"*\"\n        }\n      }\n    },\n    {\n      \"Effect\": \"Allow\",\n      \"Action\": \"ec2:CreateSnapshot\",\n      \"Resource\": \"arn:aws:ec2:*:*:snapshot/*\",\n      \"Condition\": {\n        \"StringLike\": {\n          \"aws:RequestTag/CSIVolumeSnapshotName\": \"*\"\n        }\n      }\n    },\n    {\n      \"Effect\": \"Allow\",\n      \"Action\": \"ec2:CreateSnapshot\",\n      \"Resource\": \"arn:aws:ec2:*:*:snapshot/*\",\n      \"Condition\": {\n        \"StringLike\": {\n          \"aws:RequestTag/ebs.csi.aws.com/cluster\": \"true\"\n        }\n      }\n    },\n    {\n      \"Effect\": \"Allow\",\n      \"Action\": \"ec2:DeleteSnapshot\",\n      \"Resource\": \"arn:aws:ec2:*:*:snapshot/*\",\n      \"Condition\": {\n        \"StringLike\": {\n          \"aws:ResourceTag/CSIVolumeSnapshotName\": \"*\"\n        }\n      }\n    },\n    {\n      \"Effect\": \"Allow\",\n      \"Action\": \"ec2:DeleteSnapshot\",\n      \"Resource\": \"arn:aws:ec2:*:*:snapshot/*\",\n      \"Condition\": {\n        \"StringLike\": {\n          \"aws:ResourceTag/ebs.csi.aws.com/cluster\": \"true\"\n        }\n      }\n    }\n  ]\n}",
            "minified_json": "{\"Version\":\"2012-10-17\",\"Statement\":[{\"Effect\":\"Allow\",\"Action\":[\"ec2:DescribeVolumesModifications\",\"ec2:DescribeVolumes\",\"ec2:DescribeTags\",\"ec2:DescribeSnapshots\",\"ec2:DescribeInstances\",\"ec2:DescribeAvailabilityZones\"],\"Resource\":\"*\"},{\"Effect\":\"Allow\",\"Action\":[\"ec2:ModifyVolume\",\"ec2:CreateSnapshot\"],\"Resource\":\"arn:aws:ec2:*:*:volume/*\"},{\"Effect\":\"Allow\",\"Action\":[\"ec2:DetachVolume\",\"ec2:AttachVolume\"],\"Resource\":[\"arn:aws:ec2:*:*:volume/*\",\"arn:aws:ec2:*:*:instance/*\"]},{\"Effect\":\"Allow\",\"Action\":[\"ec2:EnableFastSnapshotRestores\",\"ec2:CreateVolume\"],\"Resource\":\"arn:aws:ec2:*:*:snapshot/*\"},{\"Effect\":\"Allow\",\"Action\":\"ec2:CreateTags\",\"Resource\":[\"arn:aws:ec2:*:*:volume/*\",\"arn:aws:ec2:*:*:snapshot/*\"],\"Condition\":{\"StringEquals\":{\"ec2:CreateAction\":[\"CreateVolume\",\"CreateSnapshot\"]}}},{\"Effect\":\"Allow\",\"Action\":\"ec2:DeleteTags\",\"Resource\":[\"arn:aws:ec2:*:*:volume/*\",\"arn:aws:ec2:*:*:snapshot/*\"]},{\"Effect\":\"Allow\",\"Action\":\"ec2:CreateVolume\",\"Resource\":\"arn:aws:ec2:*:*:volume/*\",\"Condition\":{\"StringLike\":{\"aws:RequestTag/ebs.csi.aws.com/cluster\":\"true\"}}},{\"Effect\":\"Allow\",\"Action\":\"ec2:CreateVolume\",\"Resource\":\"arn:aws:ec2:*:*:volume/*\",\"Condition\":{\"StringLike\":{\"aws:RequestTag/CSIVolumeName\":\"*\"}}},{\"Effect\":\"Allow\",\"Action\":\"ec2:DeleteVolume\",\"Resource\":\"arn:aws:ec2:*:*:volume/*\",\"Condition\":{\"StringLike\":{\"aws:ResourceTag/ebs.csi.aws.com/cluster\":\"true\"}}},{\"Effect\":\"Allow\",\"Action\":\"ec2:DeleteVolume\",\"Resource\":\"arn:aws:ec2:*:*:volume/*\",\"Condition\":{\"StringLike\":{\"aws:ResourceTag/CSIVolumeName\":\"*\"}}},{\"Effect\":\"Allow\",\"Action\":\"ec2:DeleteVolume\",\"Resource\":\"arn:aws:ec2:*:*:volume/*\",\"Condition\":{\"StringLike\":{\"ec2:ResourceTag/kubernetes.io/created-for/pvc/name\":\"*\"}}},{\"Effect\":\"Allow\",\"Action\":\"ec2:CreateSnapshot\",\"Resource\":\"arn:aws:ec2:*:*:snapshot/*\",\"Condition\":{\"StringLike\":{\"aws:RequestTag/CSIVolumeSnapshotName\":\"*\"}}},{\"Effect\":\"Allow\",\"Action\":\"ec2:CreateSnapshot\",\"Resource\":\"arn:aws:ec2:*:*:snapshot/*\",\"Condition\":{\"StringLike\":{\"aws:RequestTag/ebs.csi.aws.com/cluster\":\"true\"}}},{\"Effect\":\"Allow\",\"Action\":\"ec2:DeleteSnapshot\",\"Resource\":\"arn:aws:ec2:*:*:snapshot/*\",\"Condition\":{\"StringLike\":{\"aws:ResourceTag/CSIVolumeSnapshotName\":\"*\"}}},{\"Effect\":\"Allow\",\"Action\":\"ec2:DeleteSnapshot\",\"Resource\":\"arn:aws:ec2:*:*:snapshot/*\",\"Condition\":{\"StringLike\":{\"aws:ResourceTag/ebs.csi.aws.com/cluster\":\"true\"}}}]}",
            "override_json": null,
            "override_policy_documents": null,
            "policy_id": null,
            "source_json": null,
            "source_policy_documents": null,
            "statement": [
              {
                "actions": [
                  "ec2:DescribeAvailabilityZones",
                  "ec2:DescribeInstances",
                  "ec2:DescribeSnapshots",
                  "ec2:DescribeTags",
                  "ec2:DescribeVolumes",
                  "ec2:DescribeVolumesModifications"
                ],
                "condition": [],
                "effect": "Allow",
                "not_actions": [],
                "not_principals": [],
                "not_resources": [],
                "principals": [],
                "resources": [
                  "*"
                ],
                "sid": ""
              },
              {
                "actions": [
                  "ec2:CreateSnapshot",
                  "ec2:ModifyVolume"
                ],
                "condition": [],
                "effect": "Allow",
                "not_actions": [],
                "not_principals": [],
                "not_resources": [],
                "principals": [],
                "resources": [
                  "arn:aws:ec2:*:*:volume/*"
                ],
                "sid": ""
              },
              {
                "actions": [
                  "ec2:AttachVolume",
                  "ec2:DetachVolume"
                ],
                "condition": [],
                "effect": "Allow",
                "not_actions": [],
                "not_principals": [],
                "not_resources": [],
                "principals": [],
                "resources": [
                  "arn:aws:ec2:*:*:instance/*",
                  "arn:aws:ec2:*:*:volume/*"
                ],
                "sid": ""
              },
              {
                "actions": [
                  "ec2:CreateVolume",
                  "ec2:EnableFastSnapshotRestores"
                ],
                "condition": [],
                "effect": "Allow",
                "not_actions": [],
                "not_principals": [],
                "not_resources": [],
                "principals": [],
                "resources": [
                  "arn:aws:ec2:*:*:snapshot/*"
                ],
                "sid": ""
              },
              {
                "actions": [
                  "ec2:CreateTags"
                ],
                "condition": [
                  {
                    "test": "StringEquals",
                    "values": [
                      "CreateVolume",
                      "CreateSnapshot"
                    ],
                    "variable": "ec2:CreateAction"
                  }
                ],
                "effect": "Allow",
                "not_actions": [],
                "not_principals": [],
                "not_resources": [],
                "principals": [],
                "resources": [
                  "arn:aws:ec2:*:*:snapshot/*",
                  "arn:aws:ec2:*:*:volume/*"
                ],
                "sid": ""
              },
              {
                "actions": [
                  "ec2:DeleteTags"
                ],
                "condition": [],
                "effect": "Allow",
                "not_actions": [],
                "not_principals": [],
                "not_resources": [],
                "principals": [],
                "resources": [
                  "arn:aws:ec2:*:*:snapshot/*",
                  "arn:aws:ec2:*:*:volume/*"
                ],
                "sid": ""
              },
              {
                "actions": [
                  "ec2:CreateVolume"
                ],
                "condition": [
                  {
                    "test": "StringLike",
                    "values": [
                      "true"
                    ],
                    "variable": "aws:RequestTag/ebs.csi.aws.com/cluster"
                  }
                ],
                "effect": "Allow",
                "not_actions": [],
                "not_principals": [],
                "not_resources": [],
                "principals": [],
                "resources": [
                  "arn:aws:ec2:*:*:volume/*"
                ],
                "sid": ""
              },
              {
                "actions": [
                  "ec2:CreateVolume"
                ],
                "condition": [
                  {
                    "test": "StringLike",
                    "values": [
                      "*"
                    ],
                    "variable": "aws:RequestTag/CSIVolumeName"
                  }
                ],
                "effect": "Allow",
                "not_actions": [],
                "not_principals": [],
                "not_resources": [],
                "principals": [],
                "resources": [
                  "arn:aws:ec2:*:*:volume/*"
                ],
                "sid": ""
              },
              {
                "actions": [
                  "ec2:DeleteVolume"
                ],
                "condition": [
                  {
                    "test": "StringLike",
                    "values": [
                      "true"
                    ],
                    "variable": "aws:ResourceTag/ebs.csi.aws.com/cluster"
                  }
                ],
                "effect": "Allow",
                "not_actions": [],
                "not_principals": [],
                "not_resources": [],
                "principals": [],
                "resources": [
                  "arn:aws:ec2:*:*:volume/*"
                ],
                "sid": ""
              },
              {
                "actions": [
                  "ec2:DeleteVolume"
                ],
                "condition": [
                  {
                    "test": "StringLike",
                    "values": [
                      "*"
                    ],
                    "variable": "aws:ResourceTag/CSIVolumeName"
                  }
                ],
                "effect": "Allow",
                "not_actions": [],
                "not_principals": [],
                "not_resources": [],
                "principals": [],
                "resources": [
                  "arn:aws:ec2:*:*:volume/*"
                ],
                "sid": ""
              },
              {
                "actions": [
                  "ec2:DeleteVolume"
                ],
                "condition": [
                  {
                    "test": "StringLike",
                    "values": [
                      "*"
                    ],
                    "variable": "ec2:ResourceTag/kubernetes.io/created-for/pvc/name"
                  }
                ],
                "effect": "Allow",
                "not_actions": [],
                "not_principals": [],
                "not_resources": [],
                "principals": [],
                "resources": [
                  "arn:aws:ec2:*:*:volume/*"
                ],
                "sid": ""
              },
              {
                "actions": [
                  "ec2:CreateSnapshot"
                ],
                "condition": [
                  {
                    "test": "StringLike",
                    "values": [
                      "*"
                    ],
                    "variable": "aws:RequestTag/CSIVolumeSnapshotName"
                  }
                ],
                "effect": "Allow",
                "not_actions": [],
                "not_principals": [],
                "not_resources": [],
                "principals": [],
                "resources": [
                  "arn:aws:ec2:*:*:snapshot/*"
                ],
                "sid": ""
              },
              {
                "actions": [
                  "ec2:CreateSnapshot"
                ],
                "condition": [
                  {
                    "test": "StringLike",
                    "values": [
                      "true"
                    ],
                    "variable": "aws:RequestTag/ebs.csi.aws.com/cluster"
                  }
                ],
                "effect": "Allow",
                "not_actions": [],
                "not_principals": [],
                "not_resources": [],
                "principals": [],
                "resources": [
                  "arn:aws:ec2:*:*:snapshot/*"
                ],
                "sid": ""
              },
              {
                "actions": [
                  "ec2:DeleteSnapshot"
                ],
                "condition": [
                  {
                    "test": "StringLike",
                    "values": [
                      "*"
                    ],
                    "variable": "aws:ResourceTag/CSIVolumeSnapshotName"
                  }
                ],
                "effect": "Allow",
                "not_actions": [],
                "not_principals": [],
                "not_resources": [],
                "principals": [],
                "resources": [
                  "arn:aws:ec2:*:*:snapshot/*"
                ],
                "sid": ""
              },
              {
                "actions": [
                  "ec2:DeleteSnapshot"
                ],
                "condition": [
                  {
                    "test": "StringLike",
                    "values": [
                      "true"
                    ],
                    "variable": "aws:ResourceTag/ebs.csi.aws.com/cluster"
                  }
                ],
                "effect": "Allow",
                "not_actions": [],
                "not_principals": [],
                "not_resources": [],
                "principals": [],
                "resources": [
                  "arn:aws:ec2:*:*:snapshot/*"
                ],
                "sid": ""
              }
            ],
            "version": "2012-10-17"
          },
          "sensitive_attributes": [],
          "identity_schema_version": 0
        }
      ]
    },
    {
      "module": "module.ebs_csi_irsa",
      "mode": "data",
      "type": "aws_iam_policy_document",
      "name": "this",
      "provider": "provider[\"registry.terraform.io/hashicorp/aws\"]",
      "instances": [
        {
          "index_key": 0,
          "schema_version": 0,
          "attributes": {
            "id": "4379850",
            "json": "{\n  \"Version\": \"2012-10-17\",\n  \"Statement\": [\n    {\n      \"Effect\": \"Allow\",\n      \"Action\": \"sts:AssumeRoleWithWebIdentity\",\n      \"Principal\": {\n        \"Federated\": \"arn:aws:iam::007924758087:oidc-provider/oidc.eks.us-east-1.amazonaws.com/id/C9E93827A9413494786EA0E568FB2129\"\n      },\n      \"Condition\": {\n        \"StringEquals\": {\n          \"oidc.eks.us-east-1.amazonaws.com/id/C9E93827A9413494786EA0E568FB2129:aud\": \"sts.amazonaws.com\",\n          \"oidc.eks.us-east-1.amazonaws.com/id/C9E93827A9413494786EA0E568FB2129:sub\": \"system:serviceaccount:kube-system:ebs-csi-controller-sa\"\n        }\n      }\n    }\n  ]\n}",
            "minified_json": "{\"Version\":\"2012-10-17\",\"Statement\":[{\"Effect\":\"Allow\",\"Action\":\"sts:AssumeRoleWithWebIdentity\",\"Principal\":{\"Federated\":\"arn:aws:iam::007924758087:oidc-provider/oidc.eks.us-east-1.amazonaws.com/id/C9E93827A9413494786EA0E568FB2129\"},\"Condition\":{\"StringEquals\":{\"oidc.eks.us-east-1.amazonaws.com/id/C9E93827A9413494786EA0E568FB2129:aud\":\"sts.amazonaws.com\",\"oidc.eks.us-east-1.amazonaws.com/id/C9E93827A9413494786EA0E568FB2129:sub\":\"system:serviceaccount:kube-system:ebs-csi-controller-sa\"}}}]}",
            "override_json": null,
            "override_policy_documents": null,
            "policy_id": null,
            "source_json": null,
            "source_policy_documents": null,
            "statement": [
              {
                "actions": [
                  "sts:AssumeRoleWithWebIdentity"
                ],
                "condition": [
                  {
                    "test": "StringEquals",
                    "values": [
                      "sts.amazonaws.com"
                    ],
                    "variable": "oidc.eks.us-east-1.amazonaws.com/id/C9E93827A9413494786EA0E568FB2129:aud"
                  },
                  {
                    "test": "StringEquals",
                    "values": [
                      "system:serviceaccount:kube-system:ebs-csi-controller-sa"
                    ],
                    "variable": "oidc.eks.us-east-1.amazonaws.com/id/C9E93827A9413494786EA0E568FB2129:sub"
                  }
                ],
                "effect": "Allow",
                "not_actions": [],
                "not_principals": [],
                "not_resources": [],
                "principals": [
                  {
                    "identifiers": [
                      "arn:aws:iam::007924758087:oidc-provider/oidc.eks.us-east-1.amazonaws.com/id/C9E93827A9413494786EA0E568FB2129"
                    ],
                    "type": "Federated"
                  }
                ],
                "resources": [],
                "sid": ""
              }
            ],
            "version": "2012-10-17"
          },
          "sensitive_attributes": [],
          "identity_schema_version": 0
        }
      ]
    },
    {
      "module": "module.ebs_csi_irsa",
      "mode": "data",
      "type": "aws_partition",
      "name": "current",
      "provider": "provider[\"registry.terraform.io/hashicorp/aws\"]",
      "instances": [
        {
          "schema_version": 0,
          "attributes": {
            "dns_suffix": "amazonaws.com",
            "id": "aws",
            "partition": "aws",
            "reverse_dns_prefix": "com.amazonaws"
          },
          "sensitive_attributes": [],
          "identity_schema_version": 0
        }
      ]
    },
    {
      "module": "module.ebs_csi_irsa",
      "mode": "data",
      "type": "aws_region",
      "name": "current",
      "provider": "provider[\"registry.terraform.io/hashicorp/aws\"]",
      "instances": [
        {
          "schema_version": 0,
          "attributes": {
            "description": "US East (N. Virginia)",
            "endpoint": "ec2.us-east-1.amazonaws.com",
            "id": "us-east-1",
            "name": "us-east-1"
          },
          "sensitive_attributes": [],
          "identity_schema_version": 0
        }
      ]
    },
    {
      "module": "module.ebs_csi_irsa",
      "mode": "managed",
      "type": "aws_iam_policy",
      "name": "ebs_csi",
      "provider": "provider[\"registry.terraform.io/hashicorp/aws\"]",
      "instances": [
        {
          "index_key": 0,
          "schema_version": 0,
          "attributes": {
            "arn": "arn:aws:iam::007924758087:policy/AmazonEKS_EBS_CSI_Policy-20260108165533651100000007",
            "attachment_count": 1,
            "description": "Provides permissions to manage EBS volumes via the container storage interface driver",
            "id": "arn:aws:iam::007924758087:policy/AmazonEKS_EBS_CSI_Policy-20260108165533651100000007",
            "name": "AmazonEKS_EBS_CSI_Policy-20260108165533651100000007",
            "name_prefix": "AmazonEKS_EBS_CSI_Policy-",
            "path": "/",
            "policy": "{\"Statement\":[{\"Action\":[\"ec2:DescribeVolumesModifications\",\"ec2:DescribeVolumes\",\"ec2:DescribeTags\",\"ec2:DescribeSnapshots\",\"ec2:DescribeInstances\",\"ec2:DescribeAvailabilityZones\"],\"Effect\":\"Allow\",\"Resource\":\"*\"},{\"Action\":[\"ec2:ModifyVolume\",\"ec2:CreateSnapshot\"],\"Effect\":\"Allow\",\"Resource\":\"arn:aws:ec2:*:*:volume/*\"},{\"Action\":[\"ec2:DetachVolume\",\"ec2:AttachVolume\"],\"Effect\":\"Allow\",\"Resource\":[\"arn:aws:ec2:*:*:volume/*\",\"arn:aws:ec2:*:*:instance/*\"]},{\"Action\":[\"ec2:EnableFastSnapshotRestores\",\"ec2:CreateVolume\"],\"Effect\":\"Allow\",\"Resource\":\"arn:aws:ec2:*:*:snapshot/*\"},{\"Action\":\"ec2:CreateTags\",\"Condition\":{\"StringEquals\":{\"ec2:CreateAction\":[\"CreateVolume\",\"CreateSnapshot\"]}},\"Effect\":\"Allow\",\"Resource\":[\"arn:aws:ec2:*:*:volume/*\",\"arn:aws:ec2:*:*:snapshot/*\"]},{\"Action\":\"ec2:DeleteTags\",\"Effect\":\"Allow\",\"Resource\":[\"arn:aws:ec2:*:*:volume/*\",\"arn:aws:ec2:*:*:snapshot/*\"]},{\"Action\":\"ec2:CreateVolume\",\"Condition\":{\"StringLike\":{\"aws:RequestTag/ebs.csi.aws.com/cluster\":\"true\"}},\"Effect\":\"Allow\",\"Resource\":\"arn:aws:ec2:*:*:volume/*\"},{\"Action\":\"ec2:CreateVolume\",\"Condition\":{\"StringLike\":{\"aws:RequestTag/CSIVolumeName\":\"*\"}},\"Effect\":\"Allow\",\"Resource\":\"arn:aws:ec2:*:*:volume/*\"},{\"Action\":\"ec2:DeleteVolume\",\"Condition\":{\"StringLike\":{\"aws:ResourceTag/ebs.csi.aws.com/cluster\":\"true\"}},\"Effect\":\"Allow\",\"Resource\":\"arn:aws:ec2:*:*:volume/*\"},{\"Action\":\"ec2:DeleteVolume\",\"Condition\":{\"StringLike\":{\"aws:ResourceTag/CSIVolumeName\":\"*\"}},\"Effect\":\"Allow\",\"Resource\":\"arn:aws:ec2:*:*:volume/*\"},{\"Action\":\"ec2:DeleteVolume\",\"Condition\":{\"StringLike\":{\"ec2:ResourceTag/kubernetes.io/created-for/pvc/name\":\"*\"}},\"Effect\":\"Allow\",\"Resource\":\"arn:aws:ec2:*:*:volume/*\"},{\"Action\":\"ec2:CreateSnapshot\",\"Condition\":{\"StringLike\":{\"aws:RequestTag/CSIVolumeSnapshotName\":\"*\"}},\"Effect\":\"Allow\",\"Resource\":\"arn:aws:ec2:*:*:snapshot/*\"},{\"Action\":\"ec2:CreateSnapshot\",\"Condition\":{\"StringLike\":{\"aws:RequestTag/ebs.csi.aws.com/cluster\":\"true\"}},\"Effect\":\"Allow\",\"Resource\":\"arn:aws:ec2:*:*:snapshot/*\"},{\"Action\":\"ec2:DeleteSnapshot\",\"Condition\":{\"StringLike\":{\"aws:ResourceTag/CSIVolumeSnapshotName\":\"*\"}},\"Effect\":\"Allow\",\"Resource\":\"arn:aws:ec2:*:*:snapshot/*\"},{\"Action\":\"ec2:DeleteSnapshot\",\"Condition\":{\"StringLike\":{\"aws:ResourceTag/ebs.csi.aws.com/cluster\":\"true\"}},\"Effect\":\"Allow\",\"Resource\":\"arn:aws:ec2:*:*:snapshot/*\"}],\"Version\":\"2012-10-17\"}",
            "policy_id": "ANPAQDWC2GZDRGLPFZFAB",
            "tags": {},
            "tags_all": {}
          },
          "sensitive_attributes": [],
          "identity_schema_version": 0,
          "private": "bnVsbA==",
          "dependencies": [
            "module.ebs_csi_irsa.data.aws_iam_policy_document.ebs_csi",
            "module.ebs_csi_irsa.data.aws_partition.current"
          ]
        }
      ]
    },
    {
      "module": "module.ebs_csi_irsa",
      "mode": "managed",
      "type": "aws_iam_role",
      "name": "this",
      "provider": "provider[\"registry.terraform.io/hashicorp/aws\"]",
      "instances": [
        {
          "index_key": 0,
          "schema_version": 0,
          "attributes": {
            "arn": "arn:aws:iam::007924758087:role/gg9-eks-ebs-csi",
            "assume_role_policy": "{\"Statement\":[{\"Action\":\"sts:AssumeRoleWithWebIdentity\",\"Condition\":{\"StringEquals\":{\"oidc.eks.us-east-1.amazonaws.com/id/C9E93827A9413494786EA0E568FB2129:aud\":\"sts.amazonaws.com\",\"oidc.eks.us-east-1.amazonaws.com/id/C9E93827A9413494786EA0E568FB2129:sub\":\"system:serviceaccount:kube-system:ebs-csi-controller-sa\"}},\"Effect\":\"Allow\",\"Principal\":{\"Federated\":\"arn:aws:iam::007924758087:oidc-provider/oidc.eks.us-east-1.amazonaws.com/id/C9E93827A9413494786EA0E568FB2129\"}}],\"Version\":\"2012-10-17\"}",
            "create_date": "2026-01-08T17:06:10Z",
            "description": "",
            "force_detach_policies": true,
            "id": "gg9-eks-ebs-csi",
            "inline_policy": [],
            "managed_policy_arns": [
              "arn:aws:iam::007924758087:policy/AmazonEKS_EBS_CSI_Policy-20260108165533651100000007"
            ],
            "max_session_duration": 3600,
            "name": "gg9-eks-ebs-csi",
            "name_prefix": "",
            "path": "/",
            "permissions_boundary": "",
            "tags": {},
            "tags_all": {},
            "unique_id": "AROAQDWC2GZD4AYDV7C5V"
          },
          "sensitive_attributes": [],
          "identity_schema_version": 0,
          "private": "bnVsbA==",
          "dependencies": [
            "module.ebs_csi_irsa.data.aws_caller_identity.current",
            "module.ebs_csi_irsa.data.aws_iam_policy_document.this",
            "module.ebs_csi_irsa.data.aws_partition.current",
            "module.eks.aws_cloudwatch_log_group.this",
            "module.eks.aws_eks_cluster.this",
            "module.eks.aws_iam_openid_connect_provider.oidc_provider",
            "module.eks.aws_iam_policy.cni_ipv6_policy",
            "module.eks.aws_iam_role.eks_auto",
            "module.eks.aws_iam_role.this",
            "module.eks.aws_iam_role_policy_attachment.this",
            "module.eks.aws_security_group.cluster",
            "module.eks.aws_security_group.node",
            "module.eks.aws_security_group_rule.cluster",
            "module.eks.aws_security_group_rule.node",
            "module.eks.data.aws_caller_identity.current",
            "module.eks.data.aws_iam_policy_document.assume_role_policy",
            "module.eks.data.aws_iam_policy_document.cni_ipv6_policy",
            "module.eks.data.aws_iam_policy_document.node_assume_role_policy",
            "module.eks.data.aws_iam_session_context.current",
            "module.eks.data.aws_partition.current",
            "module.eks.data.tls_certificate.this",
            "module.eks.module.kms.aws_kms_external_key.this",
            "module.eks.module.kms.aws_kms_key.this",
            "module.eks.module.kms.aws_kms_replica_external_key.this",
            "module.eks.module.kms.aws_kms_replica_key.this",
            "module.eks.module.kms.data.aws_caller_identity.current",
            "module.eks.module.kms.data.aws_iam_policy_document.this",
            "module.eks.module.kms.data.aws_partition.current",
            "module.vpc_east.aws_subnet.public",
            "module.vpc_east.aws_vpc.this",
            "module.vpc_east.aws_vpc_ipv4_cidr_block_association.this"
          ]
        }
      ]
    },
    {
      "module": "module.ebs_csi_irsa",
      "mode": "managed",
      "type": "aws_iam_role_policy_attachment",
      "name": "ebs_csi",
      "provider": "provider[\"registry.terraform.io/hashicorp/aws\"]",
      "instances": [
        {
          "index_key": 0,
          "schema_version": 0,
          "attributes": {
            "id": "gg9-eks-ebs-csi-2026010817061091700000001e",
            "policy_arn": "arn:aws:iam::007924758087:policy/AmazonEKS_EBS_CSI_Policy-20260108165533651100000007",
            "role": "gg9-eks-ebs-csi"
          },
          "sensitive_attributes": [],
          "identity_schema_version": 0,
          "private": "bnVsbA==",
          "dependencies": [
            "module.ebs_csi_irsa.aws_iam_policy.ebs_csi",
            "module.ebs_csi_irsa.aws_iam_role.this",
            "module.ebs_csi_irsa.data.aws_caller_identity.current",
            "module.ebs_csi_irsa.data.aws_iam_policy_document.ebs_csi",
            "module.ebs_csi_irsa.data.aws_iam_policy_document.this",
            "module.ebs_csi_irsa.data.aws_partition.current",
            "module.eks.aws_cloudwatch_log_group.this",
            "module.eks.aws_eks_cluster.this",
            "module.eks.aws_iam_openid_connect_provider.oidc_provider",
            "module.eks.aws_iam_policy.cni_ipv6_policy",
            "module.eks.aws_iam_role.eks_auto",
            "module.eks.aws_iam_role.this",
            "module.eks.aws_iam_role_policy_attachment.this",
            "module.eks.aws_security_group.cluster",
            "module.eks.aws_security_group.node",
            "module.eks.aws_security_group_rule.cluster",
            "module.eks.aws_security_group_rule.node",
            "module.eks.data.aws_caller_identity.current",
            "module.eks.data.aws_iam_policy_document.assume_role_policy",
            "module.eks.data.aws_iam_policy_document.cni_ipv6_policy",
            "module.eks.data.aws_iam_policy_document.node_assume_role_policy",
            "module.eks.data.aws_iam_session_context.current",
            "module.eks.data.aws_partition.current",
            "module.eks.data.tls_certificate.this",
            "module.eks.module.kms.aws_kms_external_key.this",
            "module.eks.module.kms.aws_kms_key.this",
            "module.eks.module.kms.aws_kms_replica_external_key.this",
            "module.eks.module.kms.aws_kms_replica_key.this",
            "module.eks.module.kms.data.aws_caller_identity.current",
            "module.eks.module.kms.data.aws_iam_policy_document.this",
            "module.eks.module.kms.data.aws_partition.current",
            "module.vpc_east.aws_subnet.public",
            "module.vpc_east.aws_vpc.this",
            "module.vpc_east.aws_vpc_ipv4_cidr_block_association.this"
          ]
        }
      ]
    },
    {
      "module": "module.ebs_csi_irsa_west",
      "mode": "data",
      "type": "aws_caller_identity",
      "name": "current",
      "provider": "provider[\"registry.terraform.io/hashicorp/aws\"].west",
      "instances": [
        {
          "schema_version": 0,
          "attributes": {
            "account_id": "007924758087",
            "arn": "arn:aws:iam::007924758087:user/nelzir",
            "id": "007924758087",
            "user_id": "AIDAQDWC2GZDW7ZUFN3VJ"
          },
          "sensitive_attributes": [],
          "identity_schema_version": 0
        }
      ]
    },
    {
      "module": "module.ebs_csi_irsa_west",
      "mode": "data",
      "type": "aws_iam_policy_document",
      "name": "ebs_csi",
      "provider": "provider[\"registry.terraform.io/hashicorp/aws\"].west",
      "instances": [
        {
          "index_key": 0,
          "schema_version": 0,
          "attributes": {
            "id": "4189668531",
            "json": "{\n  \"Version\": \"2012-10-17\",\n  \"Statement\": [\n    {\n      \"Effect\": \"Allow\",\n      \"Action\": [\n        \"ec2:DescribeVolumesModifications\",\n        \"ec2:DescribeVolumes\",\n        \"ec2:DescribeTags\",\n        \"ec2:DescribeSnapshots\",\n        \"ec2:DescribeInstances\",\n        \"ec2:DescribeAvailabilityZones\"\n      ],\n      \"Resource\": \"*\"\n    },\n    {\n      \"Effect\": \"Allow\",\n      \"Action\": [\n        \"ec2:ModifyVolume\",\n        \"ec2:CreateSnapshot\"\n      ],\n      \"Resource\": \"arn:aws:ec2:*:*:volume/*\"\n    },\n    {\n      \"Effect\": \"Allow\",\n      \"Action\": [\n        \"ec2:DetachVolume\",\n        \"ec2:AttachVolume\"\n      ],\n      \"Resource\": [\n        \"arn:aws:ec2:*:*:volume/*\",\n        \"arn:aws:ec2:*:*:instance/*\"\n      ]\n    },\n    {\n      \"Effect\": \"Allow\",\n      \"Action\": [\n        \"ec2:EnableFastSnapshotRestores\",\n        \"ec2:CreateVolume\"\n      ],\n      \"Resource\": \"arn:aws:ec2:*:*:snapshot/*\"\n    },\n    {\n      \"Effect\": \"Allow\",\n      \"Action\": \"ec2:CreateTags\",\n      \"Resource\": [\n        \"arn:aws:ec2:*:*:volume/*\",\n        \"arn:aws:ec2:*:*:snapshot/*\"\n      ],\n      \"Condition\": {\n        \"StringEquals\": {\n          \"ec2:CreateAction\": [\n            \"CreateVolume\",\n            \"CreateSnapshot\"\n          ]\n        }\n      }\n    },\n    {\n      \"Effect\": \"Allow\",\n      \"Action\": \"ec2:DeleteTags\",\n      \"Resource\": [\n        \"arn:aws:ec2:*:*:volume/*\",\n        \"arn:aws:ec2:*:*:snapshot/*\"\n      ]\n    },\n    {\n      \"Effect\": \"Allow\",\n      \"Action\": \"ec2:CreateVolume\",\n      \"Resource\": \"arn:aws:ec2:*:*:volume/*\",\n      \"Condition\": {\n        \"StringLike\": {\n          \"aws:RequestTag/ebs.csi.aws.com/cluster\": \"true\"\n        }\n      }\n    },\n    {\n      \"Effect\": \"Allow\",\n      \"Action\": \"ec2:CreateVolume\",\n      \"Resource\": \"arn:aws:ec2:*:*:volume/*\",\n      \"Condition\": {\n        \"StringLike\": {\n          \"aws:RequestTag/CSIVolumeName\": \"*\"\n        }\n      }\n    },\n    {\n      \"Effect\": \"Allow\",\n      \"Action\": \"ec2:DeleteVolume\",\n      \"Resource\": \"arn:aws:ec2:*:*:volume/*\",\n      \"Condition\": {\n        \"StringLike\": {\n          \"aws:ResourceTag/ebs.csi.aws.com/cluster\": \"true\"\n        }\n      }\n    },\n    {\n      \"Effect\": \"Allow\",\n      \"Action\": \"ec2:DeleteVolume\",\n      \"Resource\": \"arn:aws:ec2:*:*:volume/*\",\n      \"Condition\": {\n        \"StringLike\": {\n          \"aws:ResourceTag/CSIVolumeName\": \"*\"\n        }\n      }\n    },\n    {\n      \"Effect\": \"Allow\",\n      \"Action\": \"ec2:DeleteVolume\",\n      \"Resource\": \"arn:aws:ec2:*:*:volume/*\",\n      \"Condition\": {\n        \"StringLike\": {\n          \"ec2:ResourceTag/kubernetes.io/created-for/pvc/name\": \"*\"\n        }\n      }\n    },\n    {\n      \"Effect\": \"Allow\",\n      \"Action\": \"ec2:CreateSnapshot\",\n      \"Resource\": \"arn:aws:ec2:*:*:snapshot/*\",\n      \"Condition\": {\n        \"StringLike\": {\n          \"aws:RequestTag/CSIVolumeSnapshotName\": \"*\"\n        }\n      }\n    },\n    {\n      \"Effect\": \"Allow\",\n      \"Action\": \"ec2:CreateSnapshot\",\n      \"Resource\": \"arn:aws:ec2:*:*:snapshot/*\",\n      \"Condition\": {\n        \"StringLike\": {\n          \"aws:RequestTag/ebs.csi.aws.com/cluster\": \"true\"\n        }\n      }\n    },\n    {\n      \"Effect\": \"Allow\",\n      \"Action\": \"ec2:DeleteSnapshot\",\n      \"Resource\": \"arn:aws:ec2:*:*:snapshot/*\",\n      \"Condition\": {\n        \"StringLike\": {\n          \"aws:ResourceTag/CSIVolumeSnapshotName\": \"*\"\n        }\n      }\n    },\n    {\n      \"Effect\": \"Allow\",\n      \"Action\": \"ec2:DeleteSnapshot\",\n      \"Resource\": \"arn:aws:ec2:*:*:snapshot/*\",\n      \"Condition\": {\n        \"StringLike\": {\n          \"aws:ResourceTag/ebs.csi.aws.com/cluster\": \"true\"\n        }\n      }\n    }\n  ]\n}",
            "minified_json": "{\"Version\":\"2012-10-17\",\"Statement\":[{\"Effect\":\"Allow\",\"Action\":[\"ec2:DescribeVolumesModifications\",\"ec2:DescribeVolumes\",\"ec2:DescribeTags\",\"ec2:DescribeSnapshots\",\"ec2:DescribeInstances\",\"ec2:DescribeAvailabilityZones\"],\"Resource\":\"*\"},{\"Effect\":\"Allow\",\"Action\":[\"ec2:ModifyVolume\",\"ec2:CreateSnapshot\"],\"Resource\":\"arn:aws:ec2:*:*:volume/*\"},{\"Effect\":\"Allow\",\"Action\":[\"ec2:DetachVolume\",\"ec2:AttachVolume\"],\"Resource\":[\"arn:aws:ec2:*:*:volume/*\",\"arn:aws:ec2:*:*:instance/*\"]},{\"Effect\":\"Allow\",\"Action\":[\"ec2:EnableFastSnapshotRestores\",\"ec2:CreateVolume\"],\"Resource\":\"arn:aws:ec2:*:*:snapshot/*\"},{\"Effect\":\"Allow\",\"Action\":\"ec2:CreateTags\",\"Resource\":[\"arn:aws:ec2:*:*:volume/*\",\"arn:aws:ec2:*:*:snapshot/*\"],\"Condition\":{\"StringEquals\":{\"ec2:CreateAction\":[\"CreateVolume\",\"CreateSnapshot\"]}}},{\"Effect\":\"Allow\",\"Action\":\"ec2:DeleteTags\",\"Resource\":[\"arn:aws:ec2:*:*:volume/*\",\"arn:aws:ec2:*:*:snapshot/*\"]},{\"Effect\":\"Allow\",\"Action\":\"ec2:CreateVolume\",\"Resource\":\"arn:aws:ec2:*:*:volume/*\",\"Condition\":{\"StringLike\":{\"aws:RequestTag/ebs.csi.aws.com/cluster\":\"true\"}}},{\"Effect\":\"Allow\",\"Action\":\"ec2:CreateVolume\",\"Resource\":\"arn:aws:ec2:*:*:volume/*\",\"Condition\":{\"StringLike\":{\"aws:RequestTag/CSIVolumeName\":\"*\"}}},{\"Effect\":\"Allow\",\"Action\":\"ec2:DeleteVolume\",\"Resource\":\"arn:aws:ec2:*:*:volume/*\",\"Condition\":{\"StringLike\":{\"aws:ResourceTag/ebs.csi.aws.com/cluster\":\"true\"}}},{\"Effect\":\"Allow\",\"Action\":\"ec2:DeleteVolume\",\"Resource\":\"arn:aws:ec2:*:*:volume/*\",\"Condition\":{\"StringLike\":{\"aws:ResourceTag/CSIVolumeName\":\"*\"}}},{\"Effect\":\"Allow\",\"Action\":\"ec2:DeleteVolume\",\"Resource\":\"arn:aws:ec2:*:*:volume/*\",\"Condition\":{\"StringLike\":{\"ec2:ResourceTag/kubernetes.io/created-for/pvc/name\":\"*\"}}},{\"Effect\":\"Allow\",\"Action\":\"ec2:CreateSnapshot\",\"Resource\":\"arn:aws:ec2:*:*:snapshot/*\",\"Condition\":{\"StringLike\":{\"aws:RequestTag/CSIVolumeSnapshotName\":\"*\"}}},{\"Effect\":\"Allow\",\"Action\":\"ec2:CreateSnapshot\",\"Resource\":\"arn:aws:ec2:*:*:snapshot/*\",\"Condition\":{\"StringLike\":{\"aws:RequestTag/ebs.csi.aws.com/cluster\":\"true\"}}},{\"Effect\":\"Allow\",\"Action\":\"ec2:DeleteSnapshot\",\"Resource\":\"arn:aws:ec2:*:*:snapshot/*\",\"Condition\":{\"StringLike\":{\"aws:ResourceTag/CSIVolumeSnapshotName\":\"*\"}}},{\"Effect\":\"Allow\",\"Action\":\"ec2:DeleteSnapshot\",\"Resource\":\"arn:aws:ec2:*:*:snapshot/*\",\"Condition\":{\"StringLike\":{\"aws:ResourceTag/ebs.csi.aws.com/cluster\":\"true\"}}}]}",
            "override_json": null,
            "override_policy_documents": null,
            "policy_id": null,
            "source_json": null,
            "source_policy_documents": null,
            "statement": [
              {
                "actions": [
                  "ec2:DescribeAvailabilityZones",
                  "ec2:DescribeInstances",
                  "ec2:DescribeSnapshots",
                  "ec2:DescribeTags",
                  "ec2:DescribeVolumes",
                  "ec2:DescribeVolumesModifications"
                ],
                "condition": [],
                "effect": "Allow",
                "not_actions": [],
                "not_principals": [],
                "not_resources": [],
                "principals": [],
                "resources": [
                  "*"
                ],
                "sid": ""
              },
              {
                "actions": [
                  "ec2:CreateSnapshot",
                  "ec2:ModifyVolume"
                ],
                "condition": [],
                "effect": "Allow",
                "not_actions": [],
                "not_principals": [],
                "not_resources": [],
                "principals": [],
                "resources": [
                  "arn:aws:ec2:*:*:volume/*"
                ],
                "sid": ""
              },
              {
                "actions": [
                  "ec2:AttachVolume",
                  "ec2:DetachVolume"
                ],
                "condition": [],
                "effect": "Allow",
                "not_actions": [],
                "not_principals": [],
                "not_resources": [],
                "principals": [],
                "resources": [
                  "arn:aws:ec2:*:*:instance/*",
                  "arn:aws:ec2:*:*:volume/*"
                ],
                "sid": ""
              },
              {
                "actions": [
                  "ec2:CreateVolume",
                  "ec2:EnableFastSnapshotRestores"
                ],
                "condition": [],
                "effect": "Allow",
                "not_actions": [],
                "not_principals": [],
                "not_resources": [],
                "principals": [],
                "resources": [
                  "arn:aws:ec2:*:*:snapshot/*"
                ],
                "sid": ""
              },
              {
                "actions": [
                  "ec2:CreateTags"
                ],
                "condition": [
                  {
                    "test": "StringEquals",
                    "values": [
                      "CreateVolume",
                      "CreateSnapshot"
                    ],
                    "variable": "ec2:CreateAction"
                  }
                ],
                "effect": "Allow",
                "not_actions": [],
                "not_principals": [],
                "not_resources": [],
                "principals": [],
                "resources": [
                  "arn:aws:ec2:*:*:snapshot/*",
                  "arn:aws:ec2:*:*:volume/*"
                ],
                "sid": ""
              },
              {
                "actions": [
                  "ec2:DeleteTags"
                ],
                "condition": [],
                "effect": "Allow",
                "not_actions": [],
                "not_principals": [],
                "not_resources": [],
                "principals": [],
                "resources": [
                  "arn:aws:ec2:*:*:snapshot/*",
                  "arn:aws:ec2:*:*:volume/*"
                ],
                "sid": ""
              },
              {
                "actions": [
                  "ec2:CreateVolume"
                ],
                "condition": [
                  {
                    "test": "StringLike",
                    "values": [
                      "true"
                    ],
                    "variable": "aws:RequestTag/ebs.csi.aws.com/cluster"
                  }
                ],
                "effect": "Allow",
                "not_actions": [],
                "not_principals": [],
                "not_resources": [],
                "principals": [],
                "resources": [
                  "arn:aws:ec2:*:*:volume/*"
                ],
                "sid": ""
              },
              {
                "actions": [
                  "ec2:CreateVolume"
                ],
                "condition": [
                  {
                    "test": "StringLike",
                    "values": [
                      "*"
                    ],
                    "variable": "aws:RequestTag/CSIVolumeName"
                  }
                ],
                "effect": "Allow",
                "not_actions": [],
                "not_principals": [],
                "not_resources": [],
                "principals": [],
                "resources": [
                  "arn:aws:ec2:*:*:volume/*"
                ],
                "sid": ""
              },
              {
                "actions": [
                  "ec2:DeleteVolume"
                ],
                "condition": [
                  {
                    "test": "StringLike",
                    "values": [
                      "true"
                    ],
                    "variable": "aws:ResourceTag/ebs.csi.aws.com/cluster"
                  }
                ],
                "effect": "Allow",
                "not_actions": [],
                "not_principals": [],
                "not_resources": [],
                "principals": [],
                "resources": [
                  "arn:aws:ec2:*:*:volume/*"
                ],
                "sid": ""
              },
              {
                "actions": [
                  "ec2:DeleteVolume"
                ],
                "condition": [
                  {
                    "test": "StringLike",
                    "values": [
                      "*"
                    ],
                    "variable": "aws:ResourceTag/CSIVolumeName"
                  }
                ],
                "effect": "Allow",
                "not_actions": [],
                "not_principals": [],
                "not_resources": [],
                "principals": [],
                "resources": [
                  "arn:aws:ec2:*:*:volume/*"
                ],
                "sid": ""
              },
              {
                "actions": [
                  "ec2:DeleteVolume"
                ],
                "condition": [
                  {
                    "test": "StringLike",
                    "values": [
                      "*"
                    ],
                    "variable": "ec2:ResourceTag/kubernetes.io/created-for/pvc/name"
                  }
                ],
                "effect": "Allow",
                "not_actions": [],
                "not_principals": [],
                "not_resources": [],
                "principals": [],
                "resources": [
                  "arn:aws:ec2:*:*:volume/*"
                ],
                "sid": ""
              },
              {
                "actions": [
                  "ec2:CreateSnapshot"
                ],
                "condition": [
                  {
                    "test": "StringLike",
                    "values": [
                      "*"
                    ],
                    "variable": "aws:RequestTag/CSIVolumeSnapshotName"
                  }
                ],
                "effect": "Allow",
                "not_actions": [],
                "not_principals": [],
                "not_resources": [],
                "principals": [],
                "resources": [
                  "arn:aws:ec2:*:*:snapshot/*"
                ],
                "sid": ""
              },
              {
                "actions": [
                  "ec2:CreateSnapshot"
                ],
                "condition": [
                  {
                    "test": "StringLike",
                    "values": [
                      "true"
                    ],
                    "variable": "aws:RequestTag/ebs.csi.aws.com/cluster"
                  }
                ],
                "effect": "Allow",
                "not_actions": [],
                "not_principals": [],
                "not_resources": [],
                "principals": [],
                "resources": [
                  "arn:aws:ec2:*:*:snapshot/*"
                ],
                "sid": ""
              },
              {
                "actions": [
                  "ec2:DeleteSnapshot"
                ],
                "condition": [
                  {
                    "test": "StringLike",
                    "values": [
                      "*"
                    ],
                    "variable": "aws:ResourceTag/CSIVolumeSnapshotName"
                  }
                ],
                "effect": "Allow",
                "not_actions": [],
                "not_principals": [],
                "not_resources": [],
                "principals": [],
                "resources": [
                  "arn:aws:ec2:*:*:snapshot/*"
                ],
                "sid": ""
              },
              {
                "actions": [
                  "ec2:DeleteSnapshot"
                ],
                "condition": [
                  {
                    "test": "StringLike",
                    "values": [
                      "true"
                    ],
                    "variable": "aws:ResourceTag/ebs.csi.aws.com/cluster"
                  }
                ],
                "effect": "Allow",
                "not_actions": [],
                "not_principals": [],
                "not_resources": [],
                "principals": [],
                "resources": [
                  "arn:aws:ec2:*:*:snapshot/*"
                ],
                "sid": ""
              }
            ],
            "version": "2012-10-17"
          },
          "sensitive_attributes": [],
          "identity_schema_version": 0
        }
      ]
    },
    {
      "module": "module.ebs_csi_irsa_west",
      "mode": "data",
      "type": "aws_iam_policy_document",
      "name": "this",
      "provider": "provider[\"registry.terraform.io/hashicorp/aws\"].west",
      "instances": [
        {
          "index_key": 0,
          "schema_version": 0,
          "attributes": {
            "id": "1314996452",
            "json": "{\n  \"Version\": \"2012-10-17\",\n  \"Statement\": [\n    {\n      \"Effect\": \"Allow\",\n      \"Action\": \"sts:AssumeRoleWithWebIdentity\",\n      \"Principal\": {\n        \"Federated\": \"arn:aws:iam::007924758087:oidc-provider/oidc.eks.us-west-2.amazonaws.com/id/9260BEE832D3C58D4E80135B9BDD40C9\"\n      },\n      \"Condition\": {\n        \"StringEquals\": {\n          \"oidc.eks.us-west-2.amazonaws.com/id/9260BEE832D3C58D4E80135B9BDD40C9:aud\": \"sts.amazonaws.com\",\n          \"oidc.eks.us-west-2.amazonaws.com/id/9260BEE832D3C58D4E80135B9BDD40C9:sub\": \"system:serviceaccount:kube-system:ebs-csi-controller-sa\"\n        }\n      }\n    }\n  ]\n}",
            "minified_json": "{\"Version\":\"2012-10-17\",\"Statement\":[{\"Effect\":\"Allow\",\"Action\":\"sts:AssumeRoleWithWebIdentity\",\"Principal\":{\"Federated\":\"arn:aws:iam::007924758087:oidc-provider/oidc.eks.us-west-2.amazonaws.com/id/9260BEE832D3C58D4E80135B9BDD40C9\"},\"Condition\":{\"StringEquals\":{\"oidc.eks.us-west-2.amazonaws.com/id/9260BEE832D3C58D4E80135B9BDD40C9:aud\":\"sts.amazonaws.com\",\"oidc.eks.us-west-2.amazonaws.com/id/9260BEE832D3C58D4E80135B9BDD40C9:sub\":\"system:serviceaccount:kube-system:ebs-csi-controller-sa\"}}}]}",
            "override_json": null,
            "override_policy_documents": null,
            "policy_id": null,
            "source_json": null,
            "source_policy_documents": null,
            "statement": [
              {
                "actions": [
                  "sts:AssumeRoleWithWebIdentity"
                ],
                "condition": [
                  {
                    "test": "StringEquals",
                    "values": [
                      "sts.amazonaws.com"
                    ],
                    "variable": "oidc.eks.us-west-2.amazonaws.com/id/9260BEE832D3C58D4E80135B9BDD40C9:aud"
                  },
                  {
                    "test": "StringEquals",
                    "values": [
                      "system:serviceaccount:kube-system:ebs-csi-controller-sa"
                    ],
                    "variable": "oidc.eks.us-west-2.amazonaws.com/id/9260BEE832D3C58D4E80135B9BDD40C9:sub"
                  }
                ],
                "effect": "Allow",
                "not_actions": [],
                "not_principals": [],
                "not_resources": [],
                "principals": [
                  {
                    "identifiers": [
                      "arn:aws:iam::007924758087:oidc-provider/oidc.eks.us-west-2.amazonaws.com/id/9260BEE832D3C58D4E80135B9BDD40C9"
                    ],
                    "type": "Federated"
                  }
                ],
                "resources": [],
                "sid": ""
              }
            ],
            "version": "2012-10-17"
          },
          "sensitive_attributes": [],
          "identity_schema_version": 0
        }
      ]
    },
    {
      "module": "module.ebs_csi_irsa_west",
      "mode": "data",
      "type": "aws_partition",
      "name": "current",
      "provider": "provider[\"registry.terraform.io/hashicorp/aws\"].west",
      "instances": [
        {
          "schema_version": 0,
          "attributes": {
            "dns_suffix": "amazonaws.com",
            "id": "aws",
            "partition": "aws",
            "reverse_dns_prefix": "com.amazonaws"
          },
          "sensitive_attributes": [],
          "identity_schema_version": 0
        }
      ]
    },
    {
      "module": "module.ebs_csi_irsa_west",
      "mode": "data",
      "type": "aws_region",
      "name": "current",
      "provider": "provider[\"registry.terraform.io/hashicorp/aws\"].west",
      "instances": [
        {
          "schema_version": 0,
          "attributes": {
            "description": "US West (Oregon)",
            "endpoint": "ec2.us-west-2.amazonaws.com",
            "id": "us-west-2",
            "name": "us-west-2"
          },
          "sensitive_attributes": [],
          "identity_schema_version": 0
        }
      ]
    },
    {
      "module": "module.ebs_csi_irsa_west",
      "mode": "managed",
      "type": "aws_iam_policy",
      "name": "ebs_csi",
      "provider": "provider[\"registry.terraform.io/hashicorp/aws\"].west",
      "instances": [
        {
          "index_key": 0,
          "schema_version": 0,
          "attributes": {
            "arn": "arn:aws:iam::007924758087:policy/AmazonEKS_EBS_CSI_Policy-20260108165534081400000004",
            "attachment_count": 1,
            "description": "Provides permissions to manage EBS volumes via the container storage interface driver",
            "id": "arn:aws:iam::007924758087:policy/AmazonEKS_EBS_CSI_Policy-20260108165534081400000004",
            "name": "AmazonEKS_EBS_CSI_Policy-20260108165534081400000004",
            "name_prefix": "AmazonEKS_EBS_CSI_Policy-",
            "path": "/",
            "policy": "{\"Statement\":[{\"Action\":[\"ec2:DescribeVolumesModifications\",\"ec2:DescribeVolumes\",\"ec2:DescribeTags\",\"ec2:DescribeSnapshots\",\"ec2:DescribeInstances\",\"ec2:DescribeAvailabilityZones\"],\"Effect\":\"Allow\",\"Resource\":\"*\"},{\"Action\":[\"ec2:ModifyVolume\",\"ec2:CreateSnapshot\"],\"Effect\":\"Allow\",\"Resource\":\"arn:aws:ec2:*:*:volume/*\"},{\"Action\":[\"ec2:DetachVolume\",\"ec2:AttachVolume\"],\"Effect\":\"Allow\",\"Resource\":[\"arn:aws:ec2:*:*:volume/*\",\"arn:aws:ec2:*:*:instance/*\"]},{\"Action\":[\"ec2:EnableFastSnapshotRestores\",\"ec2:CreateVolume\"],\"Effect\":\"Allow\",\"Resource\":\"arn:aws:ec2:*:*:snapshot/*\"},{\"Action\":\"ec2:CreateTags\",\"Condition\":{\"StringEquals\":{\"ec2:CreateAction\":[\"CreateVolume\",\"CreateSnapshot\"]}},\"Effect\":\"Allow\",\"Resource\":[\"arn:aws:ec2:*:*:volume/*\",\"arn:aws:ec2:*:*:snapshot/*\"]},{\"Action\":\"ec2:DeleteTags\",\"Effect\":\"Allow\",\"Resource\":[\"arn:aws:ec2:*:*:volume/*\",\"arn:aws:ec2:*:*:snapshot/*\"]},{\"Action\":\"ec2:CreateVolume\",\"Condition\":{\"StringLike\":{\"aws:RequestTag/ebs.csi.aws.com/cluster\":\"true\"}},\"Effect\":\"Allow\",\"Resource\":\"arn:aws:ec2:*:*:volume/*\"},{\"Action\":\"ec2:CreateVolume\",\"Condition\":{\"StringLike\":{\"aws:RequestTag/CSIVolumeName\":\"*\"}},\"Effect\":\"Allow\",\"Resource\":\"arn:aws:ec2:*:*:volume/*\"},{\"Action\":\"ec2:DeleteVolume\",\"Condition\":{\"StringLike\":{\"aws:ResourceTag/ebs.csi.aws.com/cluster\":\"true\"}},\"Effect\":\"Allow\",\"Resource\":\"arn:aws:ec2:*:*:volume/*\"},{\"Action\":\"ec2:DeleteVolume\",\"Condition\":{\"StringLike\":{\"aws:ResourceTag/CSIVolumeName\":\"*\"}},\"Effect\":\"Allow\",\"Resource\":\"arn:aws:ec2:*:*:volume/*\"},{\"Action\":\"ec2:DeleteVolume\",\"Condition\":{\"StringLike\":{\"ec2:ResourceTag/kubernetes.io/created-for/pvc/name\":\"*\"}},\"Effect\":\"Allow\",\"Resource\":\"arn:aws:ec2:*:*:volume/*\"},{\"Action\":\"ec2:CreateSnapshot\",\"Condition\":{\"StringLike\":{\"aws:RequestTag/CSIVolumeSnapshotName\":\"*\"}},\"Effect\":\"Allow\",\"Resource\":\"arn:aws:ec2:*:*:snapshot/*\"},{\"Action\":\"ec2:CreateSnapshot\",\"Condition\":{\"StringLike\":{\"aws:RequestTag/ebs.csi.aws.com/cluster\":\"true\"}},\"Effect\":\"Allow\",\"Resource\":\"arn:aws:ec2:*:*:snapshot/*\"},{\"Action\":\"ec2:DeleteSnapshot\",\"Condition\":{\"StringLike\":{\"aws:ResourceTag/CSIVolumeSnapshotName\":\"*\"}},\"Effect\":\"Allow\",\"Resource\":\"arn:aws:ec2:*:*:snapshot/*\"},{\"Action\":\"ec2:DeleteSnapshot\",\"Condition\":{\"StringLike\":{\"aws:ResourceTag/ebs.csi.aws.com/cluster\":\"true\"}},\"Effect\":\"Allow\",\"Resource\":\"arn:aws:ec2:*:*:snapshot/*\"}],\"Version\":\"2012-10-17\"}",
            "policy_id": "ANPAQDWC2GZDVD5KSI74M",
            "tags": {},
            "tags_all": {}
          },
          "sensitive_attributes": [],
          "identity_schema_version": 0,
          "private": "bnVsbA==",
          "dependencies": [
            "module.ebs_csi_irsa_west.data.aws_iam_policy_document.ebs_csi",
            "module.ebs_csi_irsa_west.data.aws_partition.current"
          ]
        }
      ]
    },
    {
      "module": "module.ebs_csi_irsa_west",
      "mode": "managed",
      "type": "aws_iam_role",
      "name": "this",
      "provider": "provider[\"registry.terraform.io/hashicorp/aws\"].west",
      "instances": [
        {
          "index_key": 0,
          "schema_version": 0,
          "attributes": {
            "arn": "arn:aws:iam::007924758087:role/gg9-eks-west-ebs-csi",
            "assume_role_policy": "{\"Statement\":[{\"Action\":\"sts:AssumeRoleWithWebIdentity\",\"Condition\":{\"StringEquals\":{\"oidc.eks.us-west-2.amazonaws.com/id/9260BEE832D3C58D4E80135B9BDD40C9:aud\":\"sts.amazonaws.com\",\"oidc.eks.us-west-2.amazonaws.com/id/9260BEE832D3C58D4E80135B9BDD40C9:sub\":\"system:serviceaccount:kube-system:ebs-csi-controller-sa\"}},\"Effect\":\"Allow\",\"Principal\":{\"Federated\":\"arn:aws:iam::007924758087:oidc-provider/oidc.eks.us-west-2.amazonaws.com/id/9260BEE832D3C58D4E80135B9BDD40C9\"}}],\"Version\":\"2012-10-17\"}",
            "create_date": "2026-01-08T17:06:08Z",
            "description": "",
            "force_detach_policies": true,
            "id": "gg9-eks-west-ebs-csi",
            "inline_policy": [],
            "managed_policy_arns": [
              "arn:aws:iam::007924758087:policy/AmazonEKS_EBS_CSI_Policy-20260108165534081400000004"
            ],
            "max_session_duration": 3600,
            "name": "gg9-eks-west-ebs-csi",
            "name_prefix": "",
            "path": "/",
            "permissions_boundary": "",
            "tags": {},
            "tags_all": {},
            "unique_id": "AROAQDWC2GZDYGPHBJBNX"
          },
          "sensitive_attributes": [],
          "identity_schema_version": 0,
          "private": "bnVsbA==",
          "dependencies": [
            "module.ebs_csi_irsa_west.data.aws_caller_identity.current",
            "module.ebs_csi_irsa_west.data.aws_iam_policy_document.this",
            "module.ebs_csi_irsa_west.data.aws_partition.current",
            "module.eks_west.aws_cloudwatch_log_group.this",
            "module.eks_west.aws_eks_cluster.this",
            "module.eks_west.aws_iam_openid_connect_provider.oidc_provider",
            "module.eks_west.aws_iam_policy.cni_ipv6_policy",
            "module.eks_west.aws_iam_role.eks_auto",
            "module.eks_west.aws_iam_role.this",
            "module.eks_west.aws_iam_role_policy_attachment.this",
            "module.eks_west.aws_security_group.cluster",
            "module.eks_west.aws_security_group.node",
            "module.eks_west.aws_security_group_rule.cluster",
            "module.eks_west.aws_security_group_rule.node",
            "module.eks_west.data.aws_caller_identity.current",
            "module.eks_west.data.aws_iam_policy_document.assume_role_policy",
            "module.eks_west.data.aws_iam_policy_document.cni_ipv6_policy",
            "module.eks_west.data.aws_iam_policy_document.node_assume_role_policy",
            "module.eks_west.data.aws_iam_session_context.current",
            "module.eks_west.data.aws_partition.current",
            "module.eks_west.data.tls_certificate.this",
            "module.eks_west.module.kms.aws_kms_external_key.this",
            "module.eks_west.module.kms.aws_kms_key.this",
            "module.eks_west.module.kms.aws_kms_replica_external_key.this",
            "module.eks_west.module.kms.aws_kms_replica_key.this",
            "module.eks_west.module.kms.data.aws_caller_identity.current",
            "module.eks_west.module.kms.data.aws_iam_policy_document.this",
            "module.eks_west.module.kms.data.aws_partition.current",
            "module.vpc_west.aws_subnet.public",
            "module.vpc_west.aws_vpc.this",
            "module.vpc_west.aws_vpc_ipv4_cidr_block_association.this"
          ]
        }
      ]
    },
    {
      "module": "module.ebs_csi_irsa_west",
      "mode": "managed",
      "type": "aws_iam_role_policy_attachment",
      "name": "ebs_csi",
      "provider": "provider[\"registry.terraform.io/hashicorp/aws\"].west",
      "instances": [
        {
          "index_key": 0,
          "schema_version": 0,
          "attributes": {
            "id": "gg9-eks-west-ebs-csi-20260108170608897900000015",
            "policy_arn": "arn:aws:iam::007924758087:policy/AmazonEKS_EBS_CSI_Policy-20260108165534081400000004",
            "role": "gg9-eks-west-ebs-csi"
          },
          "sensitive_attributes": [],
          "identity_schema_version": 0,
          "private": "bnVsbA==",
          "dependencies": [
            "module.ebs_csi_irsa_west.aws_iam_policy.ebs_csi",
            "module.ebs_csi_irsa_west.aws_iam_role.this",
            "module.ebs_csi_irsa_west.data.aws_caller_identity.current",
            "module.ebs_csi_irsa_west.data.aws_iam_policy_document.ebs_csi",
            "module.ebs_csi_irsa_west.data.aws_iam_policy_document.this",
            "module.ebs_csi_irsa_west.data.aws_partition.current",
            "module.eks_west.aws_cloudwatch_log_group.this",
            "module.eks_west.aws_eks_cluster.this",
            "module.eks_west.aws_iam_openid_connect_provider.oidc_provider",
            "module.eks_west.aws_iam_policy.cni_ipv6_policy",
            "module.eks_west.aws_iam_role.eks_auto",
            "module.eks_west.aws_iam_role.this",
            "module.eks_west.aws_iam_role_policy_attachment.this",
            "module.eks_west.aws_security_group.cluster",
            "module.eks_west.aws_security_group.node",
            "module.eks_west.aws_security_group_rule.cluster",
            "module.eks_west.aws_security_group_rule.node",
            "module.eks_west.data.aws_caller_identity.current",
            "module.eks_west.data.aws_iam_policy_document.assume_role_policy",
            "module.eks_west.data.aws_iam_policy_document.cni_ipv6_policy",
            "module.eks_west.data.aws_iam_policy_document.node_assume_role_policy",
            "module.eks_west.data.aws_iam_session_context.current",
            "module.eks_west.data.aws_partition.current",
            "module.eks_west.data.tls_certificate.this",
            "module.eks_west.module.kms.aws_kms_external_key.this",
            "module.eks_west.module.kms.aws_kms_key.this",
            "module.eks_west.module.kms.aws_kms_replica_external_key.this",
            "module.eks_west.module.kms.aws_kms_replica_key.this",
            "module.eks_west.module.kms.data.aws_caller_identity.current",
            "module.eks_west.module.kms.data.aws_iam_policy_document.this",
            "module.eks_west.module.kms.data.aws_partition.current",
            "module.vpc_west.aws_subnet.public",
            "module.vpc_west.aws_vpc.this",
            "module.vpc_west.aws_vpc_ipv4_cidr_block_association.this"
          ]
        }
      ]
    },
    {
      "module": "module.eks",
      "mode": "data",
      "type": "aws_caller_identity",
      "name": "current",
      "provider": "provider[\"registry.terraform.io/hashicorp/aws\"]",
      "instances": [
        {
          "index_key": 0,
          "schema_version": 0,
          "attributes": {
            "account_id": "007924758087",
            "arn": "arn:aws:iam::007924758087:user/nelzir",
            "id": "007924758087",
            "user_id": "AIDAQDWC2GZDW7ZUFN3VJ"
          },
          "sensitive_attributes": [],
          "identity_schema_version": 0
        }
      ]
    },
    {
      "module": "module.eks",
      "mode": "data",
      "type": "aws_iam_policy_document",
      "name": "assume_role_policy",
      "provider": "provider[\"registry.terraform.io/hashicorp/aws\"]",
      "instances": [
        {
          "index_key": 0,
          "schema_version": 0,
          "attributes": {
            "id": "2830595799",
            "json": "{\n  \"Version\": \"2012-10-17\",\n  \"Statement\": [\n    {\n      \"Sid\": \"EKSClusterAssumeRole\",\n      \"Effect\": \"Allow\",\n      \"Action\": [\n        \"sts:TagSession\",\n        \"sts:AssumeRole\"\n      ],\n      \"Principal\": {\n        \"Service\": \"eks.amazonaws.com\"\n      }\n    }\n  ]\n}",
            "minified_json": "{\"Version\":\"2012-10-17\",\"Statement\":[{\"Sid\":\"EKSClusterAssumeRole\",\"Effect\":\"Allow\",\"Action\":[\"sts:TagSession\",\"sts:AssumeRole\"],\"Principal\":{\"Service\":\"eks.amazonaws.com\"}}]}",
            "override_json": null,
            "override_policy_documents": null,
            "policy_id": null,
            "source_json": null,
            "source_policy_documents": null,
            "statement": [
              {
                "actions": [
                  "sts:AssumeRole",
                  "sts:TagSession"
                ],
                "condition": [],
                "effect": "Allow",
                "not_actions": [],
                "not_principals": [],
                "not_resources": [],
                "principals": [
                  {
                    "identifiers": [
                      "eks.amazonaws.com"
                    ],
                    "type": "Service"
                  }
                ],
                "resources": [],
                "sid": "EKSClusterAssumeRole"
              }
            ],
            "version": "2012-10-17"
          },
          "sensitive_attributes": [],
          "identity_schema_version": 0
        }
      ]
    },
    {
      "module": "module.eks",
      "mode": "data",
      "type": "aws_iam_policy_document",
      "name": "custom",
      "provider": "provider[\"registry.terraform.io/hashicorp/aws\"]",
      "instances": [
        {
          "index_key": 0,
          "schema_version": 0,
          "attributes": {
            "id": "513122117",
            "json": "{\n  \"Version\": \"2012-10-17\",\n  \"Statement\": [\n    {\n      \"Sid\": \"Compute\",\n      \"Effect\": \"Allow\",\n      \"Action\": [\n        \"ec2:RunInstances\",\n        \"ec2:CreateLaunchTemplate\",\n        \"ec2:CreateFleet\"\n      ],\n      \"Resource\": \"*\",\n      \"Condition\": {\n        \"StringEquals\": {\n          \"aws:RequestTag/eks:eks-cluster-name\": \"${aws:PrincipalTag/eks:eks-cluster-name}\"\n        },\n        \"StringLike\": {\n          \"aws:RequestTag/eks:kubernetes-node-class-name\": \"*\",\n          \"aws:RequestTag/eks:kubernetes-node-pool-name\": \"*\"\n        }\n      }\n    },\n    {\n      \"Sid\": \"Storage\",\n      \"Effect\": \"Allow\",\n      \"Action\": [\n        \"ec2:CreateVolume\",\n        \"ec2:CreateSnapshot\"\n      ],\n      \"Resource\": [\n        \"arn:aws:ec2:*:*:volume/*\",\n        \"arn:aws:ec2:*:*:snapshot/*\"\n      ],\n      \"Condition\": {\n        \"StringEquals\": {\n          \"aws:RequestTag/eks:eks-cluster-name\": \"${aws:PrincipalTag/eks:eks-cluster-name}\"\n        }\n      }\n    },\n    {\n      \"Sid\": \"Networking\",\n      \"Effect\": \"Allow\",\n      \"Action\": \"ec2:CreateNetworkInterface\",\n      \"Resource\": \"*\",\n      \"Condition\": {\n        \"StringEquals\": {\n          \"aws:RequestTag/eks:eks-cluster-name\": \"${aws:PrincipalTag/eks:eks-cluster-name}\",\n          \"aws:RequestTag/eks:kubernetes-cni-node-name\": \"*\"\n        }\n      }\n    },\n    {\n      \"Sid\": \"LoadBalancer\",\n      \"Effect\": \"Allow\",\n      \"Action\": [\n        \"elasticloadbalancing:CreateTargetGroup\",\n        \"elasticloadbalancing:CreateRule\",\n        \"elasticloadbalancing:CreateLoadBalancer\",\n        \"elasticloadbalancing:CreateListener\",\n        \"ec2:CreateSecurityGroup\"\n      ],\n      \"Resource\": \"*\",\n      \"Condition\": {\n        \"StringEquals\": {\n          \"aws:RequestTag/eks:eks-cluster-name\": \"${aws:PrincipalTag/eks:eks-cluster-name}\"\n        }\n      }\n    },\n    {\n      \"Sid\": \"ShieldProtection\",\n      \"Effect\": \"Allow\",\n      \"Action\": \"shield:CreateProtection\",\n      \"Resource\": \"*\",\n      \"Condition\": {\n        \"StringEquals\": {\n          \"aws:RequestTag/eks:eks-cluster-name\": \"${aws:PrincipalTag/eks:eks-cluster-name}\"\n        }\n      }\n    },\n    {\n      \"Sid\": \"ShieldTagResource\",\n      \"Effect\": \"Allow\",\n      \"Action\": \"shield:TagResource\",\n      \"Resource\": \"arn:aws:shield::*:protection/*\",\n      \"Condition\": {\n        \"StringEquals\": {\n          \"aws:RequestTag/eks:eks-cluster-name\": \"${aws:PrincipalTag/eks:eks-cluster-name}\"\n        }\n      }\n    }\n  ]\n}",
            "minified_json": "{\"Version\":\"2012-10-17\",\"Statement\":[{\"Sid\":\"Compute\",\"Effect\":\"Allow\",\"Action\":[\"ec2:RunInstances\",\"ec2:CreateLaunchTemplate\",\"ec2:CreateFleet\"],\"Resource\":\"*\",\"Condition\":{\"StringEquals\":{\"aws:RequestTag/eks:eks-cluster-name\":\"${aws:PrincipalTag/eks:eks-cluster-name}\"},\"StringLike\":{\"aws:RequestTag/eks:kubernetes-node-class-name\":\"*\",\"aws:RequestTag/eks:kubernetes-node-pool-name\":\"*\"}}},{\"Sid\":\"Storage\",\"Effect\":\"Allow\",\"Action\":[\"ec2:CreateVolume\",\"ec2:CreateSnapshot\"],\"Resource\":[\"arn:aws:ec2:*:*:volume/*\",\"arn:aws:ec2:*:*:snapshot/*\"],\"Condition\":{\"StringEquals\":{\"aws:RequestTag/eks:eks-cluster-name\":\"${aws:PrincipalTag/eks:eks-cluster-name}\"}}},{\"Sid\":\"Networking\",\"Effect\":\"Allow\",\"Action\":\"ec2:CreateNetworkInterface\",\"Resource\":\"*\",\"Condition\":{\"StringEquals\":{\"aws:RequestTag/eks:eks-cluster-name\":\"${aws:PrincipalTag/eks:eks-cluster-name}\",\"aws:RequestTag/eks:kubernetes-cni-node-name\":\"*\"}}},{\"Sid\":\"LoadBalancer\",\"Effect\":\"Allow\",\"Action\":[\"elasticloadbalancing:CreateTargetGroup\",\"elasticloadbalancing:CreateRule\",\"elasticloadbalancing:CreateLoadBalancer\",\"elasticloadbalancing:CreateListener\",\"ec2:CreateSecurityGroup\"],\"Resource\":\"*\",\"Condition\":{\"StringEquals\":{\"aws:RequestTag/eks:eks-cluster-name\":\"${aws:PrincipalTag/eks:eks-cluster-name}\"}}},{\"Sid\":\"ShieldProtection\",\"Effect\":\"Allow\",\"Action\":\"shield:CreateProtection\",\"Resource\":\"*\",\"Condition\":{\"StringEquals\":{\"aws:RequestTag/eks:eks-cluster-name\":\"${aws:PrincipalTag/eks:eks-cluster-name}\"}}},{\"Sid\":\"ShieldTagResource\",\"Effect\":\"Allow\",\"Action\":\"shield:TagResource\",\"Resource\":\"arn:aws:shield::*:protection/*\",\"Condition\":{\"StringEquals\":{\"aws:RequestTag/eks:eks-cluster-name\":\"${aws:PrincipalTag/eks:eks-cluster-name}\"}}}]}",
            "override_json": null,
            "override_policy_documents": null,
            "policy_id": null,
            "source_json": null,
            "source_policy_documents": null,
            "statement": [
              {
                "actions": [
                  "ec2:CreateFleet",
                  "ec2:CreateLaunchTemplate",
                  "ec2:RunInstances"
                ],
                "condition": [
                  {
                    "test": "StringEquals",
                    "values": [
                      "${aws:PrincipalTag/eks:eks-cluster-name}"
                    ],
                    "variable": "aws:RequestTag/eks:eks-cluster-name"
                  },
                  {
                    "test": "StringLike",
                    "values": [
                      "*"
                    ],
                    "variable": "aws:RequestTag/eks:kubernetes-node-class-name"
                  },
                  {
                    "test": "StringLike",
                    "values": [
                      "*"
                    ],
                    "variable": "aws:RequestTag/eks:kubernetes-node-pool-name"
                  }
                ],
                "effect": "Allow",
                "not_actions": [],
                "not_principals": [],
                "not_resources": [],
                "principals": [],
                "resources": [
                  "*"
                ],
                "sid": "Compute"
              },
              {
                "actions": [
                  "ec2:CreateSnapshot",
                  "ec2:CreateVolume"
                ],
                "condition": [
                  {
                    "test": "StringEquals",
                    "values": [
                      "${aws:PrincipalTag/eks:eks-cluster-name}"
                    ],
                    "variable": "aws:RequestTag/eks:eks-cluster-name"
                  }
                ],
                "effect": "Allow",
                "not_actions": [],
                "not_principals": [],
                "not_resources": [],
                "principals": [],
                "resources": [
                  "arn:aws:ec2:*:*:snapshot/*",
                  "arn:aws:ec2:*:*:volume/*"
                ],
                "sid": "Storage"
              },
              {
                "actions": [
                  "ec2:CreateNetworkInterface"
                ],
                "condition": [
                  {
                    "test": "StringEquals",
                    "values": [
                      "${aws:PrincipalTag/eks:eks-cluster-name}"
                    ],
                    "variable": "aws:RequestTag/eks:eks-cluster-name"
                  },
                  {
                    "test": "StringEquals",
                    "values": [
                      "*"
                    ],
                    "variable": "aws:RequestTag/eks:kubernetes-cni-node-name"
                  }
                ],
                "effect": "Allow",
                "not_actions": [],
                "not_principals": [],
                "not_resources": [],
                "principals": [],
                "resources": [
                  "*"
                ],
                "sid": "Networking"
              },
              {
                "actions": [
                  "ec2:CreateSecurityGroup",
                  "elasticloadbalancing:CreateListener",
                  "elasticloadbalancing:CreateLoadBalancer",
                  "elasticloadbalancing:CreateRule",
                  "elasticloadbalancing:CreateTargetGroup"
                ],
                "condition": [
                  {
                    "test": "StringEquals",
                    "values": [
                      "${aws:PrincipalTag/eks:eks-cluster-name}"
                    ],
                    "variable": "aws:RequestTag/eks:eks-cluster-name"
                  }
                ],
                "effect": "Allow",
                "not_actions": [],
                "not_principals": [],
                "not_resources": [],
                "principals": [],
                "resources": [
                  "*"
                ],
                "sid": "LoadBalancer"
              },
              {
                "actions": [
                  "shield:CreateProtection"
                ],
                "condition": [
                  {
                    "test": "StringEquals",
                    "values": [
                      "${aws:PrincipalTag/eks:eks-cluster-name}"
                    ],
                    "variable": "aws:RequestTag/eks:eks-cluster-name"
                  }
                ],
                "effect": "Allow",
                "not_actions": [],
                "not_principals": [],
                "not_resources": [],
                "principals": [],
                "resources": [
                  "*"
                ],
                "sid": "ShieldProtection"
              },
              {
                "actions": [
                  "shield:TagResource"
                ],
                "condition": [
                  {
                    "test": "StringEquals",
                    "values": [
                      "${aws:PrincipalTag/eks:eks-cluster-name}"
                    ],
                    "variable": "aws:RequestTag/eks:eks-cluster-name"
                  }
                ],
                "effect": "Allow",
                "not_actions": [],
                "not_principals": [],
                "not_resources": [],
                "principals": [],
                "resources": [
                  "arn:aws:shield::*:protection/*"
                ],
                "sid": "ShieldTagResource"
              }
            ],
            "version": "2012-10-17"
          },
          "sensitive_attributes": [],
          "identity_schema_version": 0
        }
      ]
    },
    {
      "module": "module.eks",
      "mode": "data",
      "type": "aws_iam_session_context",
      "name": "current",
      "provider": "provider[\"registry.terraform.io/hashicorp/aws\"]",
      "instances": [
        {
          "index_key": 0,
          "schema_version": 0,
          "attributes": {
            "arn": "arn:aws:iam::007924758087:user/nelzir",
            "id": "arn:aws:iam::007924758087:user/nelzir",
            "issuer_arn": "arn:aws:iam::007924758087:user/nelzir",
            "issuer_id": "",
            "issuer_name": "",
            "session_name": ""
          },
          "sensitive_attributes": [],
          "identity_schema_version": 0
        }
      ]
    },
    {
      "module": "module.eks",
      "mode": "data",
      "type": "aws_partition",
      "name": "current",
      "provider": "provider[\"registry.terraform.io/hashicorp/aws\"]",
      "instances": [
        {
          "index_key": 0,
          "schema_version": 0,
          "attributes": {
            "dns_suffix": "amazonaws.com",
            "id": "aws",
            "partition": "aws",
            "reverse_dns_prefix": "com.amazonaws"
          },
          "sensitive_attributes": [],
          "identity_schema_version": 0
        }
      ]
    },
    {
      "module": "module.eks",
      "mode": "data",
      "type": "tls_certificate",
      "name": "this",
      "provider": "provider[\"registry.terraform.io/hashicorp/tls\"]",
      "instances": [
        {
          "index_key": 0,
          "schema_version": 0,
          "attributes": {
            "certificates": [
              {
                "cert_pem": "-----BEGIN CERTIFICATE-----\nMIIEkjCCA3qgAwIBAgITBn+USionzfP6wq4rAfkI7rnExjANBgkqhkiG9w0BAQsF\nADCBmDELMAkGA1UEBhMCVVMxEDAOBgNVBAgTB0FyaXpvbmExEzARBgNVBAcTClNj\nb3R0c2RhbGUxJTAjBgNVBAoTHFN0YXJmaWVsZCBUZWNobm9sb2dpZXMsIEluYy4x\nOzA5BgNVBAMTMlN0YXJmaWVsZCBTZXJ2aWNlcyBSb290IENlcnRpZmljYXRlIEF1\ndGhvcml0eSAtIEcyMB4XDTE1MDUyNTEyMDAwMFoXDTM3MTIzMTAxMDAwMFowOTEL\nMAkGA1UEBhMCVVMxDzANBgNVBAoTBkFtYXpvbjEZMBcGA1UEAxMQQW1hem9uIFJv\nb3QgQ0EgMTCCASIwDQYJKoZIhvcNAQEBBQADggEPADCCAQoCggEBALJ4gHHKeNXj\nca9HgFB0fW7Y14h29Jlo91ghYPl0hAEvrAIthtOgQ3pOsqTQNroBvo3bSMgHFzZM\n9O6II8c+6zf1tRn4SWiw3te5djgdYZ6k/oI2peVKVuRF4fn9tBb6dNqcmzU5L/qw\nIFAGbHrQgLKm+a/sRxmPUDgH3KKHOVj4utWp+UhnMJbulHheb4mjUcAwhmahRWa6\nVOujw5H5SNz/0egwLX0tdHA114gk957EWW67c4cX8jJGKLhD+rcdqsq08p8kDi1L\n93FcXmn/6pUCyziKrlA4b9v7LWIbxcceVOF34GfID5yHI9Y/QCB/IIDEgEw+OyQm\njgSubJrIqg0CAwEAAaOCATEwggEtMA8GA1UdEwEB/wQFMAMBAf8wDgYDVR0PAQH/\nBAQDAgGGMB0GA1UdDgQWBBSEGMyFNOy8DJSULghZnMeyEE4KCDAfBgNVHSMEGDAW\ngBScXwDfqgHXMCs4iKK4bUqc8hGRgzB4BggrBgEFBQcBAQRsMGowLgYIKwYBBQUH\nMAGGImh0dHA6Ly9vY3NwLnJvb3RnMi5hbWF6b250cnVzdC5jb20wOAYIKwYBBQUH\nMAKGLGh0dHA6Ly9jcnQucm9vdGcyLmFtYXpvbnRydXN0LmNvbS9yb290ZzIuY2Vy\nMD0GA1UdHwQ2MDQwMqAwoC6GLGh0dHA6Ly9jcmwucm9vdGcyLmFtYXpvbnRydXN0\nLmNvbS9yb290ZzIuY3JsMBEGA1UdIAQKMAgwBgYEVR0gADANBgkqhkiG9w0BAQsF\nAAOCAQEAYjdCXLwQtT6LLOkMm2xF4gcAevnFWAu5CIw+7bMlPLVvUOTNNWqnkzSW\nMiGpSESrnO09tKpzbeR/FoCJbM8oAxiDR3mjEH4wW6w7sGDgd9QIpuEdfF7Au/ma\neyKdpwAJfqxGF4PcnCZXmTA5YpaP7dreqsXMGz7KQ2hsVxa81Q4gLv7/wmpdLqBK\nbRRYh5TmOTFffHPLkIhqhBGWJ6bt2YFGpn6jcgAKUj6DiAdjd4lpFw85hdKrCEVN\n0FE6/V1dN2RMfjCyVSRCnTawXZwXgWHxyvkQAiSr6w10kY17RSlQOYiypok1JR4U\nakcjMS9cmvqtmg5iUaQqqcT5NJ0hGA==\n-----END CERTIFICATE-----\n",
                "is_ca": true,
                "issuer": "CN=Starfield Services Root Certificate Authority - G2,O=Starfield Technologies\\, Inc.,L=Scottsdale,ST=Arizona,C=US",
                "not_after": "2037-12-31T01:00:00Z",
                "not_before": "2015-05-25T12:00:00Z",
                "public_key_algorithm": "RSA",
                "serial_number": "144918191876577076464031512351042010504348870",
                "sha1_fingerprint": "06b25927c42a721631c1efd9431e648fa62e1e39",
                "signature_algorithm": "SHA256-RSA",
                "subject": "CN=Amazon Root CA 1,O=Amazon,C=US",
                "version": 3
              },
              {
                "cert_pem": "-----BEGIN CERTIFICATE-----\nMIIEXjCCA0agAwIBAgITB3MSOAudZoijOx7Zv5zNpo4ODzANBgkqhkiG9w0BAQsF\nADA5MQswCQYDVQQGEwJVUzEPMA0GA1UEChMGQW1hem9uMRkwFwYDVQQDExBBbWF6\nb24gUm9vdCBDQSAxMB4XDTIyMDgyMzIyMjEyOFoXDTMwMDgyMzIyMjEyOFowPDEL\nMAkGA1UEBhMCVVMxDzANBgNVBAoTBkFtYXpvbjEcMBoGA1UEAxMTQW1hem9uIFJT\nQSAyMDQ4IE0wMTCCASIwDQYJKoZIhvcNAQEBBQADggEPADCCAQoCggEBAOtxLKnL\nH4gokjIwr4pXD3i3NyWVVYesZ1yX0yLI2qIUZ2t88Gfa4gMqs1YSXca1R/lnCKeT\nepWSGA+0+fkQNpp/L4C2T7oTTsddUx7g3ZYzByDTlrwS5HRQQqEFE3O1T5tEJP4t\nf+28IoXsNiEzl3UGzicYgtzj2cWCB41eJgEmJmcf2T8TzzK6a614ZPyq/w4CPAff\nnAV4coz96nW3AyiE2uhuB4zQUIXvgVSycW7sbWLvj5TDXunEpNCRwC4kkZjK7rol\njtT2cbb7W2s4Bkg3R42G3PLqBvt2N32e/0JOTViCk8/iccJ4sXqrS1uUN4iB5Nmv\nJK74csVl+0u0UecCAwEAAaOCAVowggFWMBIGA1UdEwEB/wQIMAYBAf8CAQAwDgYD\nVR0PAQH/BAQDAgGGMB0GA1UdJQQWMBQGCCsGAQUFBwMBBggrBgEFBQcDAjAdBgNV\nHQ4EFgQUgbgOY4qJEhjl+js7UJWf5uWQE4UwHwYDVR0jBBgwFoAUhBjMhTTsvAyU\nlC4IWZzHshBOCggwewYIKwYBBQUHAQEEbzBtMC8GCCsGAQUFBzABhiNodHRwOi8v\nb2NzcC5yb290Y2ExLmFtYXpvbnRydXN0LmNvbTA6BggrBgEFBQcwAoYuaHR0cDov\nL2NydC5yb290Y2ExLmFtYXpvbnRydXN0LmNvbS9yb290Y2ExLmNlcjA/BgNVHR8E\nODA2MDSgMqAwhi5odHRwOi8vY3JsLnJvb3RjYTEuYW1hem9udHJ1c3QuY29tL3Jv\nb3RjYTEuY3JsMBMGA1UdIAQMMAowCAYGZ4EMAQIBMA0GCSqGSIb3DQEBCwUAA4IB\nAQCtAN4CBSMuBjJitGuxlBbkEUDeK/pZwTXv4KqPK0G50fOHOQAd8j21p0cMBgbG\nkfMHVwLU7b0XwZCav0h1ogdPMN1KakK1DT0VwA/+hFvGPJnMV1Kx2G4S1ZaSk0uU\n5QfoiYIIano01J5k4T2HapKQmmOhS/iPtuo00wW+IMLeBuKMn3OLn005hcrOGTad\nhcmeyfhQP7Z+iKHvyoQGi1C0ClymHETx/chhQGDyYSWqB/THwnN15AwLQo0E5V9E\nSJlbe4mBlqeInUsNYugExNf+tOiybcrswBy8OFsd34XOW3rjSUtsuafd9AWySa3h\nxRRrwszrzX/WWGm6wyB+f7C4\n-----END CERTIFICATE-----\n",
                "is_ca": true,
                "issuer": "CN=Amazon Root CA 1,O=Amazon,C=US",
                "not_after": "2030-08-23T22:21:28Z",
                "not_before": "2022-08-23T22:21:28Z",
                "public_key_algorithm": "RSA",
                "serial_number": "166129328851546858514271303855646110030630415",
                "sha1_fingerprint": "2ad974a775f73cbdbbd8f5ac3a49255fa8fb1f8c",
                "signature_algorithm": "SHA256-RSA",
                "subject": "CN=Amazon RSA 2048 M01,O=Amazon,C=US",
                "version": 3
              },
              {
                "cert_pem": "-----BEGIN CERTIFICATE-----\nMIIF3DCCBMSgAwIBAgIQB14f0Z6brALSpKigLOiS6jANBgkqhkiG9w0BAQsFADA8\nMQswCQYDVQQGEwJVUzEPMA0GA1UEChMGQW1hem9uMRwwGgYDVQQDExNBbWF6b24g\nUlNBIDIwNDggTTAxMB4XDTI1MTAwNjAwMDAwMFoXDTI2MDMyNzIzNTk1OVowKDEm\nMCQGA1UEAwwdKi5la3MudXMtZWFzdC0xLmFtYXpvbmF3cy5jb20wggEiMA0GCSqG\nSIb3DQEBAQUAA4IBDwAwggEKAoIBAQCwz97XCUOv8dM3smhrqq7RglkPLC/3B/Zy\nP4Zekfo/B/a2vNQ4F7HlvwH6S7ziPSuN2I0/py6CBULTg+ffrINzuSb3rwcQNzXd\nTct/JG/36hEejxCcPcP1ok+V2j3GHCt3tIdh80c2Ug2dSj5jIEhi3AwXPdXanHz6\nvyLi5Tst9sdZi0NXQwoY49PIpQEcxp70LVr5+OyMIGRt2/WaUJblHbDjjuj6IHEA\nICm6zd8Bimr1c+YzVAMXP2sw0sbX7yd0bgItKD7dUM/qokhJwGo3jHupXyh/K89/\nqnl4TF/yAzBq8r3Ipfxj6CIvPFfm0xTq8CRDNiYeekpeWYf041CBAgMBAAGjggLs\nMIIC6DAfBgNVHSMEGDAWgBSBuA5jiokSGOX6OztQlZ/m5ZAThTAdBgNVHQ4EFgQU\nV3222qV/dAUJo/pYeDTe95DKaQYwKAYDVR0RBCEwH4IdKi5la3MudXMtZWFzdC0x\nLmFtYXpvbmF3cy5jb20wEwYDVR0gBAwwCjAIBgZngQwBAgEwDgYDVR0PAQH/BAQD\nAgWgMBMGA1UdJQQMMAoGCCsGAQUFBwMBMDsGA1UdHwQ0MDIwMKAuoCyGKmh0dHA6\nLy9jcmwucjJtMDEuYW1hem9udHJ1c3QuY29tL3IybTAxLmNybDB1BggrBgEFBQcB\nAQRpMGcwLQYIKwYBBQUHMAGGIWh0dHA6Ly9vY3NwLnIybTAxLmFtYXpvbnRydXN0\nLmNvbTA2BggrBgEFBQcwAoYqaHR0cDovL2NydC5yMm0wMS5hbWF6b250cnVzdC5j\nb20vcjJtMDEuY2VyMAwGA1UdEwEB/wQCMAAwggF+BgorBgEEAdZ5AgQCBIIBbgSC\nAWoBaAB2AA5XlLzzrqk+MxssmQez95Dfm8I9cTIl3SGpJaxhxU4hAAABmbs7sv8A\nAAQDAEcwRQIhAL86q0K2FzUXW6WfqeuY+r+iIajJXNNyY3arS6evrfOeAiBElus1\n/3b0kY/e8L5gErtac/IHEufuNudmXd5vLiCDCAB2AGQRxGykEuyniRyiAi4AvKtP\nKAfUHjUnq+r+1QPJfc3wAAABmbs7sz8AAAQDAEcwRQIgG2ep4FQnhdrmTs0rUp6x\nr1pEIJ72DblPnqw3jFm8MGkCIQCuuEOvK3TMnnjVRALy8roN65umJw0IC8PiwLn1\ni9phfQB2AEmcm2neHXzs/DbezYdkprhbrwqHgBnRVVL76esp3fjDAAABmbs7s0sA\nAAQDAEcwRQIgKGFGo+2dXRe9CruBH/vrUjcLyxdkvTR9dNWsgDFWR5wCIQDTYce6\nL0yv1LRQvElypbWRRBD7jQHBqBvjldIjtfJ6yTANBgkqhkiG9w0BAQsFAAOCAQEA\ndomdsxTvmYQMT+HYareaMRBmrWGcfi3NRcTaoRTLMjDECu7HlJN6uqVEtqUyJ2Wt\nu4QMAcEEB8sfxG8oDlFNrl+zp0YpuxcyoBN5xsK7luLMDWTr9/3ypqd4mZWTRD7J\npE3yi8uYm5Jh4r+AtQ8pOcEVCZwvftmbbdVitFjrS4lf3KUiJDQdsp3KXfiHloy4\nb2JzrmW2u+IEhUrD4G4qC72QzmmqFnvjRJFGvzjmMNOZiK9G1hw8+hkg9qG9hDll\nAeVBncO+rSB1ZZv3E8UtOfd42CVuizIkC4iZgTOAtahPov2hYVzwU6CHq+67c7LD\n8GuVFisgUWRBu0QW++R6bA==\n-----END CERTIFICATE-----\n",
                "is_ca": false,
                "issuer": "CN=Amazon RSA 2048 M01,O=Amazon,C=US",
                "not_after": "2026-03-27T23:59:59Z",
                "not_before": "2025-10-06T00:00:00Z",
                "public_key_algorithm": "RSA",
                "serial_number": "9793317237667190943357987649422398186",
                "sha1_fingerprint": "d7d10ac1fd7e87f1a3787a9a8be9b0f8538ec059",
                "signature_algorithm": "SHA256-RSA",
                "subject": "CN=*.eks.us-east-1.amazonaws.com",
                "version": 3
              }
            ],
            "content": null,
            "id": "0c37bb608751c2a14704338d4b14c14e6dbe88ac",
            "url": "https://oidc.eks.us-east-1.amazonaws.com/id/C9E93827A9413494786EA0E568FB2129",
            "verify_chain": true
          },
          "sensitive_attributes": [],
          "identity_schema_version": 0
        }
      ]
    },
    {
      "module": "module.eks",
      "mode": "managed",
      "type": "aws_eks_access_entry",
      "name": "this",
      "provider": "provider[\"registry.terraform.io/hashicorp/aws\"]",
      "instances": [
        {
          "index_key": "cluster_creator",
          "schema_version": 0,
          "attributes": {
            "access_entry_arn": "arn:aws:eks:us-east-1:007924758087:access-entry/gg9-eks/user/007924758087/nelzir/38cdcf49-541d-8e14-e818-8cb53b2eb001",
            "cluster_name": "gg9-eks",
            "created_at": "2026-01-08T17:06:10Z",
            "id": "gg9-eks:arn:aws:iam::007924758087:user/nelzir",
            "kubernetes_groups": [],
            "modified_at": "2026-01-08T17:06:10Z",
            "principal_arn": "arn:aws:iam::007924758087:user/nelzir",
            "tags": {},
            "tags_all": {},
            "timeouts": null,
            "type": "STANDARD",
            "user_name": "arn:aws:iam::007924758087:user/nelzir"
          },
          "sensitive_attributes": [],
          "identity_schema_version": 0,
          "private": "eyJlMmJmYjczMC1lY2FhLTExZTYtOGY4OC0zNDM2M2JjN2M0YzAiOnsiY3JlYXRlIjo2MDAwMDAwMDAwMDAsImRlbGV0ZSI6NjAwMDAwMDAwMDAwfX0=",
          "dependencies": [
            "module.eks.aws_cloudwatch_log_group.this",
            "module.eks.aws_eks_cluster.this",
            "module.eks.aws_iam_policy.cni_ipv6_policy",
            "module.eks.aws_iam_role.eks_auto",
            "module.eks.aws_iam_role.this",
            "module.eks.aws_iam_role_policy_attachment.this",
            "module.eks.aws_security_group.cluster",
            "module.eks.aws_security_group.node",
            "module.eks.aws_security_group_rule.cluster",
            "module.eks.aws_security_group_rule.node",
            "module.eks.data.aws_caller_identity.current",
            "module.eks.data.aws_iam_policy_document.assume_role_policy",
            "module.eks.data.aws_iam_policy_document.cni_ipv6_policy",
            "module.eks.data.aws_iam_policy_document.node_assume_role_policy",
            "module.eks.data.aws_iam_session_context.current",
            "module.eks.data.aws_partition.current",
            "module.eks.module.kms.aws_kms_external_key.this",
            "module.eks.module.kms.aws_kms_key.this",
            "module.eks.module.kms.aws_kms_replica_external_key.this",
            "module.eks.module.kms.aws_kms_replica_key.this",
            "module.eks.module.kms.data.aws_caller_identity.current",
            "module.eks.module.kms.data.aws_iam_policy_document.this",
            "module.eks.module.kms.data.aws_partition.current",
            "module.vpc_east.aws_subnet.public",
            "module.vpc_east.aws_vpc.this",
            "module.vpc_east.aws_vpc_ipv4_cidr_block_association.this"
          ]
        }
      ]
    },
    {
      "module": "module.eks",
      "mode": "managed",
      "type": "aws_eks_access_policy_association",
      "name": "this",
      "provider": "provider[\"registry.terraform.io/hashicorp/aws\"]",
      "instances": [
        {
          "index_key": "cluster_creator_admin",
          "schema_version": 0,
          "attributes": {
            "access_scope": [
              {
                "namespaces": [],
                "type": "cluster"
              }
            ],
            "associated_at": "2026-01-08 17:06:10.87 +0000 UTC",
            "cluster_name": "gg9-eks",
            "id": "gg9-eks#arn:aws:iam::007924758087:user/nelzir#arn:aws:eks::aws:cluster-access-policy/AmazonEKSClusterAdminPolicy",
            "modified_at": "2026-01-08 17:06:10.87 +0000 UTC",
            "policy_arn": "arn:aws:eks::aws:cluster-access-policy/AmazonEKSClusterAdminPolicy",
            "principal_arn": "arn:aws:iam::007924758087:user/nelzir",
            "timeouts": null
          },
          "sensitive_attributes": [],
          "identity_schema_version": 0,
          "private": "eyJlMmJmYjczMC1lY2FhLTExZTYtOGY4OC0zNDM2M2JjN2M0YzAiOnsiY3JlYXRlIjo2MDAwMDAwMDAwMDAsImRlbGV0ZSI6NjAwMDAwMDAwMDAwfX0=",
          "dependencies": [
            "module.eks.aws_cloudwatch_log_group.this",
            "module.eks.aws_eks_access_entry.this",
            "module.eks.aws_eks_cluster.this",
            "module.eks.aws_iam_policy.cni_ipv6_policy",
            "module.eks.aws_iam_role.eks_auto",
            "module.eks.aws_iam_role.this",
            "module.eks.aws_iam_role_policy_attachment.this",
            "module.eks.aws_security_group.cluster",
            "module.eks.aws_security_group.node",
            "module.eks.aws_security_group_rule.cluster",
            "module.eks.aws_security_group_rule.node",
            "module.eks.data.aws_caller_identity.current",
            "module.eks.data.aws_iam_policy_document.assume_role_policy",
            "module.eks.data.aws_iam_policy_document.cni_ipv6_policy",
            "module.eks.data.aws_iam_policy_document.node_assume_role_policy",
            "module.eks.data.aws_iam_session_context.current",
            "module.eks.data.aws_partition.current",
            "module.eks.module.kms.aws_kms_external_key.this",
            "module.eks.module.kms.aws_kms_key.this",
            "module.eks.module.kms.aws_kms_replica_external_key.this",
            "module.eks.module.kms.aws_kms_replica_key.this",
            "module.eks.module.kms.data.aws_caller_identity.current",
            "module.eks.module.kms.data.aws_iam_policy_document.this",
            "module.eks.module.kms.data.aws_partition.current",
            "module.vpc_east.aws_subnet.public",
            "module.vpc_east.aws_vpc.this",
            "module.vpc_east.aws_vpc_ipv4_cidr_block_association.this"
          ]
        }
      ]
    },
    {
      "module": "module.eks",
      "mode": "managed",
      "type": "aws_eks_cluster",
      "name": "this",
      "provider": "provider[\"registry.terraform.io/hashicorp/aws\"]",
      "instances": [
        {
          "index_key": 0,
          "schema_version": 1,
          "attributes": {
            "access_config": [
              {
                "authentication_mode": "API_AND_CONFIG_MAP",
                "bootstrap_cluster_creator_admin_permissions": false
              }
            ],
            "arn": "arn:aws:eks:us-east-1:007924758087:cluster/gg9-eks",
            "bootstrap_self_managed_addons": true,
            "certificate_authority": [
              {
                "data": "LS0tLS1CRUdJTiBDRVJUSUZJQ0FURS0tLS0tCk1JSURCVENDQWUyZ0F3SUJBZ0lJWHFDU3B3Sm5wWll3RFFZSktvWklodmNOQVFFTEJRQXdGVEVUTUJFR0ExVUUKQXhNS2EzVmlaWEp1WlhSbGN6QWVGdzB5TmpBeE1EZ3hOalUzTWpWYUZ3MHpOakF4TURZeE56QXlNalZhTUJVeApFekFSQmdOVkJBTVRDbXQxWW1WeWJtVjBaWE13Z2dFaU1BMEdDU3FHU0liM0RRRUJBUVVBQTRJQkR3QXdnZ0VLCkFvSUJBUURzWVk3eU5DRDJVaXJWVzBXdlkwSmg3Qm5WQTRQSHpYdUdjbWk2M0ozUkdLTStQRUNmaG5LbjErY2cKTkpwVVFzTFRFazYybU51Qm1NalVhVHU3aEJ6cGFuM3gwSGFtMmI0ZGE2dTg2TER6Wk0xaVFNcm56L1hMNjEwOQpKcVAyOFV3SjdTcHhQb3RoOUIzelBFVW51b3RzWDBVYjlpZFd3eDlyeEo5NGNJSFY5cktVM2FMUzY2OVViZ2xkCjg3c01EWFhoYkkzTWU4SGJFUnZYbVJFUWlJSVd3ZnA0T0hTWFlQaHNtQ3VoVWlQTEpyWDdXdlN4ZWY5dUx0K3UKbjF5bDhjM0JZVzkyUGNudVlwa1NXL01OTE9iOFhxYTVaZkFzVGFrUy82YXl2M3BtWGxid3BZR3dvT3RPL21jVgp5WVlmTnNicHlpTU1jTkg5a2syYVU5ZVlQRXh0QWdNQkFBR2pXVEJYTUE0R0ExVWREd0VCL3dRRUF3SUNwREFQCkJnTlZIUk1CQWY4RUJUQURBUUgvTUIwR0ExVWREZ1FXQkJTQjBEZEJsTHhsYzBYMjI2ZTBuQzF4QmJZN3VEQVYKQmdOVkhSRUVEakFNZ2dwcmRXSmxjbTVsZEdWek1BMEdDU3FHU0liM0RRRUJDd1VBQTRJQkFRQk5OK2IxdTQxNAp5RHp2d3Jzb1c3QTFwdVRWVitLZGhva1I4dEdRbTd6RFZLY2pRUlV3L3YvRTZxWFpWelcxaXo4VXh3MlBaRzJrCmppeHpFQ1hpUG1FdkJqMG9pcXNaeXNUYlV4Sm44cTdiSHB6Y2FMS3R5eUlsN0RXN0V0c2tCTXBVZWhWa0E2ajgKUVFiZFQ4Y0NPS0luT1VpWENHU2hjdW16ZkF2Wk4vSWoveStWS2l0RnJFRXcvZ0tUN3k2anBIbnIxRjNROU00QwpCbzJBeW9tUldhWWJiampBb0QzaW81dGZKQ09iOW5mOTV0OVJNZGQ3ZkNzM0tUcHhRa1dHcEtHaTZpK3BnNndiClNiZHBpekNlWWZxdTRrVFlYTWpwSWd3d0EySFUrSEtRL2NVNjFQa3ppM0M1SFd3VmRuSjVlWDJyamJiNmdhWnkKZnpBZGJVNW4yd2w5Ci0tLS0tRU5EIENFUlRJRklDQVRFLS0tLS0K"
              }
            ],
            "cluster_id": null,
            "compute_config": [],
            "created_at": "2026-01-08T16:56:05Z",
            "enabled_cluster_log_types": [],
            "encryption_config": [],
            "endpoint": "https://C9E93827A9413494786EA0E568FB2129.gr7.us-east-1.eks.amazonaws.com",
            "force_update_version": null,
            "id": "gg9-eks",
            "identity": [
              {
                "oidc": [
                  {
                    "issuer": "https://oidc.eks.us-east-1.amazonaws.com/id/C9E93827A9413494786EA0E568FB2129"
                  }
                ]
              }
            ],
            "kubernetes_network_config": [
              {
                "elastic_load_balancing": [
                  {
                    "enabled": false
                  }
                ],
                "ip_family": "ipv4",
                "service_ipv4_cidr": "172.20.0.0/16",
                "service_ipv6_cidr": ""
              }
            ],
            "name": "gg9-eks",
            "outpost_config": [],
            "platform_version": "eks.55",
            "remote_network_config": [],
            "role_arn": "arn:aws:iam::007924758087:role/gg9-eks-cluster-20260108165533650800000002",
            "status": "ACTIVE",
            "storage_config": [],
            "tags": {
              "terraform-aws-modules": "eks"
            },
            "tags_all": {
              "terraform-aws-modules": "eks"
            },
            "timeouts": {
              "create": null,
              "delete": null,
              "update": null
            },
            "upgrade_policy": [
              {
                "support_type": "EXTENDED"
              }
            ],
            "version": "1.30",
            "vpc_config": [
              {
                "cluster_security_group_id": "sg-084f383f6cae61fde",
                "endpoint_private_access": true,
                "endpoint_public_access": true,
                "public_access_cidrs": [
                  "0.0.0.0/0"
                ],
                "security_group_ids": [
                  "sg-0628efd0a85a8cf45"
                ],
                "subnet_ids": [
                  "subnet-0693b6c4cf46aada8",
                  "subnet-090f2544da240dffb",
                  "subnet-0d70210b73f95a663"
                ],
                "vpc_id": "vpc-0bc4de85f36e89340"
              }
            ],
            "zonal_shift_config": []
          },
          "sensitive_attributes": [],
          "identity_schema_version": 0,
          "private": "eyJlMmJmYjczMC1lY2FhLTExZTYtOGY4OC0zNDM2M2JjN2M0YzAiOnsiY3JlYXRlIjoxODAwMDAwMDAwMDAwLCJkZWxldGUiOjkwMDAwMDAwMDAwMCwidXBkYXRlIjozNjAwMDAwMDAwMDAwfSwic2NoZW1hX3ZlcnNpb24iOiIxIn0=",
          "dependencies": [
            "module.eks.aws_cloudwatch_log_group.this",
            "module.eks.aws_iam_policy.cni_ipv6_policy",
            "module.eks.aws_iam_role.eks_auto",
            "module.eks.aws_iam_role.this",
            "module.eks.aws_iam_role_policy_attachment.this",
            "module.eks.aws_security_group.cluster",
            "module.eks.aws_security_group.node",
            "module.eks.aws_security_group_rule.cluster",
            "module.eks.aws_security_group_rule.node",
            "module.eks.data.aws_caller_identity.current",
            "module.eks.data.aws_iam_policy_document.assume_role_policy",
            "module.eks.data.aws_iam_policy_document.cni_ipv6_policy",
            "module.eks.data.aws_iam_policy_document.node_assume_role_policy",
            "module.eks.data.aws_iam_session_context.current",
            "module.eks.data.aws_partition.current",
            "module.eks.module.kms.aws_kms_external_key.this",
            "module.eks.module.kms.aws_kms_key.this",
            "module.eks.module.kms.aws_kms_replica_external_key.this",
            "module.eks.module.kms.aws_kms_replica_key.this",
            "module.eks.module.kms.data.aws_caller_identity.current",
            "module.eks.module.kms.data.aws_iam_policy_document.this",
            "module.eks.module.kms.data.aws_partition.current",
            "module.vpc_east.aws_subnet.public",
            "module.vpc_east.aws_vpc.this",
            "module.vpc_east.aws_vpc_ipv4_cidr_block_association.this"
          ],
          "create_before_destroy": true
        }
      ]
    },
    {
      "module": "module.eks",
      "mode": "managed",
      "type": "aws_iam_openid_connect_provider",
      "name": "oidc_provider",
      "provider": "provider[\"registry.terraform.io/hashicorp/aws\"]",
      "instances": [
        {
          "index_key": 0,
          "schema_version": 0,
          "attributes": {
            "arn": "arn:aws:iam::007924758087:oidc-provider/oidc.eks.us-east-1.amazonaws.com/id/C9E93827A9413494786EA0E568FB2129",
            "client_id_list": [
              "sts.amazonaws.com"
            ],
            "id": "arn:aws:iam::007924758087:oidc-provider/oidc.eks.us-east-1.amazonaws.com/id/C9E93827A9413494786EA0E568FB2129",
            "tags": {
              "Name": "gg9-eks-eks-irsa"
            },
            "tags_all": {
              "Name": "gg9-eks-eks-irsa"
            },
            "thumbprint_list": [
              "06b25927c42a721631c1efd9431e648fa62e1e39"
            ],
            "url": "oidc.eks.us-east-1.amazonaws.com/id/C9E93827A9413494786EA0E568FB2129"
          },
          "sensitive_attributes": [],
          "identity_schema_version": 0,
          "private": "bnVsbA==",
          "dependencies": [
            "module.eks.aws_cloudwatch_log_group.this",
            "module.eks.aws_eks_cluster.this",
            "module.eks.aws_iam_policy.cni_ipv6_policy",
            "module.eks.aws_iam_role.eks_auto",
            "module.eks.aws_iam_role.this",
            "module.eks.aws_iam_role_policy_attachment.this",
            "module.eks.aws_security_group.cluster",
            "module.eks.aws_security_group.node",
            "module.eks.aws_security_group_rule.cluster",
            "module.eks.aws_security_group_rule.node",
            "module.eks.data.aws_caller_identity.current",
            "module.eks.data.aws_iam_policy_document.assume_role_policy",
            "module.eks.data.aws_iam_policy_document.cni_ipv6_policy",
            "module.eks.data.aws_iam_policy_document.node_assume_role_policy",
            "module.eks.data.aws_iam_session_context.current",
            "module.eks.data.aws_partition.current",
            "module.eks.data.tls_certificate.this",
            "module.eks.module.kms.aws_kms_external_key.this",
            "module.eks.module.kms.aws_kms_key.this",
            "module.eks.module.kms.aws_kms_replica_external_key.this",
            "module.eks.module.kms.aws_kms_replica_key.this",
            "module.eks.module.kms.data.aws_caller_identity.current",
            "module.eks.module.kms.data.aws_iam_policy_document.this",
            "module.eks.module.kms.data.aws_partition.current",
            "module.vpc_east.aws_subnet.public",
            "module.vpc_east.aws_vpc.this",
            "module.vpc_east.aws_vpc_ipv4_cidr_block_association.this"
          ]
        }
      ]
    },
    {
      "module": "module.eks",
      "mode": "managed",
      "type": "aws_iam_policy",
      "name": "custom",
      "provider": "provider[\"registry.terraform.io/hashicorp/aws\"]",
      "instances": [
        {
          "index_key": 0,
          "schema_version": 0,
          "attributes": {
            "arn": "arn:aws:iam::007924758087:policy/gg9-eks-cluster-20260108165533650900000005",
            "attachment_count": 1,
            "description": "",
            "id": "arn:aws:iam::007924758087:policy/gg9-eks-cluster-20260108165533650900000005",
            "name": "gg9-eks-cluster-20260108165533650900000005",
            "name_prefix": "gg9-eks-cluster-",
            "path": "/",
            "policy": "{\"Statement\":[{\"Action\":[\"ec2:RunInstances\",\"ec2:CreateLaunchTemplate\",\"ec2:CreateFleet\"],\"Condition\":{\"StringEquals\":{\"aws:RequestTag/eks:eks-cluster-name\":\"${aws:PrincipalTag/eks:eks-cluster-name}\"},\"StringLike\":{\"aws:RequestTag/eks:kubernetes-node-class-name\":\"*\",\"aws:RequestTag/eks:kubernetes-node-pool-name\":\"*\"}},\"Effect\":\"Allow\",\"Resource\":\"*\",\"Sid\":\"Compute\"},{\"Action\":[\"ec2:CreateVolume\",\"ec2:CreateSnapshot\"],\"Condition\":{\"StringEquals\":{\"aws:RequestTag/eks:eks-cluster-name\":\"${aws:PrincipalTag/eks:eks-cluster-name}\"}},\"Effect\":\"Allow\",\"Resource\":[\"arn:aws:ec2:*:*:volume/*\",\"arn:aws:ec2:*:*:snapshot/*\"],\"Sid\":\"Storage\"},{\"Action\":\"ec2:CreateNetworkInterface\",\"Condition\":{\"StringEquals\":{\"aws:RequestTag/eks:eks-cluster-name\":\"${aws:PrincipalTag/eks:eks-cluster-name}\",\"aws:RequestTag/eks:kubernetes-cni-node-name\":\"*\"}},\"Effect\":\"Allow\",\"Resource\":\"*\",\"Sid\":\"Networking\"},{\"Action\":[\"elasticloadbalancing:CreateTargetGroup\",\"elasticloadbalancing:CreateRule\",\"elasticloadbalancing:CreateLoadBalancer\",\"elasticloadbalancing:CreateListener\",\"ec2:CreateSecurityGroup\"],\"Condition\":{\"StringEquals\":{\"aws:RequestTag/eks:eks-cluster-name\":\"${aws:PrincipalTag/eks:eks-cluster-name}\"}},\"Effect\":\"Allow\",\"Resource\":\"*\",\"Sid\":\"LoadBalancer\"},{\"Action\":\"shield:CreateProtection\",\"Condition\":{\"StringEquals\":{\"aws:RequestTag/eks:eks-cluster-name\":\"${aws:PrincipalTag/eks:eks-cluster-name}\"}},\"Effect\":\"Allow\",\"Resource\":\"*\",\"Sid\":\"ShieldProtection\"},{\"Action\":\"shield:TagResource\",\"Condition\":{\"StringEquals\":{\"aws:RequestTag/eks:eks-cluster-name\":\"${aws:PrincipalTag/eks:eks-cluster-name}\"}},\"Effect\":\"Allow\",\"Resource\":\"arn:aws:shield::*:protection/*\",\"Sid\":\"ShieldTagResource\"}],\"Version\":\"2012-10-17\"}",
            "policy_id": "ANPAQDWC2GZDW3RE2KK47",
            "tags": {},
            "tags_all": {}
          },
          "sensitive_attributes": [],
          "identity_schema_version": 0,
          "private": "bnVsbA==",
          "dependencies": [
            "module.eks.data.aws_iam_policy_document.custom",
            "module.eks.data.aws_partition.current"
          ]
        }
      ]
    },
    {
      "module": "module.eks",
      "mode": "managed",
      "type": "aws_iam_role",
      "name": "this",
      "provider": "provider[\"registry.terraform.io/hashicorp/aws\"]",
      "instances": [
        {
          "index_key": 0,
          "schema_version": 0,
          "attributes": {
            "arn": "arn:aws:iam::007924758087:role/gg9-eks-cluster-20260108165533650800000002",
            "assume_role_policy": "{\"Statement\":[{\"Action\":[\"sts:TagSession\",\"sts:AssumeRole\"],\"Effect\":\"Allow\",\"Principal\":{\"Service\":\"eks.amazonaws.com\"},\"Sid\":\"EKSClusterAssumeRole\"}],\"Version\":\"2012-10-17\"}",
            "create_date": "2026-01-08T16:55:33Z",
            "description": "",
            "force_detach_policies": true,
            "id": "gg9-eks-cluster-20260108165533650800000002",
            "inline_policy": [],
            "managed_policy_arns": [
              "arn:aws:iam::007924758087:policy/gg9-eks-cluster-20260108165533650900000005",
              "arn:aws:iam::aws:policy/AmazonEKSClusterPolicy",
              "arn:aws:iam::aws:policy/AmazonEKSVPCResourceController"
            ],
            "max_session_duration": 3600,
            "name": "gg9-eks-cluster-20260108165533650800000002",
            "name_prefix": "gg9-eks-cluster-",
            "path": "/",
            "permissions_boundary": "",
            "tags": {},
            "tags_all": {},
            "unique_id": "AROAQDWC2GZDS6HU4S3HJ"
          },
          "sensitive_attributes": [],
          "identity_schema_version": 0,
          "private": "bnVsbA==",
          "dependencies": [
            "module.eks.data.aws_iam_policy_document.assume_role_policy"
          ],
          "create_before_destroy": true
        }
      ]
    },
    {
      "module": "module.eks",
      "mode": "managed",
      "type": "aws_iam_role_policy_attachment",
      "name": "custom",
      "provider": "provider[\"registry.terraform.io/hashicorp/aws\"]",
      "instances": [
        {
          "index_key": 0,
          "schema_version": 0,
          "attributes": {
            "id": "gg9-eks-cluster-20260108165533650800000002-2026010816553440050000000a",
            "policy_arn": "arn:aws:iam::007924758087:policy/gg9-eks-cluster-20260108165533650900000005",
            "role": "gg9-eks-cluster-20260108165533650800000002"
          },
          "sensitive_attributes": [],
          "identity_schema_version": 0,
          "private": "bnVsbA==",
          "dependencies": [
            "module.eks.aws_iam_policy.custom",
            "module.eks.aws_iam_role.this",
            "module.eks.data.aws_iam_policy_document.assume_role_policy",
            "module.eks.data.aws_iam_policy_document.custom",
            "module.eks.data.aws_partition.current"
          ]
        }
      ]
    },
    {
      "module": "module.eks",
      "mode": "managed",
      "type": "aws_iam_role_policy_attachment",
      "name": "this",
      "provider": "provider[\"registry.terraform.io/hashicorp/aws\"]",
      "instances": [
        {
          "index_key": "AmazonEKSClusterPolicy",
          "schema_version": 0,
          "attributes": {
            "id": "gg9-eks-cluster-20260108165533650800000002-2026010816553441780000000b",
            "policy_arn": "arn:aws:iam::aws:policy/AmazonEKSClusterPolicy",
            "role": "gg9-eks-cluster-20260108165533650800000002"
          },
          "sensitive_attributes": [],
          "identity_schema_version": 0,
          "private": "bnVsbA==",
          "dependencies": [
            "module.eks.aws_iam_role.this",
            "module.eks.data.aws_iam_policy_document.assume_role_policy",
            "module.eks.data.aws_partition.current"
          ],
          "create_before_destroy": true
        },
        {
          "index_key": "AmazonEKSVPCResourceController",
          "schema_version": 0,
          "attributes": {
            "id": "gg9-eks-cluster-20260108165533650800000002-2026010816553445070000000e",
            "policy_arn": "arn:aws:iam::aws:policy/AmazonEKSVPCResourceController",
            "role": "gg9-eks-cluster-20260108165533650800000002"
          },
          "sensitive_attributes": [],
          "identity_schema_version": 0,
          "private": "bnVsbA==",
          "dependencies": [
            "module.eks.aws_iam_role.this",
            "module.eks.data.aws_iam_policy_document.assume_role_policy",
            "module.eks.data.aws_partition.current"
          ],
          "create_before_destroy": true
        }
      ]
    },
    {
      "module": "module.eks",
      "mode": "managed",
      "type": "aws_security_group",
      "name": "cluster",
      "provider": "provider[\"registry.terraform.io/hashicorp/aws\"]",
      "instances": [
        {
          "index_key": 0,
          "schema_version": 1,
          "attributes": {
            "arn": "arn:aws:ec2:us-east-1:007924758087:security-group/sg-0628efd0a85a8cf45",
            "description": "EKS cluster security group",
            "egress": [],
            "id": "sg-0628efd0a85a8cf45",
            "ingress": [
              {
                "cidr_blocks": [],
                "description": "Node groups to cluster API",
                "from_port": 443,
                "ipv6_cidr_blocks": [],
                "prefix_list_ids": [],
                "protocol": "tcp",
                "security_groups": [
                  "sg-0a836705c6f53cfdc"
                ],
                "self": false,
                "to_port": 443
              }
            ],
            "name": "gg9-eks-cluster-2026010816554727220000001c",
            "name_prefix": "gg9-eks-cluster-",
            "owner_id": "007924758087",
            "revoke_rules_on_delete": false,
            "tags": {
              "Name": "gg9-eks-cluster"
            },
            "tags_all": {
              "Name": "gg9-eks-cluster"
            },
            "timeouts": null,
            "vpc_id": "vpc-0bc4de85f36e89340"
          },
          "sensitive_attributes": [],
          "identity_schema_version": 0,
          "private": "eyJlMmJmYjczMC1lY2FhLTExZTYtOGY4OC0zNDM2M2JjN2M0YzAiOnsiY3JlYXRlIjo2MDAwMDAwMDAwMDAsImRlbGV0ZSI6OTAwMDAwMDAwMDAwfSwic2NoZW1hX3ZlcnNpb24iOiIxIn0=",
          "dependencies": [
            "module.vpc_east.aws_vpc.this"
          ],
          "create_before_destroy": true
        }
      ]
    },
    {
      "module": "module.eks",
      "mode": "managed",
      "type": "aws_security_group",
      "name": "node",
      "provider": "provider[\"registry.terraform.io/hashicorp/aws\"]",
      "instances": [
        {
          "index_key": 0,
          "schema_version": 1,
          "attributes": {
            "arn": "arn:aws:ec2:us-east-1:007924758087:security-group/sg-0a836705c6f53cfdc",
            "description": "EKS node shared security group",
            "egress": [
              {
                "cidr_blocks": [
                  "0.0.0.0/0"
                ],
                "description": "Allow all egress",
                "from_port": 0,
                "ipv6_cidr_blocks": [],
                "prefix_list_ids": [],
                "protocol": "-1",
                "security_groups": [],
                "self": false,
                "to_port": 0
              }
            ],
            "id": "sg-0a836705c6f53cfdc",
            "ingress": [
              {
                "cidr_blocks": [
                  "10.1.0.0/16"
                ],
                "description": "Allow GridGain client port from West VPC",
                "from_port": 10800,
                "ipv6_cidr_blocks": [],
                "prefix_list_ids": [],
                "protocol": "tcp",
                "security_groups": [],
                "self": false,
                "to_port": 10800
              },
              {
                "cidr_blocks": [],
                "description": "",
                "from_port": 0,
                "ipv6_cidr_blocks": [],
                "prefix_list_ids": [],
                "protocol": "-1",
                "security_groups": [
                  "sg-026a9015996c79d99",
                  "sg-0aafb2d00cdb09b6c"
                ],
                "self": false,
                "to_port": 0
              },
              {
                "cidr_blocks": [],
                "description": "Cluster API to node 4443/tcp webhook",
                "from_port": 4443,
                "ipv6_cidr_blocks": [],
                "prefix_list_ids": [],
                "protocol": "tcp",
                "security_groups": [
                  "sg-0628efd0a85a8cf45"
                ],
                "self": false,
                "to_port": 4443
              },
              {
                "cidr_blocks": [],
                "description": "Cluster API to node 6443/tcp webhook",
                "from_port": 6443,
                "ipv6_cidr_blocks": [],
                "prefix_list_ids": [],
                "protocol": "tcp",
                "security_groups": [
                  "sg-0628efd0a85a8cf45"
                ],
                "self": false,
                "to_port": 6443
              },
              {
                "cidr_blocks": [],
                "description": "Cluster API to node 8443/tcp webhook",
                "from_port": 8443,
                "ipv6_cidr_blocks": [],
                "prefix_list_ids": [],
                "protocol": "tcp",
                "security_groups": [
                  "sg-0628efd0a85a8cf45"
                ],
                "self": false,
                "to_port": 8443
              },
              {
                "cidr_blocks": [],
                "description": "Cluster API to node 9443/tcp webhook",
                "from_port": 9443,
                "ipv6_cidr_blocks": [],
                "prefix_list_ids": [],
                "protocol": "tcp",
                "security_groups": [
                  "sg-0628efd0a85a8cf45"
                ],
                "self": false,
                "to_port": 9443
              },
              {
                "cidr_blocks": [],
                "description": "Cluster API to node groups",
                "from_port": 443,
                "ipv6_cidr_blocks": [],
                "prefix_list_ids": [],
                "protocol": "tcp",
                "security_groups": [
                  "sg-0628efd0a85a8cf45"
                ],
                "self": false,
                "to_port": 443
              },
              {
                "cidr_blocks": [],
                "description": "Cluster API to node kubelets",
                "from_port": 10250,
                "ipv6_cidr_blocks": [],
                "prefix_list_ids": [],
                "protocol": "tcp",
                "security_groups": [
                  "sg-0628efd0a85a8cf45"
                ],
                "self": false,
                "to_port": 10250
              },
              {
                "cidr_blocks": [],
                "description": "Node to node CoreDNS UDP",
                "from_port": 53,
                "ipv6_cidr_blocks": [],
                "prefix_list_ids": [],
                "protocol": "udp",
                "security_groups": [],
                "self": true,
                "to_port": 53
              },
              {
                "cidr_blocks": [],
                "description": "Node to node CoreDNS",
                "from_port": 53,
                "ipv6_cidr_blocks": [],
                "prefix_list_ids": [],
                "protocol": "tcp",
                "security_groups": [],
                "self": true,
                "to_port": 53
              },
              {
                "cidr_blocks": [],
                "description": "Node to node ingress on ephemeral ports",
                "from_port": 1025,
                "ipv6_cidr_blocks": [],
                "prefix_list_ids": [],
                "protocol": "tcp",
                "security_groups": [],
                "self": true,
                "to_port": 65535
              }
            ],
            "name": "gg9-eks-node-2026010816554700590000001b",
            "name_prefix": "gg9-eks-node-",
            "owner_id": "007924758087",
            "revoke_rules_on_delete": false,
            "tags": {
              "Name": "gg9-eks-node",
              "kubernetes.io/cluster/gg9-eks": "owned"
            },
            "tags_all": {
              "Name": "gg9-eks-node",
              "kubernetes.io/cluster/gg9-eks": "owned"
            },
            "timeouts": null,
            "vpc_id": "vpc-0bc4de85f36e89340"
          },
          "sensitive_attributes": [],
          "identity_schema_version": 0,
          "private": "eyJlMmJmYjczMC1lY2FhLTExZTYtOGY4OC0zNDM2M2JjN2M0YzAiOnsiY3JlYXRlIjo2MDAwMDAwMDAwMDAsImRlbGV0ZSI6OTAwMDAwMDAwMDAwfSwic2NoZW1hX3ZlcnNpb24iOiIxIn0=",
          "dependencies": [
            "module.vpc_east.aws_vpc.this"
          ],
          "create_before_destroy": true
        }
      ]
    },
    {
      "module": "module.eks",
      "mode": "managed",
      "type": "aws_security_group_rule",
      "name": "cluster",
      "provider": "provider[\"registry.terraform.io/hashicorp/aws\"]",
      "instances": [
        {
          "index_key": "ingress_nodes_443",
          "schema_version": 2,
          "attributes": {
            "cidr_blocks": null,
            "description": "Node groups to cluster API",
            "from_port": 443,
            "id": "sgrule-803801667",
            "ipv6_cidr_blocks": null,
            "prefix_list_ids": null,
            "protocol": "tcp",
            "security_group_id": "sg-0628efd0a85a8cf45",
            "security_group_rule_id": "sgr-0edc65e50cf55cbe7",
            "self": false,
            "source_security_group_id": "sg-0a836705c6f53cfdc",
            "timeouts": null,
            "to_port": 443,
            "type": "ingress"
          },
          "sensitive_attributes": [],
          "identity_schema_version": 0,
          "private": "eyJlMmJmYjczMC1lY2FhLTExZTYtOGY4OC0zNDM2M2JjN2M0YzAiOnsiY3JlYXRlIjozMDAwMDAwMDAwMDB9LCJzY2hlbWFfdmVyc2lvbiI6IjIifQ==",
          "dependencies": [
            "module.eks.aws_security_group.cluster",
            "module.eks.aws_security_group.node",
            "module.vpc_east.aws_vpc.this"
          ],
          "create_before_destroy": true
        }
      ]
    },
    {
      "module": "module.eks",
      "mode": "managed",
      "type": "aws_security_group_rule",
      "name": "node",
      "provider": "provider[\"registry.terraform.io/hashicorp/aws\"]",
      "instances": [
        {
          "index_key": "egress_all",
          "schema_version": 2,
          "attributes": {
            "cidr_blocks": [
              "0.0.0.0/0"
            ],
            "description": "Allow all egress",
            "from_port": 0,
            "id": "sgrule-447964675",
            "ipv6_cidr_blocks": null,
            "prefix_list_ids": [],
            "protocol": "-1",
            "security_group_id": "sg-0a836705c6f53cfdc",
            "security_group_rule_id": "sgr-0e8601afcd38625e9",
            "self": false,
            "source_security_group_id": null,
            "timeouts": null,
            "to_port": 0,
            "type": "egress"
          },
          "sensitive_attributes": [],
          "identity_schema_version": 0,
          "private": "eyJlMmJmYjczMC1lY2FhLTExZTYtOGY4OC0zNDM2M2JjN2M0YzAiOnsiY3JlYXRlIjozMDAwMDAwMDAwMDB9LCJzY2hlbWFfdmVyc2lvbiI6IjIifQ==",
          "dependencies": [
            "module.eks.aws_security_group.cluster",
            "module.eks.aws_security_group.node",
            "module.vpc_east.aws_vpc.this"
          ],
          "create_before_destroy": true
        },
        {
          "index_key": "ingress_cluster_443",
          "schema_version": 2,
          "attributes": {
            "cidr_blocks": null,
            "description": "Cluster API to node groups",
            "from_port": 443,
            "id": "sgrule-1714579137",
            "ipv6_cidr_blocks": null,
            "prefix_list_ids": [],
            "protocol": "tcp",
            "security_group_id": "sg-0a836705c6f53cfdc",
            "security_group_rule_id": "sgr-0c1b83fed1d24d1a0",
            "self": false,
            "source_security_group_id": "sg-0628efd0a85a8cf45",
            "timeouts": null,
            "to_port": 443,
            "type": "ingress"
          },
          "sensitive_attributes": [],
          "identity_schema_version": 0,
          "private": "eyJlMmJmYjczMC1lY2FhLTExZTYtOGY4OC0zNDM2M2JjN2M0YzAiOnsiY3JlYXRlIjozMDAwMDAwMDAwMDB9LCJzY2hlbWFfdmVyc2lvbiI6IjIifQ==",
          "dependencies": [
            "module.eks.aws_security_group.cluster",
            "module.eks.aws_security_group.node",
            "module.vpc_east.aws_vpc.this"
          ],
          "create_before_destroy": true
        },
        {
          "index_key": "ingress_cluster_4443_webhook",
          "schema_version": 2,
          "attributes": {
            "cidr_blocks": null,
            "description": "Cluster API to node 4443/tcp webhook",
            "from_port": 4443,
            "id": "sgrule-3212286073",
            "ipv6_cidr_blocks": null,
            "prefix_list_ids": [],
            "protocol": "tcp",
            "security_group_id": "sg-0a836705c6f53cfdc",
            "security_group_rule_id": "sgr-067f57d9cbb263c93",
            "self": false,
            "source_security_group_id": "sg-0628efd0a85a8cf45",
            "timeouts": null,
            "to_port": 4443,
            "type": "ingress"
          },
          "sensitive_attributes": [],
          "identity_schema_version": 0,
          "private": "eyJlMmJmYjczMC1lY2FhLTExZTYtOGY4OC0zNDM2M2JjN2M0YzAiOnsiY3JlYXRlIjozMDAwMDAwMDAwMDB9LCJzY2hlbWFfdmVyc2lvbiI6IjIifQ==",
          "dependencies": [
            "module.eks.aws_security_group.cluster",
            "module.eks.aws_security_group.node",
            "module.vpc_east.aws_vpc.this"
          ],
          "create_before_destroy": true
        },
        {
          "index_key": "ingress_cluster_6443_webhook",
          "schema_version": 2,
          "attributes": {
            "cidr_blocks": null,
            "description": "Cluster API to node 6443/tcp webhook",
            "from_port": 6443,
            "id": "sgrule-1983250415",
            "ipv6_cidr_blocks": null,
            "prefix_list_ids": [],
            "protocol": "tcp",
            "security_group_id": "sg-0a836705c6f53cfdc",
            "security_group_rule_id": "sgr-089f0ff322c0f83b6",
            "self": false,
            "source_security_group_id": "sg-0628efd0a85a8cf45",
            "timeouts": null,
            "to_port": 6443,
            "type": "ingress"
          },
          "sensitive_attributes": [],
          "identity_schema_version": 0,
          "private": "eyJlMmJmYjczMC1lY2FhLTExZTYtOGY4OC0zNDM2M2JjN2M0YzAiOnsiY3JlYXRlIjozMDAwMDAwMDAwMDB9LCJzY2hlbWFfdmVyc2lvbiI6IjIifQ==",
          "dependencies": [
            "module.eks.aws_security_group.cluster",
            "module.eks.aws_security_group.node",
            "module.vpc_east.aws_vpc.this"
          ],
          "create_before_destroy": true
        },
        {
          "index_key": "ingress_cluster_8443_webhook",
          "schema_version": 2,
          "attributes": {
            "cidr_blocks": null,
            "description": "Cluster API to node 8443/tcp webhook",
            "from_port": 8443,
            "id": "sgrule-1701430222",
            "ipv6_cidr_blocks": null,
            "prefix_list_ids": [],
            "protocol": "tcp",
            "security_group_id": "sg-0a836705c6f53cfdc",
            "security_group_rule_id": "sgr-06c416dd68506c544",
            "self": false,
            "source_security_group_id": "sg-0628efd0a85a8cf45",
            "timeouts": null,
            "to_port": 8443,
            "type": "ingress"
          },
          "sensitive_attributes": [],
          "identity_schema_version": 0,
          "private": "eyJlMmJmYjczMC1lY2FhLTExZTYtOGY4OC0zNDM2M2JjN2M0YzAiOnsiY3JlYXRlIjozMDAwMDAwMDAwMDB9LCJzY2hlbWFfdmVyc2lvbiI6IjIifQ==",
          "dependencies": [
            "module.eks.aws_security_group.cluster",
            "module.eks.aws_security_group.node",
            "module.vpc_east.aws_vpc.this"
          ],
          "create_before_destroy": true
        },
        {
          "index_key": "ingress_cluster_9443_webhook",
          "schema_version": 2,
          "attributes": {
            "cidr_blocks": null,
            "description": "Cluster API to node 9443/tcp webhook",
            "from_port": 9443,
            "id": "sgrule-29945861",
            "ipv6_cidr_blocks": null,
            "prefix_list_ids": [],
            "protocol": "tcp",
            "security_group_id": "sg-0a836705c6f53cfdc",
            "security_group_rule_id": "sgr-0e85e8fce055e2d33",
            "self": false,
            "source_security_group_id": "sg-0628efd0a85a8cf45",
            "timeouts": null,
            "to_port": 9443,
            "type": "ingress"
          },
          "sensitive_attributes": [],
          "identity_schema_version": 0,
          "private": "eyJlMmJmYjczMC1lY2FhLTExZTYtOGY4OC0zNDM2M2JjN2M0YzAiOnsiY3JlYXRlIjozMDAwMDAwMDAwMDB9LCJzY2hlbWFfdmVyc2lvbiI6IjIifQ==",
          "dependencies": [
            "module.eks.aws_security_group.cluster",
            "module.eks.aws_security_group.node",
            "module.vpc_east.aws_vpc.this"
          ],
          "create_before_destroy": true
        },
        {
          "index_key": "ingress_cluster_kubelet",
          "schema_version": 2,
          "attributes": {
            "cidr_blocks": null,
            "description": "Cluster API to node kubelets",
            "from_port": 10250,
            "id": "sgrule-1913154841",
            "ipv6_cidr_blocks": null,
            "prefix_list_ids": [],
            "protocol": "tcp",
            "security_group_id": "sg-0a836705c6f53cfdc",
            "security_group_rule_id": "sgr-0138232b2296c44f2",
            "self": false,
            "source_security_group_id": "sg-0628efd0a85a8cf45",
            "timeouts": null,
            "to_port": 10250,
            "type": "ingress"
          },
          "sensitive_attributes": [],
          "identity_schema_version": 0,
          "private": "eyJlMmJmYjczMC1lY2FhLTExZTYtOGY4OC0zNDM2M2JjN2M0YzAiOnsiY3JlYXRlIjozMDAwMDAwMDAwMDB9LCJzY2hlbWFfdmVyc2lvbiI6IjIifQ==",
          "dependencies": [
            "module.eks.aws_security_group.cluster",
            "module.eks.aws_security_group.node",
            "module.vpc_east.aws_vpc.this"
          ],
          "create_before_destroy": true
        },
        {
          "index_key": "ingress_nodes_ephemeral",
          "schema_version": 2,
          "attributes": {
            "cidr_blocks": null,
            "description": "Node to node ingress on ephemeral ports",
            "from_port": 1025,
            "id": "sgrule-2912953801",
            "ipv6_cidr_blocks": null,
            "prefix_list_ids": [],
            "protocol": "tcp",
            "security_group_id": "sg-0a836705c6f53cfdc",
            "security_group_rule_id": "sgr-063989af162423a50",
            "self": true,
            "source_security_group_id": null,
            "timeouts": null,
            "to_port": 65535,
            "type": "ingress"
          },
          "sensitive_attributes": [],
          "identity_schema_version": 0,
          "private": "eyJlMmJmYjczMC1lY2FhLTExZTYtOGY4OC0zNDM2M2JjN2M0YzAiOnsiY3JlYXRlIjozMDAwMDAwMDAwMDB9LCJzY2hlbWFfdmVyc2lvbiI6IjIifQ==",
          "dependencies": [
            "module.eks.aws_security_group.cluster",
            "module.eks.aws_security_group.node",
            "module.vpc_east.aws_vpc.this"
          ],
          "create_before_destroy": true
        },
        {
          "index_key": "ingress_self_coredns_tcp",
          "schema_version": 2,
          "attributes": {
            "cidr_blocks": null,
            "description": "Node to node CoreDNS",
            "from_port": 53,
            "id": "sgrule-1180487823",
            "ipv6_cidr_blocks": null,
            "prefix_list_ids": [],
            "protocol": "tcp",
            "security_group_id": "sg-0a836705c6f53cfdc",
            "security_group_rule_id": "sgr-024e119bf67f223ad",
            "self": true,
            "source_security_group_id": null,
            "timeouts": null,
            "to_port": 53,
            "type": "ingress"
          },
          "sensitive_attributes": [],
          "identity_schema_version": 0,
          "private": "eyJlMmJmYjczMC1lY2FhLTExZTYtOGY4OC0zNDM2M2JjN2M0YzAiOnsiY3JlYXRlIjozMDAwMDAwMDAwMDB9LCJzY2hlbWFfdmVyc2lvbiI6IjIifQ==",
          "dependencies": [
            "module.eks.aws_security_group.cluster",
            "module.eks.aws_security_group.node",
            "module.vpc_east.aws_vpc.this"
          ],
          "create_before_destroy": true
        },
        {
          "index_key": "ingress_self_coredns_udp",
          "schema_version": 2,
          "attributes": {
            "cidr_blocks": null,
            "description": "Node to node CoreDNS UDP",
            "from_port": 53,
            "id": "sgrule-3791876960",
            "ipv6_cidr_blocks": null,
            "prefix_list_ids": [],
            "protocol": "udp",
            "security_group_id": "sg-0a836705c6f53cfdc",
            "security_group_rule_id": "sgr-0ba87ec2be3b269e1",
            "self": true,
            "source_security_group_id": null,
            "timeouts": null,
            "to_port": 53,
            "type": "ingress"
          },
          "sensitive_attributes": [],
          "identity_schema_version": 0,
          "private": "eyJlMmJmYjczMC1lY2FhLTExZTYtOGY4OC0zNDM2M2JjN2M0YzAiOnsiY3JlYXRlIjozMDAwMDAwMDAwMDB9LCJzY2hlbWFfdmVyc2lvbiI6IjIifQ==",
          "dependencies": [
            "module.eks.aws_security_group.cluster",
            "module.eks.aws_security_group.node",
            "module.vpc_east.aws_vpc.this"
          ],
          "create_before_destroy": true
        }
      ]
    },
    {
      "module": "module.eks",
      "mode": "managed",
      "type": "time_sleep",
      "name": "this",
      "provider": "provider[\"registry.terraform.io/hashicorp/time\"]",
      "instances": [
        {
          "index_key": 0,
          "schema_version": 0,
          "attributes": {
            "create_duration": "30s",
            "destroy_duration": null,
            "id": "2026-01-08T17:06:39Z",
            "triggers": {
              "cluster_certificate_authority_data": "LS0tLS1CRUdJTiBDRVJUSUZJQ0FURS0tLS0tCk1JSURCVENDQWUyZ0F3SUJBZ0lJWHFDU3B3Sm5wWll3RFFZSktvWklodmNOQVFFTEJRQXdGVEVUTUJFR0ExVUUKQXhNS2EzVmlaWEp1WlhSbGN6QWVGdzB5TmpBeE1EZ3hOalUzTWpWYUZ3MHpOakF4TURZeE56QXlNalZhTUJVeApFekFSQmdOVkJBTVRDbXQxWW1WeWJtVjBaWE13Z2dFaU1BMEdDU3FHU0liM0RRRUJBUVVBQTRJQkR3QXdnZ0VLCkFvSUJBUURzWVk3eU5DRDJVaXJWVzBXdlkwSmg3Qm5WQTRQSHpYdUdjbWk2M0ozUkdLTStQRUNmaG5LbjErY2cKTkpwVVFzTFRFazYybU51Qm1NalVhVHU3aEJ6cGFuM3gwSGFtMmI0ZGE2dTg2TER6Wk0xaVFNcm56L1hMNjEwOQpKcVAyOFV3SjdTcHhQb3RoOUIzelBFVW51b3RzWDBVYjlpZFd3eDlyeEo5NGNJSFY5cktVM2FMUzY2OVViZ2xkCjg3c01EWFhoYkkzTWU4SGJFUnZYbVJFUWlJSVd3ZnA0T0hTWFlQaHNtQ3VoVWlQTEpyWDdXdlN4ZWY5dUx0K3UKbjF5bDhjM0JZVzkyUGNudVlwa1NXL01OTE9iOFhxYTVaZkFzVGFrUy82YXl2M3BtWGxid3BZR3dvT3RPL21jVgp5WVlmTnNicHlpTU1jTkg5a2syYVU5ZVlQRXh0QWdNQkFBR2pXVEJYTUE0R0ExVWREd0VCL3dRRUF3SUNwREFQCkJnTlZIUk1CQWY4RUJUQURBUUgvTUIwR0ExVWREZ1FXQkJTQjBEZEJsTHhsYzBYMjI2ZTBuQzF4QmJZN3VEQVYKQmdOVkhSRUVEakFNZ2dwcmRXSmxjbTVsZEdWek1BMEdDU3FHU0liM0RRRUJDd1VBQTRJQkFRQk5OK2IxdTQxNAp5RHp2d3Jzb1c3QTFwdVRWVitLZGhva1I4dEdRbTd6RFZLY2pRUlV3L3YvRTZxWFpWelcxaXo4VXh3MlBaRzJrCmppeHpFQ1hpUG1FdkJqMG9pcXNaeXNUYlV4Sm44cTdiSHB6Y2FMS3R5eUlsN0RXN0V0c2tCTXBVZWhWa0E2ajgKUVFiZFQ4Y0NPS0luT1VpWENHU2hjdW16ZkF2Wk4vSWoveStWS2l0RnJFRXcvZ0tUN3k2anBIbnIxRjNROU00QwpCbzJBeW9tUldhWWJiampBb0QzaW81dGZKQ09iOW5mOTV0OVJNZGQ3ZkNzM0tUcHhRa1dHcEtHaTZpK3BnNndiClNiZHBpekNlWWZxdTRrVFlYTWpwSWd3d0EySFUrSEtRL2NVNjFQa3ppM0M1SFd3VmRuSjVlWDJyamJiNmdhWnkKZnpBZGJVNW4yd2w5Ci0tLS0tRU5EIENFUlRJRklDQVRFLS0tLS0K",
              "cluster_endpoint": "https://C9E93827A9413494786EA0E568FB2129.gr7.us-east-1.eks.amazonaws.com",
              "cluster_name": "gg9-eks",
              "cluster_service_cidr": "172.20.0.0/16",
              "cluster_version": "1.30"
            }
          },
          "sensitive_attributes": [],
          "identity_schema_version": 0,
          "dependencies": [
            "module.eks.aws_cloudwatch_log_group.this",
            "module.eks.aws_eks_cluster.this",
            "module.eks.aws_iam_policy.cni_ipv6_policy",
            "module.eks.aws_iam_role.eks_auto",
            "module.eks.aws_iam_role.this",
            "module.eks.aws_iam_role_policy_attachment.this",
            "module.eks.aws_security_group.cluster",
            "module.eks.aws_security_group.node",
            "module.eks.aws_security_group_rule.cluster",
            "module.eks.aws_security_group_rule.node",
            "module.eks.data.aws_caller_identity.current",
            "module.eks.data.aws_iam_policy_document.assume_role_policy",
            "module.eks.data.aws_iam_policy_document.cni_ipv6_policy",
            "module.eks.data.aws_iam_policy_document.node_assume_role_policy",
            "module.eks.data.aws_iam_session_context.current",
            "module.eks.data.aws_partition.current",
            "module.eks.module.kms.aws_kms_external_key.this",
            "module.eks.module.kms.aws_kms_key.this",
            "module.eks.module.kms.aws_kms_replica_external_key.this",
            "module.eks.module.kms.aws_kms_replica_key.this",
            "module.eks.module.kms.data.aws_caller_identity.current",
            "module.eks.module.kms.data.aws_iam_policy_document.this",
            "module.eks.module.kms.data.aws_partition.current",
            "module.vpc_east.aws_subnet.public",
            "module.vpc_east.aws_vpc.this",
            "module.vpc_east.aws_vpc_ipv4_cidr_block_association.this"
          ],
          "create_before_destroy": true
        }
      ]
    },
    {
      "module": "module.eks.module.eks_managed_node_group[\"default\"]",
      "mode": "data",
      "type": "aws_caller_identity",
      "name": "current",
      "provider": "provider[\"registry.terraform.io/hashicorp/aws\"]",
      "instances": [
        {
          "schema_version": 0,
          "attributes": {
            "account_id": "007924758087",
            "arn": "arn:aws:iam::007924758087:user/nelzir",
            "id": "007924758087",
            "user_id": "AIDAQDWC2GZDW7ZUFN3VJ"
          },
          "sensitive_attributes": [],
          "identity_schema_version": 0
        }
      ]
    },
    {
      "module": "module.eks.module.eks_managed_node_group[\"default\"]",
      "mode": "data",
      "type": "aws_iam_policy_document",
      "name": "assume_role_policy",
      "provider": "provider[\"registry.terraform.io/hashicorp/aws\"]",
      "instances": [
        {
          "index_key": 0,
          "schema_version": 0,
          "attributes": {
            "id": "2560088296",
            "json": "{\n  \"Version\": \"2012-10-17\",\n  \"Statement\": [\n    {\n      \"Sid\": \"EKSNodeAssumeRole\",\n      \"Effect\": \"Allow\",\n      \"Action\": \"sts:AssumeRole\",\n      \"Principal\": {\n        \"Service\": \"ec2.amazonaws.com\"\n      }\n    }\n  ]\n}",
            "minified_json": "{\"Version\":\"2012-10-17\",\"Statement\":[{\"Sid\":\"EKSNodeAssumeRole\",\"Effect\":\"Allow\",\"Action\":\"sts:AssumeRole\",\"Principal\":{\"Service\":\"ec2.amazonaws.com\"}}]}",
            "override_json": null,
            "override_policy_documents": null,
            "policy_id": null,
            "source_json": null,
            "source_policy_documents": null,
            "statement": [
              {
                "actions": [
                  "sts:AssumeRole"
                ],
                "condition": [],
                "effect": "Allow",
                "not_actions": [],
                "not_principals": [],
                "not_resources": [],
                "principals": [
                  {
                    "identifiers": [
                      "ec2.amazonaws.com"
                    ],
                    "type": "Service"
                  }
                ],
                "resources": [],
                "sid": "EKSNodeAssumeRole"
              }
            ],
            "version": "2012-10-17"
          },
          "sensitive_attributes": [],
          "identity_schema_version": 0
        }
      ]
    },
    {
      "module": "module.eks.module.eks_managed_node_group[\"default\"]",
      "mode": "data",
      "type": "aws_partition",
      "name": "current",
      "provider": "provider[\"registry.terraform.io/hashicorp/aws\"]",
      "instances": [
        {
          "schema_version": 0,
          "attributes": {
            "dns_suffix": "amazonaws.com",
            "id": "aws",
            "partition": "aws",
            "reverse_dns_prefix": "com.amazonaws"
          },
          "sensitive_attributes": [],
          "identity_schema_version": 0
        }
      ]
    },
    {
      "module": "module.eks.module.eks_managed_node_group[\"default\"]",
      "mode": "managed",
      "type": "aws_eks_node_group",
      "name": "this",
      "provider": "provider[\"registry.terraform.io/hashicorp/aws\"]",
      "instances": [
        {
          "index_key": 0,
          "schema_version": 0,
          "attributes": {
            "ami_type": "AL2023_ARM_64_STANDARD",
            "arn": "arn:aws:eks:us-east-1:007924758087:nodegroup/gg9-eks/default-20260108170645848600000025/f4cdcf49-9a13-1a8f-2ee6-ae4a60d8255e",
            "capacity_type": "ON_DEMAND",
            "cluster_name": "gg9-eks",
            "disk_size": 0,
            "force_update_version": null,
            "id": "gg9-eks:default-20260108170645848600000025",
            "instance_types": [
              "m7g.medium"
            ],
            "labels": {
              "role": "system"
            },
            "launch_template": [
              {
                "id": "lt-06a2a978fe248aa81",
                "name": "default-20260108170639956000000023",
                "version": "1"
              }
            ],
            "node_group_name": "default-20260108170645848600000025",
            "node_group_name_prefix": "default-",
            "node_repair_config": [],
            "node_role_arn": "arn:aws:iam::007924758087:role/default-eks-node-group-20260108165533650900000004",
            "release_version": "1.30.14-20251217",
            "remote_access": [],
            "resources": [
              {
                "autoscaling_groups": [
                  {
                    "name": "eks-default-20260108170645848600000025-f4cdcf49-9a13-1a8f-2ee6-ae4a60d8255e"
                  }
                ],
                "remote_access_security_group_id": ""
              }
            ],
            "scaling_config": [
              {
                "desired_size": 1,
                "max_size": 2,
                "min_size": 1
              }
            ],
            "status": "ACTIVE",
            "subnet_ids": [
              "subnet-0693b6c4cf46aada8",
              "subnet-090f2544da240dffb",
              "subnet-0d70210b73f95a663"
            ],
            "tags": {
              "Name": "default"
            },
            "tags_all": {
              "Name": "default"
            },
            "taint": [],
            "timeouts": {
              "create": null,
              "delete": null,
              "update": null
            },
            "update_config": [
              {
                "max_unavailable": 0,
                "max_unavailable_percentage": 33
              }
            ],
            "version": "1.30"
          },
          "sensitive_attributes": [],
          "identity_schema_version": 0,
          "private": "eyJlMmJmYjczMC1lY2FhLTExZTYtOGY4OC0zNDM2M2JjN2M0YzAiOnsiY3JlYXRlIjozNjAwMDAwMDAwMDAwLCJkZWxldGUiOjM2MDAwMDAwMDAwMDAsInVwZGF0ZSI6MzYwMDAwMDAwMDAwMH19",
          "dependencies": [
            "module.eks.aws_cloudwatch_log_group.this",
            "module.eks.aws_eks_cluster.this",
            "module.eks.aws_iam_policy.cni_ipv6_policy",
            "module.eks.aws_iam_role.eks_auto",
            "module.eks.aws_iam_role.this",
            "module.eks.aws_iam_role_policy_attachment.this",
            "module.eks.aws_security_group.cluster",
            "module.eks.aws_security_group.node",
            "module.eks.aws_security_group_rule.cluster",
            "module.eks.aws_security_group_rule.node",
            "module.eks.data.aws_caller_identity.current",
            "module.eks.data.aws_iam_policy_document.assume_role_policy",
            "module.eks.data.aws_iam_policy_document.cni_ipv6_policy",
            "module.eks.data.aws_iam_policy_document.node_assume_role_policy",
            "module.eks.data.aws_iam_session_context.current",
            "module.eks.data.aws_partition.current",
            "module.eks.module.eks_managed_node_group.aws_iam_role.this",
            "module.eks.module.eks_managed_node_group.aws_iam_role_policy_attachment.additional",
            "module.eks.module.eks_managed_node_group.aws_iam_role_policy_attachment.this",
            "module.eks.module.eks_managed_node_group.aws_launch_template.this",
            "module.eks.module.eks_managed_node_group.aws_placement_group.this",
            "module.eks.module.eks_managed_node_group.data.aws_caller_identity.current",
            "module.eks.module.eks_managed_node_group.data.aws_ec2_instance_type.this",
            "module.eks.module.eks_managed_node_group.data.aws_ec2_instance_type_offerings.this",
            "module.eks.module.eks_managed_node_group.data.aws_iam_policy_document.assume_role_policy",
            "module.eks.module.eks_managed_node_group.data.aws_partition.current",
            "module.eks.module.eks_managed_node_group.data.aws_ssm_parameter.ami",
            "module.eks.module.eks_managed_node_group.data.aws_subnets.placement_group",
            "module.eks.module.eks_managed_node_group.module.user_data.data.cloudinit_config.al2023_eks_managed_node_group",
            "module.eks.module.eks_managed_node_group.module.user_data.data.cloudinit_config.linux_eks_managed_node_group",
            "module.eks.module.kms.aws_kms_external_key.this",
            "module.eks.module.kms.aws_kms_key.this",
            "module.eks.module.kms.aws_kms_replica_external_key.this",
            "module.eks.module.kms.aws_kms_replica_key.this",
            "module.eks.module.kms.data.aws_caller_identity.current",
            "module.eks.module.kms.data.aws_iam_policy_document.this",
            "module.eks.module.kms.data.aws_partition.current",
            "module.eks.time_sleep.this",
            "module.vpc_east.aws_subnet.public",
            "module.vpc_east.aws_vpc.this",
            "module.vpc_east.aws_vpc_ipv4_cidr_block_association.this"
          ],
          "create_before_destroy": true
        }
      ]
    },
    {
      "module": "module.eks.module.eks_managed_node_group[\"default\"]",
      "mode": "managed",
      "type": "aws_iam_role",
      "name": "this",
      "provider": "provider[\"registry.terraform.io/hashicorp/aws\"]",
      "instances": [
        {
          "index_key": 0,
          "schema_version": 0,
          "attributes": {
            "arn": "arn:aws:iam::007924758087:role/default-eks-node-group-20260108165533650900000004",
            "assume_role_policy": "{\"Statement\":[{\"Action\":\"sts:AssumeRole\",\"Effect\":\"Allow\",\"Principal\":{\"Service\":\"ec2.amazonaws.com\"},\"Sid\":\"EKSNodeAssumeRole\"}],\"Version\":\"2012-10-17\"}",
            "create_date": "2026-01-08T16:55:33Z",
            "description": "EKS managed node group IAM role",
            "force_detach_policies": true,
            "id": "default-eks-node-group-20260108165533650900000004",
            "inline_policy": [],
            "managed_policy_arns": [
              "arn:aws:iam::aws:policy/AmazonEC2ContainerRegistryReadOnly",
              "arn:aws:iam::aws:policy/AmazonEKSWorkerNodePolicy",
              "arn:aws:iam::aws:policy/AmazonEKS_CNI_Policy"
            ],
            "max_session_duration": 3600,
            "name": "default-eks-node-group-20260108165533650900000004",
            "name_prefix": "default-eks-node-group-",
            "path": "/",
            "permissions_boundary": "",
            "tags": {},
            "tags_all": {},
            "unique_id": "AROAQDWC2GZDY2AN3QHTD"
          },
          "sensitive_attributes": [],
          "identity_schema_version": 0,
          "private": "bnVsbA==",
          "dependencies": [
            "module.eks.module.eks_managed_node_group.data.aws_iam_policy_document.assume_role_policy"
          ],
          "create_before_destroy": true
        }
      ]
    },
    {
      "module": "module.eks.module.eks_managed_node_group[\"default\"]",
      "mode": "managed",
      "type": "aws_iam_role_policy_attachment",
      "name": "this",
      "provider": "provider[\"registry.terraform.io/hashicorp/aws\"]",
      "instances": [
        {
          "index_key": "AmazonEC2ContainerRegistryReadOnly",
          "schema_version": 0,
          "attributes": {
            "id": "default-eks-node-group-20260108165533650900000004-20260108165534562700000011",
            "policy_arn": "arn:aws:iam::aws:policy/AmazonEC2ContainerRegistryReadOnly",
            "role": "default-eks-node-group-20260108165533650900000004"
          },
          "sensitive_attributes": [],
          "identity_schema_version": 0,
          "private": "bnVsbA==",
          "dependencies": [
            "module.eks.module.eks_managed_node_group.aws_iam_role.this",
            "module.eks.module.eks_managed_node_group.data.aws_caller_identity.current",
            "module.eks.module.eks_managed_node_group.data.aws_iam_policy_document.assume_role_policy",
            "module.eks.module.eks_managed_node_group.data.aws_partition.current"
          ],
          "create_before_destroy": true
        },
        {
          "index_key": "AmazonEKSWorkerNodePolicy",
          "schema_version": 0,
          "attributes": {
            "id": "default-eks-node-group-20260108165533650900000004-2026010816553443410000000d",
            "policy_arn": "arn:aws:iam::aws:policy/AmazonEKSWorkerNodePolicy",
            "role": "default-eks-node-group-20260108165533650900000004"
          },
          "sensitive_attributes": [],
          "identity_schema_version": 0,
          "private": "bnVsbA==",
          "dependencies": [
            "module.eks.module.eks_managed_node_group.aws_iam_role.this",
            "module.eks.module.eks_managed_node_group.data.aws_caller_identity.current",
            "module.eks.module.eks_managed_node_group.data.aws_iam_policy_document.assume_role_policy",
            "module.eks.module.eks_managed_node_group.data.aws_partition.current"
          ],
          "create_before_destroy": true
        },
        {
          "index_key": "AmazonEKS_CNI_Policy",
          "schema_version": 0,
          "attributes": {
            "id": "default-eks-node-group-20260108165533650900000004-20260108165534514500000010",
            "policy_arn": "arn:aws:iam::aws:policy/AmazonEKS_CNI_Policy",
            "role": "default-eks-node-group-20260108165533650900000004"
          },
          "sensitive_attributes": [],
          "identity_schema_version": 0,
          "private": "bnVsbA==",
          "dependencies": [
            "module.eks.module.eks_managed_node_group.aws_iam_role.this",
            "module.eks.module.eks_managed_node_group.data.aws_caller_identity.current",
            "module.eks.module.eks_managed_node_group.data.aws_iam_policy_document.assume_role_policy",
            "module.eks.module.eks_managed_node_group.data.aws_partition.current"
          ],
          "create_before_destroy": true
        }
      ]
    },
    {
      "module": "module.eks.module.eks_managed_node_group[\"default\"]",
      "mode": "managed",
      "type": "aws_launch_template",
      "name": "this",
      "provider": "provider[\"registry.terraform.io/hashicorp/aws\"]",
      "instances": [
        {
          "index_key": 0,
          "schema_version": 0,
          "attributes": {
            "arn": "arn:aws:ec2:us-east-1:007924758087:launch-template/lt-06a2a978fe248aa81",
            "block_device_mappings": [],
            "capacity_reservation_specification": [],
            "cpu_options": [],
            "credit_specification": [],
            "default_version": 1,
            "description": "Custom launch template for default EKS managed node group",
            "disable_api_stop": false,
            "disable_api_termination": false,
            "ebs_optimized": "",
            "elastic_gpu_specifications": [],
            "elastic_inference_accelerator": [],
            "enclave_options": [],
            "hibernation_options": [],
            "iam_instance_profile": [],
            "id": "lt-06a2a978fe248aa81",
            "image_id": "",
            "instance_initiated_shutdown_behavior": "",
            "instance_market_options": [],
            "instance_requirements": [],
            "instance_type": "",
            "kernel_id": "",
            "key_name": "",
            "latest_version": 1,
            "license_specification": [],
            "maintenance_options": [],
            "metadata_options": [
              {
                "http_endpoint": "enabled",
                "http_protocol_ipv6": "",
                "http_put_response_hop_limit": 2,
                "http_tokens": "required",
                "instance_metadata_tags": ""
              }
            ],
            "monitoring": [
              {
                "enabled": true
              }
            ],
            "name": "default-20260108170639956000000023",
            "name_prefix": "default-",
            "network_interfaces": [],
            "placement": [],
            "private_dns_name_options": [],
            "ram_disk_id": "",
            "security_group_names": [],
            "tag_specifications": [
              {
                "resource_type": "instance",
                "tags": {
                  "Name": "default"
                }
              },
              {
                "resource_type": "network-interface",
                "tags": {
                  "Name": "default"
                }
              },
              {
                "resource_type": "volume",
                "tags": {
                  "Name": "default"
                }
              }
            ],
            "tags": {},
            "tags_all": {},
            "update_default_version": true,
            "user_data": "",
            "vpc_security_group_ids": [
              "sg-0a836705c6f53cfdc"
            ]
          },
          "sensitive_attributes": [],
          "identity_schema_version": 0,
          "private": "bnVsbA==",
          "dependencies": [
            "module.eks.aws_cloudwatch_log_group.this",
            "module.eks.aws_eks_cluster.this",
            "module.eks.aws_iam_policy.cni_ipv6_policy",
            "module.eks.aws_iam_role.eks_auto",
            "module.eks.aws_iam_role.this",
            "module.eks.aws_iam_role_policy_attachment.this",
            "module.eks.aws_security_group.cluster",
            "module.eks.aws_security_group.node",
            "module.eks.aws_security_group_rule.cluster",
            "module.eks.aws_security_group_rule.node",
            "module.eks.data.aws_caller_identity.current",
            "module.eks.data.aws_iam_policy_document.assume_role_policy",
            "module.eks.data.aws_iam_policy_document.cni_ipv6_policy",
            "module.eks.data.aws_iam_policy_document.node_assume_role_policy",
            "module.eks.data.aws_iam_session_context.current",
            "module.eks.data.aws_partition.current",
            "module.eks.module.eks_managed_node_group.aws_iam_role.this",
            "module.eks.module.eks_managed_node_group.aws_iam_role_policy_attachment.additional",
            "module.eks.module.eks_managed_node_group.aws_iam_role_policy_attachment.this",
            "module.eks.module.eks_managed_node_group.aws_placement_group.this",
            "module.eks.module.eks_managed_node_group.data.aws_caller_identity.current",
            "module.eks.module.eks_managed_node_group.data.aws_ec2_instance_type.this",
            "module.eks.module.eks_managed_node_group.data.aws_iam_policy_document.assume_role_policy",
            "module.eks.module.eks_managed_node_group.data.aws_partition.current",
            "module.eks.module.eks_managed_node_group.module.user_data.data.cloudinit_config.al2023_eks_managed_node_group",
            "module.eks.module.eks_managed_node_group.module.user_data.data.cloudinit_config.linux_eks_managed_node_group",
            "module.eks.module.kms.aws_kms_external_key.this",
            "module.eks.module.kms.aws_kms_key.this",
            "module.eks.module.kms.aws_kms_replica_external_key.this",
            "module.eks.module.kms.aws_kms_replica_key.this",
            "module.eks.module.kms.data.aws_caller_identity.current",
            "module.eks.module.kms.data.aws_iam_policy_document.this",
            "module.eks.module.kms.data.aws_partition.current",
            "module.eks.time_sleep.this",
            "module.vpc_east.aws_subnet.public",
            "module.vpc_east.aws_vpc.this",
            "module.vpc_east.aws_vpc_ipv4_cidr_block_association.this"
          ],
          "create_before_destroy": true
        }
      ]
    },
    {
      "module": "module.eks.module.eks_managed_node_group[\"default\"].module.user_data",
      "mode": "managed",
      "type": "null_resource",
      "name": "validate_cluster_service_cidr",
      "provider": "provider[\"registry.terraform.io/hashicorp/null\"]",
      "instances": [
        {
          "schema_version": 0,
          "attributes": {
            "id": "3347408279730875048",
            "triggers": null
          },
          "sensitive_attributes": [],
          "identity_schema_version": 0,
          "dependencies": [
            "module.eks.aws_cloudwatch_log_group.this",
            "module.eks.aws_eks_cluster.this",
            "module.eks.aws_iam_policy.cni_ipv6_policy",
            "module.eks.aws_iam_role.eks_auto",
            "module.eks.aws_iam_role.this",
            "module.eks.aws_iam_role_policy_attachment.this",
            "module.eks.aws_security_group.cluster",
            "module.eks.aws_security_group.node",
            "module.eks.aws_security_group_rule.cluster",
            "module.eks.aws_security_group_rule.node",
            "module.eks.data.aws_caller_identity.current",
            "module.eks.data.aws_iam_policy_document.assume_role_policy",
            "module.eks.data.aws_iam_policy_document.cni_ipv6_policy",
            "module.eks.data.aws_iam_policy_document.node_assume_role_policy",
            "module.eks.data.aws_iam_session_context.current",
            "module.eks.data.aws_partition.current",
            "module.eks.module.kms.aws_kms_external_key.this",
            "module.eks.module.kms.aws_kms_key.this",
            "module.eks.module.kms.aws_kms_replica_external_key.this",
            "module.eks.module.kms.aws_kms_replica_key.this",
            "module.eks.module.kms.data.aws_caller_identity.current",
            "module.eks.module.kms.data.aws_iam_policy_document.this",
            "module.eks.module.kms.data.aws_partition.current",
            "module.eks.time_sleep.this",
            "module.vpc_east.aws_subnet.public",
            "module.vpc_east.aws_vpc.this",
            "module.vpc_east.aws_vpc_ipv4_cidr_block_association.this"
          ]
        }
      ]
    },
    {
      "module": "module.eks.module.eks_managed_node_group[\"gg9\"]",
      "mode": "data",
      "type": "aws_caller_identity",
      "name": "current",
      "provider": "provider[\"registry.terraform.io/hashicorp/aws\"]",
      "instances": [
        {
          "schema_version": 0,
          "attributes": {
            "account_id": "007924758087",
            "arn": "arn:aws:iam::007924758087:user/nelzir",
            "id": "007924758087",
            "user_id": "AIDAQDWC2GZDW7ZUFN3VJ"
          },
          "sensitive_attributes": [],
          "identity_schema_version": 0
        }
      ]
    },
    {
      "module": "module.eks.module.eks_managed_node_group[\"gg9\"]",
      "mode": "data",
      "type": "aws_iam_policy_document",
      "name": "assume_role_policy",
      "provider": "provider[\"registry.terraform.io/hashicorp/aws\"]",
      "instances": [
        {
          "index_key": 0,
          "schema_version": 0,
          "attributes": {
            "id": "2560088296",
            "json": "{\n  \"Version\": \"2012-10-17\",\n  \"Statement\": [\n    {\n      \"Sid\": \"EKSNodeAssumeRole\",\n      \"Effect\": \"Allow\",\n      \"Action\": \"sts:AssumeRole\",\n      \"Principal\": {\n        \"Service\": \"ec2.amazonaws.com\"\n      }\n    }\n  ]\n}",
            "minified_json": "{\"Version\":\"2012-10-17\",\"Statement\":[{\"Sid\":\"EKSNodeAssumeRole\",\"Effect\":\"Allow\",\"Action\":\"sts:AssumeRole\",\"Principal\":{\"Service\":\"ec2.amazonaws.com\"}}]}",
            "override_json": null,
            "override_policy_documents": null,
            "policy_id": null,
            "source_json": null,
            "source_policy_documents": null,
            "statement": [
              {
                "actions": [
                  "sts:AssumeRole"
                ],
                "condition": [],
                "effect": "Allow",
                "not_actions": [],
                "not_principals": [],
                "not_resources": [],
                "principals": [
                  {
                    "identifiers": [
                      "ec2.amazonaws.com"
                    ],
                    "type": "Service"
                  }
                ],
                "resources": [],
                "sid": "EKSNodeAssumeRole"
              }
            ],
            "version": "2012-10-17"
          },
          "sensitive_attributes": [],
          "identity_schema_version": 0
        }
      ]
    },
    {
      "module": "module.eks.module.eks_managed_node_group[\"gg9\"]",
      "mode": "data",
      "type": "aws_partition",
      "name": "current",
      "provider": "provider[\"registry.terraform.io/hashicorp/aws\"]",
      "instances": [
        {
          "schema_version": 0,
          "attributes": {
            "dns_suffix": "amazonaws.com",
            "id": "aws",
            "partition": "aws",
            "reverse_dns_prefix": "com.amazonaws"
          },
          "sensitive_attributes": [],
          "identity_schema_version": 0
        }
      ]
    },
    {
      "module": "module.eks.module.eks_managed_node_group[\"gg9\"]",
      "mode": "managed",
      "type": "aws_eks_node_group",
      "name": "this",
      "provider": "provider[\"registry.terraform.io/hashicorp/aws\"]",
      "instances": [
        {
          "index_key": 0,
          "schema_version": 0,
          "attributes": {
            "ami_type": "AL2023_ARM_64_STANDARD",
            "arn": "arn:aws:eks:us-east-1:007924758087:nodegroup/gg9-eks/gg9-20260108170645848900000029/b0cdcf49-9a0e-dc11-c142-cab749fa597a",
            "capacity_type": "ON_DEMAND",
            "cluster_name": "gg9-eks",
            "disk_size": 0,
            "force_update_version": null,
            "id": "gg9-eks:gg9-20260108170645848900000029",
            "instance_types": [
              "m7gd.2xlarge"
            ],
            "labels": {
              "role": "gridgain"
            },
            "launch_template": [
              {
                "id": "lt-0bc6b57c215c07c23",
                "name": "gg9-2026010817063995570000001f",
                "version": "1"
              }
            ],
            "node_group_name": "gg9-20260108170645848900000029",
            "node_group_name_prefix": "gg9-",
            "node_repair_config": [],
            "node_role_arn": "arn:aws:iam::007924758087:role/gg9-eks-node-group-20260108165533650900000006",
            "release_version": "1.30.14-20251217",
            "remote_access": [],
            "resources": [
              {
                "autoscaling_groups": [
                  {
                    "name": "eks-gg9-20260108170645848900000029-b0cdcf49-9a0e-dc11-c142-cab749fa597a"
                  }
                ],
                "remote_access_security_group_id": ""
              }
            ],
            "scaling_config": [
              {
                "desired_size": 3,
                "max_size": 6,
                "min_size": 3
              }
            ],
            "status": "ACTIVE",
            "subnet_ids": [
              "subnet-0693b6c4cf46aada8",
              "subnet-090f2544da240dffb",
              "subnet-0d70210b73f95a663"
            ],
            "tags": {
              "Name": "gg9"
            },
            "tags_all": {
              "Name": "gg9"
            },
            "taint": [
              {
                "effect": "NO_SCHEDULE",
                "key": "dedicated",
                "value": "gridgain"
              }
            ],
            "timeouts": {
              "create": null,
              "delete": null,
              "update": null
            },
            "update_config": [
              {
                "max_unavailable": 0,
                "max_unavailable_percentage": 33
              }
            ],
            "version": "1.30"
          },
          "sensitive_attributes": [],
          "identity_schema_version": 0,
          "private": "eyJlMmJmYjczMC1lY2FhLTExZTYtOGY4OC0zNDM2M2JjN2M0YzAiOnsiY3JlYXRlIjozNjAwMDAwMDAwMDAwLCJkZWxldGUiOjM2MDAwMDAwMDAwMDAsInVwZGF0ZSI6MzYwMDAwMDAwMDAwMH19",
          "dependencies": [
            "module.eks.aws_cloudwatch_log_group.this",
            "module.eks.aws_eks_cluster.this",
            "module.eks.aws_iam_policy.cni_ipv6_policy",
            "module.eks.aws_iam_role.eks_auto",
            "module.eks.aws_iam_role.this",
            "module.eks.aws_iam_role_policy_attachment.this",
            "module.eks.aws_security_group.cluster",
            "module.eks.aws_security_group.node",
            "module.eks.aws_security_group_rule.cluster",
            "module.eks.aws_security_group_rule.node",
            "module.eks.data.aws_caller_identity.current",
            "module.eks.data.aws_iam_policy_document.assume_role_policy",
            "module.eks.data.aws_iam_policy_document.cni_ipv6_policy",
            "module.eks.data.aws_iam_policy_document.node_assume_role_policy",
            "module.eks.data.aws_iam_session_context.current",
            "module.eks.data.aws_partition.current",
            "module.eks.module.eks_managed_node_group.aws_iam_role.this",
            "module.eks.module.eks_managed_node_group.aws_iam_role_policy_attachment.additional",
            "module.eks.module.eks_managed_node_group.aws_iam_role_policy_attachment.this",
            "module.eks.module.eks_managed_node_group.aws_launch_template.this",
            "module.eks.module.eks_managed_node_group.aws_placement_group.this",
            "module.eks.module.eks_managed_node_group.data.aws_caller_identity.current",
            "module.eks.module.eks_managed_node_group.data.aws_ec2_instance_type.this",
            "module.eks.module.eks_managed_node_group.data.aws_ec2_instance_type_offerings.this",
            "module.eks.module.eks_managed_node_group.data.aws_iam_policy_document.assume_role_policy",
            "module.eks.module.eks_managed_node_group.data.aws_partition.current",
            "module.eks.module.eks_managed_node_group.data.aws_ssm_parameter.ami",
            "module.eks.module.eks_managed_node_group.data.aws_subnets.placement_group",
            "module.eks.module.eks_managed_node_group.module.user_data.data.cloudinit_config.al2023_eks_managed_node_group",
            "module.eks.module.eks_managed_node_group.module.user_data.data.cloudinit_config.linux_eks_managed_node_group",
            "module.eks.module.kms.aws_kms_external_key.this",
            "module.eks.module.kms.aws_kms_key.this",
            "module.eks.module.kms.aws_kms_replica_external_key.this",
            "module.eks.module.kms.aws_kms_replica_key.this",
            "module.eks.module.kms.data.aws_caller_identity.current",
            "module.eks.module.kms.data.aws_iam_policy_document.this",
            "module.eks.module.kms.data.aws_partition.current",
            "module.eks.time_sleep.this",
            "module.vpc_east.aws_subnet.public",
            "module.vpc_east.aws_vpc.this",
            "module.vpc_east.aws_vpc_ipv4_cidr_block_association.this"
          ],
          "create_before_destroy": true
        }
      ]
    },
    {
      "module": "module.eks.module.eks_managed_node_group[\"gg9\"]",
      "mode": "managed",
      "type": "aws_iam_role",
      "name": "this",
      "provider": "provider[\"registry.terraform.io/hashicorp/aws\"]",
      "instances": [
        {
          "index_key": 0,
          "schema_version": 0,
          "attributes": {
            "arn": "arn:aws:iam::007924758087:role/gg9-eks-node-group-20260108165533650900000006",
            "assume_role_policy": "{\"Statement\":[{\"Action\":\"sts:AssumeRole\",\"Effect\":\"Allow\",\"Principal\":{\"Service\":\"ec2.amazonaws.com\"},\"Sid\":\"EKSNodeAssumeRole\"}],\"Version\":\"2012-10-17\"}",
            "create_date": "2026-01-08T16:55:33Z",
            "description": "EKS managed node group IAM role",
            "force_detach_policies": true,
            "id": "gg9-eks-node-group-20260108165533650900000006",
            "inline_policy": [],
            "managed_policy_arns": [
              "arn:aws:iam::aws:policy/AmazonEC2ContainerRegistryReadOnly",
              "arn:aws:iam::aws:policy/AmazonEKSWorkerNodePolicy",
              "arn:aws:iam::aws:policy/AmazonEKS_CNI_Policy"
            ],
            "max_session_duration": 3600,
            "name": "gg9-eks-node-group-20260108165533650900000006",
            "name_prefix": "gg9-eks-node-group-",
            "path": "/",
            "permissions_boundary": "",
            "tags": {},
            "tags_all": {},
            "unique_id": "AROAQDWC2GZDRVO4TR3NT"
          },
          "sensitive_attributes": [],
          "identity_schema_version": 0,
          "private": "bnVsbA==",
          "dependencies": [
            "module.eks.module.eks_managed_node_group.data.aws_iam_policy_document.assume_role_policy"
          ],
          "create_before_destroy": true
        }
      ]
    },
    {
      "module": "module.eks.module.eks_managed_node_group[\"gg9\"]",
      "mode": "managed",
      "type": "aws_iam_role_policy_attachment",
      "name": "this",
      "provider": "provider[\"registry.terraform.io/hashicorp/aws\"]",
      "instances": [
        {
          "index_key": "AmazonEC2ContainerRegistryReadOnly",
          "schema_version": 0,
          "attributes": {
            "id": "gg9-eks-node-group-20260108165533650900000006-2026010816553442850000000c",
            "policy_arn": "arn:aws:iam::aws:policy/AmazonEC2ContainerRegistryReadOnly",
            "role": "gg9-eks-node-group-20260108165533650900000006"
          },
          "sensitive_attributes": [],
          "identity_schema_version": 0,
          "private": "bnVsbA==",
          "dependencies": [
            "module.eks.module.eks_managed_node_group.aws_iam_role.this",
            "module.eks.module.eks_managed_node_group.data.aws_caller_identity.current",
            "module.eks.module.eks_managed_node_group.data.aws_iam_policy_document.assume_role_policy",
            "module.eks.module.eks_managed_node_group.data.aws_partition.current"
          ],
          "create_before_destroy": true
        },
        {
          "index_key": "AmazonEKSWorkerNodePolicy",
          "schema_version": 0,
          "attributes": {
            "id": "gg9-eks-node-group-20260108165533650900000006-20260108165534588000000014",
            "policy_arn": "arn:aws:iam::aws:policy/AmazonEKSWorkerNodePolicy",
            "role": "gg9-eks-node-group-20260108165533650900000006"
          },
          "sensitive_attributes": [],
          "identity_schema_version": 0,
          "private": "bnVsbA==",
          "dependencies": [
            "module.eks.module.eks_managed_node_group.aws_iam_role.this",
            "module.eks.module.eks_managed_node_group.data.aws_caller_identity.current",
            "module.eks.module.eks_managed_node_group.data.aws_iam_policy_document.assume_role_policy",
            "module.eks.module.eks_managed_node_group.data.aws_partition.current"
          ],
          "create_before_destroy": true
        },
        {
          "index_key": "AmazonEKS_CNI_Policy",
          "schema_version": 0,
          "attributes": {
            "id": "gg9-eks-node-group-20260108165533650900000006-20260108165534585100000013",
            "policy_arn": "arn:aws:iam::aws:policy/AmazonEKS_CNI_Policy",
            "role": "gg9-eks-node-group-20260108165533650900000006"
          },
          "sensitive_attributes": [],
          "identity_schema_version": 0,
          "private": "bnVsbA==",
          "dependencies": [
            "module.eks.module.eks_managed_node_group.aws_iam_role.this",
            "module.eks.module.eks_managed_node_group.data.aws_caller_identity.current",
            "module.eks.module.eks_managed_node_group.data.aws_iam_policy_document.assume_role_policy",
            "module.eks.module.eks_managed_node_group.data.aws_partition.current"
          ],
          "create_before_destroy": true
        }
      ]
    },
    {
      "module": "module.eks.module.eks_managed_node_group[\"gg9\"]",
      "mode": "managed",
      "type": "aws_launch_template",
      "name": "this",
      "provider": "provider[\"registry.terraform.io/hashicorp/aws\"]",
      "instances": [
        {
          "index_key": 0,
          "schema_version": 0,
          "attributes": {
            "arn": "arn:aws:ec2:us-east-1:007924758087:launch-template/lt-0bc6b57c215c07c23",
            "block_device_mappings": [],
            "capacity_reservation_specification": [],
            "cpu_options": [],
            "credit_specification": [],
            "default_version": 1,
            "description": "Custom launch template for gg9 EKS managed node group",
            "disable_api_stop": false,
            "disable_api_termination": false,
            "ebs_optimized": "",
            "elastic_gpu_specifications": [],
            "elastic_inference_accelerator": [],
            "enclave_options": [],
            "hibernation_options": [],
            "iam_instance_profile": [],
            "id": "lt-0bc6b57c215c07c23",
            "image_id": "",
            "instance_initiated_shutdown_behavior": "",
            "instance_market_options": [],
            "instance_requirements": [],
            "instance_type": "",
            "kernel_id": "",
            "key_name": "",
            "latest_version": 1,
            "license_specification": [],
            "maintenance_options": [],
            "metadata_options": [
              {
                "http_endpoint": "enabled",
                "http_protocol_ipv6": "",
                "http_put_response_hop_limit": 2,
                "http_tokens": "required",
                "instance_metadata_tags": ""
              }
            ],
            "monitoring": [
              {
                "enabled": true
              }
            ],
            "name": "gg9-2026010817063995570000001f",
            "name_prefix": "gg9-",
            "network_interfaces": [],
            "placement": [],
            "private_dns_name_options": [],
            "ram_disk_id": "",
            "security_group_names": [],
            "tag_specifications": [
              {
                "resource_type": "instance",
                "tags": {
                  "Name": "gg9"
                }
              },
              {
                "resource_type": "network-interface",
                "tags": {
                  "Name": "gg9"
                }
              },
              {
                "resource_type": "volume",
                "tags": {
                  "Name": "gg9"
                }
              }
            ],
            "tags": {},
            "tags_all": {},
            "update_default_version": true,
            "user_data": "",
            "vpc_security_group_ids": [
              "sg-0a836705c6f53cfdc"
            ]
          },
          "sensitive_attributes": [],
          "identity_schema_version": 0,
          "private": "bnVsbA==",
          "dependencies": [
            "module.eks.aws_cloudwatch_log_group.this",
            "module.eks.aws_eks_cluster.this",
            "module.eks.aws_iam_policy.cni_ipv6_policy",
            "module.eks.aws_iam_role.eks_auto",
            "module.eks.aws_iam_role.this",
            "module.eks.aws_iam_role_policy_attachment.this",
            "module.eks.aws_security_group.cluster",
            "module.eks.aws_security_group.node",
            "module.eks.aws_security_group_rule.cluster",
            "module.eks.aws_security_group_rule.node",
            "module.eks.data.aws_caller_identity.current",
            "module.eks.data.aws_iam_policy_document.assume_role_policy",
            "module.eks.data.aws_iam_policy_document.cni_ipv6_policy",
            "module.eks.data.aws_iam_policy_document.node_assume_role_policy",
            "module.eks.data.aws_iam_session_context.current",
            "module.eks.data.aws_partition.current",
            "module.eks.module.eks_managed_node_group.aws_iam_role.this",
            "module.eks.module.eks_managed_node_group.aws_iam_role_policy_attachment.additional",
            "module.eks.module.eks_managed_node_group.aws_iam_role_policy_attachment.this",
            "module.eks.module.eks_managed_node_group.aws_placement_group.this",
            "module.eks.module.eks_managed_node_group.data.aws_caller_identity.current",
            "module.eks.module.eks_managed_node_group.data.aws_ec2_instance_type.this",
            "module.eks.module.eks_managed_node_group.data.aws_iam_policy_document.assume_role_policy",
            "module.eks.module.eks_managed_node_group.data.aws_partition.current",
            "module.eks.module.eks_managed_node_group.module.user_data.data.cloudinit_config.al2023_eks_managed_node_group",
            "module.eks.module.eks_managed_node_group.module.user_data.data.cloudinit_config.linux_eks_managed_node_group",
            "module.eks.module.kms.aws_kms_external_key.this",
            "module.eks.module.kms.aws_kms_key.this",
            "module.eks.module.kms.aws_kms_replica_external_key.this",
            "module.eks.module.kms.aws_kms_replica_key.this",
            "module.eks.module.kms.data.aws_caller_identity.current",
            "module.eks.module.kms.data.aws_iam_policy_document.this",
            "module.eks.module.kms.data.aws_partition.current",
            "module.eks.time_sleep.this",
            "module.vpc_east.aws_subnet.public",
            "module.vpc_east.aws_vpc.this",
            "module.vpc_east.aws_vpc_ipv4_cidr_block_association.this"
          ],
          "create_before_destroy": true
        }
      ]
    },
    {
      "module": "module.eks.module.eks_managed_node_group[\"gg9\"].module.user_data",
      "mode": "managed",
      "type": "null_resource",
      "name": "validate_cluster_service_cidr",
      "provider": "provider[\"registry.terraform.io/hashicorp/null\"]",
      "instances": [
        {
          "schema_version": 0,
          "attributes": {
            "id": "290317273898423865",
            "triggers": null
          },
          "sensitive_attributes": [],
          "identity_schema_version": 0,
          "dependencies": [
            "module.eks.aws_cloudwatch_log_group.this",
            "module.eks.aws_eks_cluster.this",
            "module.eks.aws_iam_policy.cni_ipv6_policy",
            "module.eks.aws_iam_role.eks_auto",
            "module.eks.aws_iam_role.this",
            "module.eks.aws_iam_role_policy_attachment.this",
            "module.eks.aws_security_group.cluster",
            "module.eks.aws_security_group.node",
            "module.eks.aws_security_group_rule.cluster",
            "module.eks.aws_security_group_rule.node",
            "module.eks.data.aws_caller_identity.current",
            "module.eks.data.aws_iam_policy_document.assume_role_policy",
            "module.eks.data.aws_iam_policy_document.cni_ipv6_policy",
            "module.eks.data.aws_iam_policy_document.node_assume_role_policy",
            "module.eks.data.aws_iam_session_context.current",
            "module.eks.data.aws_partition.current",
            "module.eks.module.kms.aws_kms_external_key.this",
            "module.eks.module.kms.aws_kms_key.this",
            "module.eks.module.kms.aws_kms_replica_external_key.this",
            "module.eks.module.kms.aws_kms_replica_key.this",
            "module.eks.module.kms.data.aws_caller_identity.current",
            "module.eks.module.kms.data.aws_iam_policy_document.this",
            "module.eks.module.kms.data.aws_partition.current",
            "module.eks.time_sleep.this",
            "module.vpc_east.aws_subnet.public",
            "module.vpc_east.aws_vpc.this",
            "module.vpc_east.aws_vpc_ipv4_cidr_block_association.this"
          ]
        }
      ]
    },
    {
      "module": "module.eks.module.eks_managed_node_group[\"loadtest\"]",
      "mode": "data",
      "type": "aws_caller_identity",
      "name": "current",
      "provider": "provider[\"registry.terraform.io/hashicorp/aws\"]",
      "instances": [
        {
          "schema_version": 0,
          "attributes": {
            "account_id": "007924758087",
            "arn": "arn:aws:iam::007924758087:user/nelzir",
            "id": "007924758087",
            "user_id": "AIDAQDWC2GZDW7ZUFN3VJ"
          },
          "sensitive_attributes": [],
          "identity_schema_version": 0
        }
      ]
    },
    {
      "module": "module.eks.module.eks_managed_node_group[\"loadtest\"]",
      "mode": "data",
      "type": "aws_iam_policy_document",
      "name": "assume_role_policy",
      "provider": "provider[\"registry.terraform.io/hashicorp/aws\"]",
      "instances": [
        {
          "index_key": 0,
          "schema_version": 0,
          "attributes": {
            "id": "2560088296",
            "json": "{\n  \"Version\": \"2012-10-17\",\n  \"Statement\": [\n    {\n      \"Sid\": \"EKSNodeAssumeRole\",\n      \"Effect\": \"Allow\",\n      \"Action\": \"sts:AssumeRole\",\n      \"Principal\": {\n        \"Service\": \"ec2.amazonaws.com\"\n      }\n    }\n  ]\n}",
            "minified_json": "{\"Version\":\"2012-10-17\",\"Statement\":[{\"Sid\":\"EKSNodeAssumeRole\",\"Effect\":\"Allow\",\"Action\":\"sts:AssumeRole\",\"Principal\":{\"Service\":\"ec2.amazonaws.com\"}}]}",
            "override_json": null,
            "override_policy_documents": null,
            "policy_id": null,
            "source_json": null,
            "source_policy_documents": null,
            "statement": [
              {
                "actions": [
                  "sts:AssumeRole"
                ],
                "condition": [],
                "effect": "Allow",
                "not_actions": [],
                "not_principals": [],
                "not_resources": [],
                "principals": [
                  {
                    "identifiers": [
                      "ec2.amazonaws.com"
                    ],
                    "type": "Service"
                  }
                ],
                "resources": [],
                "sid": "EKSNodeAssumeRole"
              }
            ],
            "version": "2012-10-17"
          },
          "sensitive_attributes": [],
          "identity_schema_version": 0
        }
      ]
    },
    {
      "module": "module.eks.module.eks_managed_node_group[\"loadtest\"]",
      "mode": "data",
      "type": "aws_partition",
      "name": "current",
      "provider": "provider[\"registry.terraform.io/hashicorp/aws\"]",
      "instances": [
        {
          "schema_version": 0,
          "attributes": {
            "dns_suffix": "amazonaws.com",
            "id": "aws",
            "partition": "aws",
            "reverse_dns_prefix": "com.amazonaws"
          },
          "sensitive_attributes": [],
          "identity_schema_version": 0
        }
      ]
    },
    {
      "module": "module.eks.module.eks_managed_node_group[\"loadtest\"]",
      "mode": "managed",
      "type": "aws_eks_node_group",
      "name": "this",
      "provider": "provider[\"registry.terraform.io/hashicorp/aws\"]",
      "instances": [
        {
          "index_key": 0,
          "schema_version": 0,
          "attributes": {
            "ami_type": "AL2023_ARM_64_STANDARD",
            "arn": "arn:aws:eks:us-east-1:007924758087:nodegroup/gg9-eks/loadtest-20260108170645848800000027/3ccdcf49-9a10-6f23-9fbc-49086f32b5b8",
            "capacity_type": "ON_DEMAND",
            "cluster_name": "gg9-eks",
            "disk_size": 0,
            "force_update_version": null,
            "id": "gg9-eks:loadtest-20260108170645848800000027",
            "instance_types": [
              "t4g.medium"
            ],
            "labels": {
              "role": "loadtest"
            },
            "launch_template": [
              {
                "id": "lt-029e1eb43e795ca11",
                "name": "loadtest-20260108170639955800000021",
                "version": "1"
              }
            ],
            "node_group_name": "loadtest-20260108170645848800000027",
            "node_group_name_prefix": "loadtest-",
            "node_repair_config": [],
            "node_role_arn": "arn:aws:iam::007924758087:role/loadtest-eks-node-group-20260108165533650800000001",
            "release_version": "1.30.14-20251217",
            "remote_access": [],
            "resources": [
              {
                "autoscaling_groups": [
                  {
                    "name": "eks-loadtest-20260108170645848800000027-3ccdcf49-9a10-6f23-9fbc-49086f32b5b8"
                  }
                ],
                "remote_access_security_group_id": ""
              }
            ],
            "scaling_config": [
              {
                "desired_size": 1,
                "max_size": 3,
                "min_size": 0
              }
            ],
            "status": "ACTIVE",
            "subnet_ids": [
              "subnet-0693b6c4cf46aada8",
              "subnet-090f2544da240dffb",
              "subnet-0d70210b73f95a663"
            ],
            "tags": {
              "Name": "loadtest"
            },
            "tags_all": {
              "Name": "loadtest"
            },
            "taint": [
              {
                "effect": "NO_SCHEDULE",
                "key": "dedicated",
                "value": "loadtest"
              }
            ],
            "timeouts": {
              "create": null,
              "delete": null,
              "update": null
            },
            "update_config": [
              {
                "max_unavailable": 0,
                "max_unavailable_percentage": 33
              }
            ],
            "version": "1.30"
          },
          "sensitive_attributes": [],
          "identity_schema_version": 0,
          "private": "eyJlMmJmYjczMC1lY2FhLTExZTYtOGY4OC0zNDM2M2JjN2M0YzAiOnsiY3JlYXRlIjozNjAwMDAwMDAwMDAwLCJkZWxldGUiOjM2MDAwMDAwMDAwMDAsInVwZGF0ZSI6MzYwMDAwMDAwMDAwMH19",
          "dependencies": [
            "module.eks.aws_cloudwatch_log_group.this",
            "module.eks.aws_eks_cluster.this",
            "module.eks.aws_iam_policy.cni_ipv6_policy",
            "module.eks.aws_iam_role.eks_auto",
            "module.eks.aws_iam_role.this",
            "module.eks.aws_iam_role_policy_attachment.this",
            "module.eks.aws_security_group.cluster",
            "module.eks.aws_security_group.node",
            "module.eks.aws_security_group_rule.cluster",
            "module.eks.aws_security_group_rule.node",
            "module.eks.data.aws_caller_identity.current",
            "module.eks.data.aws_iam_policy_document.assume_role_policy",
            "module.eks.data.aws_iam_policy_document.cni_ipv6_policy",
            "module.eks.data.aws_iam_policy_document.node_assume_role_policy",
            "module.eks.data.aws_iam_session_context.current",
            "module.eks.data.aws_partition.current",
            "module.eks.module.eks_managed_node_group.aws_iam_role.this",
            "module.eks.module.eks_managed_node_group.aws_iam_role_policy_attachment.additional",
            "module.eks.module.eks_managed_node_group.aws_iam_role_policy_attachment.this",
            "module.eks.module.eks_managed_node_group.aws_launch_template.this",
            "module.eks.module.eks_managed_node_group.aws_placement_group.this",
            "module.eks.module.eks_managed_node_group.data.aws_caller_identity.current",
            "module.eks.module.eks_managed_node_group.data.aws_ec2_instance_type.this",
            "module.eks.module.eks_managed_node_group.data.aws_ec2_instance_type_offerings.this",
            "module.eks.module.eks_managed_node_group.data.aws_iam_policy_document.assume_role_policy",
            "module.eks.module.eks_managed_node_group.data.aws_partition.current",
            "module.eks.module.eks_managed_node_group.data.aws_ssm_parameter.ami",
            "module.eks.module.eks_managed_node_group.data.aws_subnets.placement_group",
            "module.eks.module.eks_managed_node_group.module.user_data.data.cloudinit_config.al2023_eks_managed_node_group",
            "module.eks.module.eks_managed_node_group.module.user_data.data.cloudinit_config.linux_eks_managed_node_group",
            "module.eks.module.kms.aws_kms_external_key.this",
            "module.eks.module.kms.aws_kms_key.this",
            "module.eks.module.kms.aws_kms_replica_external_key.this",
            "module.eks.module.kms.aws_kms_replica_key.this",
            "module.eks.module.kms.data.aws_caller_identity.current",
            "module.eks.module.kms.data.aws_iam_policy_document.this",
            "module.eks.module.kms.data.aws_partition.current",
            "module.eks.time_sleep.this",
            "module.vpc_east.aws_subnet.public",
            "module.vpc_east.aws_vpc.this",
            "module.vpc_east.aws_vpc_ipv4_cidr_block_association.this"
          ],
          "create_before_destroy": true
        }
      ]
    },
    {
      "module": "module.eks.module.eks_managed_node_group[\"loadtest\"]",
      "mode": "managed",
      "type": "aws_iam_role",
      "name": "this",
      "provider": "provider[\"registry.terraform.io/hashicorp/aws\"]",
      "instances": [
        {
          "index_key": 0,
          "schema_version": 0,
          "attributes": {
            "arn": "arn:aws:iam::007924758087:role/loadtest-eks-node-group-20260108165533650800000001",
            "assume_role_policy": "{\"Statement\":[{\"Action\":\"sts:AssumeRole\",\"Effect\":\"Allow\",\"Principal\":{\"Service\":\"ec2.amazonaws.com\"},\"Sid\":\"EKSNodeAssumeRole\"}],\"Version\":\"2012-10-17\"}",
            "create_date": "2026-01-08T16:55:33Z",
            "description": "EKS managed node group IAM role",
            "force_detach_policies": true,
            "id": "loadtest-eks-node-group-20260108165533650800000001",
            "inline_policy": [],
            "managed_policy_arns": [
              "arn:aws:iam::aws:policy/AmazonEC2ContainerRegistryReadOnly",
              "arn:aws:iam::aws:policy/AmazonEKSWorkerNodePolicy",
              "arn:aws:iam::aws:policy/AmazonEKS_CNI_Policy"
            ],
            "max_session_duration": 3600,
            "name": "loadtest-eks-node-group-20260108165533650800000001",
            "name_prefix": "loadtest-eks-node-group-",
            "path": "/",
            "permissions_boundary": "",
            "tags": {},
            "tags_all": {},
            "unique_id": "AROAQDWC2GZD2UVAERZHQ"
          },
          "sensitive_attributes": [],
          "identity_schema_version": 0,
          "private": "bnVsbA==",
          "dependencies": [
            "module.eks.module.eks_managed_node_group.data.aws_iam_policy_document.assume_role_policy"
          ],
          "create_before_destroy": true
        }
      ]
    },
    {
      "module": "module.eks.module.eks_managed_node_group[\"loadtest\"]",
      "mode": "managed",
      "type": "aws_iam_role_policy_attachment",
      "name": "this",
      "provider": "provider[\"registry.terraform.io/hashicorp/aws\"]",
      "instances": [
        {
          "index_key": "AmazonEC2ContainerRegistryReadOnly",
          "schema_version": 0,
          "attributes": {
            "id": "loadtest-eks-node-group-20260108165533650800000001-2026010816553449570000000f",
            "policy_arn": "arn:aws:iam::aws:policy/AmazonEC2ContainerRegistryReadOnly",
            "role": "loadtest-eks-node-group-20260108165533650800000001"
          },
          "sensitive_attributes": [],
          "identity_schema_version": 0,
          "private": "bnVsbA==",
          "dependencies": [
            "module.eks.module.eks_managed_node_group.aws_iam_role.this",
            "module.eks.module.eks_managed_node_group.data.aws_caller_identity.current",
            "module.eks.module.eks_managed_node_group.data.aws_iam_policy_document.assume_role_policy",
            "module.eks.module.eks_managed_node_group.data.aws_partition.current"
          ],
          "create_before_destroy": true
        },
        {
          "index_key": "AmazonEKSWorkerNodePolicy",
          "schema_version": 0,
          "attributes": {
            "id": "loadtest-eks-node-group-20260108165533650800000001-20260108165534581800000012",
            "policy_arn": "arn:aws:iam::aws:policy/AmazonEKSWorkerNodePolicy",
            "role": "loadtest-eks-node-group-20260108165533650800000001"
          },
          "sensitive_attributes": [],
          "identity_schema_version": 0,
          "private": "bnVsbA==",
          "dependencies": [
            "module.eks.module.eks_managed_node_group.aws_iam_role.this",
            "module.eks.module.eks_managed_node_group.data.aws_caller_identity.current",
            "module.eks.module.eks_managed_node_group.data.aws_iam_policy_document.assume_role_policy",
            "module.eks.module.eks_managed_node_group.data.aws_partition.current"
          ],
          "create_before_destroy": true
        },
        {
          "index_key": "AmazonEKS_CNI_Policy",
          "schema_version": 0,
          "attributes": {
            "id": "loadtest-eks-node-group-20260108165533650800000001-20260108165534639300000015",
            "policy_arn": "arn:aws:iam::aws:policy/AmazonEKS_CNI_Policy",
            "role": "loadtest-eks-node-group-20260108165533650800000001"
          },
          "sensitive_attributes": [],
          "identity_schema_version": 0,
          "private": "bnVsbA==",
          "dependencies": [
            "module.eks.module.eks_managed_node_group.aws_iam_role.this",
            "module.eks.module.eks_managed_node_group.data.aws_caller_identity.current",
            "module.eks.module.eks_managed_node_group.data.aws_iam_policy_document.assume_role_policy",
            "module.eks.module.eks_managed_node_group.data.aws_partition.current"
          ],
          "create_before_destroy": true
        }
      ]
    },
    {
      "module": "module.eks.module.eks_managed_node_group[\"loadtest\"]",
      "mode": "managed",
      "type": "aws_launch_template",
      "name": "this",
      "provider": "provider[\"registry.terraform.io/hashicorp/aws\"]",
      "instances": [
        {
          "index_key": 0,
          "schema_version": 0,
          "attributes": {
            "arn": "arn:aws:ec2:us-east-1:007924758087:launch-template/lt-029e1eb43e795ca11",
            "block_device_mappings": [],
            "capacity_reservation_specification": [],
            "cpu_options": [],
            "credit_specification": [],
            "default_version": 1,
            "description": "Custom launch template for loadtest EKS managed node group",
            "disable_api_stop": false,
            "disable_api_termination": false,
            "ebs_optimized": "",
            "elastic_gpu_specifications": [],
            "elastic_inference_accelerator": [],
            "enclave_options": [],
            "hibernation_options": [],
            "iam_instance_profile": [],
            "id": "lt-029e1eb43e795ca11",
            "image_id": "",
            "instance_initiated_shutdown_behavior": "",
            "instance_market_options": [],
            "instance_requirements": [],
            "instance_type": "",
            "kernel_id": "",
            "key_name": "",
            "latest_version": 1,
            "license_specification": [],
            "maintenance_options": [],
            "metadata_options": [
              {
                "http_endpoint": "enabled",
                "http_protocol_ipv6": "",
                "http_put_response_hop_limit": 2,
                "http_tokens": "required",
                "instance_metadata_tags": ""
              }
            ],
            "monitoring": [
              {
                "enabled": true
              }
            ],
            "name": "loadtest-20260108170639955800000021",
            "name_prefix": "loadtest-",
            "network_interfaces": [],
            "placement": [],
            "private_dns_name_options": [],
            "ram_disk_id": "",
            "security_group_names": [],
            "tag_specifications": [
              {
                "resource_type": "instance",
                "tags": {
                  "Name": "loadtest"
                }
              },
              {
                "resource_type": "network-interface",
                "tags": {
                  "Name": "loadtest"
                }
              },
              {
                "resource_type": "volume",
                "tags": {
                  "Name": "loadtest"
                }
              }
            ],
            "tags": {},
            "tags_all": {},
            "update_default_version": true,
            "user_data": "",
            "vpc_security_group_ids": [
              "sg-0a836705c6f53cfdc"
            ]
          },
          "sensitive_attributes": [],
          "identity_schema_version": 0,
          "private": "bnVsbA==",
          "dependencies": [
            "module.eks.aws_cloudwatch_log_group.this",
            "module.eks.aws_eks_cluster.this",
            "module.eks.aws_iam_policy.cni_ipv6_policy",
            "module.eks.aws_iam_role.eks_auto",
            "module.eks.aws_iam_role.this",
            "module.eks.aws_iam_role_policy_attachment.this",
            "module.eks.aws_security_group.cluster",
            "module.eks.aws_security_group.node",
            "module.eks.aws_security_group_rule.cluster",
            "module.eks.aws_security_group_rule.node",
            "module.eks.data.aws_caller_identity.current",
            "module.eks.data.aws_iam_policy_document.assume_role_policy",
            "module.eks.data.aws_iam_policy_document.cni_ipv6_policy",
            "module.eks.data.aws_iam_policy_document.node_assume_role_policy",
            "module.eks.data.aws_iam_session_context.current",
            "module.eks.data.aws_partition.current",
            "module.eks.module.eks_managed_node_group.aws_iam_role.this",
            "module.eks.module.eks_managed_node_group.aws_iam_role_policy_attachment.additional",
            "module.eks.module.eks_managed_node_group.aws_iam_role_policy_attachment.this",
            "module.eks.module.eks_managed_node_group.aws_placement_group.this",
            "module.eks.module.eks_managed_node_group.data.aws_caller_identity.current",
            "module.eks.module.eks_managed_node_group.data.aws_ec2_instance_type.this",
            "module.eks.module.eks_managed_node_group.data.aws_iam_policy_document.assume_role_policy",
            "module.eks.module.eks_managed_node_group.data.aws_partition.current",
            "module.eks.module.eks_managed_node_group.module.user_data.data.cloudinit_config.al2023_eks_managed_node_group",
            "module.eks.module.eks_managed_node_group.module.user_data.data.cloudinit_config.linux_eks_managed_node_group",
            "module.eks.module.kms.aws_kms_external_key.this",
            "module.eks.module.kms.aws_kms_key.this",
            "module.eks.module.kms.aws_kms_replica_external_key.this",
            "module.eks.module.kms.aws_kms_replica_key.this",
            "module.eks.module.kms.data.aws_caller_identity.current",
            "module.eks.module.kms.data.aws_iam_policy_document.this",
            "module.eks.module.kms.data.aws_partition.current",
            "module.eks.time_sleep.this",
            "module.vpc_east.aws_subnet.public",
            "module.vpc_east.aws_vpc.this",
            "module.vpc_east.aws_vpc_ipv4_cidr_block_association.this"
          ],
          "create_before_destroy": true
        }
      ]
    },
    {
      "module": "module.eks.module.eks_managed_node_group[\"loadtest\"].module.user_data",
      "mode": "managed",
      "type": "null_resource",
      "name": "validate_cluster_service_cidr",
      "provider": "provider[\"registry.terraform.io/hashicorp/null\"]",
      "instances": [
        {
          "schema_version": 0,
          "attributes": {
            "id": "6084108990168029933",
            "triggers": null
          },
          "sensitive_attributes": [],
          "identity_schema_version": 0,
          "dependencies": [
            "module.eks.aws_cloudwatch_log_group.this",
            "module.eks.aws_eks_cluster.this",
            "module.eks.aws_iam_policy.cni_ipv6_policy",
            "module.eks.aws_iam_role.eks_auto",
            "module.eks.aws_iam_role.this",
            "module.eks.aws_iam_role_policy_attachment.this",
            "module.eks.aws_security_group.cluster",
            "module.eks.aws_security_group.node",
            "module.eks.aws_security_group_rule.cluster",
            "module.eks.aws_security_group_rule.node",
            "module.eks.data.aws_caller_identity.current",
            "module.eks.data.aws_iam_policy_document.assume_role_policy",
            "module.eks.data.aws_iam_policy_document.cni_ipv6_policy",
            "module.eks.data.aws_iam_policy_document.node_assume_role_policy",
            "module.eks.data.aws_iam_session_context.current",
            "module.eks.data.aws_partition.current",
            "module.eks.module.kms.aws_kms_external_key.this",
            "module.eks.module.kms.aws_kms_key.this",
            "module.eks.module.kms.aws_kms_replica_external_key.this",
            "module.eks.module.kms.aws_kms_replica_key.this",
            "module.eks.module.kms.data.aws_caller_identity.current",
            "module.eks.module.kms.data.aws_iam_policy_document.this",
            "module.eks.module.kms.data.aws_partition.current",
            "module.eks.time_sleep.this",
            "module.vpc_east.aws_subnet.public",
            "module.vpc_east.aws_vpc.this",
            "module.vpc_east.aws_vpc_ipv4_cidr_block_association.this"
          ]
        }
      ]
    },
    {
      "module": "module.eks_west",
      "mode": "data",
      "type": "aws_caller_identity",
      "name": "current",
      "provider": "provider[\"registry.terraform.io/hashicorp/aws\"].west",
      "instances": [
        {
          "index_key": 0,
          "schema_version": 0,
          "attributes": {
            "account_id": "007924758087",
            "arn": "arn:aws:iam::007924758087:user/nelzir",
            "id": "007924758087",
            "user_id": "AIDAQDWC2GZDW7ZUFN3VJ"
          },
          "sensitive_attributes": [],
          "identity_schema_version": 0
        }
      ]
    },
    {
      "module": "module.eks_west",
      "mode": "data",
      "type": "aws_iam_policy_document",
      "name": "assume_role_policy",
      "provider": "provider[\"registry.terraform.io/hashicorp/aws\"].west",
      "instances": [
        {
          "index_key": 0,
          "schema_version": 0,
          "attributes": {
            "id": "2830595799",
            "json": "{\n  \"Version\": \"2012-10-17\",\n  \"Statement\": [\n    {\n      \"Sid\": \"EKSClusterAssumeRole\",\n      \"Effect\": \"Allow\",\n      \"Action\": [\n        \"sts:TagSession\",\n        \"sts:AssumeRole\"\n      ],\n      \"Principal\": {\n        \"Service\": \"eks.amazonaws.com\"\n      }\n    }\n  ]\n}",
            "minified_json": "{\"Version\":\"2012-10-17\",\"Statement\":[{\"Sid\":\"EKSClusterAssumeRole\",\"Effect\":\"Allow\",\"Action\":[\"sts:TagSession\",\"sts:AssumeRole\"],\"Principal\":{\"Service\":\"eks.amazonaws.com\"}}]}",
            "override_json": null,
            "override_policy_documents": null,
            "policy_id": null,
            "source_json": null,
            "source_policy_documents": null,
            "statement": [
              {
                "actions": [
                  "sts:AssumeRole",
                  "sts:TagSession"
                ],
                "condition": [],
                "effect": "Allow",
                "not_actions": [],
                "not_principals": [],
                "not_resources": [],
                "principals": [
                  {
                    "identifiers": [
                      "eks.amazonaws.com"
                    ],
                    "type": "Service"
                  }
                ],
                "resources": [],
                "sid": "EKSClusterAssumeRole"
              }
            ],
            "version": "2012-10-17"
          },
          "sensitive_attributes": [],
          "identity_schema_version": 0
        }
      ]
    },
    {
      "module": "module.eks_west",
      "mode": "data",
      "type": "aws_iam_policy_document",
      "name": "custom",
      "provider": "provider[\"registry.terraform.io/hashicorp/aws\"].west",
      "instances": [
        {
          "index_key": 0,
          "schema_version": 0,
          "attributes": {
            "id": "513122117",
            "json": "{\n  \"Version\": \"2012-10-17\",\n  \"Statement\": [\n    {\n      \"Sid\": \"Compute\",\n      \"Effect\": \"Allow\",\n      \"Action\": [\n        \"ec2:RunInstances\",\n        \"ec2:CreateLaunchTemplate\",\n        \"ec2:CreateFleet\"\n      ],\n      \"Resource\": \"*\",\n      \"Condition\": {\n        \"StringEquals\": {\n          \"aws:RequestTag/eks:eks-cluster-name\": \"${aws:PrincipalTag/eks:eks-cluster-name}\"\n        },\n        \"StringLike\": {\n          \"aws:RequestTag/eks:kubernetes-node-class-name\": \"*\",\n          \"aws:RequestTag/eks:kubernetes-node-pool-name\": \"*\"\n        }\n      }\n    },\n    {\n      \"Sid\": \"Storage\",\n      \"Effect\": \"Allow\",\n      \"Action\": [\n        \"ec2:CreateVolume\",\n        \"ec2:CreateSnapshot\"\n      ],\n      \"Resource\": [\n        \"arn:aws:ec2:*:*:volume/*\",\n        \"arn:aws:ec2:*:*:snapshot/*\"\n      ],\n      \"Condition\": {\n        \"StringEquals\": {\n          \"aws:RequestTag/eks:eks-cluster-name\": \"${aws:PrincipalTag/eks:eks-cluster-name}\"\n        }\n      }\n    },\n    {\n      \"Sid\": \"Networking\",\n      \"Effect\": \"Allow\",\n      \"Action\": \"ec2:CreateNetworkInterface\",\n      \"Resource\": \"*\",\n      \"Condition\": {\n        \"StringEquals\": {\n          \"aws:RequestTag/eks:eks-cluster-name\": \"${aws:PrincipalTag/eks:eks-cluster-name}\",\n          \"aws:RequestTag/eks:kubernetes-cni-node-name\": \"*\"\n        }\n      }\n    },\n    {\n      \"Sid\": \"LoadBalancer\",\n      \"Effect\": \"Allow\",\n      \"Action\": [\n        \"elasticloadbalancing:CreateTargetGroup\",\n        \"elasticloadbalancing:CreateRule\",\n        \"elasticloadbalancing:CreateLoadBalancer\",\n        \"elasticloadbalancing:CreateListener\",\n        \"ec2:CreateSecurityGroup\"\n      ],\n      \"Resource\": \"*\",\n      \"Condition\": {\n        \"StringEquals\": {\n          \"aws:RequestTag/eks:eks-cluster-name\": \"${aws:PrincipalTag/eks:eks-cluster-name}\"\n        }\n      }\n    },\n    {\n      \"Sid\": \"ShieldProtection\",\n      \"Effect\": \"Allow\",\n      \"Action\": \"shield:CreateProtection\",\n      \"Resource\": \"*\",\n      \"Condition\": {\n        \"StringEquals\": {\n          \"aws:RequestTag/eks:eks-cluster-name\": \"${aws:PrincipalTag/eks:eks-cluster-name}\"\n        }\n      }\n    },\n    {\n      \"Sid\": \"ShieldTagResource\",\n      \"Effect\": \"Allow\",\n      \"Action\": \"shield:TagResource\",\n      \"Resource\": \"arn:aws:shield::*:protection/*\",\n      \"Condition\": {\n        \"StringEquals\": {\n          \"aws:RequestTag/eks:eks-cluster-name\": \"${aws:PrincipalTag/eks:eks-cluster-name}\"\n        }\n      }\n    }\n  ]\n}",
            "minified_json": "{\"Version\":\"2012-10-17\",\"Statement\":[{\"Sid\":\"Compute\",\"Effect\":\"Allow\",\"Action\":[\"ec2:RunInstances\",\"ec2:CreateLaunchTemplate\",\"ec2:CreateFleet\"],\"Resource\":\"*\",\"Condition\":{\"StringEquals\":{\"aws:RequestTag/eks:eks-cluster-name\":\"${aws:PrincipalTag/eks:eks-cluster-name}\"},\"StringLike\":{\"aws:RequestTag/eks:kubernetes-node-class-name\":\"*\",\"aws:RequestTag/eks:kubernetes-node-pool-name\":\"*\"}}},{\"Sid\":\"Storage\",\"Effect\":\"Allow\",\"Action\":[\"ec2:CreateVolume\",\"ec2:CreateSnapshot\"],\"Resource\":[\"arn:aws:ec2:*:*:volume/*\",\"arn:aws:ec2:*:*:snapshot/*\"],\"Condition\":{\"StringEquals\":{\"aws:RequestTag/eks:eks-cluster-name\":\"${aws:PrincipalTag/eks:eks-cluster-name}\"}}},{\"Sid\":\"Networking\",\"Effect\":\"Allow\",\"Action\":\"ec2:CreateNetworkInterface\",\"Resource\":\"*\",\"Condition\":{\"StringEquals\":{\"aws:RequestTag/eks:eks-cluster-name\":\"${aws:PrincipalTag/eks:eks-cluster-name}\",\"aws:RequestTag/eks:kubernetes-cni-node-name\":\"*\"}}},{\"Sid\":\"LoadBalancer\",\"Effect\":\"Allow\",\"Action\":[\"elasticloadbalancing:CreateTargetGroup\",\"elasticloadbalancing:CreateRule\",\"elasticloadbalancing:CreateLoadBalancer\",\"elasticloadbalancing:CreateListener\",\"ec2:CreateSecurityGroup\"],\"Resource\":\"*\",\"Condition\":{\"StringEquals\":{\"aws:RequestTag/eks:eks-cluster-name\":\"${aws:PrincipalTag/eks:eks-cluster-name}\"}}},{\"Sid\":\"ShieldProtection\",\"Effect\":\"Allow\",\"Action\":\"shield:CreateProtection\",\"Resource\":\"*\",\"Condition\":{\"StringEquals\":{\"aws:RequestTag/eks:eks-cluster-name\":\"${aws:PrincipalTag/eks:eks-cluster-name}\"}}},{\"Sid\":\"ShieldTagResource\",\"Effect\":\"Allow\",\"Action\":\"shield:TagResource\",\"Resource\":\"arn:aws:shield::*:protection/*\",\"Condition\":{\"StringEquals\":{\"aws:RequestTag/eks:eks-cluster-name\":\"${aws:PrincipalTag/eks:eks-cluster-name}\"}}}]}",
            "override_json": null,
            "override_policy_documents": null,
            "policy_id": null,
            "source_json": null,
            "source_policy_documents": null,
            "statement": [
              {
                "actions": [
                  "ec2:CreateFleet",
                  "ec2:CreateLaunchTemplate",
                  "ec2:RunInstances"
                ],
                "condition": [
                  {
                    "test": "StringEquals",
                    "values": [
                      "${aws:PrincipalTag/eks:eks-cluster-name}"
                    ],
                    "variable": "aws:RequestTag/eks:eks-cluster-name"
                  },
                  {
                    "test": "StringLike",
                    "values": [
                      "*"
                    ],
                    "variable": "aws:RequestTag/eks:kubernetes-node-class-name"
                  },
                  {
                    "test": "StringLike",
                    "values": [
                      "*"
                    ],
                    "variable": "aws:RequestTag/eks:kubernetes-node-pool-name"
                  }
                ],
                "effect": "Allow",
                "not_actions": [],
                "not_principals": [],
                "not_resources": [],
                "principals": [],
                "resources": [
                  "*"
                ],
                "sid": "Compute"
              },
              {
                "actions": [
                  "ec2:CreateSnapshot",
                  "ec2:CreateVolume"
                ],
                "condition": [
                  {
                    "test": "StringEquals",
                    "values": [
                      "${aws:PrincipalTag/eks:eks-cluster-name}"
                    ],
                    "variable": "aws:RequestTag/eks:eks-cluster-name"
                  }
                ],
                "effect": "Allow",
                "not_actions": [],
                "not_principals": [],
                "not_resources": [],
                "principals": [],
                "resources": [
                  "arn:aws:ec2:*:*:snapshot/*",
                  "arn:aws:ec2:*:*:volume/*"
                ],
                "sid": "Storage"
              },
              {
                "actions": [
                  "ec2:CreateNetworkInterface"
                ],
                "condition": [
                  {
                    "test": "StringEquals",
                    "values": [
                      "${aws:PrincipalTag/eks:eks-cluster-name}"
                    ],
                    "variable": "aws:RequestTag/eks:eks-cluster-name"
                  },
                  {
                    "test": "StringEquals",
                    "values": [
                      "*"
                    ],
                    "variable": "aws:RequestTag/eks:kubernetes-cni-node-name"
                  }
                ],
                "effect": "Allow",
                "not_actions": [],
                "not_principals": [],
                "not_resources": [],
                "principals": [],
                "resources": [
                  "*"
                ],
                "sid": "Networking"
              },
              {
                "actions": [
                  "ec2:CreateSecurityGroup",
                  "elasticloadbalancing:CreateListener",
                  "elasticloadbalancing:CreateLoadBalancer",
                  "elasticloadbalancing:CreateRule",
                  "elasticloadbalancing:CreateTargetGroup"
                ],
                "condition": [
                  {
                    "test": "StringEquals",
                    "values": [
                      "${aws:PrincipalTag/eks:eks-cluster-name}"
                    ],
                    "variable": "aws:RequestTag/eks:eks-cluster-name"
                  }
                ],
                "effect": "Allow",
                "not_actions": [],
                "not_principals": [],
                "not_resources": [],
                "principals": [],
                "resources": [
                  "*"
                ],
                "sid": "LoadBalancer"
              },
              {
                "actions": [
                  "shield:CreateProtection"
                ],
                "condition": [
                  {
                    "test": "StringEquals",
                    "values": [
                      "${aws:PrincipalTag/eks:eks-cluster-name}"
                    ],
                    "variable": "aws:RequestTag/eks:eks-cluster-name"
                  }
                ],
                "effect": "Allow",
                "not_actions": [],
                "not_principals": [],
                "not_resources": [],
                "principals": [],
                "resources": [
                  "*"
                ],
                "sid": "ShieldProtection"
              },
              {
                "actions": [
                  "shield:TagResource"
                ],
                "condition": [
                  {
                    "test": "StringEquals",
                    "values": [
                      "${aws:PrincipalTag/eks:eks-cluster-name}"
                    ],
                    "variable": "aws:RequestTag/eks:eks-cluster-name"
                  }
                ],
                "effect": "Allow",
                "not_actions": [],
                "not_principals": [],
                "not_resources": [],
                "principals": [],
                "resources": [
                  "arn:aws:shield::*:protection/*"
                ],
                "sid": "ShieldTagResource"
              }
            ],
            "version": "2012-10-17"
          },
          "sensitive_attributes": [],
          "identity_schema_version": 0
        }
      ]
    },
    {
      "module": "module.eks_west",
      "mode": "data",
      "type": "aws_iam_session_context",
      "name": "current",
      "provider": "provider[\"registry.terraform.io/hashicorp/aws\"].west",
      "instances": [
        {
          "index_key": 0,
          "schema_version": 0,
          "attributes": {
            "arn": "arn:aws:iam::007924758087:user/nelzir",
            "id": "arn:aws:iam::007924758087:user/nelzir",
            "issuer_arn": "arn:aws:iam::007924758087:user/nelzir",
            "issuer_id": "",
            "issuer_name": "",
            "session_name": ""
          },
          "sensitive_attributes": [],
          "identity_schema_version": 0
        }
      ]
    },
    {
      "module": "module.eks_west",
      "mode": "data",
      "type": "aws_partition",
      "name": "current",
      "provider": "provider[\"registry.terraform.io/hashicorp/aws\"].west",
      "instances": [
        {
          "index_key": 0,
          "schema_version": 0,
          "attributes": {
            "dns_suffix": "amazonaws.com",
            "id": "aws",
            "partition": "aws",
            "reverse_dns_prefix": "com.amazonaws"
          },
          "sensitive_attributes": [],
          "identity_schema_version": 0
        }
      ]
    },
    {
      "module": "module.eks_west",
      "mode": "data",
      "type": "tls_certificate",
      "name": "this",
      "provider": "provider[\"registry.terraform.io/hashicorp/tls\"]",
      "instances": [
        {
          "index_key": 0,
          "schema_version": 0,
          "attributes": {
            "certificates": [
              {
                "cert_pem": "-----BEGIN CERTIFICATE-----\nMIIEkjCCA3qgAwIBAgITBn+USionzfP6wq4rAfkI7rnExjANBgkqhkiG9w0BAQsF\nADCBmDELMAkGA1UEBhMCVVMxEDAOBgNVBAgTB0FyaXpvbmExEzARBgNVBAcTClNj\nb3R0c2RhbGUxJTAjBgNVBAoTHFN0YXJmaWVsZCBUZWNobm9sb2dpZXMsIEluYy4x\nOzA5BgNVBAMTMlN0YXJmaWVsZCBTZXJ2aWNlcyBSb290IENlcnRpZmljYXRlIEF1\ndGhvcml0eSAtIEcyMB4XDTE1MDUyNTEyMDAwMFoXDTM3MTIzMTAxMDAwMFowOTEL\nMAkGA1UEBhMCVVMxDzANBgNVBAoTBkFtYXpvbjEZMBcGA1UEAxMQQW1hem9uIFJv\nb3QgQ0EgMTCCASIwDQYJKoZIhvcNAQEBBQADggEPADCCAQoCggEBALJ4gHHKeNXj\nca9HgFB0fW7Y14h29Jlo91ghYPl0hAEvrAIthtOgQ3pOsqTQNroBvo3bSMgHFzZM\n9O6II8c+6zf1tRn4SWiw3te5djgdYZ6k/oI2peVKVuRF4fn9tBb6dNqcmzU5L/qw\nIFAGbHrQgLKm+a/sRxmPUDgH3KKHOVj4utWp+UhnMJbulHheb4mjUcAwhmahRWa6\nVOujw5H5SNz/0egwLX0tdHA114gk957EWW67c4cX8jJGKLhD+rcdqsq08p8kDi1L\n93FcXmn/6pUCyziKrlA4b9v7LWIbxcceVOF34GfID5yHI9Y/QCB/IIDEgEw+OyQm\njgSubJrIqg0CAwEAAaOCATEwggEtMA8GA1UdEwEB/wQFMAMBAf8wDgYDVR0PAQH/\nBAQDAgGGMB0GA1UdDgQWBBSEGMyFNOy8DJSULghZnMeyEE4KCDAfBgNVHSMEGDAW\ngBScXwDfqgHXMCs4iKK4bUqc8hGRgzB4BggrBgEFBQcBAQRsMGowLgYIKwYBBQUH\nMAGGImh0dHA6Ly9vY3NwLnJvb3RnMi5hbWF6b250cnVzdC5jb20wOAYIKwYBBQUH\nMAKGLGh0dHA6Ly9jcnQucm9vdGcyLmFtYXpvbnRydXN0LmNvbS9yb290ZzIuY2Vy\nMD0GA1UdHwQ2MDQwMqAwoC6GLGh0dHA6Ly9jcmwucm9vdGcyLmFtYXpvbnRydXN0\nLmNvbS9yb290ZzIuY3JsMBEGA1UdIAQKMAgwBgYEVR0gADANBgkqhkiG9w0BAQsF\nAAOCAQEAYjdCXLwQtT6LLOkMm2xF4gcAevnFWAu5CIw+7bMlPLVvUOTNNWqnkzSW\nMiGpSESrnO09tKpzbeR/FoCJbM8oAxiDR3mjEH4wW6w7sGDgd9QIpuEdfF7Au/ma\neyKdpwAJfqxGF4PcnCZXmTA5YpaP7dreqsXMGz7KQ2hsVxa81Q4gLv7/wmpdLqBK\nbRRYh5TmOTFffHPLkIhqhBGWJ6bt2YFGpn6jcgAKUj6DiAdjd4lpFw85hdKrCEVN\n0FE6/V1dN2RMfjCyVSRCnTawXZwXgWHxyvkQAiSr6w10kY17RSlQOYiypok1JR4U\nakcjMS9cmvqtmg5iUaQqqcT5NJ0hGA==\n-----END CERTIFICATE-----\n",
                "is_ca": true,
                "issuer": "CN=Starfield Services Root Certificate Authority - G2,O=Starfield Technologies\\, Inc.,L=Scottsdale,ST=Arizona,C=US",
                "not_after": "2037-12-31T01:00:00Z",
                "not_before": "2015-05-25T12:00:00Z",
                "public_key_algorithm": "RSA",
                "serial_number": "144918191876577076464031512351042010504348870",
                "sha1_fingerprint": "06b25927c42a721631c1efd9431e648fa62e1e39",
                "signature_algorithm": "SHA256-RSA",
                "subject": "CN=Amazon Root CA 1,O=Amazon,C=US",
                "version": 3
              },
              {
                "cert_pem": "-----BEGIN CERTIFICATE-----\nMIIEXjCCA0agAwIBAgITB3MSTyqVLj7Rili9uF0bwM5fJzANBgkqhkiG9w0BAQsF\nADA5MQswCQYDVQQGEwJVUzEPMA0GA1UEChMGQW1hem9uMRkwFwYDVQQDExBBbWF6\nb24gUm9vdCBDQSAxMB4XDTIyMDgyMzIyMjYzNVoXDTMwMDgyMzIyMjYzNVowPDEL\nMAkGA1UEBhMCVVMxDzANBgNVBAoTBkFtYXpvbjEcMBoGA1UEAxMTQW1hem9uIFJT\nQSAyMDQ4IE0wNDCCASIwDQYJKoZIhvcNAQEBBQADggEPADCCAQoCggEBAM3pVR6A\nlQOp4xe776FdePXyejgA38mYx1ou9/jrpV6Sfn+/oqBKgwhY6ePsQHHQayWBJdBn\nv4Wz363qRI4XUh9swBFJ11TnZ3LqOMvHmWq2+loA0QPtOfXdJ2fHBLrBrngtJ/GB\n0p5olAVYrSZgvQGP16Rf8ddtNyxEEhYm3HuhmNi+vSeAq1tLYJPAvRCXonTpWdSD\nxY6hvdmxlqTYi82AtBXSfpGQ58HHM0hw0C6aQakghrwWi5fGslLOqzpimNMIsT7c\nqa0GJx6JfKqJqmQQNplO2h8n9ZsFJgBowof01ppdoLAWg6caMOM0om/VILKaa30F\n9W/r8Qjah7ltGVkCAwEAAaOCAVowggFWMBIGA1UdEwEB/wQIMAYBAf8CAQAwDgYD\nVR0PAQH/BAQDAgGGMB0GA1UdJQQWMBQGCCsGAQUFBwMBBggrBgEFBQcDAjAdBgNV\nHQ4EFgQUH1KSYVaCVH+BZtgdPQqqMlyH3QgwHwYDVR0jBBgwFoAUhBjMhTTsvAyU\nlC4IWZzHshBOCggwewYIKwYBBQUHAQEEbzBtMC8GCCsGAQUFBzABhiNodHRwOi8v\nb2NzcC5yb290Y2ExLmFtYXpvbnRydXN0LmNvbTA6BggrBgEFBQcwAoYuaHR0cDov\nL2NydC5yb290Y2ExLmFtYXpvbnRydXN0LmNvbS9yb290Y2ExLmNlcjA/BgNVHR8E\nODA2MDSgMqAwhi5odHRwOi8vY3JsLnJvb3RjYTEuYW1hem9udHJ1c3QuY29tL3Jv\nb3RjYTEuY3JsMBMGA1UdIAQMMAowCAYGZ4EMAQIBMA0GCSqGSIb3DQEBCwUAA4IB\nAQA+1O5UsAaNuW3lHzJtpNGwBnZd9QEYFtxpiAnIaV4qApnGS9OCw5ZPwie7YSlD\nZF5yyFPsFhUC2Q9uJHY/CRV1b5hIiGH0+6+w5PgKiY1MWuWT8VAaJjFxvuhM7a/e\nfN2TIw1Wd6WCl6YRisunjQOrSP+unqC8A540JNyZ1JOE3jVqat3OZBGgMvihdj2w\nY23EpwesrKiQzkHzmvSH67PVW4ycbPy08HVZnBxZ5NrlGG9bwXR3fNTaz+c+Ej6c\n5AnwI3qkOFgSkg3Y75cdFz6pO/olK+e3AqygAcv0WjzmkDPuBjssuZjCHMC56oH3\nGJkV29Di2j5prHJbwZjG1inU\n-----END CERTIFICATE-----\n",
                "is_ca": true,
                "issuer": "CN=Amazon Root CA 1,O=Amazon,C=US",
                "not_after": "2030-08-23T22:26:35Z",
                "not_before": "2022-08-23T22:26:35Z",
                "public_key_algorithm": "RSA",
                "serial_number": "166129359584585245282080020727744908546170663",
                "sha1_fingerprint": "e7b8b5a6743ce1b2f17b041de59558a41472d70c",
                "signature_algorithm": "SHA256-RSA",
                "subject": "CN=Amazon RSA 2048 M04,O=Amazon,C=US",
                "version": 3
              },
              {
                "cert_pem": "-----BEGIN CERTIFICATE-----\nMIIF3DCCBMSgAwIBAgIQBc7CF9iuy6gtYuKiVAdAEzANBgkqhkiG9w0BAQsFADA8\nMQswCQYDVQQGEwJVUzEPMA0GA1UEChMGQW1hem9uMRwwGgYDVQQDExNBbWF6b24g\nUlNBIDIwNDggTTA0MB4XDTI1MTAwNjAwMDAwMFoXDTI2MDQwMTIzNTk1OVowKDEm\nMCQGA1UEAwwdKi5la3MudXMtd2VzdC0yLmFtYXpvbmF3cy5jb20wggEiMA0GCSqG\nSIb3DQEBAQUAA4IBDwAwggEKAoIBAQDlK6G/5ndk62q9E+foI6DHkwhiDAS0Ehx+\nWV4YTV0m96EXn4Fnr1/Ieh7yVay/xz/9hJQsYgbjkRav21TAxVREWqTpBpOHDEXq\n89NiY3IQF4b9TFflOrcwLgDd0JtX3EIKEyUy/3+QCLP5iu/0LuwYJUMHmkwq1QIa\n1kOZkXDM5UO7Yq/ZotJjR5ROhGzcD6uEJut6Hx5HU50f8vtJY9aPOz/G01LZweqO\nMbeQVk/pqLeySO+gEwM1FxyF0H6mQP3FdHdIW/GowLAdkHdwtt9rUKScMKiwssmw\niV+c/P8n4JPaCfqZvLQIc5T/6tyRpdDF9wfJome+llvk0/FytdebAgMBAAGjggLs\nMIIC6DAfBgNVHSMEGDAWgBQfUpJhVoJUf4Fm2B09CqoyXIfdCDAdBgNVHQ4EFgQU\nwxRbt1dG0s5GUgAX/IxxbNxtt1kwKAYDVR0RBCEwH4IdKi5la3MudXMtd2VzdC0y\nLmFtYXpvbmF3cy5jb20wEwYDVR0gBAwwCjAIBgZngQwBAgEwDgYDVR0PAQH/BAQD\nAgWgMBMGA1UdJQQMMAoGCCsGAQUFBwMBMDsGA1UdHwQ0MDIwMKAuoCyGKmh0dHA6\nLy9jcmwucjJtMDQuYW1hem9udHJ1c3QuY29tL3IybTA0LmNybDB1BggrBgEFBQcB\nAQRpMGcwLQYIKwYBBQUHMAGGIWh0dHA6Ly9vY3NwLnIybTA0LmFtYXpvbnRydXN0\nLmNvbTA2BggrBgEFBQcwAoYqaHR0cDovL2NydC5yMm0wNC5hbWF6b250cnVzdC5j\nb20vcjJtMDQuY2VyMAwGA1UdEwEB/wQCMAAwggF+BgorBgEEAdZ5AgQCBIIBbgSC\nAWoBaAB2AJaXZL9VWJet90OHaDcIQnfp8DrV9qTzNm5GpD8PyqnGAAABmbtRaMoA\nAAQDAEcwRQIgYEhzfjdJQESIk6AcV5B3XSKHHCJsBjIon2XUDGibBEQCIQC2yM/1\n9/skavOaJyRzIpW9qL/cQhAT0vzx5TapKnZ6tAB2AGQRxGykEuyniRyiAi4AvKtP\nKAfUHjUnq+r+1QPJfc3wAAABmbtRaK4AAAQDAEcwRQIgGpnUC0SP+dNdTQOnPIRd\nTGCG6sa5ZRJN/TxC+fu78fUCIQDk/vbI+V8GIRGnMv1jsjz4ylRepzdaauK4v6QI\nu0mgkQB2AEmcm2neHXzs/DbezYdkprhbrwqHgBnRVVL76esp3fjDAAABmbtRaL4A\nAAQDAEcwRQIgbPnttAnosLJLAhhcSxxvpkobLx0SFvqBGBqXAgjfe6sCIQCzcY7B\ncGYaxOFz7LvLgwcnPJX08WYBiBXeLNnNJ5BHSzANBgkqhkiG9w0BAQsFAAOCAQEA\nJavL/Vf+nKvpMKYY3WajL5lwzBeo1AtLXGrAJdalKha+Sdct1cxeurlf1FIG7bfZ\nz2hKRTaLA+qe4a7eTzO5AjtVWYXg2CG0wzqjiqpjYKIvZoTRcHsTlVLyXsc5SOSH\noS2WmFUZ6fjDXUlxenYJyTY7aJ4U7sw03SpSIwJKkkZcCNpe+DWpUYbDs8/Z6LIS\nA7MkChzztJB7lBnsy4rkhZimwEjEbbpfsxH33vF9XLapvljIsh1g9a8z+n4y7ggI\nAZVEDLwJTGlZRQFG+cHVhm0+f6T+LoS893SH32FjtHh2rMk4VecHJ30vWfK7TyTA\nD/kdsiUOD8NGk5pmxpy4Zw==\n-----END CERTIFICATE-----\n",
                "is_ca": false,
                "issuer": "CN=Amazon RSA 2048 M04,O=Amazon,C=US",
                "not_after": "2026-04-01T23:59:59Z",
                "not_before": "2025-10-06T00:00:00Z",
                "public_key_algorithm": "RSA",
                "serial_number": "7719689808553677064881260671862784019",
                "sha1_fingerprint": "27d17a27ca2cb41421dc3be46e4d25ee24cbabd1",
                "signature_algorithm": "SHA256-RSA",
                "subject": "CN=*.eks.us-west-2.amazonaws.com",
                "version": 3
              }
            ],
            "content": null,
            "id": "4687b9863b4f2caa907e2ad6c9ffcf73433dc367",
            "url": "https://oidc.eks.us-west-2.amazonaws.com/id/9260BEE832D3C58D4E80135B9BDD40C9",
            "verify_chain": true
          },
          "sensitive_attributes": [],
          "identity_schema_version": 0
        }
      ]
    },
    {
      "module": "module.eks_west",
      "mode": "managed",
      "type": "aws_eks_access_entry",
      "name": "this",
      "provider": "provider[\"registry.terraform.io/hashicorp/aws\"].west",
      "instances": [
        {
          "index_key": "cluster_creator",
          "schema_version": 0,
          "attributes": {
            "access_entry_arn": "arn:aws:eks:us-west-2:007924758087:access-entry/gg9-eks-west/user/007924758087/nelzir/c8cdcf49-4ffb-0cbc-646b-315936863593",
            "cluster_name": "gg9-eks-west",
            "created_at": "2026-01-08T17:06:08Z",
            "id": "gg9-eks-west:arn:aws:iam::007924758087:user/nelzir",
            "kubernetes_groups": [],
            "modified_at": "2026-01-08T17:06:08Z",
            "principal_arn": "arn:aws:iam::007924758087:user/nelzir",
            "tags": {},
            "tags_all": {},
            "timeouts": null,
            "type": "STANDARD",
            "user_name": "arn:aws:iam::007924758087:user/nelzir"
          },
          "sensitive_attributes": [],
          "identity_schema_version": 0,
          "private": "eyJlMmJmYjczMC1lY2FhLTExZTYtOGY4OC0zNDM2M2JjN2M0YzAiOnsiY3JlYXRlIjo2MDAwMDAwMDAwMDAsImRlbGV0ZSI6NjAwMDAwMDAwMDAwfX0=",
          "dependencies": [
            "module.eks_west.aws_cloudwatch_log_group.this",
            "module.eks_west.aws_eks_cluster.this",
            "module.eks_west.aws_iam_policy.cni_ipv6_policy",
            "module.eks_west.aws_iam_role.eks_auto",
            "module.eks_west.aws_iam_role.this",
            "module.eks_west.aws_iam_role_policy_attachment.this",
            "module.eks_west.aws_security_group.cluster",
            "module.eks_west.aws_security_group.node",
            "module.eks_west.aws_security_group_rule.cluster",
            "module.eks_west.aws_security_group_rule.node",
            "module.eks_west.data.aws_caller_identity.current",
            "module.eks_west.data.aws_iam_policy_document.assume_role_policy",
            "module.eks_west.data.aws_iam_policy_document.cni_ipv6_policy",
            "module.eks_west.data.aws_iam_policy_document.node_assume_role_policy",
            "module.eks_west.data.aws_iam_session_context.current",
            "module.eks_west.data.aws_partition.current",
            "module.eks_west.module.kms.aws_kms_external_key.this",
            "module.eks_west.module.kms.aws_kms_key.this",
            "module.eks_west.module.kms.aws_kms_replica_external_key.this",
            "module.eks_west.module.kms.aws_kms_replica_key.this",
            "module.eks_west.module.kms.data.aws_caller_identity.current",
            "module.eks_west.module.kms.data.aws_iam_policy_document.this",
            "module.eks_west.module.kms.data.aws_partition.current",
            "module.vpc_west.aws_subnet.public",
            "module.vpc_west.aws_vpc.this",
            "module.vpc_west.aws_vpc_ipv4_cidr_block_association.this"
          ]
        }
      ]
    },
    {
      "module": "module.eks_west",
      "mode": "managed",
      "type": "aws_eks_access_policy_association",
      "name": "this",
      "provider": "provider[\"registry.terraform.io/hashicorp/aws\"].west",
      "instances": [
        {
          "index_key": "cluster_creator_admin",
          "schema_version": 0,
          "attributes": {
            "access_scope": [
              {
                "namespaces": [],
                "type": "cluster"
              }
            ],
            "associated_at": "2026-01-08 17:06:08.828 +0000 UTC",
            "cluster_name": "gg9-eks-west",
            "id": "gg9-eks-west#arn:aws:iam::007924758087:user/nelzir#arn:aws:eks::aws:cluster-access-policy/AmazonEKSClusterAdminPolicy",
            "modified_at": "2026-01-08 17:06:08.828 +0000 UTC",
            "policy_arn": "arn:aws:eks::aws:cluster-access-policy/AmazonEKSClusterAdminPolicy",
            "principal_arn": "arn:aws:iam::007924758087:user/nelzir",
            "timeouts": null
          },
          "sensitive_attributes": [],
          "identity_schema_version": 0,
          "private": "eyJlMmJmYjczMC1lY2FhLTExZTYtOGY4OC0zNDM2M2JjN2M0YzAiOnsiY3JlYXRlIjo2MDAwMDAwMDAwMDAsImRlbGV0ZSI6NjAwMDAwMDAwMDAwfX0=",
          "dependencies": [
            "module.eks_west.aws_cloudwatch_log_group.this",
            "module.eks_west.aws_eks_access_entry.this",
            "module.eks_west.aws_eks_cluster.this",
            "module.eks_west.aws_iam_policy.cni_ipv6_policy",
            "module.eks_west.aws_iam_role.eks_auto",
            "module.eks_west.aws_iam_role.this",
            "module.eks_west.aws_iam_role_policy_attachment.this",
            "module.eks_west.aws_security_group.cluster",
            "module.eks_west.aws_security_group.node",
            "module.eks_west.aws_security_group_rule.cluster",
            "module.eks_west.aws_security_group_rule.node",
            "module.eks_west.data.aws_caller_identity.current",
            "module.eks_west.data.aws_iam_policy_document.assume_role_policy",
            "module.eks_west.data.aws_iam_policy_document.cni_ipv6_policy",
            "module.eks_west.data.aws_iam_policy_document.node_assume_role_policy",
            "module.eks_west.data.aws_iam_session_context.current",
            "module.eks_west.data.aws_partition.current",
            "module.eks_west.module.kms.aws_kms_external_key.this",
            "module.eks_west.module.kms.aws_kms_key.this",
            "module.eks_west.module.kms.aws_kms_replica_external_key.this",
            "module.eks_west.module.kms.aws_kms_replica_key.this",
            "module.eks_west.module.kms.data.aws_caller_identity.current",
            "module.eks_west.module.kms.data.aws_iam_policy_document.this",
            "module.eks_west.module.kms.data.aws_partition.current",
            "module.vpc_west.aws_subnet.public",
            "module.vpc_west.aws_vpc.this",
            "module.vpc_west.aws_vpc_ipv4_cidr_block_association.this"
          ]
        }
      ]
    },
    {
      "module": "module.eks_west",
      "mode": "managed",
      "type": "aws_eks_cluster",
      "name": "this",
      "provider": "provider[\"registry.terraform.io/hashicorp/aws\"].west",
      "instances": [
        {
          "index_key": 0,
          "schema_version": 1,
          "attributes": {
            "access_config": [
              {
                "authentication_mode": "API_AND_CONFIG_MAP",
                "bootstrap_cluster_creator_admin_permissions": false
              }
            ],
            "arn": "arn:aws:eks:us-west-2:007924758087:cluster/gg9-eks-west",
            "bootstrap_self_managed_addons": true,
            "certificate_authority": [
              {
                "data": "LS0tLS1CRUdJTiBDRVJUSUZJQ0FURS0tLS0tCk1JSURCVENDQWUyZ0F3SUJBZ0lJZk9xY1J3VE9heGt3RFFZSktvWklodmNOQVFFTEJRQXdGVEVUTUJFR0ExVUUKQXhNS2EzVmlaWEp1WlhSbGN6QWVGdzB5TmpBeE1EZ3hOalUzTURsYUZ3MHpOakF4TURZeE56QXlNRGxhTUJVeApFekFSQmdOVkJBTVRDbXQxWW1WeWJtVjBaWE13Z2dFaU1BMEdDU3FHU0liM0RRRUJBUVVBQTRJQkR3QXdnZ0VLCkFvSUJBUURoTUR2MS9mYTBVZ1k3TGxNanZRNUlYTEJDbWdDSURpMWZIMHRYbXc4YW82NUVkUnJRSnpTc3VUVmQKWDdKMDg2UXc5aEtINjdQMFc0ZEN6UitGdmwyeldGL0NBTjZQWFpmMitFS1lUSGtWM1U0dzlyazV4NnJkTUxSZgpnaFB0NHV4TlVNbXFiTnRvbjVJRFFKZWE5RmEweW1mZWJYUitFZE5tNGVtVE52aWdjODhLVlVUNHBhUGc5UXVjCjRnVVExc2R3N2ZPSC85Rno3cWJGU2dDWE9XcXRXSXNoVUFjU3J1ZllwREJOdHg5SDJFV2ZJbFo0djJBZ3ZZcnQKTGhld1VLQk9GS3piVE5oKzVoOGN0QmJwM1RSV0E1dEVqL2xuSS9iNkw3Z1JmME9nYmVTSkwrdlhzUS9iYlVTQgpaL2xOWTFCNHFYalRqN1FjL3FRWFo4b3YyeEJaQWdNQkFBR2pXVEJYTUE0R0ExVWREd0VCL3dRRUF3SUNwREFQCkJnTlZIUk1CQWY4RUJUQURBUUgvTUIwR0ExVWREZ1FXQkJTa3hPSFIzVlN4K0thd0xHSElNYWkxTHJwT0F6QVYKQmdOVkhSRUVEakFNZ2dwcmRXSmxjbTVsZEdWek1BMEdDU3FHU0liM0RRRUJDd1VBQTRJQkFRQ0RwMXA4RlJQZgpMZXFjYTVXSWFvYlRUOXpHZzRTZXVxL09BNmVsVjNFbE90REd1R0ZBYTFBSStha2tuS1FuaWU0b2UyNy81MmNnCjJYTHVsMUtMaC9ZTktZQ0IxeURoSnJkOXZzQjNtdGJBNmp4RlRGb0tqSEtKZWxoQ3BMckpoVXc4NWVXaGtuUXUKM0FtTExYaG0rRE53bGsvUldUZDA0N1c3RUlkSEtpaHBWWStvWXd2eVNsM2hXdHJ5V01lRjI4ZW9LL09tZ2UzVApQaW9HN0d2TVhDejBSOFR4Um01K05WUEYwVTRSZ2piSHlxRzVJcnhqTDROcW9KUW9CTHAxeDFyZ2JwMU5HL0lZCjBjaUd2bHlPNkwvcDBnakZFVlJYNkQ4QWZSSXFmdnZsYmF1VmJjVENHSFYvekEzRWlXcnBkY21wNDhmRWxCeS8KTE5OQkdvUnRJVnBPCi0tLS0tRU5EIENFUlRJRklDQVRFLS0tLS0K"
              }
            ],
            "cluster_id": null,
            "compute_config": [],
            "created_at": "2026-01-08T16:56:11Z",
            "enabled_cluster_log_types": [],
            "encryption_config": [],
            "endpoint": "https://9260BEE832D3C58D4E80135B9BDD40C9.gr7.us-west-2.eks.amazonaws.com",
            "force_update_version": null,
            "id": "gg9-eks-west",
            "identity": [
              {
                "oidc": [
                  {
                    "issuer": "https://oidc.eks.us-west-2.amazonaws.com/id/9260BEE832D3C58D4E80135B9BDD40C9"
                  }
                ]
              }
            ],
            "kubernetes_network_config": [
              {
                "elastic_load_balancing": [
                  {
                    "enabled": false
                  }
                ],
                "ip_family": "ipv4",
                "service_ipv4_cidr": "172.20.0.0/16",
                "service_ipv6_cidr": ""
              }
            ],
            "name": "gg9-eks-west",
            "outpost_config": [],
            "platform_version": "eks.55",
            "remote_network_config": [],
            "role_arn": "arn:aws:iam::007924758087:role/gg9-eks-west-cluster-20260108165533831500000001",
            "status": "ACTIVE",
            "storage_config": [],
            "tags": {
              "terraform-aws-modules": "eks"
            },
            "tags_all": {
              "terraform-aws-modules": "eks"
            },
            "timeouts": {
              "create": null,
              "delete": null,
              "update": null
            },
            "upgrade_policy": [
              {
                "support_type": "EXTENDED"
              }
            ],
            "version": "1.30",
            "vpc_config": [
              {
                "cluster_security_group_id": "sg-0decce889ccb7b1a3",
                "endpoint_private_access": true,
                "endpoint_public_access": true,
                "public_access_cidrs": [
                  "0.0.0.0/0"
                ],
                "security_group_ids": [
                  "sg-0d750e6709bfdb2df"
                ],
                "subnet_ids": [
                  "subnet-0280cd91f8a727656",
                  "subnet-0441efc80d512206f",
                  "subnet-09066e09b1eab15a7"
                ],
                "vpc_id": "vpc-0384a3cc2b1272533"
              }
            ],
            "zonal_shift_config": []
          },
          "sensitive_attributes": [],
          "identity_schema_version": 0,
          "private": "eyJlMmJmYjczMC1lY2FhLTExZTYtOGY4OC0zNDM2M2JjN2M0YzAiOnsiY3JlYXRlIjoxODAwMDAwMDAwMDAwLCJkZWxldGUiOjkwMDAwMDAwMDAwMCwidXBkYXRlIjozNjAwMDAwMDAwMDAwfSwic2NoZW1hX3ZlcnNpb24iOiIxIn0=",
          "dependencies": [
            "module.eks_west.aws_cloudwatch_log_group.this",
            "module.eks_west.aws_iam_policy.cni_ipv6_policy",
            "module.eks_west.aws_iam_role.eks_auto",
            "module.eks_west.aws_iam_role.this",
            "module.eks_west.aws_iam_role_policy_attachment.this",
            "module.eks_west.aws_security_group.cluster",
            "module.eks_west.aws_security_group.node",
            "module.eks_west.aws_security_group_rule.cluster",
            "module.eks_west.aws_security_group_rule.node",
            "module.eks_west.data.aws_caller_identity.current",
            "module.eks_west.data.aws_iam_policy_document.assume_role_policy",
            "module.eks_west.data.aws_iam_policy_document.cni_ipv6_policy",
            "module.eks_west.data.aws_iam_policy_document.node_assume_role_policy",
            "module.eks_west.data.aws_iam_session_context.current",
            "module.eks_west.data.aws_partition.current",
            "module.eks_west.module.kms.aws_kms_external_key.this",
            "module.eks_west.module.kms.aws_kms_key.this",
            "module.eks_west.module.kms.aws_kms_replica_external_key.this",
            "module.eks_west.module.kms.aws_kms_replica_key.this",
            "module.eks_west.module.kms.data.aws_caller_identity.current",
            "module.eks_west.module.kms.data.aws_iam_policy_document.this",
            "module.eks_west.module.kms.data.aws_partition.current",
            "module.vpc_west.aws_subnet.public",
            "module.vpc_west.aws_vpc.this",
            "module.vpc_west.aws_vpc_ipv4_cidr_block_association.this"
          ],
          "create_before_destroy": true
        }
      ]
    },
    {
      "module": "module.eks_west",
      "mode": "managed",
      "type": "aws_iam_openid_connect_provider",
      "name": "oidc_provider",
      "provider": "provider[\"registry.terraform.io/hashicorp/aws\"].west",
      "instances": [
        {
          "index_key": 0,
          "schema_version": 0,
          "attributes": {
            "arn": "arn:aws:iam::007924758087:oidc-provider/oidc.eks.us-west-2.amazonaws.com/id/9260BEE832D3C58D4E80135B9BDD40C9",
            "client_id_list": [
              "sts.amazonaws.com"
            ],
            "id": "arn:aws:iam::007924758087:oidc-provider/oidc.eks.us-west-2.amazonaws.com/id/9260BEE832D3C58D4E80135B9BDD40C9",
            "tags": {
              "Name": "gg9-eks-west-eks-irsa"
            },
            "tags_all": {
              "Name": "gg9-eks-west-eks-irsa"
            },
            "thumbprint_list": [
              "06b25927c42a721631c1efd9431e648fa62e1e39"
            ],
            "url": "oidc.eks.us-west-2.amazonaws.com/id/9260BEE832D3C58D4E80135B9BDD40C9"
          },
          "sensitive_attributes": [],
          "identity_schema_version": 0,
          "private": "bnVsbA==",
          "dependencies": [
            "module.eks_west.aws_cloudwatch_log_group.this",
            "module.eks_west.aws_eks_cluster.this",
            "module.eks_west.aws_iam_policy.cni_ipv6_policy",
            "module.eks_west.aws_iam_role.eks_auto",
            "module.eks_west.aws_iam_role.this",
            "module.eks_west.aws_iam_role_policy_attachment.this",
            "module.eks_west.aws_security_group.cluster",
            "module.eks_west.aws_security_group.node",
            "module.eks_west.aws_security_group_rule.cluster",
            "module.eks_west.aws_security_group_rule.node",
            "module.eks_west.data.aws_caller_identity.current",
            "module.eks_west.data.aws_iam_policy_document.assume_role_policy",
            "module.eks_west.data.aws_iam_policy_document.cni_ipv6_policy",
            "module.eks_west.data.aws_iam_policy_document.node_assume_role_policy",
            "module.eks_west.data.aws_iam_session_context.current",
            "module.eks_west.data.aws_partition.current",
            "module.eks_west.data.tls_certificate.this",
            "module.eks_west.module.kms.aws_kms_external_key.this",
            "module.eks_west.module.kms.aws_kms_key.this",
            "module.eks_west.module.kms.aws_kms_replica_external_key.this",
            "module.eks_west.module.kms.aws_kms_replica_key.this",
            "module.eks_west.module.kms.data.aws_caller_identity.current",
            "module.eks_west.module.kms.data.aws_iam_policy_document.this",
            "module.eks_west.module.kms.data.aws_partition.current",
            "module.vpc_west.aws_subnet.public",
            "module.vpc_west.aws_vpc.this",
            "module.vpc_west.aws_vpc_ipv4_cidr_block_association.this"
          ]
        }
      ]
    },
    {
      "module": "module.eks_west",
      "mode": "managed",
      "type": "aws_iam_policy",
      "name": "custom",
      "provider": "provider[\"registry.terraform.io/hashicorp/aws\"].west",
      "instances": [
        {
          "index_key": 0,
          "schema_version": 0,
          "attributes": {
            "arn": "arn:aws:iam::007924758087:policy/gg9-eks-west-cluster-20260108165534118900000005",
            "attachment_count": 1,
            "description": "",
            "id": "arn:aws:iam::007924758087:policy/gg9-eks-west-cluster-20260108165534118900000005",
            "name": "gg9-eks-west-cluster-20260108165534118900000005",
            "name_prefix": "gg9-eks-west-cluster-",
            "path": "/",
            "policy": "{\"Statement\":[{\"Action\":[\"ec2:RunInstances\",\"ec2:CreateLaunchTemplate\",\"ec2:CreateFleet\"],\"Condition\":{\"StringEquals\":{\"aws:RequestTag/eks:eks-cluster-name\":\"${aws:PrincipalTag/eks:eks-cluster-name}\"},\"StringLike\":{\"aws:RequestTag/eks:kubernetes-node-class-name\":\"*\",\"aws:RequestTag/eks:kubernetes-node-pool-name\":\"*\"}},\"Effect\":\"Allow\",\"Resource\":\"*\",\"Sid\":\"Compute\"},{\"Action\":[\"ec2:CreateVolume\",\"ec2:CreateSnapshot\"],\"Condition\":{\"StringEquals\":{\"aws:RequestTag/eks:eks-cluster-name\":\"${aws:PrincipalTag/eks:eks-cluster-name}\"}},\"Effect\":\"Allow\",\"Resource\":[\"arn:aws:ec2:*:*:volume/*\",\"arn:aws:ec2:*:*:snapshot/*\"],\"Sid\":\"Storage\"},{\"Action\":\"ec2:CreateNetworkInterface\",\"Condition\":{\"StringEquals\":{\"aws:RequestTag/eks:eks-cluster-name\":\"${aws:PrincipalTag/eks:eks-cluster-name}\",\"aws:RequestTag/eks:kubernetes-cni-node-name\":\"*\"}},\"Effect\":\"Allow\",\"Resource\":\"*\",\"Sid\":\"Networking\"},{\"Action\":[\"elasticloadbalancing:CreateTargetGroup\",\"elasticloadbalancing:CreateRule\",\"elasticloadbalancing:CreateLoadBalancer\",\"elasticloadbalancing:CreateListener\",\"ec2:CreateSecurityGroup\"],\"Condition\":{\"StringEquals\":{\"aws:RequestTag/eks:eks-cluster-name\":\"${aws:PrincipalTag/eks:eks-cluster-name}\"}},\"Effect\":\"Allow\",\"Resource\":\"*\",\"Sid\":\"LoadBalancer\"},{\"Action\":\"shield:CreateProtection\",\"Condition\":{\"StringEquals\":{\"aws:RequestTag/eks:eks-cluster-name\":\"${aws:PrincipalTag/eks:eks-cluster-name}\"}},\"Effect\":\"Allow\",\"Resource\":\"*\",\"Sid\":\"ShieldProtection\"},{\"Action\":\"shield:TagResource\",\"Condition\":{\"StringEquals\":{\"aws:RequestTag/eks:eks-cluster-name\":\"${aws:PrincipalTag/eks:eks-cluster-name}\"}},\"Effect\":\"Allow\",\"Resource\":\"arn:aws:shield::*:protection/*\",\"Sid\":\"ShieldTagResource\"}],\"Version\":\"2012-10-17\"}",
            "policy_id": "ANPAQDWC2GZD76B4NZ2OT",
            "tags": {},
            "tags_all": {}
          },
          "sensitive_attributes": [],
          "identity_schema_version": 0,
          "private": "bnVsbA==",
          "dependencies": [
            "module.eks_west.data.aws_iam_policy_document.custom",
            "module.eks_west.data.aws_partition.current"
          ]
        }
      ]
    },
    {
      "module": "module.eks_west",
      "mode": "managed",
      "type": "aws_iam_role",
      "name": "this",
      "provider": "provider[\"registry.terraform.io/hashicorp/aws\"].west",
      "instances": [
        {
          "index_key": 0,
          "schema_version": 0,
          "attributes": {
            "arn": "arn:aws:iam::007924758087:role/gg9-eks-west-cluster-20260108165533831500000001",
            "assume_role_policy": "{\"Statement\":[{\"Action\":[\"sts:TagSession\",\"sts:AssumeRole\"],\"Effect\":\"Allow\",\"Principal\":{\"Service\":\"eks.amazonaws.com\"},\"Sid\":\"EKSClusterAssumeRole\"}],\"Version\":\"2012-10-17\"}",
            "create_date": "2026-01-08T16:55:33Z",
            "description": "",
            "force_detach_policies": true,
            "id": "gg9-eks-west-cluster-20260108165533831500000001",
            "inline_policy": [],
            "managed_policy_arns": [
              "arn:aws:iam::007924758087:policy/gg9-eks-west-cluster-20260108165534118900000005",
              "arn:aws:iam::aws:policy/AmazonEKSClusterPolicy",
              "arn:aws:iam::aws:policy/AmazonEKSVPCResourceController"
            ],
            "max_session_duration": 3600,
            "name": "gg9-eks-west-cluster-20260108165533831500000001",
            "name_prefix": "gg9-eks-west-cluster-",
            "path": "/",
            "permissions_boundary": "",
            "tags": {},
            "tags_all": {},
            "unique_id": "AROAQDWC2GZDSXH5LZUFQ"
          },
          "sensitive_attributes": [],
          "identity_schema_version": 0,
          "private": "bnVsbA==",
          "dependencies": [
            "module.eks_west.data.aws_iam_policy_document.assume_role_policy"
          ],
          "create_before_destroy": true
        }
      ]
    },
    {
      "module": "module.eks_west",
      "mode": "managed",
      "type": "aws_iam_role_policy_attachment",
      "name": "custom",
      "provider": "provider[\"registry.terraform.io/hashicorp/aws\"].west",
      "instances": [
        {
          "index_key": 0,
          "schema_version": 0,
          "attributes": {
            "id": "gg9-eks-west-cluster-20260108165533831500000001-2026010816553486560000000e",
            "policy_arn": "arn:aws:iam::007924758087:policy/gg9-eks-west-cluster-20260108165534118900000005",
            "role": "gg9-eks-west-cluster-20260108165533831500000001"
          },
          "sensitive_attributes": [],
          "identity_schema_version": 0,
          "private": "bnVsbA==",
          "dependencies": [
            "module.eks_west.aws_iam_policy.custom",
            "module.eks_west.aws_iam_role.this",
            "module.eks_west.data.aws_iam_policy_document.assume_role_policy",
            "module.eks_west.data.aws_iam_policy_document.custom",
            "module.eks_west.data.aws_partition.current"
          ]
        }
      ]
    },
    {
      "module": "module.eks_west",
      "mode": "managed",
      "type": "aws_iam_role_policy_attachment",
      "name": "this",
      "provider": "provider[\"registry.terraform.io/hashicorp/aws\"].west",
      "instances": [
        {
          "index_key": "AmazonEKSClusterPolicy",
          "schema_version": 0,
          "attributes": {
            "id": "gg9-eks-west-cluster-20260108165533831500000001-20260108165534694300000008",
            "policy_arn": "arn:aws:iam::aws:policy/AmazonEKSClusterPolicy",
            "role": "gg9-eks-west-cluster-20260108165533831500000001"
          },
          "sensitive_attributes": [],
          "identity_schema_version": 0,
          "private": "bnVsbA==",
          "dependencies": [
            "module.eks_west.aws_iam_role.this",
            "module.eks_west.data.aws_iam_policy_document.assume_role_policy",
            "module.eks_west.data.aws_partition.current"
          ],
          "create_before_destroy": true
        },
        {
          "index_key": "AmazonEKSVPCResourceController",
          "schema_version": 0,
          "attributes": {
            "id": "gg9-eks-west-cluster-20260108165533831500000001-20260108165534673400000006",
            "policy_arn": "arn:aws:iam::aws:policy/AmazonEKSVPCResourceController",
            "role": "gg9-eks-west-cluster-20260108165533831500000001"
          },
          "sensitive_attributes": [],
          "identity_schema_version": 0,
          "private": "bnVsbA==",
          "dependencies": [
            "module.eks_west.aws_iam_role.this",
            "module.eks_west.data.aws_iam_policy_document.assume_role_policy",
            "module.eks_west.data.aws_partition.current"
          ],
          "create_before_destroy": true
        }
      ]
    },
    {
      "module": "module.eks_west",
      "mode": "managed",
      "type": "aws_security_group",
      "name": "cluster",
      "provider": "provider[\"registry.terraform.io/hashicorp/aws\"].west",
      "instances": [
        {
          "index_key": 0,
          "schema_version": 1,
          "attributes": {
            "arn": "arn:aws:ec2:us-west-2:007924758087:security-group/sg-0d750e6709bfdb2df",
            "description": "EKS cluster security group",
            "egress": [],
            "id": "sg-0d750e6709bfdb2df",
            "ingress": [
              {
                "cidr_blocks": [],
                "description": "Node groups to cluster API",
                "from_port": 443,
                "ipv6_cidr_blocks": [],
                "prefix_list_ids": [],
                "protocol": "tcp",
                "security_groups": [
                  "sg-0065efdd84c081610"
                ],
                "self": false,
                "to_port": 443
              }
            ],
            "name": "gg9-eks-west-cluster-20260108165551270800000013",
            "name_prefix": "gg9-eks-west-cluster-",
            "owner_id": "007924758087",
            "revoke_rules_on_delete": false,
            "tags": {
              "Name": "gg9-eks-west-cluster"
            },
            "tags_all": {
              "Name": "gg9-eks-west-cluster"
            },
            "timeouts": null,
            "vpc_id": "vpc-0384a3cc2b1272533"
          },
          "sensitive_attributes": [],
          "identity_schema_version": 0,
          "private": "eyJlMmJmYjczMC1lY2FhLTExZTYtOGY4OC0zNDM2M2JjN2M0YzAiOnsiY3JlYXRlIjo2MDAwMDAwMDAwMDAsImRlbGV0ZSI6OTAwMDAwMDAwMDAwfSwic2NoZW1hX3ZlcnNpb24iOiIxIn0=",
          "dependencies": [
            "module.vpc_west.aws_vpc.this"
          ],
          "create_before_destroy": true
        }
      ]
    },
    {
      "module": "module.eks_west",
      "mode": "managed",
      "type": "aws_security_group",
      "name": "node",
      "provider": "provider[\"registry.terraform.io/hashicorp/aws\"].west",
      "instances": [
        {
          "index_key": 0,
          "schema_version": 1,
          "attributes": {
            "arn": "arn:aws:ec2:us-west-2:007924758087:security-group/sg-0065efdd84c081610",
            "description": "EKS node shared security group",
            "egress": [
              {
                "cidr_blocks": [
                  "0.0.0.0/0"
                ],
                "description": "Allow all egress",
                "from_port": 0,
                "ipv6_cidr_blocks": [],
                "prefix_list_ids": [],
                "protocol": "-1",
                "security_groups": [],
                "self": false,
                "to_port": 0
              }
            ],
            "id": "sg-0065efdd84c081610",
            "ingress": [
              {
                "cidr_blocks": [
                  "10.0.0.0/16"
                ],
                "description": "Allow GridGain client port from East VPC",
                "from_port": 10800,
                "ipv6_cidr_blocks": [],
                "prefix_list_ids": [],
                "protocol": "tcp",
                "security_groups": [],
                "self": false,
                "to_port": 10800
              },
              {
                "cidr_blocks": [],
                "description": "",
                "from_port": 0,
                "ipv6_cidr_blocks": [],
                "prefix_list_ids": [],
                "protocol": "-1",
                "security_groups": [
                  "sg-0be7227e79cc4060b"
                ],
                "self": false,
                "to_port": 0
              },
              {
                "cidr_blocks": [],
                "description": "Cluster API to node 4443/tcp webhook",
                "from_port": 4443,
                "ipv6_cidr_blocks": [],
                "prefix_list_ids": [],
                "protocol": "tcp",
                "security_groups": [
                  "sg-0d750e6709bfdb2df"
                ],
                "self": false,
                "to_port": 4443
              },
              {
                "cidr_blocks": [],
                "description": "Cluster API to node 6443/tcp webhook",
                "from_port": 6443,
                "ipv6_cidr_blocks": [],
                "prefix_list_ids": [],
                "protocol": "tcp",
                "security_groups": [
                  "sg-0d750e6709bfdb2df"
                ],
                "self": false,
                "to_port": 6443
              },
              {
                "cidr_blocks": [],
                "description": "Cluster API to node 8443/tcp webhook",
                "from_port": 8443,
                "ipv6_cidr_blocks": [],
                "prefix_list_ids": [],
                "protocol": "tcp",
                "security_groups": [
                  "sg-0d750e6709bfdb2df"
                ],
                "self": false,
                "to_port": 8443
              },
              {
                "cidr_blocks": [],
                "description": "Cluster API to node 9443/tcp webhook",
                "from_port": 9443,
                "ipv6_cidr_blocks": [],
                "prefix_list_ids": [],
                "protocol": "tcp",
                "security_groups": [
                  "sg-0d750e6709bfdb2df"
                ],
                "self": false,
                "to_port": 9443
              },
              {
                "cidr_blocks": [],
                "description": "Cluster API to node groups",
                "from_port": 443,
                "ipv6_cidr_blocks": [],
                "prefix_list_ids": [],
                "protocol": "tcp",
                "security_groups": [
                  "sg-0d750e6709bfdb2df"
                ],
                "self": false,
                "to_port": 443
              },
              {
                "cidr_blocks": [],
                "description": "Cluster API to node kubelets",
                "from_port": 10250,
                "ipv6_cidr_blocks": [],
                "prefix_list_ids": [],
                "protocol": "tcp",
                "security_groups": [
                  "sg-0d750e6709bfdb2df"
                ],
                "self": false,
                "to_port": 10250
              },
              {
                "cidr_blocks": [],
                "description": "Node to node CoreDNS UDP",
                "from_port": 53,
                "ipv6_cidr_blocks": [],
                "prefix_list_ids": [],
                "protocol": "udp",
                "security_groups": [],
                "self": true,
                "to_port": 53
              },
              {
                "cidr_blocks": [],
                "description": "Node to node CoreDNS",
                "from_port": 53,
                "ipv6_cidr_blocks": [],
                "prefix_list_ids": [],
                "protocol": "tcp",
                "security_groups": [],
                "self": true,
                "to_port": 53
              },
              {
                "cidr_blocks": [],
                "description": "Node to node ingress on ephemeral ports",
                "from_port": 1025,
                "ipv6_cidr_blocks": [],
                "prefix_list_ids": [],
                "protocol": "tcp",
                "security_groups": [],
                "self": true,
                "to_port": 65535
              }
            ],
            "name": "gg9-eks-west-node-20260108165551789500000014",
            "name_prefix": "gg9-eks-west-node-",
            "owner_id": "007924758087",
            "revoke_rules_on_delete": false,
            "tags": {
              "Name": "gg9-eks-west-node",
              "kubernetes.io/cluster/gg9-eks-west": "owned"
            },
            "tags_all": {
              "Name": "gg9-eks-west-node",
              "kubernetes.io/cluster/gg9-eks-west": "owned"
            },
            "timeouts": null,
            "vpc_id": "vpc-0384a3cc2b1272533"
          },
          "sensitive_attributes": [],
          "identity_schema_version": 0,
          "private": "eyJlMmJmYjczMC1lY2FhLTExZTYtOGY4OC0zNDM2M2JjN2M0YzAiOnsiY3JlYXRlIjo2MDAwMDAwMDAwMDAsImRlbGV0ZSI6OTAwMDAwMDAwMDAwfSwic2NoZW1hX3ZlcnNpb24iOiIxIn0=",
          "dependencies": [
            "module.vpc_west.aws_vpc.this"
          ],
          "create_before_destroy": true
        }
      ]
    },
    {
      "module": "module.eks_west",
      "mode": "managed",
      "type": "aws_security_group_rule",
      "name": "cluster",
      "provider": "provider[\"registry.terraform.io/hashicorp/aws\"].west",
      "instances": [
        {
          "index_key": "ingress_nodes_443",
          "schema_version": 2,
          "attributes": {
            "cidr_blocks": null,
            "description": "Node groups to cluster API",
            "from_port": 443,
            "id": "sgrule-1206858707",
            "ipv6_cidr_blocks": null,
            "prefix_list_ids": null,
            "protocol": "tcp",
            "security_group_id": "sg-0d750e6709bfdb2df",
            "security_group_rule_id": "sgr-006c4dd94071bfb42",
            "self": false,
            "source_security_group_id": "sg-0065efdd84c081610",
            "timeouts": null,
            "to_port": 443,
            "type": "ingress"
          },
          "sensitive_attributes": [],
          "identity_schema_version": 0,
          "private": "eyJlMmJmYjczMC1lY2FhLTExZTYtOGY4OC0zNDM2M2JjN2M0YzAiOnsiY3JlYXRlIjozMDAwMDAwMDAwMDB9LCJzY2hlbWFfdmVyc2lvbiI6IjIifQ==",
          "dependencies": [
            "module.eks_west.aws_security_group.cluster",
            "module.eks_west.aws_security_group.node",
            "module.vpc_west.aws_vpc.this"
          ],
          "create_before_destroy": true
        }
      ]
    },
    {
      "module": "module.eks_west",
      "mode": "managed",
      "type": "aws_security_group_rule",
      "name": "node",
      "provider": "provider[\"registry.terraform.io/hashicorp/aws\"].west",
      "instances": [
        {
          "index_key": "egress_all",
          "schema_version": 2,
          "attributes": {
            "cidr_blocks": [
              "0.0.0.0/0"
            ],
            "description": "Allow all egress",
            "from_port": 0,
            "id": "sgrule-1526275875",
            "ipv6_cidr_blocks": null,
            "prefix_list_ids": [],
            "protocol": "-1",
            "security_group_id": "sg-0065efdd84c081610",
            "security_group_rule_id": "sgr-06ea1288cda200cdd",
            "self": false,
            "source_security_group_id": null,
            "timeouts": null,
            "to_port": 0,
            "type": "egress"
          },
          "sensitive_attributes": [],
          "identity_schema_version": 0,
          "private": "eyJlMmJmYjczMC1lY2FhLTExZTYtOGY4OC0zNDM2M2JjN2M0YzAiOnsiY3JlYXRlIjozMDAwMDAwMDAwMDB9LCJzY2hlbWFfdmVyc2lvbiI6IjIifQ==",
          "dependencies": [
            "module.eks_west.aws_security_group.cluster",
            "module.eks_west.aws_security_group.node",
            "module.vpc_west.aws_vpc.this"
          ],
          "create_before_destroy": true
        },
        {
          "index_key": "ingress_cluster_443",
          "schema_version": 2,
          "attributes": {
            "cidr_blocks": null,
            "description": "Cluster API to node groups",
            "from_port": 443,
            "id": "sgrule-4006346636",
            "ipv6_cidr_blocks": null,
            "prefix_list_ids": [],
            "protocol": "tcp",
            "security_group_id": "sg-0065efdd84c081610",
            "security_group_rule_id": "sgr-0a65eb2ba4f5f84d5",
            "self": false,
            "source_security_group_id": "sg-0d750e6709bfdb2df",
            "timeouts": null,
            "to_port": 443,
            "type": "ingress"
          },
          "sensitive_attributes": [],
          "identity_schema_version": 0,
          "private": "eyJlMmJmYjczMC1lY2FhLTExZTYtOGY4OC0zNDM2M2JjN2M0YzAiOnsiY3JlYXRlIjozMDAwMDAwMDAwMDB9LCJzY2hlbWFfdmVyc2lvbiI6IjIifQ==",
          "dependencies": [
            "module.eks_west.aws_security_group.cluster",
            "module.eks_west.aws_security_group.node",
            "module.vpc_west.aws_vpc.this"
          ],
          "create_before_destroy": true
        },
        {
          "index_key": "ingress_cluster_4443_webhook",
          "schema_version": 2,
          "attributes": {
            "cidr_blocks": null,
            "description": "Cluster API to node 4443/tcp webhook",
            "from_port": 4443,
            "id": "sgrule-3370961408",
            "ipv6_cidr_blocks": null,
            "prefix_list_ids": [],
            "protocol": "tcp",
            "security_group_id": "sg-0065efdd84c081610",
            "security_group_rule_id": "sgr-04d936f506f783bd0",
            "self": false,
            "source_security_group_id": "sg-0d750e6709bfdb2df",
            "timeouts": null,
            "to_port": 4443,
            "type": "ingress"
          },
          "sensitive_attributes": [],
          "identity_schema_version": 0,
          "private": "eyJlMmJmYjczMC1lY2FhLTExZTYtOGY4OC0zNDM2M2JjN2M0YzAiOnsiY3JlYXRlIjozMDAwMDAwMDAwMDB9LCJzY2hlbWFfdmVyc2lvbiI6IjIifQ==",
          "dependencies": [
            "module.eks_west.aws_security_group.cluster",
            "module.eks_west.aws_security_group.node",
            "module.vpc_west.aws_vpc.this"
          ],
          "create_before_destroy": true
        },
        {
          "index_key": "ingress_cluster_6443_webhook",
          "schema_version": 2,
          "attributes": {
            "cidr_blocks": null,
            "description": "Cluster API to node 6443/tcp webhook",
            "from_port": 6443,
            "id": "sgrule-28224918",
            "ipv6_cidr_blocks": null,
            "prefix_list_ids": [],
            "protocol": "tcp",
            "security_group_id": "sg-0065efdd84c081610",
            "security_group_rule_id": "sgr-02fe1e6e6438c3aea",
            "self": false,
            "source_security_group_id": "sg-0d750e6709bfdb2df",
            "timeouts": null,
            "to_port": 6443,
            "type": "ingress"
          },
          "sensitive_attributes": [],
          "identity_schema_version": 0,
          "private": "eyJlMmJmYjczMC1lY2FhLTExZTYtOGY4OC0zNDM2M2JjN2M0YzAiOnsiY3JlYXRlIjozMDAwMDAwMDAwMDB9LCJzY2hlbWFfdmVyc2lvbiI6IjIifQ==",
          "dependencies": [
            "module.eks_west.aws_security_group.cluster",
            "module.eks_west.aws_security_group.node",
            "module.vpc_west.aws_vpc.this"
          ],
          "create_before_destroy": true
        },
        {
          "index_key": "ingress_cluster_8443_webhook",
          "schema_version": 2,
          "attributes": {
            "cidr_blocks": null,
            "description": "Cluster API to node 8443/tcp webhook",
            "from_port": 8443,
            "id": "sgrule-317886903",
            "ipv6_cidr_blocks": null,
            "prefix_list_ids": [],
            "protocol": "tcp",
            "security_group_id": "sg-0065efdd84c081610",
            "security_group_rule_id": "sgr-0f52f4961120617a5",
            "self": false,
            "source_security_group_id": "sg-0d750e6709bfdb2df",
            "timeouts": null,
            "to_port": 8443,
            "type": "ingress"
          },
          "sensitive_attributes": [],
          "identity_schema_version": 0,
          "private": "eyJlMmJmYjczMC1lY2FhLTExZTYtOGY4OC0zNDM2M2JjN2M0YzAiOnsiY3JlYXRlIjozMDAwMDAwMDAwMDB9LCJzY2hlbWFfdmVyc2lvbiI6IjIifQ==",
          "dependencies": [
            "module.eks_west.aws_security_group.cluster",
            "module.eks_west.aws_security_group.node",
            "module.vpc_west.aws_vpc.this"
          ],
          "create_before_destroy": true
        },
        {
          "index_key": "ingress_cluster_9443_webhook",
          "schema_version": 2,
          "attributes": {
            "cidr_blocks": null,
            "description": "Cluster API to node 9443/tcp webhook",
            "from_port": 9443,
            "id": "sgrule-1985192572",
            "ipv6_cidr_blocks": null,
            "prefix_list_ids": [],
            "protocol": "tcp",
            "security_group_id": "sg-0065efdd84c081610",
            "security_group_rule_id": "sgr-03ad28e5a4c059bd7",
            "self": false,
            "source_security_group_id": "sg-0d750e6709bfdb2df",
            "timeouts": null,
            "to_port": 9443,
            "type": "ingress"
          },
          "sensitive_attributes": [],
          "identity_schema_version": 0,
          "private": "eyJlMmJmYjczMC1lY2FhLTExZTYtOGY4OC0zNDM2M2JjN2M0YzAiOnsiY3JlYXRlIjozMDAwMDAwMDAwMDB9LCJzY2hlbWFfdmVyc2lvbiI6IjIifQ==",
          "dependencies": [
            "module.eks_west.aws_security_group.cluster",
            "module.eks_west.aws_security_group.node",
            "module.vpc_west.aws_vpc.this"
          ],
          "create_before_destroy": true
        },
        {
          "index_key": "ingress_cluster_kubelet",
          "schema_version": 2,
          "attributes": {
            "cidr_blocks": null,
            "description": "Cluster API to node kubelets",
            "from_port": 10250,
            "id": "sgrule-2987337933",
            "ipv6_cidr_blocks": null,
            "prefix_list_ids": [],
            "protocol": "tcp",
            "security_group_id": "sg-0065efdd84c081610",
            "security_group_rule_id": "sgr-0ec404babe0ca7f93",
            "self": false,
            "source_security_group_id": "sg-0d750e6709bfdb2df",
            "timeouts": null,
            "to_port": 10250,
            "type": "ingress"
          },
          "sensitive_attributes": [],
          "identity_schema_version": 0,
          "private": "eyJlMmJmYjczMC1lY2FhLTExZTYtOGY4OC0zNDM2M2JjN2M0YzAiOnsiY3JlYXRlIjozMDAwMDAwMDAwMDB9LCJzY2hlbWFfdmVyc2lvbiI6IjIifQ==",
          "dependencies": [
            "module.eks_west.aws_security_group.cluster",
            "module.eks_west.aws_security_group.node",
            "module.vpc_west.aws_vpc.this"
          ],
          "create_before_destroy": true
        },
        {
          "index_key": "ingress_nodes_ephemeral",
          "schema_version": 2,
          "attributes": {
            "cidr_blocks": null,
            "description": "Node to node ingress on ephemeral ports",
            "from_port": 1025,
            "id": "sgrule-1573821259",
            "ipv6_cidr_blocks": null,
            "prefix_list_ids": [],
            "protocol": "tcp",
            "security_group_id": "sg-0065efdd84c081610",
            "security_group_rule_id": "sgr-0f34ad7c6bf7268ed",
            "self": true,
            "source_security_group_id": null,
            "timeouts": null,
            "to_port": 65535,
            "type": "ingress"
          },
          "sensitive_attributes": [],
          "identity_schema_version": 0,
          "private": "eyJlMmJmYjczMC1lY2FhLTExZTYtOGY4OC0zNDM2M2JjN2M0YzAiOnsiY3JlYXRlIjozMDAwMDAwMDAwMDB9LCJzY2hlbWFfdmVyc2lvbiI6IjIifQ==",
          "dependencies": [
            "module.eks_west.aws_security_group.cluster",
            "module.eks_west.aws_security_group.node",
            "module.vpc_west.aws_vpc.this"
          ],
          "create_before_destroy": true
        },
        {
          "index_key": "ingress_self_coredns_tcp",
          "schema_version": 2,
          "attributes": {
            "cidr_blocks": null,
            "description": "Node to node CoreDNS",
            "from_port": 53,
            "id": "sgrule-2579567737",
            "ipv6_cidr_blocks": null,
            "prefix_list_ids": [],
            "protocol": "tcp",
            "security_group_id": "sg-0065efdd84c081610",
            "security_group_rule_id": "sgr-03843835a156eb567",
            "self": true,
            "source_security_group_id": null,
            "timeouts": null,
            "to_port": 53,
            "type": "ingress"
          },
          "sensitive_attributes": [],
          "identity_schema_version": 0,
          "private": "eyJlMmJmYjczMC1lY2FhLTExZTYtOGY4OC0zNDM2M2JjN2M0YzAiOnsiY3JlYXRlIjozMDAwMDAwMDAwMDB9LCJzY2hlbWFfdmVyc2lvbiI6IjIifQ==",
          "dependencies": [
            "module.eks_west.aws_security_group.cluster",
            "module.eks_west.aws_security_group.node",
            "module.vpc_west.aws_vpc.this"
          ],
          "create_before_destroy": true
        },
        {
          "index_key": "ingress_self_coredns_udp",
          "schema_version": 2,
          "attributes": {
            "cidr_blocks": null,
            "description": "Node to node CoreDNS UDP",
            "from_port": 53,
            "id": "sgrule-1033811862",
            "ipv6_cidr_blocks": null,
            "prefix_list_ids": [],
            "protocol": "udp",
            "security_group_id": "sg-0065efdd84c081610",
            "security_group_rule_id": "sgr-0db91388b88cd23e9",
            "self": true,
            "source_security_group_id": null,
            "timeouts": null,
            "to_port": 53,
            "type": "ingress"
          },
          "sensitive_attributes": [],
          "identity_schema_version": 0,
          "private": "eyJlMmJmYjczMC1lY2FhLTExZTYtOGY4OC0zNDM2M2JjN2M0YzAiOnsiY3JlYXRlIjozMDAwMDAwMDAwMDB9LCJzY2hlbWFfdmVyc2lvbiI6IjIifQ==",
          "dependencies": [
            "module.eks_west.aws_security_group.cluster",
            "module.eks_west.aws_security_group.node",
            "module.vpc_west.aws_vpc.this"
          ],
          "create_before_destroy": true
        }
      ]
    },
    {
      "module": "module.eks_west",
      "mode": "managed",
      "type": "time_sleep",
      "name": "this",
      "provider": "provider[\"registry.terraform.io/hashicorp/time\"]",
      "instances": [
        {
          "index_key": 0,
          "schema_version": 0,
          "attributes": {
            "create_duration": "30s",
            "destroy_duration": null,
            "id": "2026-01-08T17:06:37Z",
            "triggers": {
              "cluster_certificate_authority_data": "LS0tLS1CRUdJTiBDRVJUSUZJQ0FURS0tLS0tCk1JSURCVENDQWUyZ0F3SUJBZ0lJZk9xY1J3VE9heGt3RFFZSktvWklodmNOQVFFTEJRQXdGVEVUTUJFR0ExVUUKQXhNS2EzVmlaWEp1WlhSbGN6QWVGdzB5TmpBeE1EZ3hOalUzTURsYUZ3MHpOakF4TURZeE56QXlNRGxhTUJVeApFekFSQmdOVkJBTVRDbXQxWW1WeWJtVjBaWE13Z2dFaU1BMEdDU3FHU0liM0RRRUJBUVVBQTRJQkR3QXdnZ0VLCkFvSUJBUURoTUR2MS9mYTBVZ1k3TGxNanZRNUlYTEJDbWdDSURpMWZIMHRYbXc4YW82NUVkUnJRSnpTc3VUVmQKWDdKMDg2UXc5aEtINjdQMFc0ZEN6UitGdmwyeldGL0NBTjZQWFpmMitFS1lUSGtWM1U0dzlyazV4NnJkTUxSZgpnaFB0NHV4TlVNbXFiTnRvbjVJRFFKZWE5RmEweW1mZWJYUitFZE5tNGVtVE52aWdjODhLVlVUNHBhUGc5UXVjCjRnVVExc2R3N2ZPSC85Rno3cWJGU2dDWE9XcXRXSXNoVUFjU3J1ZllwREJOdHg5SDJFV2ZJbFo0djJBZ3ZZcnQKTGhld1VLQk9GS3piVE5oKzVoOGN0QmJwM1RSV0E1dEVqL2xuSS9iNkw3Z1JmME9nYmVTSkwrdlhzUS9iYlVTQgpaL2xOWTFCNHFYalRqN1FjL3FRWFo4b3YyeEJaQWdNQkFBR2pXVEJYTUE0R0ExVWREd0VCL3dRRUF3SUNwREFQCkJnTlZIUk1CQWY4RUJUQURBUUgvTUIwR0ExVWREZ1FXQkJTa3hPSFIzVlN4K0thd0xHSElNYWkxTHJwT0F6QVYKQmdOVkhSRUVEakFNZ2dwcmRXSmxjbTVsZEdWek1BMEdDU3FHU0liM0RRRUJDd1VBQTRJQkFRQ0RwMXA4RlJQZgpMZXFjYTVXSWFvYlRUOXpHZzRTZXVxL09BNmVsVjNFbE90REd1R0ZBYTFBSStha2tuS1FuaWU0b2UyNy81MmNnCjJYTHVsMUtMaC9ZTktZQ0IxeURoSnJkOXZzQjNtdGJBNmp4RlRGb0tqSEtKZWxoQ3BMckpoVXc4NWVXaGtuUXUKM0FtTExYaG0rRE53bGsvUldUZDA0N1c3RUlkSEtpaHBWWStvWXd2eVNsM2hXdHJ5V01lRjI4ZW9LL09tZ2UzVApQaW9HN0d2TVhDejBSOFR4Um01K05WUEYwVTRSZ2piSHlxRzVJcnhqTDROcW9KUW9CTHAxeDFyZ2JwMU5HL0lZCjBjaUd2bHlPNkwvcDBnakZFVlJYNkQ4QWZSSXFmdnZsYmF1VmJjVENHSFYvekEzRWlXcnBkY21wNDhmRWxCeS8KTE5OQkdvUnRJVnBPCi0tLS0tRU5EIENFUlRJRklDQVRFLS0tLS0K",
              "cluster_endpoint": "https://9260BEE832D3C58D4E80135B9BDD40C9.gr7.us-west-2.eks.amazonaws.com",
              "cluster_name": "gg9-eks-west",
              "cluster_service_cidr": "172.20.0.0/16",
              "cluster_version": "1.30"
            }
          },
          "sensitive_attributes": [],
          "identity_schema_version": 0,
          "dependencies": [
            "module.eks_west.aws_cloudwatch_log_group.this",
            "module.eks_west.aws_eks_cluster.this",
            "module.eks_west.aws_iam_policy.cni_ipv6_policy",
            "module.eks_west.aws_iam_role.eks_auto",
            "module.eks_west.aws_iam_role.this",
            "module.eks_west.aws_iam_role_policy_attachment.this",
            "module.eks_west.aws_security_group.cluster",
            "module.eks_west.aws_security_group.node",
            "module.eks_west.aws_security_group_rule.cluster",
            "module.eks_west.aws_security_group_rule.node",
            "module.eks_west.data.aws_caller_identity.current",
            "module.eks_west.data.aws_iam_policy_document.assume_role_policy",
            "module.eks_west.data.aws_iam_policy_document.cni_ipv6_policy",
            "module.eks_west.data.aws_iam_policy_document.node_assume_role_policy",
            "module.eks_west.data.aws_iam_session_context.current",
            "module.eks_west.data.aws_partition.current",
            "module.eks_west.module.kms.aws_kms_external_key.this",
            "module.eks_west.module.kms.aws_kms_key.this",
            "module.eks_west.module.kms.aws_kms_replica_external_key.this",
            "module.eks_west.module.kms.aws_kms_replica_key.this",
            "module.eks_west.module.kms.data.aws_caller_identity.current",
            "module.eks_west.module.kms.data.aws_iam_policy_document.this",
            "module.eks_west.module.kms.data.aws_partition.current",
            "module.vpc_west.aws_subnet.public",
            "module.vpc_west.aws_vpc.this",
            "module.vpc_west.aws_vpc_ipv4_cidr_block_association.this"
          ],
          "create_before_destroy": true
        }
      ]
    },
    {
      "module": "module.eks_west.module.eks_managed_node_group[\"default\"]",
      "mode": "data",
      "type": "aws_caller_identity",
      "name": "current",
      "provider": "provider[\"registry.terraform.io/hashicorp/aws\"].west",
      "instances": [
        {
          "schema_version": 0,
          "attributes": {
            "account_id": "007924758087",
            "arn": "arn:aws:iam::007924758087:user/nelzir",
            "id": "007924758087",
            "user_id": "AIDAQDWC2GZDW7ZUFN3VJ"
          },
          "sensitive_attributes": [],
          "identity_schema_version": 0
        }
      ]
    },
    {
      "module": "module.eks_west.module.eks_managed_node_group[\"default\"]",
      "mode": "data",
      "type": "aws_iam_policy_document",
      "name": "assume_role_policy",
      "provider": "provider[\"registry.terraform.io/hashicorp/aws\"].west",
      "instances": [
        {
          "index_key": 0,
          "schema_version": 0,
          "attributes": {
            "id": "2560088296",
            "json": "{\n  \"Version\": \"2012-10-17\",\n  \"Statement\": [\n    {\n      \"Sid\": \"EKSNodeAssumeRole\",\n      \"Effect\": \"Allow\",\n      \"Action\": \"sts:AssumeRole\",\n      \"Principal\": {\n        \"Service\": \"ec2.amazonaws.com\"\n      }\n    }\n  ]\n}",
            "minified_json": "{\"Version\":\"2012-10-17\",\"Statement\":[{\"Sid\":\"EKSNodeAssumeRole\",\"Effect\":\"Allow\",\"Action\":\"sts:AssumeRole\",\"Principal\":{\"Service\":\"ec2.amazonaws.com\"}}]}",
            "override_json": null,
            "override_policy_documents": null,
            "policy_id": null,
            "source_json": null,
            "source_policy_documents": null,
            "statement": [
              {
                "actions": [
                  "sts:AssumeRole"
                ],
                "condition": [],
                "effect": "Allow",
                "not_actions": [],
                "not_principals": [],
                "not_resources": [],
                "principals": [
                  {
                    "identifiers": [
                      "ec2.amazonaws.com"
                    ],
                    "type": "Service"
                  }
                ],
                "resources": [],
                "sid": "EKSNodeAssumeRole"
              }
            ],
            "version": "2012-10-17"
          },
          "sensitive_attributes": [],
          "identity_schema_version": 0
        }
      ]
    },
    {
      "module": "module.eks_west.module.eks_managed_node_group[\"default\"]",
      "mode": "data",
      "type": "aws_partition",
      "name": "current",
      "provider": "provider[\"registry.terraform.io/hashicorp/aws\"].west",
      "instances": [
        {
          "schema_version": 0,
          "attributes": {
            "dns_suffix": "amazonaws.com",
            "id": "aws",
            "partition": "aws",
            "reverse_dns_prefix": "com.amazonaws"
          },
          "sensitive_attributes": [],
          "identity_schema_version": 0
        }
      ]
    },
    {
      "module": "module.eks_west.module.eks_managed_node_group[\"default\"]",
      "mode": "managed",
      "type": "aws_eks_node_group",
      "name": "this",
      "provider": "provider[\"registry.terraform.io/hashicorp/aws\"].west",
      "instances": [
        {
          "index_key": 0,
          "schema_version": 0,
          "attributes": {
            "ami_type": "AL2023_ARM_64_STANDARD",
            "arn": "arn:aws:eks:us-west-2:007924758087:nodegroup/gg9-eks-west/default-2026010817064436280000001a/06cdcf49-9736-2741-33b8-d10c6a9eb587",
            "capacity_type": "ON_DEMAND",
            "cluster_name": "gg9-eks-west",
            "disk_size": 0,
            "force_update_version": null,
            "id": "gg9-eks-west:default-2026010817064436280000001a",
            "instance_types": [
              "m7g.medium"
            ],
            "labels": {
              "role": "system"
            },
            "launch_template": [
              {
                "id": "lt-0d3e1c8d13b0e773b",
                "name": "default-20260108170637907200000016",
                "version": "1"
              }
            ],
            "node_group_name": "default-2026010817064436280000001a",
            "node_group_name_prefix": "default-",
            "node_repair_config": [],
            "node_role_arn": "arn:aws:iam::007924758087:role/default-eks-node-group-20260108165534056100000002",
            "release_version": "1.30.14-20251217",
            "remote_access": [],
            "resources": [
              {
                "autoscaling_groups": [
                  {
                    "name": "eks-default-2026010817064436280000001a-06cdcf49-9736-2741-33b8-d10c6a9eb587"
                  }
                ],
                "remote_access_security_group_id": ""
              }
            ],
            "scaling_config": [
              {
                "desired_size": 1,
                "max_size": 2,
                "min_size": 1
              }
            ],
            "status": "ACTIVE",
            "subnet_ids": [
              "subnet-0280cd91f8a727656",
              "subnet-0441efc80d512206f",
              "subnet-09066e09b1eab15a7"
            ],
            "tags": {
              "Name": "default"
            },
            "tags_all": {
              "Name": "default"
            },
            "taint": [],
            "timeouts": {
              "create": null,
              "delete": null,
              "update": null
            },
            "update_config": [
              {
                "max_unavailable": 0,
                "max_unavailable_percentage": 33
              }
            ],
            "version": "1.30"
          },
          "sensitive_attributes": [],
          "identity_schema_version": 0,
          "private": "eyJlMmJmYjczMC1lY2FhLTExZTYtOGY4OC0zNDM2M2JjN2M0YzAiOnsiY3JlYXRlIjozNjAwMDAwMDAwMDAwLCJkZWxldGUiOjM2MDAwMDAwMDAwMDAsInVwZGF0ZSI6MzYwMDAwMDAwMDAwMH19",
          "dependencies": [
            "module.eks_west.aws_cloudwatch_log_group.this",
            "module.eks_west.aws_eks_cluster.this",
            "module.eks_west.aws_iam_policy.cni_ipv6_policy",
            "module.eks_west.aws_iam_role.eks_auto",
            "module.eks_west.aws_iam_role.this",
            "module.eks_west.aws_iam_role_policy_attachment.this",
            "module.eks_west.aws_security_group.cluster",
            "module.eks_west.aws_security_group.node",
            "module.eks_west.aws_security_group_rule.cluster",
            "module.eks_west.aws_security_group_rule.node",
            "module.eks_west.data.aws_caller_identity.current",
            "module.eks_west.data.aws_iam_policy_document.assume_role_policy",
            "module.eks_west.data.aws_iam_policy_document.cni_ipv6_policy",
            "module.eks_west.data.aws_iam_policy_document.node_assume_role_policy",
            "module.eks_west.data.aws_iam_session_context.current",
            "module.eks_west.data.aws_partition.current",
            "module.eks_west.module.eks_managed_node_group.aws_iam_role.this",
            "module.eks_west.module.eks_managed_node_group.aws_iam_role_policy_attachment.additional",
            "module.eks_west.module.eks_managed_node_group.aws_iam_role_policy_attachment.this",
            "module.eks_west.module.eks_managed_node_group.aws_launch_template.this",
            "module.eks_west.module.eks_managed_node_group.aws_placement_group.this",
            "module.eks_west.module.eks_managed_node_group.data.aws_caller_identity.current",
            "module.eks_west.module.eks_managed_node_group.data.aws_ec2_instance_type.this",
            "module.eks_west.module.eks_managed_node_group.data.aws_ec2_instance_type_offerings.this",
            "module.eks_west.module.eks_managed_node_group.data.aws_iam_policy_document.assume_role_policy",
            "module.eks_west.module.eks_managed_node_group.data.aws_partition.current",
            "module.eks_west.module.eks_managed_node_group.data.aws_ssm_parameter.ami",
            "module.eks_west.module.eks_managed_node_group.data.aws_subnets.placement_group",
            "module.eks_west.module.eks_managed_node_group.module.user_data.data.cloudinit_config.al2023_eks_managed_node_group",
            "module.eks_west.module.eks_managed_node_group.module.user_data.data.cloudinit_config.linux_eks_managed_node_group",
            "module.eks_west.module.kms.aws_kms_external_key.this",
            "module.eks_west.module.kms.aws_kms_key.this",
            "module.eks_west.module.kms.aws_kms_replica_external_key.this",
            "module.eks_west.module.kms.aws_kms_replica_key.this",
            "module.eks_west.module.kms.data.aws_caller_identity.current",
            "module.eks_west.module.kms.data.aws_iam_policy_document.this",
            "module.eks_west.module.kms.data.aws_partition.current",
            "module.eks_west.time_sleep.this",
            "module.vpc_west.aws_subnet.public",
            "module.vpc_west.aws_vpc.this",
            "module.vpc_west.aws_vpc_ipv4_cidr_block_association.this"
          ],
          "create_before_destroy": true
        }
      ]
    },
    {
      "module": "module.eks_west.module.eks_managed_node_group[\"default\"]",
      "mode": "managed",
      "type": "aws_iam_role",
      "name": "this",
      "provider": "provider[\"registry.terraform.io/hashicorp/aws\"].west",
      "instances": [
        {
          "index_key": 0,
          "schema_version": 0,
          "attributes": {
            "arn": "arn:aws:iam::007924758087:role/default-eks-node-group-20260108165534056100000002",
            "assume_role_policy": "{\"Statement\":[{\"Action\":\"sts:AssumeRole\",\"Effect\":\"Allow\",\"Principal\":{\"Service\":\"ec2.amazonaws.com\"},\"Sid\":\"EKSNodeAssumeRole\"}],\"Version\":\"2012-10-17\"}",
            "create_date": "2026-01-08T16:55:34Z",
            "description": "EKS managed node group IAM role",
            "force_detach_policies": true,
            "id": "default-eks-node-group-20260108165534056100000002",
            "inline_policy": [],
            "managed_policy_arns": [
              "arn:aws:iam::aws:policy/AmazonEC2ContainerRegistryReadOnly",
              "arn:aws:iam::aws:policy/AmazonEKSWorkerNodePolicy",
              "arn:aws:iam::aws:policy/AmazonEKS_CNI_Policy"
            ],
            "max_session_duration": 3600,
            "name": "default-eks-node-group-20260108165534056100000002",
            "name_prefix": "default-eks-node-group-",
            "path": "/",
            "permissions_boundary": "",
            "tags": {},
            "tags_all": {},
            "unique_id": "AROAQDWC2GZD2EBGJHSTS"
          },
          "sensitive_attributes": [],
          "identity_schema_version": 0,
          "private": "bnVsbA==",
          "dependencies": [
            "module.eks_west.module.eks_managed_node_group.data.aws_iam_policy_document.assume_role_policy"
          ],
          "create_before_destroy": true
        }
      ]
    },
    {
      "module": "module.eks_west.module.eks_managed_node_group[\"default\"]",
      "mode": "managed",
      "type": "aws_iam_role_policy_attachment",
      "name": "this",
      "provider": "provider[\"registry.terraform.io/hashicorp/aws\"].west",
      "instances": [
        {
          "index_key": "AmazonEC2ContainerRegistryReadOnly",
          "schema_version": 0,
          "attributes": {
            "id": "default-eks-node-group-20260108165534056100000002-2026010816553478080000000b",
            "policy_arn": "arn:aws:iam::aws:policy/AmazonEC2ContainerRegistryReadOnly",
            "role": "default-eks-node-group-20260108165534056100000002"
          },
          "sensitive_attributes": [],
          "identity_schema_version": 0,
          "private": "bnVsbA==",
          "dependencies": [
            "module.eks_west.module.eks_managed_node_group.aws_iam_role.this",
            "module.eks_west.module.eks_managed_node_group.data.aws_caller_identity.current",
            "module.eks_west.module.eks_managed_node_group.data.aws_iam_policy_document.assume_role_policy",
            "module.eks_west.module.eks_managed_node_group.data.aws_partition.current"
          ],
          "create_before_destroy": true
        },
        {
          "index_key": "AmazonEKSWorkerNodePolicy",
          "schema_version": 0,
          "attributes": {
            "id": "default-eks-node-group-20260108165534056100000002-2026010816553477020000000a",
            "policy_arn": "arn:aws:iam::aws:policy/AmazonEKSWorkerNodePolicy",
            "role": "default-eks-node-group-20260108165534056100000002"
          },
          "sensitive_attributes": [],
          "identity_schema_version": 0,
          "private": "bnVsbA==",
          "dependencies": [
            "module.eks_west.module.eks_managed_node_group.aws_iam_role.this",
            "module.eks_west.module.eks_managed_node_group.data.aws_caller_identity.current",
            "module.eks_west.module.eks_managed_node_group.data.aws_iam_policy_document.assume_role_policy",
            "module.eks_west.module.eks_managed_node_group.data.aws_partition.current"
          ],
          "create_before_destroy": true
        },
        {
          "index_key": "AmazonEKS_CNI_Policy",
          "schema_version": 0,
          "attributes": {
            "id": "default-eks-node-group-20260108165534056100000002-20260108165534690900000007",
            "policy_arn": "arn:aws:iam::aws:policy/AmazonEKS_CNI_Policy",
            "role": "default-eks-node-group-20260108165534056100000002"
          },
          "sensitive_attributes": [],
          "identity_schema_version": 0,
          "private": "bnVsbA==",
          "dependencies": [
            "module.eks_west.module.eks_managed_node_group.aws_iam_role.this",
            "module.eks_west.module.eks_managed_node_group.data.aws_caller_identity.current",
            "module.eks_west.module.eks_managed_node_group.data.aws_iam_policy_document.assume_role_policy",
            "module.eks_west.module.eks_managed_node_group.data.aws_partition.current"
          ],
          "create_before_destroy": true
        }
      ]
    },
    {
      "module": "module.eks_west.module.eks_managed_node_group[\"default\"]",
      "mode": "managed",
      "type": "aws_launch_template",
      "name": "this",
      "provider": "provider[\"registry.terraform.io/hashicorp/aws\"].west",
      "instances": [
        {
          "index_key": 0,
          "schema_version": 0,
          "attributes": {
            "arn": "arn:aws:ec2:us-west-2:007924758087:launch-template/lt-0d3e1c8d13b0e773b",
            "block_device_mappings": [],
            "capacity_reservation_specification": [],
            "cpu_options": [],
            "credit_specification": [],
            "default_version": 1,
            "description": "Custom launch template for default EKS managed node group",
            "disable_api_stop": false,
            "disable_api_termination": false,
            "ebs_optimized": "",
            "elastic_gpu_specifications": [],
            "elastic_inference_accelerator": [],
            "enclave_options": [],
            "hibernation_options": [],
            "iam_instance_profile": [],
            "id": "lt-0d3e1c8d13b0e773b",
            "image_id": "",
            "instance_initiated_shutdown_behavior": "",
            "instance_market_options": [],
            "instance_requirements": [],
            "instance_type": "",
            "kernel_id": "",
            "key_name": "",
            "latest_version": 1,
            "license_specification": [],
            "maintenance_options": [],
            "metadata_options": [
              {
                "http_endpoint": "enabled",
                "http_protocol_ipv6": "",
                "http_put_response_hop_limit": 2,
                "http_tokens": "required",
                "instance_metadata_tags": ""
              }
            ],
            "monitoring": [
              {
                "enabled": true
              }
            ],
            "name": "default-20260108170637907200000016",
            "name_prefix": "default-",
            "network_interfaces": [],
            "placement": [],
            "private_dns_name_options": [],
            "ram_disk_id": "",
            "security_group_names": [],
            "tag_specifications": [
              {
                "resource_type": "instance",
                "tags": {
                  "Name": "default"
                }
              },
              {
                "resource_type": "network-interface",
                "tags": {
                  "Name": "default"
                }
              },
              {
                "resource_type": "volume",
                "tags": {
                  "Name": "default"
                }
              }
            ],
            "tags": {},
            "tags_all": {},
            "update_default_version": true,
            "user_data": "",
            "vpc_security_group_ids": [
              "sg-0065efdd84c081610"
            ]
          },
          "sensitive_attributes": [],
          "identity_schema_version": 0,
          "private": "bnVsbA==",
          "dependencies": [
            "module.eks_west.aws_cloudwatch_log_group.this",
            "module.eks_west.aws_eks_cluster.this",
            "module.eks_west.aws_iam_policy.cni_ipv6_policy",
            "module.eks_west.aws_iam_role.eks_auto",
            "module.eks_west.aws_iam_role.this",
            "module.eks_west.aws_iam_role_policy_attachment.this",
            "module.eks_west.aws_security_group.cluster",
            "module.eks_west.aws_security_group.node",
            "module.eks_west.aws_security_group_rule.cluster",
            "module.eks_west.aws_security_group_rule.node",
            "module.eks_west.data.aws_caller_identity.current",
            "module.eks_west.data.aws_iam_policy_document.assume_role_policy",
            "module.eks_west.data.aws_iam_policy_document.cni_ipv6_policy",
            "module.eks_west.data.aws_iam_policy_document.node_assume_role_policy",
            "module.eks_west.data.aws_iam_session_context.current",
            "module.eks_west.data.aws_partition.current",
            "module.eks_west.module.eks_managed_node_group.aws_iam_role.this",
            "module.eks_west.module.eks_managed_node_group.aws_iam_role_policy_attachment.additional",
            "module.eks_west.module.eks_managed_node_group.aws_iam_role_policy_attachment.this",
            "module.eks_west.module.eks_managed_node_group.aws_placement_group.this",
            "module.eks_west.module.eks_managed_node_group.data.aws_caller_identity.current",
            "module.eks_west.module.eks_managed_node_group.data.aws_ec2_instance_type.this",
            "module.eks_west.module.eks_managed_node_group.data.aws_iam_policy_document.assume_role_policy",
            "module.eks_west.module.eks_managed_node_group.data.aws_partition.current",
            "module.eks_west.module.eks_managed_node_group.module.user_data.data.cloudinit_config.al2023_eks_managed_node_group",
            "module.eks_west.module.eks_managed_node_group.module.user_data.data.cloudinit_config.linux_eks_managed_node_group",
            "module.eks_west.module.kms.aws_kms_external_key.this",
            "module.eks_west.module.kms.aws_kms_key.this",
            "module.eks_west.module.kms.aws_kms_replica_external_key.this",
            "module.eks_west.module.kms.aws_kms_replica_key.this",
            "module.eks_west.module.kms.data.aws_caller_identity.current",
            "module.eks_west.module.kms.data.aws_iam_policy_document.this",
            "module.eks_west.module.kms.data.aws_partition.current",
            "module.eks_west.time_sleep.this",
            "module.vpc_west.aws_subnet.public",
            "module.vpc_west.aws_vpc.this",
            "module.vpc_west.aws_vpc_ipv4_cidr_block_association.this"
          ],
          "create_before_destroy": true
        }
      ]
    },
    {
      "module": "module.eks_west.module.eks_managed_node_group[\"default\"].module.user_data",
      "mode": "managed",
      "type": "null_resource",
      "name": "validate_cluster_service_cidr",
      "provider": "provider[\"registry.terraform.io/hashicorp/null\"]",
      "instances": [
        {
          "schema_version": 0,
          "attributes": {
            "id": "2530136135293283002",
            "triggers": null
          },
          "sensitive_attributes": [],
          "identity_schema_version": 0,
          "dependencies": [
            "module.eks_west.aws_cloudwatch_log_group.this",
            "module.eks_west.aws_eks_cluster.this",
            "module.eks_west.aws_iam_policy.cni_ipv6_policy",
            "module.eks_west.aws_iam_role.eks_auto",
            "module.eks_west.aws_iam_role.this",
            "module.eks_west.aws_iam_role_policy_attachment.this",
            "module.eks_west.aws_security_group.cluster",
            "module.eks_west.aws_security_group.node",
            "module.eks_west.aws_security_group_rule.cluster",
            "module.eks_west.aws_security_group_rule.node",
            "module.eks_west.data.aws_caller_identity.current",
            "module.eks_west.data.aws_iam_policy_document.assume_role_policy",
            "module.eks_west.data.aws_iam_policy_document.cni_ipv6_policy",
            "module.eks_west.data.aws_iam_policy_document.node_assume_role_policy",
            "module.eks_west.data.aws_iam_session_context.current",
            "module.eks_west.data.aws_partition.current",
            "module.eks_west.module.kms.aws_kms_external_key.this",
            "module.eks_west.module.kms.aws_kms_key.this",
            "module.eks_west.module.kms.aws_kms_replica_external_key.this",
            "module.eks_west.module.kms.aws_kms_replica_key.this",
            "module.eks_west.module.kms.data.aws_caller_identity.current",
            "module.eks_west.module.kms.data.aws_iam_policy_document.this",
            "module.eks_west.module.kms.data.aws_partition.current",
            "module.eks_west.time_sleep.this",
            "module.vpc_west.aws_subnet.public",
            "module.vpc_west.aws_vpc.this",
            "module.vpc_west.aws_vpc_ipv4_cidr_block_association.this"
          ]
        }
      ]
    },
    {
      "module": "module.eks_west.module.eks_managed_node_group[\"gg9\"]",
      "mode": "data",
      "type": "aws_caller_identity",
      "name": "current",
      "provider": "provider[\"registry.terraform.io/hashicorp/aws\"].west",
      "instances": [
        {
          "schema_version": 0,
          "attributes": {
            "account_id": "007924758087",
            "arn": "arn:aws:iam::007924758087:user/nelzir",
            "id": "007924758087",
            "user_id": "AIDAQDWC2GZDW7ZUFN3VJ"
          },
          "sensitive_attributes": [],
          "identity_schema_version": 0
        }
      ]
    },
    {
      "module": "module.eks_west.module.eks_managed_node_group[\"gg9\"]",
      "mode": "data",
      "type": "aws_iam_policy_document",
      "name": "assume_role_policy",
      "provider": "provider[\"registry.terraform.io/hashicorp/aws\"].west",
      "instances": [
        {
          "index_key": 0,
          "schema_version": 0,
          "attributes": {
            "id": "2560088296",
            "json": "{\n  \"Version\": \"2012-10-17\",\n  \"Statement\": [\n    {\n      \"Sid\": \"EKSNodeAssumeRole\",\n      \"Effect\": \"Allow\",\n      \"Action\": \"sts:AssumeRole\",\n      \"Principal\": {\n        \"Service\": \"ec2.amazonaws.com\"\n      }\n    }\n  ]\n}",
            "minified_json": "{\"Version\":\"2012-10-17\",\"Statement\":[{\"Sid\":\"EKSNodeAssumeRole\",\"Effect\":\"Allow\",\"Action\":\"sts:AssumeRole\",\"Principal\":{\"Service\":\"ec2.amazonaws.com\"}}]}",
            "override_json": null,
            "override_policy_documents": null,
            "policy_id": null,
            "source_json": null,
            "source_policy_documents": null,
            "statement": [
              {
                "actions": [
                  "sts:AssumeRole"
                ],
                "condition": [],
                "effect": "Allow",
                "not_actions": [],
                "not_principals": [],
                "not_resources": [],
                "principals": [
                  {
                    "identifiers": [
                      "ec2.amazonaws.com"
                    ],
                    "type": "Service"
                  }
                ],
                "resources": [],
                "sid": "EKSNodeAssumeRole"
              }
            ],
            "version": "2012-10-17"
          },
          "sensitive_attributes": [],
          "identity_schema_version": 0
        }
      ]
    },
    {
      "module": "module.eks_west.module.eks_managed_node_group[\"gg9\"]",
      "mode": "data",
      "type": "aws_partition",
      "name": "current",
      "provider": "provider[\"registry.terraform.io/hashicorp/aws\"].west",
      "instances": [
        {
          "schema_version": 0,
          "attributes": {
            "dns_suffix": "amazonaws.com",
            "id": "aws",
            "partition": "aws",
            "reverse_dns_prefix": "com.amazonaws"
          },
          "sensitive_attributes": [],
          "identity_schema_version": 0
        }
      ]
    },
    {
      "module": "module.eks_west.module.eks_managed_node_group[\"gg9\"]",
      "mode": "managed",
      "type": "aws_eks_node_group",
      "name": "this",
      "provider": "provider[\"registry.terraform.io/hashicorp/aws\"].west",
      "instances": [
        {
          "index_key": 0,
          "schema_version": 0,
          "attributes": {
            "ami_type": "AL2023_ARM_64_STANDARD",
            "arn": "arn:aws:eks:us-west-2:007924758087:nodegroup/gg9-eks-west/gg9-2026010817064436350000001c/02cdcf49-9735-7268-5325-e908bac48bfc",
            "capacity_type": "ON_DEMAND",
            "cluster_name": "gg9-eks-west",
            "disk_size": 0,
            "force_update_version": null,
            "id": "gg9-eks-west:gg9-2026010817064436350000001c",
            "instance_types": [
              "m7gd.2xlarge"
            ],
            "labels": {
              "role": "gridgain"
            },
            "launch_template": [
              {
                "id": "lt-0cf5c6cda6c406244",
                "name": "gg9-20260108170637907300000018",
                "version": "1"
              }
            ],
            "node_group_name": "gg9-2026010817064436350000001c",
            "node_group_name_prefix": "gg9-",
            "node_repair_config": [],
            "node_role_arn": "arn:aws:iam::007924758087:role/gg9-eks-node-group-20260108165534056200000003",
            "release_version": "1.30.14-20251217",
            "remote_access": [],
            "resources": [
              {
                "autoscaling_groups": [
                  {
                    "name": "eks-gg9-2026010817064436350000001c-02cdcf49-9735-7268-5325-e908bac48bfc"
                  }
                ],
                "remote_access_security_group_id": ""
              }
            ],
            "scaling_config": [
              {
                "desired_size": 3,
                "max_size": 6,
                "min_size": 3
              }
            ],
            "status": "ACTIVE",
            "subnet_ids": [
              "subnet-0280cd91f8a727656",
              "subnet-0441efc80d512206f",
              "subnet-09066e09b1eab15a7"
            ],
            "tags": {
              "Name": "gg9"
            },
            "tags_all": {
              "Name": "gg9"
            },
            "taint": [
              {
                "effect": "NO_SCHEDULE",
                "key": "dedicated",
                "value": "gridgain"
              }
            ],
            "timeouts": {
              "create": null,
              "delete": null,
              "update": null
            },
            "update_config": [
              {
                "max_unavailable": 0,
                "max_unavailable_percentage": 33
              }
            ],
            "version": "1.30"
          },
          "sensitive_attributes": [],
          "identity_schema_version": 0,
          "private": "eyJlMmJmYjczMC1lY2FhLTExZTYtOGY4OC0zNDM2M2JjN2M0YzAiOnsiY3JlYXRlIjozNjAwMDAwMDAwMDAwLCJkZWxldGUiOjM2MDAwMDAwMDAwMDAsInVwZGF0ZSI6MzYwMDAwMDAwMDAwMH19",
          "dependencies": [
            "module.eks_west.aws_cloudwatch_log_group.this",
            "module.eks_west.aws_eks_cluster.this",
            "module.eks_west.aws_iam_policy.cni_ipv6_policy",
            "module.eks_west.aws_iam_role.eks_auto",
            "module.eks_west.aws_iam_role.this",
            "module.eks_west.aws_iam_role_policy_attachment.this",
            "module.eks_west.aws_security_group.cluster",
            "module.eks_west.aws_security_group.node",
            "module.eks_west.aws_security_group_rule.cluster",
            "module.eks_west.aws_security_group_rule.node",
            "module.eks_west.data.aws_caller_identity.current",
            "module.eks_west.data.aws_iam_policy_document.assume_role_policy",
            "module.eks_west.data.aws_iam_policy_document.cni_ipv6_policy",
            "module.eks_west.data.aws_iam_policy_document.node_assume_role_policy",
            "module.eks_west.data.aws_iam_session_context.current",
            "module.eks_west.data.aws_partition.current",
            "module.eks_west.module.eks_managed_node_group.aws_iam_role.this",
            "module.eks_west.module.eks_managed_node_group.aws_iam_role_policy_attachment.additional",
            "module.eks_west.module.eks_managed_node_group.aws_iam_role_policy_attachment.this",
            "module.eks_west.module.eks_managed_node_group.aws_launch_template.this",
            "module.eks_west.module.eks_managed_node_group.aws_placement_group.this",
            "module.eks_west.module.eks_managed_node_group.data.aws_caller_identity.current",
            "module.eks_west.module.eks_managed_node_group.data.aws_ec2_instance_type.this",
            "module.eks_west.module.eks_managed_node_group.data.aws_ec2_instance_type_offerings.this",
            "module.eks_west.module.eks_managed_node_group.data.aws_iam_policy_document.assume_role_policy",
            "module.eks_west.module.eks_managed_node_group.data.aws_partition.current",
            "module.eks_west.module.eks_managed_node_group.data.aws_ssm_parameter.ami",
            "module.eks_west.module.eks_managed_node_group.data.aws_subnets.placement_group",
            "module.eks_west.module.eks_managed_node_group.module.user_data.data.cloudinit_config.al2023_eks_managed_node_group",
            "module.eks_west.module.eks_managed_node_group.module.user_data.data.cloudinit_config.linux_eks_managed_node_group",
            "module.eks_west.module.kms.aws_kms_external_key.this",
            "module.eks_west.module.kms.aws_kms_key.this",
            "module.eks_west.module.kms.aws_kms_replica_external_key.this",
            "module.eks_west.module.kms.aws_kms_replica_key.this",
            "module.eks_west.module.kms.data.aws_caller_identity.current",
            "module.eks_west.module.kms.data.aws_iam_policy_document.this",
            "module.eks_west.module.kms.data.aws_partition.current",
            "module.eks_west.time_sleep.this",
            "module.vpc_west.aws_subnet.public",
            "module.vpc_west.aws_vpc.this",
            "module.vpc_west.aws_vpc_ipv4_cidr_block_association.this"
          ],
          "create_before_destroy": true
        }
      ]
    },
    {
      "module": "module.eks_west.module.eks_managed_node_group[\"gg9\"]",
      "mode": "managed",
      "type": "aws_iam_role",
      "name": "this",
      "provider": "provider[\"registry.terraform.io/hashicorp/aws\"].west",
      "instances": [
        {
          "index_key": 0,
          "schema_version": 0,
          "attributes": {
            "arn": "arn:aws:iam::007924758087:role/gg9-eks-node-group-20260108165534056200000003",
            "assume_role_policy": "{\"Statement\":[{\"Action\":\"sts:AssumeRole\",\"Effect\":\"Allow\",\"Principal\":{\"Service\":\"ec2.amazonaws.com\"},\"Sid\":\"EKSNodeAssumeRole\"}],\"Version\":\"2012-10-17\"}",
            "create_date": "2026-01-08T16:55:34Z",
            "description": "EKS managed node group IAM role",
            "force_detach_policies": true,
            "id": "gg9-eks-node-group-20260108165534056200000003",
            "inline_policy": [],
            "managed_policy_arns": [
              "arn:aws:iam::aws:policy/AmazonEC2ContainerRegistryReadOnly",
              "arn:aws:iam::aws:policy/AmazonEKSWorkerNodePolicy",
              "arn:aws:iam::aws:policy/AmazonEKS_CNI_Policy"
            ],
            "max_session_duration": 3600,
            "name": "gg9-eks-node-group-20260108165534056200000003",
            "name_prefix": "gg9-eks-node-group-",
            "path": "/",
            "permissions_boundary": "",
            "tags": {},
            "tags_all": {},
            "unique_id": "AROAQDWC2GZD6XO6QPKZQ"
          },
          "sensitive_attributes": [],
          "identity_schema_version": 0,
          "private": "bnVsbA==",
          "dependencies": [
            "module.eks_west.module.eks_managed_node_group.data.aws_iam_policy_document.assume_role_policy"
          ],
          "create_before_destroy": true
        }
      ]
    },
    {
      "module": "module.eks_west.module.eks_managed_node_group[\"gg9\"]",
      "mode": "managed",
      "type": "aws_iam_role_policy_attachment",
      "name": "this",
      "provider": "provider[\"registry.terraform.io/hashicorp/aws\"].west",
      "instances": [
        {
          "index_key": "AmazonEC2ContainerRegistryReadOnly",
          "schema_version": 0,
          "attributes": {
            "id": "gg9-eks-node-group-20260108165534056200000003-20260108165534720900000009",
            "policy_arn": "arn:aws:iam::aws:policy/AmazonEC2ContainerRegistryReadOnly",
            "role": "gg9-eks-node-group-20260108165534056200000003"
          },
          "sensitive_attributes": [],
          "identity_schema_version": 0,
          "private": "bnVsbA==",
          "dependencies": [
            "module.eks_west.module.eks_managed_node_group.aws_iam_role.this",
            "module.eks_west.module.eks_managed_node_group.data.aws_caller_identity.current",
            "module.eks_west.module.eks_managed_node_group.data.aws_iam_policy_document.assume_role_policy",
            "module.eks_west.module.eks_managed_node_group.data.aws_partition.current"
          ],
          "create_before_destroy": true
        },
        {
          "index_key": "AmazonEKSWorkerNodePolicy",
          "schema_version": 0,
          "attributes": {
            "id": "gg9-eks-node-group-20260108165534056200000003-2026010816553480030000000c",
            "policy_arn": "arn:aws:iam::aws:policy/AmazonEKSWorkerNodePolicy",
            "role": "gg9-eks-node-group-20260108165534056200000003"
          },
          "sensitive_attributes": [],
          "identity_schema_version": 0,
          "private": "bnVsbA==",
          "dependencies": [
            "module.eks_west.module.eks_managed_node_group.aws_iam_role.this",
            "module.eks_west.module.eks_managed_node_group.data.aws_caller_identity.current",
            "module.eks_west.module.eks_managed_node_group.data.aws_iam_policy_document.assume_role_policy",
            "module.eks_west.module.eks_managed_node_group.data.aws_partition.current"
          ],
          "create_before_destroy": true
        },
        {
          "index_key": "AmazonEKS_CNI_Policy",
          "schema_version": 0,
          "attributes": {
            "id": "gg9-eks-node-group-20260108165534056200000003-2026010816553480030000000d",
            "policy_arn": "arn:aws:iam::aws:policy/AmazonEKS_CNI_Policy",
            "role": "gg9-eks-node-group-20260108165534056200000003"
          },
          "sensitive_attributes": [],
          "identity_schema_version": 0,
          "private": "bnVsbA==",
          "dependencies": [
            "module.eks_west.module.eks_managed_node_group.aws_iam_role.this",
            "module.eks_west.module.eks_managed_node_group.data.aws_caller_identity.current",
            "module.eks_west.module.eks_managed_node_group.data.aws_iam_policy_document.assume_role_policy",
            "module.eks_west.module.eks_managed_node_group.data.aws_partition.current"
          ],
          "create_before_destroy": true
        }
      ]
    },
    {
      "module": "module.eks_west.module.eks_managed_node_group[\"gg9\"]",
      "mode": "managed",
      "type": "aws_launch_template",
      "name": "this",
      "provider": "provider[\"registry.terraform.io/hashicorp/aws\"].west",
      "instances": [
        {
          "index_key": 0,
          "schema_version": 0,
          "attributes": {
            "arn": "arn:aws:ec2:us-west-2:007924758087:launch-template/lt-0cf5c6cda6c406244",
            "block_device_mappings": [],
            "capacity_reservation_specification": [],
            "cpu_options": [],
            "credit_specification": [],
            "default_version": 1,
            "description": "Custom launch template for gg9 EKS managed node group",
            "disable_api_stop": false,
            "disable_api_termination": false,
            "ebs_optimized": "",
            "elastic_gpu_specifications": [],
            "elastic_inference_accelerator": [],
            "enclave_options": [],
            "hibernation_options": [],
            "iam_instance_profile": [],
            "id": "lt-0cf5c6cda6c406244",
            "image_id": "",
            "instance_initiated_shutdown_behavior": "",
            "instance_market_options": [],
            "instance_requirements": [],
            "instance_type": "",
            "kernel_id": "",
            "key_name": "",
            "latest_version": 1,
            "license_specification": [],
            "maintenance_options": [],
            "metadata_options": [
              {
                "http_endpoint": "enabled",
                "http_protocol_ipv6": "",
                "http_put_response_hop_limit": 2,
                "http_tokens": "required",
                "instance_metadata_tags": ""
              }
            ],
            "monitoring": [
              {
                "enabled": true
              }
            ],
            "name": "gg9-20260108170637907300000018",
            "name_prefix": "gg9-",
            "network_interfaces": [],
            "placement": [],
            "private_dns_name_options": [],
            "ram_disk_id": "",
            "security_group_names": [],
            "tag_specifications": [
              {
                "resource_type": "instance",
                "tags": {
                  "Name": "gg9"
                }
              },
              {
                "resource_type": "network-interface",
                "tags": {
                  "Name": "gg9"
                }
              },
              {
                "resource_type": "volume",
                "tags": {
                  "Name": "gg9"
                }
              }
            ],
            "tags": {},
            "tags_all": {},
            "update_default_version": true,
            "user_data": "",
            "vpc_security_group_ids": [
              "sg-0065efdd84c081610"
            ]
          },
          "sensitive_attributes": [],
          "identity_schema_version": 0,
          "private": "bnVsbA==",
          "dependencies": [
            "module.eks_west.aws_cloudwatch_log_group.this",
            "module.eks_west.aws_eks_cluster.this",
            "module.eks_west.aws_iam_policy.cni_ipv6_policy",
            "module.eks_west.aws_iam_role.eks_auto",
            "module.eks_west.aws_iam_role.this",
            "module.eks_west.aws_iam_role_policy_attachment.this",
            "module.eks_west.aws_security_group.cluster",
            "module.eks_west.aws_security_group.node",
            "module.eks_west.aws_security_group_rule.cluster",
            "module.eks_west.aws_security_group_rule.node",
            "module.eks_west.data.aws_caller_identity.current",
            "module.eks_west.data.aws_iam_policy_document.assume_role_policy",
            "module.eks_west.data.aws_iam_policy_document.cni_ipv6_policy",
            "module.eks_west.data.aws_iam_policy_document.node_assume_role_policy",
            "module.eks_west.data.aws_iam_session_context.current",
            "module.eks_west.data.aws_partition.current",
            "module.eks_west.module.eks_managed_node_group.aws_iam_role.this",
            "module.eks_west.module.eks_managed_node_group.aws_iam_role_policy_attachment.additional",
            "module.eks_west.module.eks_managed_node_group.aws_iam_role_policy_attachment.this",
            "module.eks_west.module.eks_managed_node_group.aws_placement_group.this",
            "module.eks_west.module.eks_managed_node_group.data.aws_caller_identity.current",
            "module.eks_west.module.eks_managed_node_group.data.aws_ec2_instance_type.this",
            "module.eks_west.module.eks_managed_node_group.data.aws_iam_policy_document.assume_role_policy",
            "module.eks_west.module.eks_managed_node_group.data.aws_partition.current",
            "module.eks_west.module.eks_managed_node_group.module.user_data.data.cloudinit_config.al2023_eks_managed_node_group",
            "module.eks_west.module.eks_managed_node_group.module.user_data.data.cloudinit_config.linux_eks_managed_node_group",
            "module.eks_west.module.kms.aws_kms_external_key.this",
            "module.eks_west.module.kms.aws_kms_key.this",
            "module.eks_west.module.kms.aws_kms_replica_external_key.this",
            "module.eks_west.module.kms.aws_kms_replica_key.this",
            "module.eks_west.module.kms.data.aws_caller_identity.current",
            "module.eks_west.module.kms.data.aws_iam_policy_document.this",
            "module.eks_west.module.kms.data.aws_partition.current",
            "module.eks_west.time_sleep.this",
            "module.vpc_west.aws_subnet.public",
            "module.vpc_west.aws_vpc.this",
            "module.vpc_west.aws_vpc_ipv4_cidr_block_association.this"
          ],
          "create_before_destroy": true
        }
      ]
    },
    {
      "module": "module.eks_west.module.eks_managed_node_group[\"gg9\"].module.user_data",
      "mode": "managed",
      "type": "null_resource",
      "name": "validate_cluster_service_cidr",
      "provider": "provider[\"registry.terraform.io/hashicorp/null\"]",
      "instances": [
        {
          "schema_version": 0,
          "attributes": {
            "id": "767116963474589379",
            "triggers": null
          },
          "sensitive_attributes": [],
          "identity_schema_version": 0,
          "dependencies": [
            "module.eks_west.aws_cloudwatch_log_group.this",
            "module.eks_west.aws_eks_cluster.this",
            "module.eks_west.aws_iam_policy.cni_ipv6_policy",
            "module.eks_west.aws_iam_role.eks_auto",
            "module.eks_west.aws_iam_role.this",
            "module.eks_west.aws_iam_role_policy_attachment.this",
            "module.eks_west.aws_security_group.cluster",
            "module.eks_west.aws_security_group.node",
            "module.eks_west.aws_security_group_rule.cluster",
            "module.eks_west.aws_security_group_rule.node",
            "module.eks_west.data.aws_caller_identity.current",
            "module.eks_west.data.aws_iam_policy_document.assume_role_policy",
            "module.eks_west.data.aws_iam_policy_document.cni_ipv6_policy",
            "module.eks_west.data.aws_iam_policy_document.node_assume_role_policy",
            "module.eks_west.data.aws_iam_session_context.current",
            "module.eks_west.data.aws_partition.current",
            "module.eks_west.module.kms.aws_kms_external_key.this",
            "module.eks_west.module.kms.aws_kms_key.this",
            "module.eks_west.module.kms.aws_kms_replica_external_key.this",
            "module.eks_west.module.kms.aws_kms_replica_key.this",
            "module.eks_west.module.kms.data.aws_caller_identity.current",
            "module.eks_west.module.kms.data.aws_iam_policy_document.this",
            "module.eks_west.module.kms.data.aws_partition.current",
            "module.eks_west.time_sleep.this",
            "module.vpc_west.aws_subnet.public",
            "module.vpc_west.aws_vpc.this",
            "module.vpc_west.aws_vpc_ipv4_cidr_block_association.this"
          ]
        }
      ]
    },
    {
      "module": "module.vpc_east",
      "mode": "managed",
      "type": "aws_default_network_acl",
      "name": "this",
      "provider": "provider[\"registry.terraform.io/hashicorp/aws\"]",
      "instances": [
        {
          "index_key": 0,
          "schema_version": 0,
          "attributes": {
            "arn": "arn:aws:ec2:us-east-1:007924758087:network-acl/acl-0baf765bae9a954ff",
            "default_network_acl_id": "acl-0baf765bae9a954ff",
            "egress": [
              {
                "action": "allow",
                "cidr_block": "",
                "from_port": 0,
                "icmp_code": 0,
                "icmp_type": 0,
                "ipv6_cidr_block": "::/0",
                "protocol": "-1",
                "rule_no": 101,
                "to_port": 0
              },
              {
                "action": "allow",
                "cidr_block": "0.0.0.0/0",
                "from_port": 0,
                "icmp_code": 0,
                "icmp_type": 0,
                "ipv6_cidr_block": "",
                "protocol": "-1",
                "rule_no": 100,
                "to_port": 0
              }
            ],
            "id": "acl-0baf765bae9a954ff",
            "ingress": [
              {
                "action": "allow",
                "cidr_block": "",
                "from_port": 0,
                "icmp_code": 0,
                "icmp_type": 0,
                "ipv6_cidr_block": "::/0",
                "protocol": "-1",
                "rule_no": 101,
                "to_port": 0
              },
              {
                "action": "allow",
                "cidr_block": "0.0.0.0/0",
                "from_port": 0,
                "icmp_code": 0,
                "icmp_type": 0,
                "ipv6_cidr_block": "",
                "protocol": "-1",
                "rule_no": 100,
                "to_port": 0
              }
            ],
            "owner_id": "007924758087",
            "subnet_ids": [
              "subnet-005bc2455230caad5",
              "subnet-0693b6c4cf46aada8",
              "subnet-090f2544da240dffb",
              "subnet-0d3d2ab043aefd12f",
              "subnet-0d70210b73f95a663",
              "subnet-0ef1d9470c238b722"
            ],
            "tags": {
              "Environment": "poc",
              "Name": "gg9-eks-east-default",
              "Region": "us-east-1"
            },
            "tags_all": {
              "Environment": "poc",
              "Name": "gg9-eks-east-default",
              "Region": "us-east-1"
            },
            "vpc_id": "vpc-0bc4de85f36e89340"
          },
          "sensitive_attributes": [],
          "identity_schema_version": 0,
          "private": "bnVsbA==",
          "dependencies": [
            "module.vpc_east.aws_vpc.this"
          ]
        }
      ]
    },
    {
      "module": "module.vpc_east",
      "mode": "managed",
      "type": "aws_default_route_table",
      "name": "default",
      "provider": "provider[\"registry.terraform.io/hashicorp/aws\"]",
      "instances": [
        {
          "index_key": 0,
          "schema_version": 0,
          "attributes": {
            "arn": "arn:aws:ec2:us-east-1:007924758087:route-table/rtb-0525239cce5c9a953",
            "default_route_table_id": "rtb-0525239cce5c9a953",
            "id": "rtb-0525239cce5c9a953",
            "owner_id": "007924758087",
            "propagating_vgws": [],
            "route": [],
            "tags": {
              "Environment": "poc",
              "Name": "gg9-eks-east-default",
              "Region": "us-east-1"
            },
            "tags_all": {
              "Environment": "poc",
              "Name": "gg9-eks-east-default",
              "Region": "us-east-1"
            },
            "timeouts": {
              "create": "5m",
              "update": "5m"
            },
            "vpc_id": "vpc-0bc4de85f36e89340"
          },
          "sensitive_attributes": [],
          "identity_schema_version": 0,
          "private": "eyJlMmJmYjczMC1lY2FhLTExZTYtOGY4OC0zNDM2M2JjN2M0YzAiOnsiY3JlYXRlIjozMDAwMDAwMDAwMDAsInVwZGF0ZSI6MzAwMDAwMDAwMDAwfX0=",
          "dependencies": [
            "module.vpc_east.aws_vpc.this"
          ]
        }
      ]
    },
    {
      "module": "module.vpc_east",
      "mode": "managed",
      "type": "aws_default_security_group",
      "name": "this",
      "provider": "provider[\"registry.terraform.io/hashicorp/aws\"]",
      "instances": [
        {
          "index_key": 0,
          "schema_version": 1,
          "attributes": {
            "arn": "arn:aws:ec2:us-east-1:007924758087:security-group/sg-00608fd672d11cd9e",
            "description": "default VPC security group",
            "egress": [],
            "id": "sg-00608fd672d11cd9e",
            "ingress": [],
            "name": "default",
            "name_prefix": "",
            "owner_id": "007924758087",
            "revoke_rules_on_delete": false,
            "tags": {
              "Environment": "poc",
              "Name": "gg9-eks-east-default",
              "Region": "us-east-1"
            },
            "tags_all": {
              "Environment": "poc",
              "Name": "gg9-eks-east-default",
              "Region": "us-east-1"
            },
            "vpc_id": "vpc-0bc4de85f36e89340"
          },
          "sensitive_attributes": [],
          "identity_schema_version": 0,
          "private": "eyJzY2hlbWFfdmVyc2lvbiI6IjEifQ==",
          "dependencies": [
            "module.vpc_east.aws_vpc.this"
          ]
        }
      ]
    },
    {
      "module": "module.vpc_east",
      "mode": "managed",
      "type": "aws_internet_gateway",
      "name": "this",
      "provider": "provider[\"registry.terraform.io/hashicorp/aws\"]",
      "instances": [
        {
          "index_key": 0,
          "schema_version": 0,
          "attributes": {
            "arn": "arn:aws:ec2:us-east-1:007924758087:internet-gateway/igw-00eac5f550453e971",
            "id": "igw-00eac5f550453e971",
            "owner_id": "007924758087",
            "tags": {
              "Environment": "poc",
              "Name": "gg9-eks-east",
              "Region": "us-east-1"
            },
            "tags_all": {
              "Environment": "poc",
              "Name": "gg9-eks-east",
              "Region": "us-east-1"
            },
            "timeouts": null,
            "vpc_id": "vpc-0bc4de85f36e89340"
          },
          "sensitive_attributes": [],
          "identity_schema_version": 0,
          "private": "eyJlMmJmYjczMC1lY2FhLTExZTYtOGY4OC0zNDM2M2JjN2M0YzAiOnsiY3JlYXRlIjoxMjAwMDAwMDAwMDAwLCJkZWxldGUiOjEyMDAwMDAwMDAwMDAsInVwZGF0ZSI6MTIwMDAwMDAwMDAwMH19",
          "dependencies": [
            "module.vpc_east.aws_vpc.this",
            "module.vpc_east.aws_vpc_ipv4_cidr_block_association.this"
          ]
        }
      ]
    },
    {
      "module": "module.vpc_east",
      "mode": "managed",
      "type": "aws_route",
      "name": "public_internet_gateway",
      "provider": "provider[\"registry.terraform.io/hashicorp/aws\"]",
      "instances": [
        {
          "index_key": 0,
          "schema_version": 0,
          "attributes": {
            "carrier_gateway_id": "",
            "core_network_arn": "",
            "destination_cidr_block": "0.0.0.0/0",
            "destination_ipv6_cidr_block": "",
            "destination_prefix_list_id": "",
            "egress_only_gateway_id": "",
            "gateway_id": "igw-00eac5f550453e971",
            "id": "r-rtb-014824bfbcf5792041080289494",
            "instance_id": "",
            "instance_owner_id": "",
            "local_gateway_id": "",
            "nat_gateway_id": "",
            "network_interface_id": "",
            "origin": "CreateRoute",
            "route_table_id": "rtb-014824bfbcf579204",
            "state": "active",
            "timeouts": {
              "create": "5m",
              "delete": null,
              "update": null
            },
            "transit_gateway_id": "",
            "vpc_endpoint_id": "",
            "vpc_peering_connection_id": ""
          },
          "sensitive_attributes": [],
          "identity_schema_version": 0,
          "private": "eyJlMmJmYjczMC1lY2FhLTExZTYtOGY4OC0zNDM2M2JjN2M0YzAiOnsiY3JlYXRlIjozMDAwMDAwMDAwMDAsImRlbGV0ZSI6MzAwMDAwMDAwMDAwLCJ1cGRhdGUiOjEyMDAwMDAwMDAwMH19",
          "dependencies": [
            "module.vpc_east.aws_internet_gateway.this",
            "module.vpc_east.aws_route_table.public",
            "module.vpc_east.aws_vpc.this",
            "module.vpc_east.aws_vpc_ipv4_cidr_block_association.this"
          ]
        }
      ]
    },
    {
      "module": "module.vpc_east",
      "mode": "managed",
      "type": "aws_route_table",
      "name": "private",
      "provider": "provider[\"registry.terraform.io/hashicorp/aws\"]",
      "instances": [
        {
          "index_key": 0,
          "schema_version": 0,
          "attributes": {
            "arn": "arn:aws:ec2:us-east-1:007924758087:route-table/rtb-0fdbb376c12a82d90",
            "id": "rtb-0fdbb376c12a82d90",
            "owner_id": "007924758087",
            "propagating_vgws": [],
            "route": [
              {
                "carrier_gateway_id": "",
                "cidr_block": "10.1.0.0/16",
                "core_network_arn": "",
                "destination_prefix_list_id": "",
                "egress_only_gateway_id": "",
                "gateway_id": "",
                "ipv6_cidr_block": "",
                "local_gateway_id": "",
                "nat_gateway_id": "",
                "network_interface_id": "",
                "transit_gateway_id": "",
                "vpc_endpoint_id": "",
                "vpc_peering_connection_id": "pcx-0f320faf02204bed2"
              }
            ],
            "tags": {
              "Environment": "poc",
              "Name": "gg9-eks-east-private-us-east-1a",
              "Region": "us-east-1"
            },
            "tags_all": {
              "Environment": "poc",
              "Name": "gg9-eks-east-private-us-east-1a",
              "Region": "us-east-1"
            },
            "timeouts": null,
            "vpc_id": "vpc-0bc4de85f36e89340"
          },
          "sensitive_attributes": [],
          "identity_schema_version": 0,
          "private": "eyJlMmJmYjczMC1lY2FhLTExZTYtOGY4OC0zNDM2M2JjN2M0YzAiOnsiY3JlYXRlIjozMDAwMDAwMDAwMDAsImRlbGV0ZSI6MzAwMDAwMDAwMDAwLCJ1cGRhdGUiOjEyMDAwMDAwMDAwMH19",
          "dependencies": [
            "module.vpc_east.aws_vpc.this",
            "module.vpc_east.aws_vpc_ipv4_cidr_block_association.this"
          ]
        },
        {
          "index_key": 1,
          "schema_version": 0,
          "attributes": {
            "arn": "arn:aws:ec2:us-east-1:007924758087:route-table/rtb-0f756178fb788789d",
            "id": "rtb-0f756178fb788789d",
            "owner_id": "007924758087",
            "propagating_vgws": [],
            "route": [
              {
                "carrier_gateway_id": "",
                "cidr_block": "10.1.0.0/16",
                "core_network_arn": "",
                "destination_prefix_list_id": "",
                "egress_only_gateway_id": "",
                "gateway_id": "",
                "ipv6_cidr_block": "",
                "local_gateway_id": "",
                "nat_gateway_id": "",
                "network_interface_id": "",
                "transit_gateway_id": "",
                "vpc_endpoint_id": "",
                "vpc_peering_connection_id": "pcx-0f320faf02204bed2"
              }
            ],
            "tags": {
              "Environment": "poc",
              "Name": "gg9-eks-east-private-us-east-1b",
              "Region": "us-east-1"
            },
            "tags_all": {
              "Environment": "poc",
              "Name": "gg9-eks-east-private-us-east-1b",
              "Region": "us-east-1"
            },
            "timeouts": null,
            "vpc_id": "vpc-0bc4de85f36e89340"
          },
          "sensitive_attributes": [],
          "identity_schema_version": 0,
          "private": "eyJlMmJmYjczMC1lY2FhLTExZTYtOGY4OC0zNDM2M2JjN2M0YzAiOnsiY3JlYXRlIjozMDAwMDAwMDAwMDAsImRlbGV0ZSI6MzAwMDAwMDAwMDAwLCJ1cGRhdGUiOjEyMDAwMDAwMDAwMH19",
          "dependencies": [
            "module.vpc_east.aws_vpc.this",
            "module.vpc_east.aws_vpc_ipv4_cidr_block_association.this"
          ]
        },
        {
          "index_key": 2,
          "schema_version": 0,
          "attributes": {
            "arn": "arn:aws:ec2:us-east-1:007924758087:route-table/rtb-046fd808969cabecf",
            "id": "rtb-046fd808969cabecf",
            "owner_id": "007924758087",
            "propagating_vgws": [],
            "route": [
              {
                "carrier_gateway_id": "",
                "cidr_block": "10.1.0.0/16",
                "core_network_arn": "",
                "destination_prefix_list_id": "",
                "egress_only_gateway_id": "",
                "gateway_id": "",
                "ipv6_cidr_block": "",
                "local_gateway_id": "",
                "nat_gateway_id": "",
                "network_interface_id": "",
                "transit_gateway_id": "",
                "vpc_endpoint_id": "",
                "vpc_peering_connection_id": "pcx-0f320faf02204bed2"
              }
            ],
            "tags": {
              "Environment": "poc",
              "Name": "gg9-eks-east-private-us-east-1c",
              "Region": "us-east-1"
            },
            "tags_all": {
              "Environment": "poc",
              "Name": "gg9-eks-east-private-us-east-1c",
              "Region": "us-east-1"
            },
            "timeouts": null,
            "vpc_id": "vpc-0bc4de85f36e89340"
          },
          "sensitive_attributes": [],
          "identity_schema_version": 0,
          "private": "eyJlMmJmYjczMC1lY2FhLTExZTYtOGY4OC0zNDM2M2JjN2M0YzAiOnsiY3JlYXRlIjozMDAwMDAwMDAwMDAsImRlbGV0ZSI6MzAwMDAwMDAwMDAwLCJ1cGRhdGUiOjEyMDAwMDAwMDAwMH19",
          "dependencies": [
            "module.vpc_east.aws_vpc.this",
            "module.vpc_east.aws_vpc_ipv4_cidr_block_association.this"
          ]
        }
      ]
    },
    {
      "module": "module.vpc_east",
      "mode": "managed",
      "type": "aws_route_table",
      "name": "public",
      "provider": "provider[\"registry.terraform.io/hashicorp/aws\"]",
      "instances": [
        {
          "index_key": 0,
          "schema_version": 0,
          "attributes": {
            "arn": "arn:aws:ec2:us-east-1:007924758087:route-table/rtb-014824bfbcf579204",
            "id": "rtb-014824bfbcf579204",
            "owner_id": "007924758087",
            "propagating_vgws": [],
            "route": [
              {
                "carrier_gateway_id": "",
                "cidr_block": "0.0.0.0/0",
                "core_network_arn": "",
                "destination_prefix_list_id": "",
                "egress_only_gateway_id": "",
                "gateway_id": "igw-00eac5f550453e971",
                "ipv6_cidr_block": "",
                "local_gateway_id": "",
                "nat_gateway_id": "",
                "network_interface_id": "",
                "transit_gateway_id": "",
                "vpc_endpoint_id": "",
                "vpc_peering_connection_id": ""
              },
              {
                "carrier_gateway_id": "",
                "cidr_block": "10.1.0.0/16",
                "core_network_arn": "",
                "destination_prefix_list_id": "",
                "egress_only_gateway_id": "",
                "gateway_id": "",
                "ipv6_cidr_block": "",
                "local_gateway_id": "",
                "nat_gateway_id": "",
                "network_interface_id": "",
                "transit_gateway_id": "",
                "vpc_endpoint_id": "",
                "vpc_peering_connection_id": "pcx-0f320faf02204bed2"
              }
            ],
            "tags": {
              "Environment": "poc",
              "Name": "gg9-eks-east-public",
              "Region": "us-east-1"
            },
            "tags_all": {
              "Environment": "poc",
              "Name": "gg9-eks-east-public",
              "Region": "us-east-1"
            },
            "timeouts": null,
            "vpc_id": "vpc-0bc4de85f36e89340"
          },
          "sensitive_attributes": [],
          "identity_schema_version": 0,
          "private": "eyJlMmJmYjczMC1lY2FhLTExZTYtOGY4OC0zNDM2M2JjN2M0YzAiOnsiY3JlYXRlIjozMDAwMDAwMDAwMDAsImRlbGV0ZSI6MzAwMDAwMDAwMDAwLCJ1cGRhdGUiOjEyMDAwMDAwMDAwMH19",
          "dependencies": [
            "module.vpc_east.aws_vpc.this",
            "module.vpc_east.aws_vpc_ipv4_cidr_block_association.this"
          ]
        }
      ]
    },
    {
      "module": "module.vpc_east",
      "mode": "managed",
      "type": "aws_route_table_association",
      "name": "private",
      "provider": "provider[\"registry.terraform.io/hashicorp/aws\"]",
      "instances": [
        {
          "index_key": 0,
          "schema_version": 0,
          "attributes": {
            "gateway_id": "",
            "id": "rtbassoc-0b74d3245af13602c",
            "route_table_id": "rtb-0fdbb376c12a82d90",
            "subnet_id": "subnet-005bc2455230caad5",
            "timeouts": null
          },
          "sensitive_attributes": [],
          "identity_schema_version": 0,
          "private": "eyJlMmJmYjczMC1lY2FhLTExZTYtOGY4OC0zNDM2M2JjN2M0YzAiOnsiY3JlYXRlIjozMDAwMDAwMDAwMDAsImRlbGV0ZSI6MzAwMDAwMDAwMDAwLCJ1cGRhdGUiOjEyMDAwMDAwMDAwMH19",
          "dependencies": [
            "module.vpc_east.aws_route_table.private",
            "module.vpc_east.aws_subnet.private",
            "module.vpc_east.aws_vpc.this",
            "module.vpc_east.aws_vpc_ipv4_cidr_block_association.this"
          ]
        },
        {
          "index_key": 1,
          "schema_version": 0,
          "attributes": {
            "gateway_id": "",
            "id": "rtbassoc-0abcef4d737f043bd",
            "route_table_id": "rtb-0f756178fb788789d",
            "subnet_id": "subnet-0ef1d9470c238b722",
            "timeouts": null
          },
          "sensitive_attributes": [],
          "identity_schema_version": 0,
          "private": "eyJlMmJmYjczMC1lY2FhLTExZTYtOGY4OC0zNDM2M2JjN2M0YzAiOnsiY3JlYXRlIjozMDAwMDAwMDAwMDAsImRlbGV0ZSI6MzAwMDAwMDAwMDAwLCJ1cGRhdGUiOjEyMDAwMDAwMDAwMH19",
          "dependencies": [
            "module.vpc_east.aws_route_table.private",
            "module.vpc_east.aws_subnet.private",
            "module.vpc_east.aws_vpc.this",
            "module.vpc_east.aws_vpc_ipv4_cidr_block_association.this"
          ]
        },
        {
          "index_key": 2,
          "schema_version": 0,
          "attributes": {
            "gateway_id": "",
            "id": "rtbassoc-03111a7e8a5eecca3",
            "route_table_id": "rtb-046fd808969cabecf",
            "subnet_id": "subnet-0d3d2ab043aefd12f",
            "timeouts": null
          },
          "sensitive_attributes": [],
          "identity_schema_version": 0,
          "private": "eyJlMmJmYjczMC1lY2FhLTExZTYtOGY4OC0zNDM2M2JjN2M0YzAiOnsiY3JlYXRlIjozMDAwMDAwMDAwMDAsImRlbGV0ZSI6MzAwMDAwMDAwMDAwLCJ1cGRhdGUiOjEyMDAwMDAwMDAwMH19",
          "dependencies": [
            "module.vpc_east.aws_route_table.private",
            "module.vpc_east.aws_subnet.private",
            "module.vpc_east.aws_vpc.this",
            "module.vpc_east.aws_vpc_ipv4_cidr_block_association.this"
          ]
        }
      ]
    },
    {
      "module": "module.vpc_east",
      "mode": "managed",
      "type": "aws_route_table_association",
      "name": "public",
      "provider": "provider[\"registry.terraform.io/hashicorp/aws\"]",
      "instances": [
        {
          "index_key": 0,
          "schema_version": 0,
          "attributes": {
            "gateway_id": "",
            "id": "rtbassoc-05860738c946621aa",
            "route_table_id": "rtb-014824bfbcf579204",
            "subnet_id": "subnet-0693b6c4cf46aada8",
            "timeouts": null
          },
          "sensitive_attributes": [],
          "identity_schema_version": 0,
          "private": "eyJlMmJmYjczMC1lY2FhLTExZTYtOGY4OC0zNDM2M2JjN2M0YzAiOnsiY3JlYXRlIjozMDAwMDAwMDAwMDAsImRlbGV0ZSI6MzAwMDAwMDAwMDAwLCJ1cGRhdGUiOjEyMDAwMDAwMDAwMH19",
          "dependencies": [
            "module.vpc_east.aws_route_table.public",
            "module.vpc_east.aws_subnet.public",
            "module.vpc_east.aws_vpc.this",
            "module.vpc_east.aws_vpc_ipv4_cidr_block_association.this"
          ]
        },
        {
          "index_key": 1,
          "schema_version": 0,
          "attributes": {
            "gateway_id": "",
            "id": "rtbassoc-0a174d728a569da89",
            "route_table_id": "rtb-014824bfbcf579204",
            "subnet_id": "subnet-0d70210b73f95a663",
            "timeouts": null
          },
          "sensitive_attributes": [],
          "identity_schema_version": 0,
          "private": "eyJlMmJmYjczMC1lY2FhLTExZTYtOGY4OC0zNDM2M2JjN2M0YzAiOnsiY3JlYXRlIjozMDAwMDAwMDAwMDAsImRlbGV0ZSI6MzAwMDAwMDAwMDAwLCJ1cGRhdGUiOjEyMDAwMDAwMDAwMH19",
          "dependencies": [
            "module.vpc_east.aws_route_table.public",
            "module.vpc_east.aws_subnet.public",
            "module.vpc_east.aws_vpc.this",
            "module.vpc_east.aws_vpc_ipv4_cidr_block_association.this"
          ]
        },
        {
          "index_key": 2,
          "schema_version": 0,
          "attributes": {
            "gateway_id": "",
            "id": "rtbassoc-053f3889ea7994653",
            "route_table_id": "rtb-014824bfbcf579204",
            "subnet_id": "subnet-090f2544da240dffb",
            "timeouts": null
          },
          "sensitive_attributes": [],
          "identity_schema_version": 0,
          "private": "eyJlMmJmYjczMC1lY2FhLTExZTYtOGY4OC0zNDM2M2JjN2M0YzAiOnsiY3JlYXRlIjozMDAwMDAwMDAwMDAsImRlbGV0ZSI6MzAwMDAwMDAwMDAwLCJ1cGRhdGUiOjEyMDAwMDAwMDAwMH19",
          "dependencies": [
            "module.vpc_east.aws_route_table.public",
            "module.vpc_east.aws_subnet.public",
            "module.vpc_east.aws_vpc.this",
            "module.vpc_east.aws_vpc_ipv4_cidr_block_association.this"
          ]
        }
      ]
    },
    {
      "module": "module.vpc_east",
      "mode": "managed",
      "type": "aws_subnet",
      "name": "private",
      "provider": "provider[\"registry.terraform.io/hashicorp/aws\"]",
      "instances": [
        {
          "index_key": 0,
          "schema_version": 1,
          "attributes": {
            "arn": "arn:aws:ec2:us-east-1:007924758087:subnet/subnet-005bc2455230caad5",
            "assign_ipv6_address_on_creation": false,
            "availability_zone": "us-east-1a",
            "availability_zone_id": "use1-az1",
            "cidr_block": "10.0.1.0/24",
            "customer_owned_ipv4_pool": "",
            "enable_dns64": false,
            "enable_lni_at_device_index": 0,
            "enable_resource_name_dns_a_record_on_launch": false,
            "enable_resource_name_dns_aaaa_record_on_launch": false,
            "id": "subnet-005bc2455230caad5",
            "ipv6_cidr_block": "",
            "ipv6_cidr_block_association_id": "",
            "ipv6_native": false,
            "map_customer_owned_ip_on_launch": false,
            "map_public_ip_on_launch": false,
            "outpost_arn": "",
            "owner_id": "007924758087",
            "private_dns_hostname_type_on_launch": "ip-name",
            "tags": {
              "Environment": "poc",
              "Name": "gg9-eks-east-private-us-east-1a",
              "Region": "us-east-1",
              "kubernetes.io/cluster/gg9-eks": "shared",
              "kubernetes.io/role/internal-elb": "1"
            },
            "tags_all": {
              "Environment": "poc",
              "Name": "gg9-eks-east-private-us-east-1a",
              "Region": "us-east-1",
              "kubernetes.io/cluster/gg9-eks": "shared",
              "kubernetes.io/role/internal-elb": "1"
            },
            "timeouts": null,
            "vpc_id": "vpc-0bc4de85f36e89340"
          },
          "sensitive_attributes": [],
          "identity_schema_version": 0,
          "private": "eyJlMmJmYjczMC1lY2FhLTExZTYtOGY4OC0zNDM2M2JjN2M0YzAiOnsiY3JlYXRlIjo2MDAwMDAwMDAwMDAsImRlbGV0ZSI6MTIwMDAwMDAwMDAwMH0sInNjaGVtYV92ZXJzaW9uIjoiMSJ9",
          "dependencies": [
            "module.vpc_east.aws_vpc.this",
            "module.vpc_east.aws_vpc_ipv4_cidr_block_association.this"
          ]
        },
        {
          "index_key": 1,
          "schema_version": 1,
          "attributes": {
            "arn": "arn:aws:ec2:us-east-1:007924758087:subnet/subnet-0ef1d9470c238b722",
            "assign_ipv6_address_on_creation": false,
            "availability_zone": "us-east-1b",
            "availability_zone_id": "use1-az2",
            "cidr_block": "10.0.2.0/24",
            "customer_owned_ipv4_pool": "",
            "enable_dns64": false,
            "enable_lni_at_device_index": 0,
            "enable_resource_name_dns_a_record_on_launch": false,
            "enable_resource_name_dns_aaaa_record_on_launch": false,
            "id": "subnet-0ef1d9470c238b722",
            "ipv6_cidr_block": "",
            "ipv6_cidr_block_association_id": "",
            "ipv6_native": false,
            "map_customer_owned_ip_on_launch": false,
            "map_public_ip_on_launch": false,
            "outpost_arn": "",
            "owner_id": "007924758087",
            "private_dns_hostname_type_on_launch": "ip-name",
            "tags": {
              "Environment": "poc",
              "Name": "gg9-eks-east-private-us-east-1b",
              "Region": "us-east-1",
              "kubernetes.io/cluster/gg9-eks": "shared",
              "kubernetes.io/role/internal-elb": "1"
            },
            "tags_all": {
              "Environment": "poc",
              "Name": "gg9-eks-east-private-us-east-1b",
              "Region": "us-east-1",
              "kubernetes.io/cluster/gg9-eks": "shared",
              "kubernetes.io/role/internal-elb": "1"
            },
            "timeouts": null,
            "vpc_id": "vpc-0bc4de85f36e89340"
          },
          "sensitive_attributes": [],
          "identity_schema_version": 0,
          "private": "eyJlMmJmYjczMC1lY2FhLTExZTYtOGY4OC0zNDM2M2JjN2M0YzAiOnsiY3JlYXRlIjo2MDAwMDAwMDAwMDAsImRlbGV0ZSI6MTIwMDAwMDAwMDAwMH0sInNjaGVtYV92ZXJzaW9uIjoiMSJ9",
          "dependencies": [
            "module.vpc_east.aws_vpc.this",
            "module.vpc_east.aws_vpc_ipv4_cidr_block_association.this"
          ]
        },
        {
          "index_key": 2,
          "schema_version": 1,
          "attributes": {
            "arn": "arn:aws:ec2:us-east-1:007924758087:subnet/subnet-0d3d2ab043aefd12f",
            "assign_ipv6_address_on_creation": false,
            "availability_zone": "us-east-1c",
            "availability_zone_id": "use1-az4",
            "cidr_block": "10.0.3.0/24",
            "customer_owned_ipv4_pool": "",
            "enable_dns64": false,
            "enable_lni_at_device_index": 0,
            "enable_resource_name_dns_a_record_on_launch": false,
            "enable_resource_name_dns_aaaa_record_on_launch": false,
            "id": "subnet-0d3d2ab043aefd12f",
            "ipv6_cidr_block": "",
            "ipv6_cidr_block_association_id": "",
            "ipv6_native": false,
            "map_customer_owned_ip_on_launch": false,
            "map_public_ip_on_launch": false,
            "outpost_arn": "",
            "owner_id": "007924758087",
            "private_dns_hostname_type_on_launch": "ip-name",
            "tags": {
              "Environment": "poc",
              "Name": "gg9-eks-east-private-us-east-1c",
              "Region": "us-east-1",
              "kubernetes.io/cluster/gg9-eks": "shared",
              "kubernetes.io/role/internal-elb": "1"
            },
            "tags_all": {
              "Environment": "poc",
              "Name": "gg9-eks-east-private-us-east-1c",
              "Region": "us-east-1",
              "kubernetes.io/cluster/gg9-eks": "shared",
              "kubernetes.io/role/internal-elb": "1"
            },
            "timeouts": null,
            "vpc_id": "vpc-0bc4de85f36e89340"
          },
          "sensitive_attributes": [],
          "identity_schema_version": 0,
          "private": "eyJlMmJmYjczMC1lY2FhLTExZTYtOGY4OC0zNDM2M2JjN2M0YzAiOnsiY3JlYXRlIjo2MDAwMDAwMDAwMDAsImRlbGV0ZSI6MTIwMDAwMDAwMDAwMH0sInNjaGVtYV92ZXJzaW9uIjoiMSJ9",
          "dependencies": [
            "module.vpc_east.aws_vpc.this",
            "module.vpc_east.aws_vpc_ipv4_cidr_block_association.this"
          ]
        }
      ]
    },
    {
      "module": "module.vpc_east",
      "mode": "managed",
      "type": "aws_subnet",
      "name": "public",
      "provider": "provider[\"registry.terraform.io/hashicorp/aws\"]",
      "instances": [
        {
          "index_key": 0,
          "schema_version": 1,
          "attributes": {
            "arn": "arn:aws:ec2:us-east-1:007924758087:subnet/subnet-0693b6c4cf46aada8",
            "assign_ipv6_address_on_creation": false,
            "availability_zone": "us-east-1a",
            "availability_zone_id": "use1-az1",
            "cidr_block": "10.0.101.0/24",
            "customer_owned_ipv4_pool": "",
            "enable_dns64": false,
            "enable_lni_at_device_index": 0,
            "enable_resource_name_dns_a_record_on_launch": false,
            "enable_resource_name_dns_aaaa_record_on_launch": false,
            "id": "subnet-0693b6c4cf46aada8",
            "ipv6_cidr_block": "",
            "ipv6_cidr_block_association_id": "",
            "ipv6_native": false,
            "map_customer_owned_ip_on_launch": false,
            "map_public_ip_on_launch": true,
            "outpost_arn": "",
            "owner_id": "007924758087",
            "private_dns_hostname_type_on_launch": "ip-name",
            "tags": {
              "Environment": "poc",
              "Name": "gg9-eks-east-public-us-east-1a",
              "Region": "us-east-1",
              "kubernetes.io/cluster/gg9-eks": "shared",
              "kubernetes.io/role/elb": "1"
            },
            "tags_all": {
              "Environment": "poc",
              "Name": "gg9-eks-east-public-us-east-1a",
              "Region": "us-east-1",
              "kubernetes.io/cluster/gg9-eks": "shared",
              "kubernetes.io/role/elb": "1"
            },
            "timeouts": null,
            "vpc_id": "vpc-0bc4de85f36e89340"
          },
          "sensitive_attributes": [],
          "identity_schema_version": 0,
          "private": "eyJlMmJmYjczMC1lY2FhLTExZTYtOGY4OC0zNDM2M2JjN2M0YzAiOnsiY3JlYXRlIjo2MDAwMDAwMDAwMDAsImRlbGV0ZSI6MTIwMDAwMDAwMDAwMH0sInNjaGVtYV92ZXJzaW9uIjoiMSJ9",
          "dependencies": [
            "module.vpc_east.aws_vpc.this",
            "module.vpc_east.aws_vpc_ipv4_cidr_block_association.this"
          ],
          "create_before_destroy": true
        },
        {
          "index_key": 1,
          "schema_version": 1,
          "attributes": {
            "arn": "arn:aws:ec2:us-east-1:007924758087:subnet/subnet-0d70210b73f95a663",
            "assign_ipv6_address_on_creation": false,
            "availability_zone": "us-east-1b",
            "availability_zone_id": "use1-az2",
            "cidr_block": "10.0.102.0/24",
            "customer_owned_ipv4_pool": "",
            "enable_dns64": false,
            "enable_lni_at_device_index": 0,
            "enable_resource_name_dns_a_record_on_launch": false,
            "enable_resource_name_dns_aaaa_record_on_launch": false,
            "id": "subnet-0d70210b73f95a663",
            "ipv6_cidr_block": "",
            "ipv6_cidr_block_association_id": "",
            "ipv6_native": false,
            "map_customer_owned_ip_on_launch": false,
            "map_public_ip_on_launch": true,
            "outpost_arn": "",
            "owner_id": "007924758087",
            "private_dns_hostname_type_on_launch": "ip-name",
            "tags": {
              "Environment": "poc",
              "Name": "gg9-eks-east-public-us-east-1b",
              "Region": "us-east-1",
              "kubernetes.io/cluster/gg9-eks": "shared",
              "kubernetes.io/role/elb": "1"
            },
            "tags_all": {
              "Environment": "poc",
              "Name": "gg9-eks-east-public-us-east-1b",
              "Region": "us-east-1",
              "kubernetes.io/cluster/gg9-eks": "shared",
              "kubernetes.io/role/elb": "1"
            },
            "timeouts": null,
            "vpc_id": "vpc-0bc4de85f36e89340"
          },
          "sensitive_attributes": [],
          "identity_schema_version": 0,
          "private": "eyJlMmJmYjczMC1lY2FhLTExZTYtOGY4OC0zNDM2M2JjN2M0YzAiOnsiY3JlYXRlIjo2MDAwMDAwMDAwMDAsImRlbGV0ZSI6MTIwMDAwMDAwMDAwMH0sInNjaGVtYV92ZXJzaW9uIjoiMSJ9",
          "dependencies": [
            "module.vpc_east.aws_vpc.this",
            "module.vpc_east.aws_vpc_ipv4_cidr_block_association.this"
          ],
          "create_before_destroy": true
        },
        {
          "index_key": 2,
          "schema_version": 1,
          "attributes": {
            "arn": "arn:aws:ec2:us-east-1:007924758087:subnet/subnet-090f2544da240dffb",
            "assign_ipv6_address_on_creation": false,
            "availability_zone": "us-east-1c",
            "availability_zone_id": "use1-az4",
            "cidr_block": "10.0.103.0/24",
            "customer_owned_ipv4_pool": "",
            "enable_dns64": false,
            "enable_lni_at_device_index": 0,
            "enable_resource_name_dns_a_record_on_launch": false,
            "enable_resource_name_dns_aaaa_record_on_launch": false,
            "id": "subnet-090f2544da240dffb",
            "ipv6_cidr_block": "",
            "ipv6_cidr_block_association_id": "",
            "ipv6_native": false,
            "map_customer_owned_ip_on_launch": false,
            "map_public_ip_on_launch": true,
            "outpost_arn": "",
            "owner_id": "007924758087",
            "private_dns_hostname_type_on_launch": "ip-name",
            "tags": {
              "Environment": "poc",
              "Name": "gg9-eks-east-public-us-east-1c",
              "Region": "us-east-1",
              "kubernetes.io/cluster/gg9-eks": "shared",
              "kubernetes.io/role/elb": "1"
            },
            "tags_all": {
              "Environment": "poc",
              "Name": "gg9-eks-east-public-us-east-1c",
              "Region": "us-east-1",
              "kubernetes.io/cluster/gg9-eks": "shared",
              "kubernetes.io/role/elb": "1"
            },
            "timeouts": null,
            "vpc_id": "vpc-0bc4de85f36e89340"
          },
          "sensitive_attributes": [],
          "identity_schema_version": 0,
          "private": "eyJlMmJmYjczMC1lY2FhLTExZTYtOGY4OC0zNDM2M2JjN2M0YzAiOnsiY3JlYXRlIjo2MDAwMDAwMDAwMDAsImRlbGV0ZSI6MTIwMDAwMDAwMDAwMH0sInNjaGVtYV92ZXJzaW9uIjoiMSJ9",
          "dependencies": [
            "module.vpc_east.aws_vpc.this",
            "module.vpc_east.aws_vpc_ipv4_cidr_block_association.this"
          ],
          "create_before_destroy": true
        }
      ]
    },
    {
      "module": "module.vpc_east",
      "mode": "managed",
      "type": "aws_vpc",
      "name": "this",
      "provider": "provider[\"registry.terraform.io/hashicorp/aws\"]",
      "instances": [
        {
          "index_key": 0,
          "schema_version": 1,
          "attributes": {
            "arn": "arn:aws:ec2:us-east-1:007924758087:vpc/vpc-0bc4de85f36e89340",
            "assign_generated_ipv6_cidr_block": false,
            "cidr_block": "10.0.0.0/16",
            "default_network_acl_id": "acl-0baf765bae9a954ff",
            "default_route_table_id": "rtb-0525239cce5c9a953",
            "default_security_group_id": "sg-00608fd672d11cd9e",
            "dhcp_options_id": "dopt-0e04a0fe280a12740",
            "enable_dns_hostnames": true,
            "enable_dns_support": true,
            "enable_network_address_usage_metrics": false,
            "id": "vpc-0bc4de85f36e89340",
            "instance_tenancy": "default",
            "ipv4_ipam_pool_id": null,
            "ipv4_netmask_length": null,
            "ipv6_association_id": "",
            "ipv6_cidr_block": "",
            "ipv6_cidr_block_network_border_group": "",
            "ipv6_ipam_pool_id": "",
            "ipv6_netmask_length": 0,
            "main_route_table_id": "rtb-0525239cce5c9a953",
            "owner_id": "007924758087",
            "tags": {
              "Environment": "poc",
              "Name": "gg9-eks-east",
              "Region": "us-east-1"
            },
            "tags_all": {
              "Environment": "poc",
              "Name": "gg9-eks-east",
              "Region": "us-east-1"
            }
          },
          "sensitive_attributes": [],
          "identity_schema_version": 0,
          "private": "eyJzY2hlbWFfdmVyc2lvbiI6IjEifQ==",
          "create_before_destroy": true
        }
      ]
    },
    {
      "module": "module.vpc_west",
      "mode": "managed",
      "type": "aws_default_network_acl",
      "name": "this",
      "provider": "provider[\"registry.terraform.io/hashicorp/aws\"].west",
      "instances": [
        {
          "index_key": 0,
          "schema_version": 0,
          "attributes": {
            "arn": "arn:aws:ec2:us-west-2:007924758087:network-acl/acl-0efe41aa3c123c5e3",
            "default_network_acl_id": "acl-0efe41aa3c123c5e3",
            "egress": [
              {
                "action": "allow",
                "cidr_block": "",
                "from_port": 0,
                "icmp_code": 0,
                "icmp_type": 0,
                "ipv6_cidr_block": "::/0",
                "protocol": "-1",
                "rule_no": 101,
                "to_port": 0
              },
              {
                "action": "allow",
                "cidr_block": "0.0.0.0/0",
                "from_port": 0,
                "icmp_code": 0,
                "icmp_type": 0,
                "ipv6_cidr_block": "",
                "protocol": "-1",
                "rule_no": 100,
                "to_port": 0
              }
            ],
            "id": "acl-0efe41aa3c123c5e3",
            "ingress": [
              {
                "action": "allow",
                "cidr_block": "",
                "from_port": 0,
                "icmp_code": 0,
                "icmp_type": 0,
                "ipv6_cidr_block": "::/0",
                "protocol": "-1",
                "rule_no": 101,
                "to_port": 0
              },
              {
                "action": "allow",
                "cidr_block": "0.0.0.0/0",
                "from_port": 0,
                "icmp_code": 0,
                "icmp_type": 0,
                "ipv6_cidr_block": "",
                "protocol": "-1",
                "rule_no": 100,
                "to_port": 0
              }
            ],
            "owner_id": "007924758087",
            "subnet_ids": [
              "subnet-0280cd91f8a727656",
              "subnet-0441efc80d512206f",
              "subnet-07ec7d54831c587d3",
              "subnet-09066e09b1eab15a7",
              "subnet-0dc93d871ddcac73d",
              "subnet-0ef17a1562634208b"
            ],
            "tags": {
              "Environment": "poc",
              "Name": "gg9-eks-west-default",
              "Region": "us-west-2"
            },
            "tags_all": {
              "Environment": "poc",
              "Name": "gg9-eks-west-default",
              "Region": "us-west-2"
            },
            "vpc_id": "vpc-0384a3cc2b1272533"
          },
          "sensitive_attributes": [],
          "identity_schema_version": 0,
          "private": "bnVsbA==",
          "dependencies": [
            "module.vpc_west.aws_vpc.this"
          ]
        }
      ]
    },
    {
      "module": "module.vpc_west",
      "mode": "managed",
      "type": "aws_default_route_table",
      "name": "default",
      "provider": "provider[\"registry.terraform.io/hashicorp/aws\"].west",
      "instances": [
        {
          "index_key": 0,
          "schema_version": 0,
          "attributes": {
            "arn": "arn:aws:ec2:us-west-2:007924758087:route-table/rtb-07030a57112f8fc16",
            "default_route_table_id": "rtb-07030a57112f8fc16",
            "id": "rtb-07030a57112f8fc16",
            "owner_id": "007924758087",
            "propagating_vgws": [],
            "route": [],
            "tags": {
              "Environment": "poc",
              "Name": "gg9-eks-west-default",
              "Region": "us-west-2"
            },
            "tags_all": {
              "Environment": "poc",
              "Name": "gg9-eks-west-default",
              "Region": "us-west-2"
            },
            "timeouts": {
              "create": "5m",
              "update": "5m"
            },
            "vpc_id": "vpc-0384a3cc2b1272533"
          },
          "sensitive_attributes": [],
          "identity_schema_version": 0,
          "private": "eyJlMmJmYjczMC1lY2FhLTExZTYtOGY4OC0zNDM2M2JjN2M0YzAiOnsiY3JlYXRlIjozMDAwMDAwMDAwMDAsInVwZGF0ZSI6MzAwMDAwMDAwMDAwfX0=",
          "dependencies": [
            "module.vpc_west.aws_vpc.this"
          ]
        }
      ]
    },
    {
      "module": "module.vpc_west",
      "mode": "managed",
      "type": "aws_default_security_group",
      "name": "this",
      "provider": "provider[\"registry.terraform.io/hashicorp/aws\"].west",
      "instances": [
        {
          "index_key": 0,
          "schema_version": 1,
          "attributes": {
            "arn": "arn:aws:ec2:us-west-2:007924758087:security-group/sg-0b3c64314bc2b7039",
            "description": "default VPC security group",
            "egress": [],
            "id": "sg-0b3c64314bc2b7039",
            "ingress": [],
            "name": "default",
            "name_prefix": "",
            "owner_id": "007924758087",
            "revoke_rules_on_delete": false,
            "tags": {
              "Environment": "poc",
              "Name": "gg9-eks-west-default",
              "Region": "us-west-2"
            },
            "tags_all": {
              "Environment": "poc",
              "Name": "gg9-eks-west-default",
              "Region": "us-west-2"
            },
            "vpc_id": "vpc-0384a3cc2b1272533"
          },
          "sensitive_attributes": [],
          "identity_schema_version": 0,
          "private": "eyJzY2hlbWFfdmVyc2lvbiI6IjEifQ==",
          "dependencies": [
            "module.vpc_west.aws_vpc.this"
          ]
        }
      ]
    },
    {
      "module": "module.vpc_west",
      "mode": "managed",
      "type": "aws_internet_gateway",
      "name": "this",
      "provider": "provider[\"registry.terraform.io/hashicorp/aws\"].west",
      "instances": [
        {
          "index_key": 0,
          "schema_version": 0,
          "attributes": {
            "arn": "arn:aws:ec2:us-west-2:007924758087:internet-gateway/igw-0adacf1aea44f5496",
            "id": "igw-0adacf1aea44f5496",
            "owner_id": "007924758087",
            "tags": {
              "Environment": "poc",
              "Name": "gg9-eks-west",
              "Region": "us-west-2"
            },
            "tags_all": {
              "Environment": "poc",
              "Name": "gg9-eks-west",
              "Region": "us-west-2"
            },
            "timeouts": null,
            "vpc_id": "vpc-0384a3cc2b1272533"
          },
          "sensitive_attributes": [],
          "identity_schema_version": 0,
          "private": "eyJlMmJmYjczMC1lY2FhLTExZTYtOGY4OC0zNDM2M2JjN2M0YzAiOnsiY3JlYXRlIjoxMjAwMDAwMDAwMDAwLCJkZWxldGUiOjEyMDAwMDAwMDAwMDAsInVwZGF0ZSI6MTIwMDAwMDAwMDAwMH19",
          "dependencies": [
            "module.vpc_west.aws_vpc.this",
            "module.vpc_west.aws_vpc_ipv4_cidr_block_association.this"
          ]
        }
      ]
    },
    {
      "module": "module.vpc_west",
      "mode": "managed",
      "type": "aws_route",
      "name": "public_internet_gateway",
      "provider": "provider[\"registry.terraform.io/hashicorp/aws\"].west",
      "instances": [
        {
          "index_key": 0,
          "schema_version": 0,
          "attributes": {
            "carrier_gateway_id": "",
            "core_network_arn": "",
            "destination_cidr_block": "0.0.0.0/0",
            "destination_ipv6_cidr_block": "",
            "destination_prefix_list_id": "",
            "egress_only_gateway_id": "",
            "gateway_id": "igw-0adacf1aea44f5496",
            "id": "r-rtb-0fa6514a88a22f18b1080289494",
            "instance_id": "",
            "instance_owner_id": "",
            "local_gateway_id": "",
            "nat_gateway_id": "",
            "network_interface_id": "",
            "origin": "CreateRoute",
            "route_table_id": "rtb-0fa6514a88a22f18b",
            "state": "active",
            "timeouts": {
              "create": "5m",
              "delete": null,
              "update": null
            },
            "transit_gateway_id": "",
            "vpc_endpoint_id": "",
            "vpc_peering_connection_id": ""
          },
          "sensitive_attributes": [],
          "identity_schema_version": 0,
          "private": "eyJlMmJmYjczMC1lY2FhLTExZTYtOGY4OC0zNDM2M2JjN2M0YzAiOnsiY3JlYXRlIjozMDAwMDAwMDAwMDAsImRlbGV0ZSI6MzAwMDAwMDAwMDAwLCJ1cGRhdGUiOjEyMDAwMDAwMDAwMH19",
          "dependencies": [
            "module.vpc_west.aws_internet_gateway.this",
            "module.vpc_west.aws_route_table.public",
            "module.vpc_west.aws_vpc.this",
            "module.vpc_west.aws_vpc_ipv4_cidr_block_association.this"
          ]
        }
      ]
    },
    {
      "module": "module.vpc_west",
      "mode": "managed",
      "type": "aws_route_table",
      "name": "private",
      "provider": "provider[\"registry.terraform.io/hashicorp/aws\"].west",
      "instances": [
        {
          "index_key": 0,
          "schema_version": 0,
          "attributes": {
            "arn": "arn:aws:ec2:us-west-2:007924758087:route-table/rtb-06d2580b4131a1c6f",
            "id": "rtb-06d2580b4131a1c6f",
            "owner_id": "007924758087",
            "propagating_vgws": [],
            "route": [
              {
                "carrier_gateway_id": "",
                "cidr_block": "10.0.0.0/16",
                "core_network_arn": "",
                "destination_prefix_list_id": "",
                "egress_only_gateway_id": "",
                "gateway_id": "",
                "ipv6_cidr_block": "",
                "local_gateway_id": "",
                "nat_gateway_id": "",
                "network_interface_id": "",
                "transit_gateway_id": "",
                "vpc_endpoint_id": "",
                "vpc_peering_connection_id": "pcx-0f320faf02204bed2"
              }
            ],
            "tags": {
              "Environment": "poc",
              "Name": "gg9-eks-west-private-us-west-2a",
              "Region": "us-west-2"
            },
            "tags_all": {
              "Environment": "poc",
              "Name": "gg9-eks-west-private-us-west-2a",
              "Region": "us-west-2"
            },
            "timeouts": null,
            "vpc_id": "vpc-0384a3cc2b1272533"
          },
          "sensitive_attributes": [],
          "identity_schema_version": 0,
          "private": "eyJlMmJmYjczMC1lY2FhLTExZTYtOGY4OC0zNDM2M2JjN2M0YzAiOnsiY3JlYXRlIjozMDAwMDAwMDAwMDAsImRlbGV0ZSI6MzAwMDAwMDAwMDAwLCJ1cGRhdGUiOjEyMDAwMDAwMDAwMH19",
          "dependencies": [
            "module.vpc_west.aws_vpc.this",
            "module.vpc_west.aws_vpc_ipv4_cidr_block_association.this"
          ]
        },
        {
          "index_key": 1,
          "schema_version": 0,
          "attributes": {
            "arn": "arn:aws:ec2:us-west-2:007924758087:route-table/rtb-01eece8d18d46b93b",
            "id": "rtb-01eece8d18d46b93b",
            "owner_id": "007924758087",
            "propagating_vgws": [],
            "route": [
              {
                "carrier_gateway_id": "",
                "cidr_block": "10.0.0.0/16",
                "core_network_arn": "",
                "destination_prefix_list_id": "",
                "egress_only_gateway_id": "",
                "gateway_id": "",
                "ipv6_cidr_block": "",
                "local_gateway_id": "",
                "nat_gateway_id": "",
                "network_interface_id": "",
                "transit_gateway_id": "",
                "vpc_endpoint_id": "",
                "vpc_peering_connection_id": "pcx-0f320faf02204bed2"
              }
            ],
            "tags": {
              "Environment": "poc",
              "Name": "gg9-eks-west-private-us-west-2b",
              "Region": "us-west-2"
            },
            "tags_all": {
              "Environment": "poc",
              "Name": "gg9-eks-west-private-us-west-2b",
              "Region": "us-west-2"
            },
            "timeouts": null,
            "vpc_id": "vpc-0384a3cc2b1272533"
          },
          "sensitive_attributes": [],
          "identity_schema_version": 0,
          "private": "eyJlMmJmYjczMC1lY2FhLTExZTYtOGY4OC0zNDM2M2JjN2M0YzAiOnsiY3JlYXRlIjozMDAwMDAwMDAwMDAsImRlbGV0ZSI6MzAwMDAwMDAwMDAwLCJ1cGRhdGUiOjEyMDAwMDAwMDAwMH19",
          "dependencies": [
            "module.vpc_west.aws_vpc.this",
            "module.vpc_west.aws_vpc_ipv4_cidr_block_association.this"
          ]
        },
        {
          "index_key": 2,
          "schema_version": 0,
          "attributes": {
            "arn": "arn:aws:ec2:us-west-2:007924758087:route-table/rtb-01693fcf202e2906b",
            "id": "rtb-01693fcf202e2906b",
            "owner_id": "007924758087",
            "propagating_vgws": [],
            "route": [
              {
                "carrier_gateway_id": "",
                "cidr_block": "10.0.0.0/16",
                "core_network_arn": "",
                "destination_prefix_list_id": "",
                "egress_only_gateway_id": "",
                "gateway_id": "",
                "ipv6_cidr_block": "",
                "local_gateway_id": "",
                "nat_gateway_id": "",
                "network_interface_id": "",
                "transit_gateway_id": "",
                "vpc_endpoint_id": "",
                "vpc_peering_connection_id": "pcx-0f320faf02204bed2"
              }
            ],
            "tags": {
              "Environment": "poc",
              "Name": "gg9-eks-west-private-us-west-2c",
              "Region": "us-west-2"
            },
            "tags_all": {
              "Environment": "poc",
              "Name": "gg9-eks-west-private-us-west-2c",
              "Region": "us-west-2"
            },
            "timeouts": null,
            "vpc_id": "vpc-0384a3cc2b1272533"
          },
          "sensitive_attributes": [],
          "identity_schema_version": 0,
          "private": "eyJlMmJmYjczMC1lY2FhLTExZTYtOGY4OC0zNDM2M2JjN2M0YzAiOnsiY3JlYXRlIjozMDAwMDAwMDAwMDAsImRlbGV0ZSI6MzAwMDAwMDAwMDAwLCJ1cGRhdGUiOjEyMDAwMDAwMDAwMH19",
          "dependencies": [
            "module.vpc_west.aws_vpc.this",
            "module.vpc_west.aws_vpc_ipv4_cidr_block_association.this"
          ]
        }
      ]
    },
    {
      "module": "module.vpc_west",
      "mode": "managed",
      "type": "aws_route_table",
      "name": "public",
      "provider": "provider[\"registry.terraform.io/hashicorp/aws\"].west",
      "instances": [
        {
          "index_key": 0,
          "schema_version": 0,
          "attributes": {
            "arn": "arn:aws:ec2:us-west-2:007924758087:route-table/rtb-0fa6514a88a22f18b",
            "id": "rtb-0fa6514a88a22f18b",
            "owner_id": "007924758087",
            "propagating_vgws": [],
            "route": [
              {
                "carrier_gateway_id": "",
                "cidr_block": "0.0.0.0/0",
                "core_network_arn": "",
                "destination_prefix_list_id": "",
                "egress_only_gateway_id": "",
                "gateway_id": "igw-0adacf1aea44f5496",
                "ipv6_cidr_block": "",
                "local_gateway_id": "",
                "nat_gateway_id": "",
                "network_interface_id": "",
                "transit_gateway_id": "",
                "vpc_endpoint_id": "",
                "vpc_peering_connection_id": ""
              },
              {
                "carrier_gateway_id": "",
                "cidr_block": "10.0.0.0/16",
                "core_network_arn": "",
                "destination_prefix_list_id": "",
                "egress_only_gateway_id": "",
                "gateway_id": "",
                "ipv6_cidr_block": "",
                "local_gateway_id": "",
                "nat_gateway_id": "",
                "network_interface_id": "",
                "transit_gateway_id": "",
                "vpc_endpoint_id": "",
                "vpc_peering_connection_id": "pcx-0f320faf02204bed2"
              }
            ],
            "tags": {
              "Environment": "poc",
              "Name": "gg9-eks-west-public",
              "Region": "us-west-2"
            },
            "tags_all": {
              "Environment": "poc",
              "Name": "gg9-eks-west-public",
              "Region": "us-west-2"
            },
            "timeouts": null,
            "vpc_id": "vpc-0384a3cc2b1272533"
          },
          "sensitive_attributes": [],
          "identity_schema_version": 0,
          "private": "eyJlMmJmYjczMC1lY2FhLTExZTYtOGY4OC0zNDM2M2JjN2M0YzAiOnsiY3JlYXRlIjozMDAwMDAwMDAwMDAsImRlbGV0ZSI6MzAwMDAwMDAwMDAwLCJ1cGRhdGUiOjEyMDAwMDAwMDAwMH19",
          "dependencies": [
            "module.vpc_west.aws_vpc.this",
            "module.vpc_west.aws_vpc_ipv4_cidr_block_association.this"
          ]
        }
      ]
    },
    {
      "module": "module.vpc_west",
      "mode": "managed",
      "type": "aws_route_table_association",
      "name": "private",
      "provider": "provider[\"registry.terraform.io/hashicorp/aws\"].west",
      "instances": [
        {
          "index_key": 0,
          "schema_version": 0,
          "attributes": {
            "gateway_id": "",
            "id": "rtbassoc-03cb1ad6232d0a6fe",
            "route_table_id": "rtb-06d2580b4131a1c6f",
            "subnet_id": "subnet-0dc93d871ddcac73d",
            "timeouts": null
          },
          "sensitive_attributes": [],
          "identity_schema_version": 0,
          "private": "eyJlMmJmYjczMC1lY2FhLTExZTYtOGY4OC0zNDM2M2JjN2M0YzAiOnsiY3JlYXRlIjozMDAwMDAwMDAwMDAsImRlbGV0ZSI6MzAwMDAwMDAwMDAwLCJ1cGRhdGUiOjEyMDAwMDAwMDAwMH19",
          "dependencies": [
            "module.vpc_west.aws_route_table.private",
            "module.vpc_west.aws_subnet.private",
            "module.vpc_west.aws_vpc.this",
            "module.vpc_west.aws_vpc_ipv4_cidr_block_association.this"
          ]
        },
        {
          "index_key": 1,
          "schema_version": 0,
          "attributes": {
            "gateway_id": "",
            "id": "rtbassoc-08d2819a9481ea6a9",
            "route_table_id": "rtb-01eece8d18d46b93b",
            "subnet_id": "subnet-0ef17a1562634208b",
            "timeouts": null
          },
          "sensitive_attributes": [],
          "identity_schema_version": 0,
          "private": "eyJlMmJmYjczMC1lY2FhLTExZTYtOGY4OC0zNDM2M2JjN2M0YzAiOnsiY3JlYXRlIjozMDAwMDAwMDAwMDAsImRlbGV0ZSI6MzAwMDAwMDAwMDAwLCJ1cGRhdGUiOjEyMDAwMDAwMDAwMH19",
          "dependencies": [
            "module.vpc_west.aws_route_table.private",
            "module.vpc_west.aws_subnet.private",
            "module.vpc_west.aws_vpc.this",
            "module.vpc_west.aws_vpc_ipv4_cidr_block_association.this"
          ]
        },
        {
          "index_key": 2,
          "schema_version": 0,
          "attributes": {
            "gateway_id": "",
            "id": "rtbassoc-0976856c87d823848",
            "route_table_id": "rtb-01693fcf202e2906b",
            "subnet_id": "subnet-07ec7d54831c587d3",
            "timeouts": null
          },
          "sensitive_attributes": [],
          "identity_schema_version": 0,
          "private": "eyJlMmJmYjczMC1lY2FhLTExZTYtOGY4OC0zNDM2M2JjN2M0YzAiOnsiY3JlYXRlIjozMDAwMDAwMDAwMDAsImRlbGV0ZSI6MzAwMDAwMDAwMDAwLCJ1cGRhdGUiOjEyMDAwMDAwMDAwMH19",
          "dependencies": [
            "module.vpc_west.aws_route_table.private",
            "module.vpc_west.aws_subnet.private",
            "module.vpc_west.aws_vpc.this",
            "module.vpc_west.aws_vpc_ipv4_cidr_block_association.this"
          ]
        }
      ]
    },
    {
      "module": "module.vpc_west",
      "mode": "managed",
      "type": "aws_route_table_association",
      "name": "public",
      "provider": "provider[\"registry.terraform.io/hashicorp/aws\"].west",
      "instances": [
        {
          "index_key": 0,
          "schema_version": 0,
          "attributes": {
            "gateway_id": "",
            "id": "rtbassoc-0447e002c56bed4b4",
            "route_table_id": "rtb-0fa6514a88a22f18b",
            "subnet_id": "subnet-0441efc80d512206f",
            "timeouts": null
          },
          "sensitive_attributes": [],
          "identity_schema_version": 0,
          "private": "eyJlMmJmYjczMC1lY2FhLTExZTYtOGY4OC0zNDM2M2JjN2M0YzAiOnsiY3JlYXRlIjozMDAwMDAwMDAwMDAsImRlbGV0ZSI6MzAwMDAwMDAwMDAwLCJ1cGRhdGUiOjEyMDAwMDAwMDAwMH19",
          "dependencies": [
            "module.vpc_west.aws_route_table.public",
            "module.vpc_west.aws_subnet.public",
            "module.vpc_west.aws_vpc.this",
            "module.vpc_west.aws_vpc_ipv4_cidr_block_association.this"
          ]
        },
        {
          "index_key": 1,
          "schema_version": 0,
          "attributes": {
            "gateway_id": "",
            "id": "rtbassoc-07f52560ccc394a9c",
            "route_table_id": "rtb-0fa6514a88a22f18b",
            "subnet_id": "subnet-09066e09b1eab15a7",
            "timeouts": null
          },
          "sensitive_attributes": [],
          "identity_schema_version": 0,
          "private": "eyJlMmJmYjczMC1lY2FhLTExZTYtOGY4OC0zNDM2M2JjN2M0YzAiOnsiY3JlYXRlIjozMDAwMDAwMDAwMDAsImRlbGV0ZSI6MzAwMDAwMDAwMDAwLCJ1cGRhdGUiOjEyMDAwMDAwMDAwMH19",
          "dependencies": [
            "module.vpc_west.aws_route_table.public",
            "module.vpc_west.aws_subnet.public",
            "module.vpc_west.aws_vpc.this",
            "module.vpc_west.aws_vpc_ipv4_cidr_block_association.this"
          ]
        },
        {
          "index_key": 2,
          "schema_version": 0,
          "attributes": {
            "gateway_id": "",
            "id": "rtbassoc-0f7877df317c54c47",
            "route_table_id": "rtb-0fa6514a88a22f18b",
            "subnet_id": "subnet-0280cd91f8a727656",
            "timeouts": null
          },
          "sensitive_attributes": [],
          "identity_schema_version": 0,
          "private": "eyJlMmJmYjczMC1lY2FhLTExZTYtOGY4OC0zNDM2M2JjN2M0YzAiOnsiY3JlYXRlIjozMDAwMDAwMDAwMDAsImRlbGV0ZSI6MzAwMDAwMDAwMDAwLCJ1cGRhdGUiOjEyMDAwMDAwMDAwMH19",
          "dependencies": [
            "module.vpc_west.aws_route_table.public",
            "module.vpc_west.aws_subnet.public",
            "module.vpc_west.aws_vpc.this",
            "module.vpc_west.aws_vpc_ipv4_cidr_block_association.this"
          ]
        }
      ]
    },
    {
      "module": "module.vpc_west",
      "mode": "managed",
      "type": "aws_subnet",
      "name": "private",
      "provider": "provider[\"registry.terraform.io/hashicorp/aws\"].west",
      "instances": [
        {
          "index_key": 0,
          "schema_version": 1,
          "attributes": {
            "arn": "arn:aws:ec2:us-west-2:007924758087:subnet/subnet-0dc93d871ddcac73d",
            "assign_ipv6_address_on_creation": false,
            "availability_zone": "us-west-2a",
            "availability_zone_id": "usw2-az2",
            "cidr_block": "10.1.1.0/24",
            "customer_owned_ipv4_pool": "",
            "enable_dns64": false,
            "enable_lni_at_device_index": 0,
            "enable_resource_name_dns_a_record_on_launch": false,
            "enable_resource_name_dns_aaaa_record_on_launch": false,
            "id": "subnet-0dc93d871ddcac73d",
            "ipv6_cidr_block": "",
            "ipv6_cidr_block_association_id": "",
            "ipv6_native": false,
            "map_customer_owned_ip_on_launch": false,
            "map_public_ip_on_launch": false,
            "outpost_arn": "",
            "owner_id": "007924758087",
            "private_dns_hostname_type_on_launch": "ip-name",
            "tags": {
              "Environment": "poc",
              "Name": "gg9-eks-west-private-us-west-2a",
              "Region": "us-west-2",
              "kubernetes.io/cluster/gg9-eks-west": "shared",
              "kubernetes.io/role/internal-elb": "1"
            },
            "tags_all": {
              "Environment": "poc",
              "Name": "gg9-eks-west-private-us-west-2a",
              "Region": "us-west-2",
              "kubernetes.io/cluster/gg9-eks-west": "shared",
              "kubernetes.io/role/internal-elb": "1"
            },
            "timeouts": null,
            "vpc_id": "vpc-0384a3cc2b1272533"
          },
          "sensitive_attributes": [],
          "identity_schema_version": 0,
          "private": "eyJlMmJmYjczMC1lY2FhLTExZTYtOGY4OC0zNDM2M2JjN2M0YzAiOnsiY3JlYXRlIjo2MDAwMDAwMDAwMDAsImRlbGV0ZSI6MTIwMDAwMDAwMDAwMH0sInNjaGVtYV92ZXJzaW9uIjoiMSJ9",
          "dependencies": [
            "module.vpc_west.aws_vpc.this",
            "module.vpc_west.aws_vpc_ipv4_cidr_block_association.this"
          ]
        },
        {
          "index_key": 1,
          "schema_version": 1,
          "attributes": {
            "arn": "arn:aws:ec2:us-west-2:007924758087:subnet/subnet-0ef17a1562634208b",
            "assign_ipv6_address_on_creation": false,
            "availability_zone": "us-west-2b",
            "availability_zone_id": "usw2-az1",
            "cidr_block": "10.1.2.0/24",
            "customer_owned_ipv4_pool": "",
            "enable_dns64": false,
            "enable_lni_at_device_index": 0,
            "enable_resource_name_dns_a_record_on_launch": false,
            "enable_resource_name_dns_aaaa_record_on_launch": false,
            "id": "subnet-0ef17a1562634208b",
            "ipv6_cidr_block": "",
            "ipv6_cidr_block_association_id": "",
            "ipv6_native": false,
            "map_customer_owned_ip_on_launch": false,
            "map_public_ip_on_launch": false,
            "outpost_arn": "",
            "owner_id": "007924758087",
            "private_dns_hostname_type_on_launch": "ip-name",
            "tags": {
              "Environment": "poc",
              "Name": "gg9-eks-west-private-us-west-2b",
              "Region": "us-west-2",
              "kubernetes.io/cluster/gg9-eks-west": "shared",
              "kubernetes.io/role/internal-elb": "1"
            },
            "tags_all": {
              "Environment": "poc",
              "Name": "gg9-eks-west-private-us-west-2b",
              "Region": "us-west-2",
              "kubernetes.io/cluster/gg9-eks-west": "shared",
              "kubernetes.io/role/internal-elb": "1"
            },
            "timeouts": null,
            "vpc_id": "vpc-0384a3cc2b1272533"
          },
          "sensitive_attributes": [],
          "identity_schema_version": 0,
          "private": "eyJlMmJmYjczMC1lY2FhLTExZTYtOGY4OC0zNDM2M2JjN2M0YzAiOnsiY3JlYXRlIjo2MDAwMDAwMDAwMDAsImRlbGV0ZSI6MTIwMDAwMDAwMDAwMH0sInNjaGVtYV92ZXJzaW9uIjoiMSJ9",
          "dependencies": [
            "module.vpc_west.aws_vpc.this",
            "module.vpc_west.aws_vpc_ipv4_cidr_block_association.this"
          ]
        },
        {
          "index_key": 2,
          "schema_version": 1,
          "attributes": {
            "arn": "arn:aws:ec2:us-west-2:007924758087:subnet/subnet-07ec7d54831c587d3",
            "assign_ipv6_address_on_creation": false,
            "availability_zone": "us-west-2c",
            "availability_zone_id": "usw2-az3",
            "cidr_block": "10.1.3.0/24",
            "customer_owned_ipv4_pool": "",
            "enable_dns64": false,
            "enable_lni_at_device_index": 0,
            "enable_resource_name_dns_a_record_on_launch": false,
            "enable_resource_name_dns_aaaa_record_on_launch": false,
            "id": "subnet-07ec7d54831c587d3",
            "ipv6_cidr_block": "",
            "ipv6_cidr_block_association_id": "",
            "ipv6_native": false,
            "map_customer_owned_ip_on_launch": false,
            "map_public_ip_on_launch": false,
            "outpost_arn": "",
            "owner_id": "007924758087",
            "private_dns_hostname_type_on_launch": "ip-name",
            "tags": {
              "Environment": "poc",
              "Name": "gg9-eks-west-private-us-west-2c",
              "Region": "us-west-2",
              "kubernetes.io/cluster/gg9-eks-west": "shared",
              "kubernetes.io/role/internal-elb": "1"
            },
            "tags_all": {
              "Environment": "poc",
              "Name": "gg9-eks-west-private-us-west-2c",
              "Region": "us-west-2",
              "kubernetes.io/cluster/gg9-eks-west": "shared",
              "kubernetes.io/role/internal-elb": "1"
            },
            "timeouts": null,
            "vpc_id": "vpc-0384a3cc2b1272533"
          },
          "sensitive_attributes": [],
          "identity_schema_version": 0,
          "private": "eyJlMmJmYjczMC1lY2FhLTExZTYtOGY4OC0zNDM2M2JjN2M0YzAiOnsiY3JlYXRlIjo2MDAwMDAwMDAwMDAsImRlbGV0ZSI6MTIwMDAwMDAwMDAwMH0sInNjaGVtYV92ZXJzaW9uIjoiMSJ9",
          "dependencies": [
            "module.vpc_west.aws_vpc.this",
            "module.vpc_west.aws_vpc_ipv4_cidr_block_association.this"
          ]
        }
      ]
    },
    {
      "module": "module.vpc_west",
      "mode": "managed",
      "type": "aws_subnet",
      "name": "public",
      "provider": "provider[\"registry.terraform.io/hashicorp/aws\"].west",
      "instances": [
        {
          "index_key": 0,
          "schema_version": 1,
          "attributes": {
            "arn": "arn:aws:ec2:us-west-2:007924758087:subnet/subnet-0441efc80d512206f",
            "assign_ipv6_address_on_creation": false,
            "availability_zone": "us-west-2a",
            "availability_zone_id": "usw2-az2",
            "cidr_block": "10.1.101.0/24",
            "customer_owned_ipv4_pool": "",
            "enable_dns64": false,
            "enable_lni_at_device_index": 0,
            "enable_resource_name_dns_a_record_on_launch": false,
            "enable_resource_name_dns_aaaa_record_on_launch": false,
            "id": "subnet-0441efc80d512206f",
            "ipv6_cidr_block": "",
            "ipv6_cidr_block_association_id": "",
            "ipv6_native": false,
            "map_customer_owned_ip_on_launch": false,
            "map_public_ip_on_launch": true,
            "outpost_arn": "",
            "owner_id": "007924758087",
            "private_dns_hostname_type_on_launch": "ip-name",
            "tags": {
              "Environment": "poc",
              "Name": "gg9-eks-west-public-us-west-2a",
              "Region": "us-west-2",
              "kubernetes.io/cluster/gg9-eks-west": "shared",
              "kubernetes.io/role/elb": "1"
            },
            "tags_all": {
              "Environment": "poc",
              "Name": "gg9-eks-west-public-us-west-2a",
              "Region": "us-west-2",
              "kubernetes.io/cluster/gg9-eks-west": "shared",
              "kubernetes.io/role/elb": "1"
            },
            "timeouts": null,
            "vpc_id": "vpc-0384a3cc2b1272533"
          },
          "sensitive_attributes": [],
          "identity_schema_version": 0,
          "private": "eyJlMmJmYjczMC1lY2FhLTExZTYtOGY4OC0zNDM2M2JjN2M0YzAiOnsiY3JlYXRlIjo2MDAwMDAwMDAwMDAsImRlbGV0ZSI6MTIwMDAwMDAwMDAwMH0sInNjaGVtYV92ZXJzaW9uIjoiMSJ9",
          "dependencies": [
            "module.vpc_west.aws_vpc.this",
            "module.vpc_west.aws_vpc_ipv4_cidr_block_association.this"
          ],
          "create_before_destroy": true
        },
        {
          "index_key": 1,
          "schema_version": 1,
          "attributes": {
            "arn": "arn:aws:ec2:us-west-2:007924758087:subnet/subnet-09066e09b1eab15a7",
            "assign_ipv6_address_on_creation": false,
            "availability_zone": "us-west-2b",
            "availability_zone_id": "usw2-az1",
            "cidr_block": "10.1.102.0/24",
            "customer_owned_ipv4_pool": "",
            "enable_dns64": false,
            "enable_lni_at_device_index": 0,
            "enable_resource_name_dns_a_record_on_launch": false,
            "enable_resource_name_dns_aaaa_record_on_launch": false,
            "id": "subnet-09066e09b1eab15a7",
            "ipv6_cidr_block": "",
            "ipv6_cidr_block_association_id": "",
            "ipv6_native": false,
            "map_customer_owned_ip_on_launch": false,
            "map_public_ip_on_launch": true,
            "outpost_arn": "",
            "owner_id": "007924758087",
            "private_dns_hostname_type_on_launch": "ip-name",
            "tags": {
              "Environment": "poc",
              "Name": "gg9-eks-west-public-us-west-2b",
              "Region": "us-west-2",
              "kubernetes.io/cluster/gg9-eks-west": "shared",
              "kubernetes.io/role/elb": "1"
            },
            "tags_all": {
              "Environment": "poc",
              "Name": "gg9-eks-west-public-us-west-2b",
              "Region": "us-west-2",
              "kubernetes.io/cluster/gg9-eks-west": "shared",
              "kubernetes.io/role/elb": "1"
            },
            "timeouts": null,
            "vpc_id": "vpc-0384a3cc2b1272533"
          },
          "sensitive_attributes": [],
          "identity_schema_version": 0,
          "private": "eyJlMmJmYjczMC1lY2FhLTExZTYtOGY4OC0zNDM2M2JjN2M0YzAiOnsiY3JlYXRlIjo2MDAwMDAwMDAwMDAsImRlbGV0ZSI6MTIwMDAwMDAwMDAwMH0sInNjaGVtYV92ZXJzaW9uIjoiMSJ9",
          "dependencies": [
            "module.vpc_west.aws_vpc.this",
            "module.vpc_west.aws_vpc_ipv4_cidr_block_association.this"
          ],
          "create_before_destroy": true
        },
        {
          "index_key": 2,
          "schema_version": 1,
          "attributes": {
            "arn": "arn:aws:ec2:us-west-2:007924758087:subnet/subnet-0280cd91f8a727656",
            "assign_ipv6_address_on_creation": false,
            "availability_zone": "us-west-2c",
            "availability_zone_id": "usw2-az3",
            "cidr_block": "10.1.103.0/24",
            "customer_owned_ipv4_pool": "",
            "enable_dns64": false,
            "enable_lni_at_device_index": 0,
            "enable_resource_name_dns_a_record_on_launch": false,
            "enable_resource_name_dns_aaaa_record_on_launch": false,
            "id": "subnet-0280cd91f8a727656",
            "ipv6_cidr_block": "",
            "ipv6_cidr_block_association_id": "",
            "ipv6_native": false,
            "map_customer_owned_ip_on_launch": false,
            "map_public_ip_on_launch": true,
            "outpost_arn": "",
            "owner_id": "007924758087",
            "private_dns_hostname_type_on_launch": "ip-name",
            "tags": {
              "Environment": "poc",
              "Name": "gg9-eks-west-public-us-west-2c",
              "Region": "us-west-2",
              "kubernetes.io/cluster/gg9-eks-west": "shared",
              "kubernetes.io/role/elb": "1"
            },
            "tags_all": {
              "Environment": "poc",
              "Name": "gg9-eks-west-public-us-west-2c",
              "Region": "us-west-2",
              "kubernetes.io/cluster/gg9-eks-west": "shared",
              "kubernetes.io/role/elb": "1"
            },
            "timeouts": null,
            "vpc_id": "vpc-0384a3cc2b1272533"
          },
          "sensitive_attributes": [],
          "identity_schema_version": 0,
          "private": "eyJlMmJmYjczMC1lY2FhLTExZTYtOGY4OC0zNDM2M2JjN2M0YzAiOnsiY3JlYXRlIjo2MDAwMDAwMDAwMDAsImRlbGV0ZSI6MTIwMDAwMDAwMDAwMH0sInNjaGVtYV92ZXJzaW9uIjoiMSJ9",
          "dependencies": [
            "module.vpc_west.aws_vpc.this",
            "module.vpc_west.aws_vpc_ipv4_cidr_block_association.this"
          ],
          "create_before_destroy": true
        }
      ]
    },
    {
      "module": "module.vpc_west",
      "mode": "managed",
      "type": "aws_vpc",
      "name": "this",
      "provider": "provider[\"registry.terraform.io/hashicorp/aws\"].west",
      "instances": [
        {
          "index_key": 0,
          "schema_version": 1,
          "attributes": {
            "arn": "arn:aws:ec2:us-west-2:007924758087:vpc/vpc-0384a3cc2b1272533",
            "assign_generated_ipv6_cidr_block": false,
            "cidr_block": "10.1.0.0/16",
            "default_network_acl_id": "acl-0efe41aa3c123c5e3",
            "default_route_table_id": "rtb-07030a57112f8fc16",
            "default_security_group_id": "sg-0b3c64314bc2b7039",
            "dhcp_options_id": "dopt-0e9898475271371a5",
            "enable_dns_hostnames": true,
            "enable_dns_support": true,
            "enable_network_address_usage_metrics": false,
            "id": "vpc-0384a3cc2b1272533",
            "instance_tenancy": "default",
            "ipv4_ipam_pool_id": null,
            "ipv4_netmask_length": null,
            "ipv6_association_id": "",
            "ipv6_cidr_block": "",
            "ipv6_cidr_block_network_border_group": "",
            "ipv6_ipam_pool_id": "",
            "ipv6_netmask_length": 0,
            "main_route_table_id": "rtb-07030a57112f8fc16",
            "owner_id": "007924758087",
            "tags": {
              "Environment": "poc",
              "Name": "gg9-eks-west",
              "Region": "us-west-2"
            },
            "tags_all": {
              "Environment": "poc",
              "Name": "gg9-eks-west",
              "Region": "us-west-2"
            }
          },
          "sensitive_attributes": [],
          "identity_schema_version": 0,
          "private": "eyJzY2hlbWFfdmVyc2lvbiI6IjEifQ==",
          "create_before_destroy": true
        }
      ]
    }
  ],
  "check_results": [
    {
      "object_kind": "resource",
      "config_addr": "module.eks.module.eks_managed_node_group.module.user_data.null_resource.validate_cluster_service_cidr",
      "status": "pass",
      "objects": [
        {
          "object_addr": "module.eks.module.eks_managed_node_group[\"default\"].module.user_data.null_resource.validate_cluster_service_cidr",
          "status": "pass"
        },
        {
          "object_addr": "module.eks.module.eks_managed_node_group[\"gg9\"].module.user_data.null_resource.validate_cluster_service_cidr",
          "status": "pass"
        },
        {
          "object_addr": "module.eks.module.eks_managed_node_group[\"loadtest\"].module.user_data.null_resource.validate_cluster_service_cidr",
          "status": "pass"
        }
      ]
    },
    {
      "object_kind": "var",
      "config_addr": "module.eks.module.self_managed_node_group.var.platform",
      "status": "pass",
      "objects": null
    },
    {
      "object_kind": "resource",
      "config_addr": "module.eks.module.self_managed_node_group.module.user_data.null_resource.validate_cluster_service_cidr",
      "status": "pass",
      "objects": null
    },
    {
      "object_kind": "var",
      "config_addr": "module.eks_west.module.self_managed_node_group.var.platform",
      "status": "unknown",
      "objects": null
    },
    {
      "object_kind": "resource",
      "config_addr": "module.eks_west.module.self_managed_node_group.module.user_data.null_resource.validate_cluster_service_cidr",
      "status": "unknown",
      "objects": null
    },
    {
      "object_kind": "resource",
      "config_addr": "module.eks_west.module.eks_managed_node_group.module.user_data.null_resource.validate_cluster_service_cidr",
      "status": "unknown",
      "objects": null
    }
  ]
}
